{
  "version": 4,
  "terraform_version": "1.15.0",
  "serial": 92,
  "lineage": "ad8de5d4-eac7-0567-a17b-ec9c10d5199c",
  "outputs": {},
  "resources": [
    {
      "module": "module.ec2",
      "mode": "data",
      "type": "aws_ami",
      "name": "debian",
      "provider": "provider[\"registry.terraform.io/hashicorp/aws\"]",
      "instances": [
        {
          "schema_version": 0,
          "attributes": {
            "allow_unsafe_filter": null,
            "architecture": "x86_64",
            "arn": "arn:aws:ec2:eu-north-1::image/ami-011aaf00c5b8ba1bf",
            "block_device_mappings": [
              {
                "device_name": "/dev/xvda",
                "ebs": {
                  "delete_on_termination": "true",
                  "encrypted": "false",
                  "iops": "3000",
                  "snapshot_id": "snap-0acc039e3e7c7838c",
                  "throughput": "125",
                  "volume_initialization_rate": "0",
                  "volume_size": "8",
                  "volume_type": "gp3"
                },
                "no_device": "",
                "virtual_name": ""
              }
            ],
            "boot_mode": "",
            "creation_date": "2026-05-18T13:32:16.000Z",
            "deprecation_time": "2028-05-18T13:32:16.000Z",
            "description": "Debian 12 (20260518-2482)",
            "ena_support": true,
            "executable_users": null,
            "filter": [
              {
                "name": "name",
                "values": [
                  "debian-12-amd64-*"
                ]
              },
              {
                "name": "virtualization-type",
                "values": [
                  "hvm"
                ]
              }
            ],
            "hypervisor": "xen",
            "id": "ami-011aaf00c5b8ba1bf",
            "image_id": "ami-011aaf00c5b8ba1bf",
            "image_location": "amazon/debian-12-amd64-20260518-2482",
            "image_owner_alias": "amazon",
            "image_type": "machine",
            "imds_support": "",
            "include_deprecated": false,
            "kernel_id": "",
            "last_launched_time": "",
            "most_recent": true,
            "name": "debian-12-amd64-20260518-2482",
            "name_regex": null,
            "owner_id": "136693071363",
            "owners": [
              "136693071363"
            ],
            "platform": "",
            "platform_details": "Linux/UNIX",
            "product_codes": [],
            "public": true,
            "ramdisk_id": "",
            "region": "eu-north-1",
            "root_device_name": "/dev/xvda",
            "root_device_type": "ebs",
            "root_snapshot_id": "snap-0acc039e3e7c7838c",
            "sriov_net_support": "simple",
            "state": "available",
            "state_reason": {
              "code": "UNSET",
              "message": "UNSET"
            },
            "tags": {},
            "timeouts": null,
            "tpm_support": "",
            "uefi_data": null,
            "usage_operation": "RunInstances",
            "virtualization_type": "hvm"
          },
          "sensitive_attributes": [],
          "identity_schema_version": 0
        }
      ]
    },
    {
      "module": "module.ec2",
      "mode": "managed",
      "type": "aws_autoscaling_group",
      "name": "prod",
      "provider": "provider[\"registry.terraform.io/hashicorp/aws\"]",
      "instances": [
        {
          "schema_version": 1,
          "attributes": {
            "arn": "arn:aws:autoscaling:eu-north-1:622333992348:autoScalingGroup:9068fca1-da76-4486-875f-ef60ff1c1e0d:autoScalingGroupName/asg-prod",
            "availability_zone_distribution": [
              {
                "capacity_distribution_strategy": "balanced-best-effort"
              }
            ],
            "availability_zones": [
              "eu-north-1a",
              "eu-north-1b"
            ],
            "capacity_rebalance": false,
            "capacity_reservation_specification": [
              {
                "capacity_reservation_preference": "default",
                "capacity_reservation_target": []
              }
            ],
            "context": "",
            "default_cooldown": 300,
            "default_instance_warmup": 0,
            "desired_capacity": 2,
            "desired_capacity_type": "",
            "enabled_metrics": [],
            "force_delete": false,
            "force_delete_warm_pool": false,
            "health_check_grace_period": 300,
            "health_check_type": "EC2",
            "id": "asg-prod",
            "ignore_failed_scaling_activities": false,
            "initial_lifecycle_hook": [],
            "instance_maintenance_policy": [],
            "instance_refresh": [],
            "launch_configuration": "",
            "launch_template": [
              {
                "id": "lt-04e712529e2655ed1",
                "name": "lt-prod-20260519192544247000000001",
                "version": "$Latest"
              }
            ],
            "load_balancers": [],
            "max_instance_lifetime": 0,
            "max_size": 2,
            "metrics_granularity": "1Minute",
            "min_elb_capacity": null,
            "min_size": 1,
            "mixed_instances_policy": [],
            "name": "asg-prod",
            "name_prefix": "",
            "placement_group": "",
            "predicted_capacity": 0,
            "protect_from_scale_in": false,
            "region": "eu-north-1",
            "service_linked_role_arn": "arn:aws:iam::622333992348:role/aws-service-role/autoscaling.amazonaws.com/AWSServiceRoleForAutoScaling",
            "suspended_processes": [],
            "tag": [
              {
                "key": "Env",
                "propagate_at_launch": true,
                "value": "production"
              },
              {
                "key": "Name",
                "propagate_at_launch": true,
                "value": "ec2-prod"
              }
            ],
            "target_group_arns": [],
            "termination_policies": [],
            "timeouts": null,
            "traffic_source": [],
            "vpc_zone_identifier": [
              "subnet-0156af869da0ad636",
              "subnet-0b66846a542692635"
            ],
            "wait_for_capacity_timeout": "10m",
            "wait_for_elb_capacity": null,
            "warm_pool": [],
            "warm_pool_size": 0
          },
          "sensitive_attributes": [],
          "identity_schema_version": 0,
          "private": "eyJlMmJmYjczMC1lY2FhLTExZTYtOGY4OC0zNDM2M2JjN2M0YzAiOnsiZGVsZXRlIjo2MDAwMDAwMDAwMDAsInVwZGF0ZSI6NjAwMDAwMDAwMDAwfSwic2NoZW1hX3ZlcnNpb24iOiIxIn0=",
          "dependencies": [
            "module.ec2.aws_launch_template.prod",
            "module.ec2.aws_security_group.ec2_prod",
            "module.ec2.data.aws_ami.debian",
            "module.iam.aws_iam_instance_profile.ecr_read",
            "module.iam.aws_iam_role.ecr_read",
            "module.iam.data.aws_iam_policy_document.ec2_assume_role",
            "module.vpc.aws_subnet.subnet_private",
            "module.vpc.aws_vpc.vpc"
          ],
          "create_before_destroy": true
        }
      ]
    },
    {
      "module": "module.ec2",
      "mode": "managed",
      "type": "aws_launch_template",
      "name": "prod",
      "provider": "provider[\"registry.terraform.io/hashicorp/aws\"]",
      "instances": [
        {
          "schema_version": 0,
          "attributes": {
            "arn": "arn:aws:ec2:eu-north-1:622333992348:launch-template/lt-04e712529e2655ed1",
            "block_device_mappings": [],
            "capacity_reservation_specification": [],
            "cpu_options": [],
            "credit_specification": [],
            "default_version": 1,
            "description": "",
            "disable_api_stop": false,
            "disable_api_termination": false,
            "ebs_optimized": "",
            "enclave_options": [],
            "hibernation_options": [],
            "iam_instance_profile": [
              {
                "arn": "",
                "name": "EC2-ECR-ReadRole-profile"
              }
            ],
            "id": "lt-04e712529e2655ed1",
            "image_id": "ami-011aaf00c5b8ba1bf",
            "instance_initiated_shutdown_behavior": "",
            "instance_market_options": [],
            "instance_requirements": [],
            "instance_type": "t3.micro",
            "kernel_id": "",
            "key_name": "",
            "latest_version": 2,
            "license_specification": [],
            "maintenance_options": [],
            "metadata_options": [
              {
                "http_endpoint": "enabled",
                "http_protocol_ipv6": "",
                "http_put_response_hop_limit": 1,
                "http_tokens": "required",
                "instance_metadata_tags": ""
              }
            ],
            "monitoring": [],
            "name": "lt-prod-20260519192544247000000001",
            "name_prefix": "lt-prod-",
            "network_interfaces": [],
            "placement": [],
            "private_dns_name_options": [],
            "ram_disk_id": "",
            "region": "eu-north-1",
            "security_group_names": [],
            "tag_specifications": [
              {
                "resource_type": "instance",
                "tags": {
                  "Env": "production",
                  "Name": "ec2-prod"
                }
              },
              {
                "resource_type": "volume",
                "tags": {
                  "Env": "production",
                  "Name": "ec2-prod-volume"
                }
              }
            ],
            "tags": {},
            "tags_all": {},
            "update_default_version": null,
            "user_data": "IyEvYmluL2Jhc2gKc2V0IC1ldW8gcGlwZWZhaWwKCiMgSW5zdGFsbCBEb2NrZXIgZnJvbSB0aGUgb2ZmaWNpYWwgRGViaWFuIHJlcG8KYXB0LWdldCB1cGRhdGUgLXkKYXB0LWdldCBpbnN0YWxsIC15IGNhLWNlcnRpZmljYXRlcyBjdXJsIGdudXBnCmluc3RhbGwgLW0gMDc1NSAtZCAvZXRjL2FwdC9rZXlyaW5ncwpjdXJsIC1mc1NMIGh0dHBzOi8vZG93bmxvYWQuZG9ja2VyLmNvbS9saW51eC9kZWJpYW4vZ3BnIHwgZ3BnIC0tZGVhcm1vciAtbyAvZXRjL2FwdC9rZXlyaW5ncy9kb2NrZXIuZ3BnCmNobW9kIGErciAvZXRjL2FwdC9rZXlyaW5ncy9kb2NrZXIuZ3BnCmVjaG8gImRlYiBbYXJjaD0kKGRwa2cgLS1wcmludC1hcmNoaXRlY3R1cmUpIHNpZ25lZC1ieT0vZXRjL2FwdC9rZXlyaW5ncy9kb2NrZXIuZ3BnXSBodHRwczovL2Rvd25sb2FkLmRvY2tlci5jb20vbGludXgvZGViaWFuICQoLiAvZXRjL29zLXJlbGVhc2UgJiYgZWNobyAiJFZFUlNJT05fQ09ERU5BTUUiKSBzdGFibGUiIFwKICB8IHRlZSAvZXRjL2FwdC9zb3VyY2VzLmxpc3QuZC9kb2NrZXIubGlzdCA+IC9kZXYvbnVsbAphcHQtZ2V0IHVwZGF0ZSAteQphcHQtZ2V0IGluc3RhbGwgLXkgZG9ja2VyLWNlIGRvY2tlci1jZS1jbGkgY29udGFpbmVyZC5pbyBkb2NrZXItY29tcG9zZS1wbHVnaW4KCiMgSW5zdGFsbCBBV1MgQ0xJIHYyCmFwdC1nZXQgaW5zdGFsbCAteSB1bnppcApjdXJsICJodHRwczovL2F3c2NsaS5hbWF6b25hd3MuY29tL2F3c2NsaS1leGUtbGludXgteDg2XzY0LnppcCIgLW8gL3RtcC9hd3NjbGl2Mi56aXAKdW56aXAgL3RtcC9hd3NjbGl2Mi56aXAgLWQgL3RtcAovdG1wL2F3cy9pbnN0YWxsCnJtIC1yZiAvdG1wL2F3c2NsaXYyLnppcCAvdG1wL2F3cwoKIyBJbnN0YWxsIFNTTSBBZ2VudCAoZW5hYmxlcyBhd3Mgc3NtIHN0YXJ0LXNlc3Npb24gd2l0aG91dCBvcGVuaW5nIHBvcnQgMjIpCmN1cmwgLWZzU0wgImh0dHBzOi8vczMuYW1hem9uYXdzLmNvbS9lYzItZG93bmxvYWRzLXdpbmRvd3MvU1NNQWdlbnQvbGF0ZXN0L2RlYmlhbl9hbWQ2NC9hbWF6b24tc3NtLWFnZW50LmRlYiIgXAogIC1vIC90bXAvc3NtLmRlYgpkcGtnIC1pIC90bXAvc3NtLmRlYgpybSAvdG1wL3NzbS5kZWIKc3lzdGVtY3RsIGVuYWJsZSBhbWF6b24tc3NtLWFnZW50CnN5c3RlbWN0bCBzdGFydCBhbWF6b24tc3NtLWFnZW50CgojIENyZWF0ZSBhcHAgZGlyZWN0b3J5Cm1rZGlyIC1wIC9vcHQvYXBwCgojIFdyaXRlIHBvc3RncmVzIGluaXQgc2NoZW1hIGFuZCBuZ2lueCBjb25maWcgKGJhc2U2NC1lbmNvZGVkIGF0IFRlcnJhZm9ybSByZW5kZXIgdGltZSkKZWNobyAiUTFKRlFWUkZJRlJCUWt4RklFbEdJRTVQVkNCRldFbFRWRk1nZFhObGNuTWdLQW9nSUdsa0lGTkZVa2xCVENCUVVrbE5RVkpaSUV0RldTd0tJQ0JsYldGcGJDQldRVkpEU0VGU0tESTFOU2tnVGs5VUlFNVZURXdnVlU1SlVWVkZMQW9nSUc1aGJXVWdWa0ZTUTBoQlVpZ3lOVFVwSUU1UFZDQk9WVXhNTEFvZ0lHTnlaV0YwWldSZllYUWdWRWxOUlZOVVFVMVFWRm9nVGs5VUlFNVZURXdnUkVWR1FWVk1WQ0JPVDFjb0tRb3BPd289IiB8IGJhc2U2NCAtZCA+IC9vcHQvYXBwL2luaXQuc3FsCmVjaG8gIkl5QlNZWFJsSUd4cGJXbDBhVzVuSU9LQWxDQmhjSEJzYVdWa0lIUnZJRUZRU1NCdmJteDVDbXhwYldsMFgzSmxjVjk2YjI1bElDUmlhVzVoY25sZmNtVnRiM1JsWDJGa1pISWdlbTl1WlQxaGNHazZNVEJ0SUhKaGRHVTlNekJ5TDNNN0Nnb2pJRU52Ym01bFkzUnBiMjRnYkdsdGFYUnBibWNnNG9DVUlHZDFZWEprY3lCaFoyRnBibk4wSUdOdmJtNWxZM1JwYjI0Z1pteHZiMlJ6Q214cGJXbDBYMk52Ym01ZmVtOXVaU0FrWW1sdVlYSjVYM0psYlc5MFpWOWhaR1J5SUhwdmJtVTlZV1JrY2pveE1HMDdDZ29qSUZWd2MzUnlaV0Z0SUdSbFptbHVhWFJwYjI1eklIZHBkR2dnYTJWbGNHRnNhWFpsSUdOdmJtNWxZM1JwYjI0Z2NHOXZiSE1LZFhCemRISmxZVzBnWW1GamEyVnVaQ0FnZXlCelpYSjJaWElnWW1GamEyVnVaRG9rZTBKQlEwdEZUa1JmVUU5U1ZIMDdJQ0JyWldWd1lXeHBkbVVnTXpJN0lIMEtkWEJ6ZEhKbFlXMGdabkp2Ym5SbGJtUWdleUJ6WlhKMlpYSWdabkp2Ym5SbGJtUTZKSHRXU1ZSRlgwWlNUMDVVUlU1RVgxQlBVbFI5T3lCclpXVndZV3hwZG1VZ01UWTdJSDBLQ25ObGNuWmxjaUI3Q2lBZ0lDQnNhWE4wWlc0Z09EQTdDaUFnSUNCelpYSjJaWEpmYm1GdFpTQmZPd29LSUNBZ0lDTWdTR2xrWlNCdVoybHVlQ0IyWlhKemFXOXVDaUFnSUNCelpYSjJaWEpmZEc5clpXNXpJRzltWmpzS0NpQWdJQ0FqSUVkNmFYQWdZMjl0Y0hKbGMzTnBiMjRLSUNBZ0lHZDZhWEFnSUNBZ0lDQWdJQ0FnSUNBZ0lHOXVPd29nSUNBZ1ozcHBjRjkyWVhKNUlDQWdJQ0FnSUNBZ2IyNDdDaUFnSUNCbmVtbHdYM0J5YjNocFpXUWdJQ0FnSUNCaGJuazdDaUFnSUNCbmVtbHdYMk52YlhCZmJHVjJaV3dnSUNBMk93b2dJQ0FnWjNwcGNGOWlkV1ptWlhKeklDQWdJQ0FnTVRZZ09HczdDaUFnSUNCbmVtbHdYMmgwZEhCZmRtVnljMmx2YmlBeExqRTdDaUFnSUNCbmVtbHdYMjFwYmw5c1pXNW5kR2dnSUNBeU5UWTdDaUFnSUNCbmVtbHdYM1I1Y0dWekNpQWdJQ0FnSUNBZ2RHVjRkQzl3YkdGcGJpQjBaWGgwTDJOemN5QjBaWGgwTDNodGJDQjBaWGgwTDJwaGRtRnpZM0pwY0hRS0lDQWdJQ0FnSUNCaGNIQnNhV05oZEdsdmJpOXFZWFpoYzJOeWFYQjBJR0Z3Y0d4cFkyRjBhVzl1TDJwemIyNGdZWEJ3YkdsallYUnBiMjR2ZUcxc0NpQWdJQ0FnSUNBZ1lYQndiR2xqWVhScGIyNHZjbk56SzNodGJDQmhjSEJzYVdOaGRHbHZiaTloZEc5dEszaHRiQW9nSUNBZ0lDQWdJR2x0WVdkbEwzTjJaeXQ0Yld3Z1ptOXVkQzkzYjJabU1qc0tDaUFnSUNBaklFRlFTU0RpZ0pRZ2NtRjBaUzFzYVcxcGRHVmtMQ0J6ZEhKcGNIQmxaQ0F2WVhCcElIQnlaV1pwZUFvZ0lDQWdiRzlqWVhScGIyNGdMMkZ3YVM4Z2V3b2dJQ0FnSUNBZ0lHeHBiV2wwWDNKbGNTQWdlbTl1WlQxaGNHa2dZblZ5YzNROU5EQWdibTlrWld4aGVUc0tJQ0FnSUNBZ0lDQnNhVzFwZEY5amIyNXVJR0ZrWkhJZ01qQTdDZ29nSUNBZ0lDQWdJSEJ5YjNoNVgzQmhjM01nSUNBZ0lDQWdJQ0JvZEhSd09pOHZZbUZqYTJWdVpDODdDaUFnSUNBZ0lDQWdjSEp2ZUhsZmFIUjBjRjkyWlhKemFXOXVJREV1TVRzS0lDQWdJQ0FnSUNCd2NtOTRlVjl6WlhSZmFHVmhaR1Z5SUNBZ1EyOXVibVZqZEdsdmJpQWdJQ0FnSUNBZ0lpSTdDaUFnSUNBZ0lDQWdjSEp2ZUhsZmMyVjBYMmhsWVdSbGNpQWdJRWh2YzNRZ0lDQWdJQ0FnSUNBZ0lDQWdJQ1JvYjNOME93b2dJQ0FnSUNBZ0lIQnliM2g1WDNObGRGOW9aV0ZrWlhJZ0lDQllMVkpsWVd3dFNWQWdJQ0FnSUNBZ0lDQWtjbVZ0YjNSbFgyRmtaSEk3Q2lBZ0lDQWdJQ0FnY0hKdmVIbGZjMlYwWDJobFlXUmxjaUFnSUZndFJtOXlkMkZ5WkdWa0xVWnZjaUFnSUNSd2NtOTRlVjloWkdSZmVGOW1iM0ozWVhKa1pXUmZabTl5T3dvZ0lDQWdJQ0FnSUhCeWIzaDVYM05sZEY5b1pXRmtaWElnSUNCWUxVWnZjbmRoY21SbFpDMVFjbTkwYnlBa2MyTm9aVzFsT3dvS0lDQWdJQ0FnSUNCd2NtOTRlVjlqYjI1dVpXTjBYM1JwYldWdmRYUWdOWE03Q2lBZ0lDQWdJQ0FnY0hKdmVIbGZjMlZ1WkY5MGFXMWxiM1YwSUNBZ0lETXdjenNLSUNBZ0lDQWdJQ0J3Y205NGVWOXlaV0ZrWDNScGJXVnZkWFFnSUNBZ016QnpPd29nSUNBZ0lDQWdJSEJ5YjNoNVgySjFabVpsY21sdVp5QWdJQ0FnSUNCdmJqc0tJQ0FnSUNBZ0lDQndjbTk0ZVY5aWRXWm1aWEpmYzJsNlpTQWdJQ0FnTkdzN0NpQWdJQ0FnSUNBZ2NISnZlSGxmWW5WbVptVnljeUFnSUNBZ0lDQWdJRGdnTkdzN0Nnb2dJQ0FnSUNBZ0lHRmtaRjlvWldGa1pYSWdXQzFHY21GdFpTMVBjSFJwYjI1eklDQWdJQ0FnSUNBaVUwRk5SVTlTU1VkSlRpSWdJQ0FnSUNBZ0lDQWdJQ0FnSUNBZ0lDQWdJQ0FnWVd4M1lYbHpPd29nSUNBZ0lDQWdJR0ZrWkY5b1pXRmtaWElnV0MxRGIyNTBaVzUwTFZSNWNHVXRUM0IwYVc5dWN5QWlibTl6Ym1sbVppSWdJQ0FnSUNBZ0lDQWdJQ0FnSUNBZ0lDQWdJQ0FnSUNBZ1lXeDNZWGx6T3dvZ0lDQWdJQ0FnSUdGa1pGOW9aV0ZrWlhJZ1VtVm1aWEp5WlhJdFVHOXNhV041SUNBZ0lDQWdJQ0FpYzNSeWFXTjBMVzl5YVdkcGJpMTNhR1Z1TFdOeWIzTnpMVzl5YVdkcGJpSWdZV3gzWVhsek93b2dJQ0FnZlFvS0lDQWdJQ01nVTNSaGRHbGpJR0Z6YzJWMGN5RGlnSlFnWTI5dWRHVnVkQzFvWVhOb1pXUWdabWxzWlc1aGJXVnpMQ0JoWjJkeVpYTnphWFpsSUdOaFkyaHBibWNLSUNBZ0lHeHZZMkYwYVc5dUlDOWhjM05sZEhNdklIc0tJQ0FnSUNBZ0lDQndjbTk0ZVY5d1lYTnpJQ0FnSUNBZ0lDQWdhSFIwY0RvdkwyWnliMjUwWlc1a0wyRnpjMlYwY3k4N0NpQWdJQ0FnSUNBZ2NISnZlSGxmYUhSMGNGOTJaWEp6YVc5dUlERXVNVHNLSUNBZ0lDQWdJQ0J3Y205NGVWOXpaWFJmYUdWaFpHVnlJQ0FnUTI5dWJtVmpkR2x2YmlBaUlqc0tDaUFnSUNBZ0lDQWdaWGh3YVhKbGN5QWdJQ0FnSUNBZ0lDQWdJQ0F4ZVRzS0lDQWdJQ0FnSUNCaFpHUmZhR1ZoWkdWeUlDQWdJQ0FnSUNBZ0lFTmhZMmhsTFVOdmJuUnliMndnSUNBZ0luQjFZbXhwWXl3Z2FXMXRkWFJoWW14bElqc0tJQ0FnSUNBZ0lDQmhaR1JmYUdWaFpHVnlJQ0FnSUNBZ0lDQWdJRmd0UTI5dWRHVnVkQzFVZVhCbExVOXdkR2x2Ym5NZ0ltNXZjMjVwWm1ZaUlHRnNkMkY1Y3pzS0lDQWdJQ0FnSUNCaFkyTmxjM05mYkc5bklDQWdJQ0FnSUNBZ0lHOW1aanNLSUNBZ0lIMEtDaUFnSUNBaklGTlFRU0RpZ0pRZ1lXeHNJRzkwYUdWeUlISnZkWFJsY3lCelpYSjJaV1FnWW5rZ2RHaGxJR1p5YjI1MFpXNWtJR052Ym5SaGFXNWxjZ29nSUNBZ2JHOWpZWFJwYjI0Z0x5QjdDaUFnSUNBZ0lDQWdjSEp2ZUhsZmNHRnpjeUFnSUNBZ0lDQWdJR2gwZEhBNkx5OW1jbTl1ZEdWdVpDODdDaUFnSUNBZ0lDQWdjSEp2ZUhsZmFIUjBjRjkyWlhKemFXOXVJREV1TVRzS0lDQWdJQ0FnSUNCd2NtOTRlVjl6WlhSZmFHVmhaR1Z5SUNBZ1EyOXVibVZqZEdsdmJpQWdJQ0FnSUNBZ0lpSTdDaUFnSUNBZ0lDQWdjSEp2ZUhsZmMyVjBYMmhsWVdSbGNpQWdJRWh2YzNRZ0lDQWdJQ0FnSUNBZ0lDQWdJQ1JvYjNOME93b2dJQ0FnSUNBZ0lIQnliM2g1WDNObGRGOW9aV0ZrWlhJZ0lDQllMVkpsWVd3dFNWQWdJQ0FnSUNBZ0lDQWtjbVZ0YjNSbFgyRmtaSEk3Q2lBZ0lDQWdJQ0FnY0hKdmVIbGZjMlYwWDJobFlXUmxjaUFnSUZndFJtOXlkMkZ5WkdWa0xVWnZjaUFnSUNSd2NtOTRlVjloWkdSZmVGOW1iM0ozWVhKa1pXUmZabTl5T3dvS0lDQWdJQ0FnSUNCd2NtOTRlVjlqYjI1dVpXTjBYM1JwYldWdmRYUWdOWE03Q2lBZ0lDQWdJQ0FnY0hKdmVIbGZjMlZ1WkY5MGFXMWxiM1YwSUNBZ0lERTFjenNLSUNBZ0lDQWdJQ0J3Y205NGVWOXlaV0ZrWDNScGJXVnZkWFFnSUNBZ01UVnpPd29LSUNBZ0lDQWdJQ0JoWkdSZmFHVmhaR1Z5SUZndFJuSmhiV1V0VDNCMGFXOXVjeUFnSUNBZ0lDQWdJbE5CVFVWUFVrbEhTVTRpSUNBZ0lDQWdJQ0FnSUNBZ0lDQWdJQ0FnSUNBZ0lHRnNkMkY1Y3pzS0lDQWdJQ0FnSUNCaFpHUmZhR1ZoWkdWeUlGZ3RRMjl1ZEdWdWRDMVVlWEJsTFU5d2RHbHZibk1nSW01dmMyNXBabVlpSUNBZ0lDQWdJQ0FnSUNBZ0lDQWdJQ0FnSUNBZ0lDQWdJR0ZzZDJGNWN6c0tJQ0FnSUNBZ0lDQmhaR1JmYUdWaFpHVnlJRmd0V0ZOVExWQnliM1JsWTNScGIyNGdJQ0FnSUNBZ0lqRTdJRzF2WkdVOVlteHZZMnNpSUNBZ0lDQWdJQ0FnSUNBZ0lDQWdJQ0FnSUdGc2QyRjVjenNLSUNBZ0lDQWdJQ0JoWkdSZmFHVmhaR1Z5SUZKbFptVnljbVZ5TFZCdmJHbGplU0FnSUNBZ0lDQWdJbk4wY21samRDMXZjbWxuYVc0dGQyaGxiaTFqY205emN5MXZjbWxuYVc0aUlHRnNkMkY1Y3pzS0lDQWdJQ0FnSUNCaFpHUmZhR1ZoWkdWeUlGQmxjbTFwYzNOcGIyNXpMVkJ2YkdsamVTQWdJQ0FnSW1OaGJXVnlZVDBvS1N3Z2JXbGpjbTl3YUc5dVpUMG9LU3dnWjJWdmJHOWpZWFJwYjI0OUtDa2lJR0ZzZDJGNWN6c0tJQ0FnSUgwS2ZRbz0iIHwgYmFzZTY0IC1kID4gL29wdC9hcHAvbmdpbngucHJvZC5jb25mCgojIEZldGNoIGFwcGxpY2F0aW9uIHNlY3JldHMgZnJvbSBTU00gUGFyYW1ldGVyIFN0b3JlClJFR0lPTj0iZXUtbm9ydGgtMSIKZ2V0X3BhcmFtKCkgewogIC91c3IvbG9jYWwvYmluL2F3cyBzc20gZ2V0LXBhcmFtZXRlciAtLXJlZ2lvbiAiJFJFR0lPTiIgLS1uYW1lICIkMSIgLS13aXRoLWRlY3J5cHRpb24gXAogICAgLS1xdWVyeSBQYXJhbWV0ZXIuVmFsdWUgLS1vdXRwdXQgdGV4dAp9CgpQT1NUR1JFU19VU0VSPSQoZ2V0X3BhcmFtICIvZ3JvdXAxL3Byb2QvUE9TVEdSRVNfVVNFUiIpClBPU1RHUkVTX1BBU1NXT1JEPSQoZ2V0X3BhcmFtICIvZ3JvdXAxL3Byb2QvUE9TVEdSRVNfUEFTU1dPUkQiKQpQT1NUR1JFU19EQj0kKGdldF9wYXJhbSAiL2dyb3VwMS9wcm9kL1BPU1RHUkVTX0RCIikKQkFDS0VORF9QT1JUPSQoZ2V0X3BhcmFtICIvZ3JvdXAxL3Byb2QvQkFDS0VORF9QT1JUIikKQ09SU19PUklHSU49JChnZXRfcGFyYW0gIi9ncm91cDEvcHJvZC9DT1JTX09SSUdJTiIpClZJVEVfRlJPTlRFTkRfUE9SVD0kKGdldF9wYXJhbSAiL2dyb3VwMS9wcm9kL1ZJVEVfRlJPTlRFTkRfUE9SVCIpCkhUVFBfUE9SVD0kKGdldF9wYXJhbSAiL2dyb3VwMS9wcm9kL0hUVFBfUE9SVCIpClZJVEVfRlJPTlRFTkRfQVBJX1VSTD0kKGdldF9wYXJhbSAiL2dyb3VwMS9wcm9kL1ZJVEVfRlJPTlRFTkRfQVBJX1VSTCIpCgojIFdyaXRlIC5lbnYgY29uc3VtZWQgYnkgZG9ja2VyIGNvbXBvc2UKY2F0ID4gL29wdC9hcHAvLmVudiA8PEVPRgpQT1NUR1JFU19VU0VSPSRQT1NUR1JFU19VU0VSClBPU1RHUkVTX1BBU1NXT1JEPSRQT1NUR1JFU19QQVNTV09SRApQT1NUR1JFU19EQj0kUE9TVEdSRVNfREIKQkFDS0VORF9QT1JUPSRCQUNLRU5EX1BPUlQKQ09SU19PUklHSU49JENPUlNfT1JJR0lOClZJVEVfRlJPTlRFTkRfUE9SVD0kVklURV9GUk9OVEVORF9QT1JUCkhUVFBfUE9SVD0kSFRUUF9QT1JUClZJVEVfRlJPTlRFTkRfQVBJX1VSTD0kVklURV9GUk9OVEVORF9BUElfVVJMCkVDUl9SRVBPU0lUT1JZX1VSST02MjIzMzM5OTIzNDguZGtyLmVjci5ldS1ub3J0aC0xLmFtYXpvbmF3cy5jb20vZ3JvdXAxL2Rldm9wcy1wcm9qZWN0CkVPRgoKIyBXcml0ZSBjb21wb3NlIGZpbGUgKGJhc2U2NC1lbmNvZGVkIGF0IFRlcnJhZm9ybSByZW5kZXIgdGltZSkKZWNobyAiYm1WMGQyOXlhM002Q2lBZ1pHSTZDaUFnSUNCcGJuUmxjbTVoYkRvZ2RISjFaUW9nSUdGd2NEb0tJQ0FnSUdSeWFYWmxjam9nWW5KcFpHZGxDZ3AyYjJ4MWJXVnpPZ29nSUhCdmMzUm5jbVZ6WDJSaGRHRTZDZ3B6WlhKMmFXTmxjem9LSUNCa1lqb0tJQ0FnSUdsdFlXZGxPaUJ3YjNOMFozSmxjenBoYkhCcGJtVUtJQ0FnSUhKbGMzUmhjblE2SUdGc2QyRjVjd29nSUNBZ1pXNTJhWEp2Ym0xbGJuUTZDaUFnSUNBZ0lGQlBVMVJIVWtWVFgxVlRSVkk2SUNSN1VFOVRWRWRTUlZOZlZWTkZVbjBLSUNBZ0lDQWdVRTlUVkVkU1JWTmZVRUZUVTFkUFVrUTZJQ1I3VUU5VFZFZFNSVk5mVUVGVFUxZFBVa1I5Q2lBZ0lDQWdJRkJQVTFSSFVrVlRYMFJDT2lBa2UxQlBVMVJIVWtWVFgwUkNmUW9nSUNBZ2RtOXNkVzFsY3pvS0lDQWdJQ0FnTFNCd2IzTjBaM0psYzE5a1lYUmhPaTkyWVhJdmJHbGlMM0J2YzNSbmNtVnpjV3dLSUNBZ0lDQWdMU0F2YjNCMEwyRndjQzlwYm1sMExuTnhiRG92Wkc5amEyVnlMV1Z1ZEhKNWNHOXBiblF0YVc1cGRHUmlMbVF2YVc1cGRDNXpjV3c2Y204S0lDQWdJRzVsZEhkdmNtdHpPZ29nSUNBZ0lDQXRJR1JpQ2lBZ0lDQm9aV0ZzZEdoamFHVmphem9LSUNBZ0lDQWdkR1Z6ZERvZ1d5SkRUVVF0VTBoRlRFd2lMQ0FpY0dkZmFYTnlaV0ZrZVNBdFZTQWtlMUJQVTFSSFVrVlRYMVZUUlZKOUlDMWtJQ1I3VUU5VFZFZFNSVk5mUkVKOUlsMEtJQ0FnSUNBZ2FXNTBaWEoyWVd3NklETnpDaUFnSUNBZ0lIUnBiV1Z2ZFhRNklETnpDaUFnSUNBZ0lISmxkSEpwWlhNNklETUtJQ0FnSUNBZ2MzUmhjblJmY0dWeWFXOWtPaUF4TUhNS0NpQWdZbUZqYTJWdVpEb0tJQ0FnSUdsdFlXZGxPaUFrZTBWRFVsOVNSVkJQVTBsVVQxSlpYMVZTU1gwNlltRmphMlZ1WkMxd2NtOWtkV04wYVc5dUNpQWdJQ0J5WlhOMFlYSjBPaUJoYkhkaGVYTUtJQ0FnSUdWdWRtbHliMjV0Wlc1ME9nb2dJQ0FnSUNCQ1FVTkxSVTVFWDFCUFVsUTZJQ1I3UWtGRFMwVk9SRjlRVDFKVWZRb2dJQ0FnSUNCRVFWUkJRa0ZUUlY5VlVrdzZJSEJ2YzNSbmNtVnpjV3c2THk4a2UxQlBVMVJIVWtWVFgxVlRSVko5T2lSN1VFOVRWRWRTUlZOZlVFRlRVMWRQVWtSOVFHUmlPalUwTXpJdkpIdFFUMU5VUjFKRlUxOUVRbjBLSUNBZ0lDQWdRMDlTVTE5UFVrbEhTVTQ2SUNSN1EwOVNVMTlQVWtsSFNVNTlDaUFnSUNBZ0lFNVBSRVZmUlU1V09pQndjbTlrZFdOMGFXOXVDaUFnSUNCdVpYUjNiM0pyY3pvS0lDQWdJQ0FnTFNCa1lnb2dJQ0FnSUNBdElHRndjQW9nSUNBZ1pHVndaVzVrYzE5dmJqb0tJQ0FnSUNBZ1pHSTZDaUFnSUNBZ0lDQWdZMjl1WkdsMGFXOXVPaUJ6WlhKMmFXTmxYMmhsWVd4MGFIa0tJQ0FnSUdobFlXeDBhR05vWldOck9nb2dJQ0FnSUNCMFpYTjBPaUJiSWtOTlJDMVRTRVZNVENJc0lDSmpkWEpzSUMxbUlHaDBkSEE2THk5c2IyTmhiR2h2YzNRNkpIdENRVU5MUlU1RVgxQlBVbFI5TDJobFlXeDBhQ0I4ZkNCbGVHbDBJREVpWFFvZ0lDQWdJQ0JwYm5SbGNuWmhiRG9nTTNNS0lDQWdJQ0FnZEdsdFpXOTFkRG9nTTNNS0lDQWdJQ0FnY21WMGNtbGxjem9nTXdvZ0lDQWdJQ0J6ZEdGeWRGOXdaWEpwYjJRNklERXdjd29LSUNCbWNtOXVkR1Z1WkRvS0lDQWdJR2x0WVdkbE9pQWtlMFZEVWw5U1JWQlBVMGxVVDFKWlgxVlNTWDA2Wm5KdmJuUmxibVF0Y0hKdlpIVmpkR2x2YmdvZ0lDQWdjbVZ6ZEdGeWREb2dZV3gzWVhsekNpQWdJQ0JsYm5acGNtOXViV1Z1ZERvS0lDQWdJQ0FnUmxKUFRsUkZUa1JmVUU5U1ZEb2dKSHRXU1ZSRlgwWlNUMDVVUlU1RVgxQlBVbFI5Q2lBZ0lDQnVaWFIzYjNKcmN6b0tJQ0FnSUNBZ0xTQmhjSEFLSUNBZ0lHUmxjR1Z1WkhOZmIyNDZDaUFnSUNBZ0lHSmhZMnRsYm1RNkNpQWdJQ0FnSUNBZ1kyOXVaR2wwYVc5dU9pQnpaWEoyYVdObFgyaGxZV3gwYUhrS0lDQWdJR2hsWVd4MGFHTm9aV05yT2dvZ0lDQWdJQ0IwWlhOME9pQmJJa05OUkMxVFNFVk1UQ0lzSUNKamRYSnNJQzFtSUdoMGRIQTZMeTh4TWpjdU1DNHdMakU2Skh0V1NWUkZYMFpTVDA1VVJVNUVYMUJQVWxSOUx5QjhmQ0JsZUdsMElERWlYUW9nSUNBZ0lDQnBiblJsY25aaGJEb2dNM01LSUNBZ0lDQWdkR2x0Wlc5MWREb2dOWE1LSUNBZ0lDQWdjbVYwY21sbGN6b2dNd29nSUNBZ0lDQnpkR0Z5ZEY5d1pYSnBiMlE2SURJd2N3b0tJQ0J1WjJsdWVEb0tJQ0FnSUdsdFlXZGxPaUJ1WjJsdWVEb3hMakkzTFdGc2NHbHVaUW9nSUNBZ2NtVnpkR0Z5ZERvZ1lXeDNZWGx6Q2lBZ0lDQndiM0owY3pvS0lDQWdJQ0FnTFNBa2UwaFVWRkJmVUU5U1ZIMDZPREFLSUNBZ0lIWnZiSFZ0WlhNNkNpQWdJQ0FnSUMwZ0wyOXdkQzloY0hBdmJtZHBibmd1Y0hKdlpDNWpiMjVtT2k5bGRHTXZibWRwYm5ndmRHVnRjR3hoZEdWekwyUmxabUYxYkhRdVkyOXVaaTUwWlcxd2JHRjBaVHB5YndvZ0lDQWdibVYwZDI5eWEzTTZDaUFnSUNBZ0lDMGdZWEJ3Q2lBZ0lDQmxiblpwY205dWJXVnVkRG9LSUNBZ0lDQWdRa0ZEUzBWT1JGOVFUMUpVT2lBa2UwSkJRMHRGVGtSZlVFOVNWSDBLSUNBZ0lDQWdWa2xVUlY5R1VrOU9WRVZPUkY5UVQxSlVPaUFrZTFaSlZFVmZSbEpQVGxSRlRrUmZVRTlTVkgwS0lDQWdJQ0FnVGtkSlRsaGZSVTVXVTFWQ1UxUmZWRVZOVUV4QlZFVmZWa0ZTVXpvZ1FrRkRTMFZPUkY5UVQxSlVJRlpKVkVWZlJsSlBUbFJGVGtSZlVFOVNWQW9nSUNBZ1pHVndaVzVrYzE5dmJqb0tJQ0FnSUNBZ1ltRmphMlZ1WkRvS0lDQWdJQ0FnSUNCamIyNWthWFJwYjI0NklITmxjblpwWTJWZmFHVmhiSFJvZVFvZ0lDQWdJQ0JtY205dWRHVnVaRG9LSUNBZ0lDQWdJQ0JqYjI1a2FYUnBiMjQ2SUhObGNuWnBZMlZmYUdWaGJIUm9lUW9nSUNBZ2FHVmhiSFJvWTJobFkyczZDaUFnSUNBZ0lIUmxjM1E2SUZzaVEwMUVMVk5JUlV4TUlpd2dJbmRuWlhRZ0xYRWdMVThnTDJSbGRpOXVkV3hzSUdoMGRIQTZMeTlzYjJOaGJHaHZjM1FnZkh3Z1pYaHBkQ0F4SWwwS0lDQWdJQ0FnYVc1MFpYSjJZV3c2SUROekNpQWdJQ0FnSUhScGJXVnZkWFE2SURWekNpQWdJQ0FnSUhKbGRISnBaWE02SURNS0lDQWdJQ0FnYzNSaGNuUmZjR1Z5YVc5a09pQTFjd289IiB8IGJhc2U2NCAtZCA+IC9vcHQvYXBwL2RvY2tlci1jb21wb3NlLmVjci55YW1sCgojIEF1dGhlbnRpY2F0ZSB0byBFQ1IgYW5kIHN0YXJ0IHNlcnZpY2VzCi91c3IvbG9jYWwvYmluL2F3cyBlY3IgZ2V0LWxvZ2luLXBhc3N3b3JkIC0tcmVnaW9uICIkUkVHSU9OIiBcCiAgfCBkb2NrZXIgbG9naW4gLS11c2VybmFtZSBBV1MgLS1wYXNzd29yZC1zdGRpbiAiNjIyMzMzOTkyMzQ4LmRrci5lY3IuZXUtbm9ydGgtMS5hbWF6b25hd3MuY29tIgoKY2QgL29wdC9hcHAKZG9ja2VyIGNvbXBvc2UgLWYgZG9ja2VyLWNvbXBvc2UuZWNyLnlhbWwgdXAgLWQK",
            "vpc_security_group_ids": [
              "sg-02d643c516e6e7895"
            ]
          },
          "sensitive_attributes": [],
          "identity_schema_version": 0,
          "private": "bnVsbA==",
          "dependencies": [
            "module.ec2.aws_security_group.ec2_prod",
            "module.ec2.data.aws_ami.debian",
            "module.iam.aws_iam_instance_profile.ecr_read",
            "module.iam.aws_iam_role.ecr_read",
            "module.iam.data.aws_iam_policy_document.ec2_assume_role",
            "module.vpc.aws_vpc.vpc"
          ],
          "create_before_destroy": true
        }
      ]
    },
    {
      "module": "module.ec2",
      "mode": "managed",
      "type": "aws_security_group",
      "name": "ec2_prod",
      "provider": "provider[\"registry.terraform.io/hashicorp/aws\"]",
      "instances": [
        {
          "schema_version": 1,
          "attributes": {
            "arn": "arn:aws:ec2:eu-north-1:622333992348:security-group/sg-02d643c516e6e7895",
            "description": "PROD EC2 - HTTP from VPC (ALB), all outbound",
            "egress": [
              {
                "cidr_blocks": [
                  "0.0.0.0/0"
                ],
                "description": "",
                "from_port": 0,
                "ipv6_cidr_blocks": [],
                "prefix_list_ids": [],
                "protocol": "-1",
                "security_groups": [],
                "self": false,
                "to_port": 0
              }
            ],
            "id": "sg-02d643c516e6e7895",
            "ingress": [
              {
                "cidr_blocks": [
                  "10.0.0.0/16"
                ],
                "description": "HTTP from VPC (ALB will restrict this further)",
                "from_port": 80,
                "ipv6_cidr_blocks": [],
                "prefix_list_ids": [],
                "protocol": "tcp",
                "security_groups": [],
                "self": false,
                "to_port": 80
              }
            ],
            "name": "tsg-ec2-prod",
            "name_prefix": "",
            "owner_id": "622333992348",
            "region": "eu-north-1",
            "revoke_rules_on_delete": false,
            "tags": {
              "Env": "production",
              "Name": "tsg-ec2-prod"
            },
            "tags_all": {
              "Env": "production",
              "Name": "tsg-ec2-prod"
            },
            "timeouts": null,
            "vpc_id": "vpc-06f05a4cb4114f0bf"
          },
          "sensitive_attributes": [],
          "identity_schema_version": 0,
          "identity": {
            "account_id": "622333992348",
            "id": "sg-02d643c516e6e7895",
            "region": "eu-north-1"
          },
          "private": "eyJlMmJmYjczMC1lY2FhLTExZTYtOGY4OC0zNDM2M2JjN2M0YzAiOnsiY3JlYXRlIjo2MDAwMDAwMDAwMDAsImRlbGV0ZSI6OTAwMDAwMDAwMDAwfSwic2NoZW1hX3ZlcnNpb24iOiIxIn0=",
          "dependencies": [
            "module.vpc.aws_vpc.vpc"
          ],
          "create_before_destroy": true
        }
      ]
    },
    {
      "module": "module.iam",
      "mode": "data",
      "type": "aws_caller_identity",
      "name": "current",
      "provider": "provider[\"registry.terraform.io/hashicorp/aws\"]",
      "instances": [
        {
          "schema_version": 0,
          "attributes": {
            "account_id": "622333992348",
            "arn": "arn:aws:iam::622333992348:user/Hetic-END-GR1",
            "id": "622333992348",
            "user_id": "AIDAZBZP7DWOETSGLFCY5"
          },
          "sensitive_attributes": [],
          "identity_schema_version": 0
        }
      ]
    },
    {
      "module": "module.iam",
      "mode": "data",
      "type": "aws_iam_policy_document",
      "name": "ec2_assume_role",
      "provider": "provider[\"registry.terraform.io/hashicorp/aws\"]",
      "instances": [
        {
          "schema_version": 0,
          "attributes": {
            "id": "2851119427",
            "json": "{\n  \"Version\": \"2012-10-17\",\n  \"Statement\": [\n    {\n      \"Effect\": \"Allow\",\n      \"Action\": \"sts:AssumeRole\",\n      \"Principal\": {\n        \"Service\": \"ec2.amazonaws.com\"\n      }\n    }\n  ]\n}",
            "minified_json": "{\"Version\":\"2012-10-17\",\"Statement\":[{\"Effect\":\"Allow\",\"Action\":\"sts:AssumeRole\",\"Principal\":{\"Service\":\"ec2.amazonaws.com\"}}]}",
            "override_json": null,
            "override_policy_documents": null,
            "policy_id": null,
            "source_json": null,
            "source_policy_documents": null,
            "statement": [
              {
                "actions": [
                  "sts:AssumeRole"
                ],
                "condition": [],
                "effect": "Allow",
                "not_actions": [],
                "not_principals": [],
                "not_resources": [],
                "principals": [
                  {
                    "identifiers": [
                      "ec2.amazonaws.com"
                    ],
                    "type": "Service"
                  }
                ],
                "resources": [],
                "sid": ""
              }
            ],
            "version": "2012-10-17"
          },
          "sensitive_attributes": [],
          "identity_schema_version": 0
        }
      ]
    },
    {
      "module": "module.iam",
      "mode": "data",
      "type": "aws_iam_policy_document",
      "name": "ecr_read",
      "provider": "provider[\"registry.terraform.io/hashicorp/aws\"]",
      "instances": [
        {
          "schema_version": 0,
          "attributes": {
            "id": "2681106674",
            "json": "{\n  \"Version\": \"2012-10-17\",\n  \"Statement\": [\n    {\n      \"Sid\": \"ECRAuth\",\n      \"Effect\": \"Allow\",\n      \"Action\": \"ecr:GetAuthorizationToken\",\n      \"Resource\": \"*\"\n    },\n    {\n      \"Sid\": \"ECRPull\",\n      \"Effect\": \"Allow\",\n      \"Action\": [\n        \"ecr:GetDownloadUrlForLayer\",\n        \"ecr:BatchGetImage\",\n        \"ecr:BatchCheckLayerAvailability\"\n      ],\n      \"Resource\": \"arn:aws:ecr:eu-north-1:622333992348:repository/group1/devops-project\"\n    },\n    {\n      \"Sid\": \"SSMGetParams\",\n      \"Effect\": \"Allow\",\n      \"Action\": [\n        \"ssm:GetParametersByPath\",\n        \"ssm:GetParameters\",\n        \"ssm:GetParameter\"\n      ],\n      \"Resource\": \"arn:aws:ssm:eu-north-1:622333992348:parameter/group1/prod/*\"\n    }\n  ]\n}",
            "minified_json": "{\"Version\":\"2012-10-17\",\"Statement\":[{\"Sid\":\"ECRAuth\",\"Effect\":\"Allow\",\"Action\":\"ecr:GetAuthorizationToken\",\"Resource\":\"*\"},{\"Sid\":\"ECRPull\",\"Effect\":\"Allow\",\"Action\":[\"ecr:GetDownloadUrlForLayer\",\"ecr:BatchGetImage\",\"ecr:BatchCheckLayerAvailability\"],\"Resource\":\"arn:aws:ecr:eu-north-1:622333992348:repository/group1/devops-project\"},{\"Sid\":\"SSMGetParams\",\"Effect\":\"Allow\",\"Action\":[\"ssm:GetParametersByPath\",\"ssm:GetParameters\",\"ssm:GetParameter\"],\"Resource\":\"arn:aws:ssm:eu-north-1:622333992348:parameter/group1/prod/*\"}]}",
            "override_json": null,
            "override_policy_documents": null,
            "policy_id": null,
            "source_json": null,
            "source_policy_documents": null,
            "statement": [
              {
                "actions": [
                  "ecr:GetAuthorizationToken"
                ],
                "condition": [],
                "effect": "Allow",
                "not_actions": [],
                "not_principals": [],
                "not_resources": [],
                "principals": [],
                "resources": [
                  "*"
                ],
                "sid": "ECRAuth"
              },
              {
                "actions": [
                  "ecr:BatchCheckLayerAvailability",
                  "ecr:BatchGetImage",
                  "ecr:GetDownloadUrlForLayer"
                ],
                "condition": [],
                "effect": "Allow",
                "not_actions": [],
                "not_principals": [],
                "not_resources": [],
                "principals": [],
                "resources": [
                  "arn:aws:ecr:eu-north-1:622333992348:repository/group1/devops-project"
                ],
                "sid": "ECRPull"
              },
              {
                "actions": [
                  "ssm:GetParameter",
                  "ssm:GetParameters",
                  "ssm:GetParametersByPath"
                ],
                "condition": [],
                "effect": "Allow",
                "not_actions": [],
                "not_principals": [],
                "not_resources": [],
                "principals": [],
                "resources": [
                  "arn:aws:ssm:eu-north-1:622333992348:parameter/group1/prod/*"
                ],
                "sid": "SSMGetParams"
              }
            ],
            "version": "2012-10-17"
          },
          "sensitive_attributes": [],
          "identity_schema_version": 0
        }
      ]
    },
    {
      "module": "module.iam",
      "mode": "data",
      "type": "aws_iam_policy_document",
      "name": "s3_write",
      "provider": "provider[\"registry.terraform.io/hashicorp/aws\"]",
      "instances": [
        {
          "schema_version": 0,
          "attributes": {
            "id": "2725788839",
            "json": "{\n  \"Version\": \"2012-10-17\",\n  \"Statement\": [\n    {\n      \"Sid\": \"S3WriteLogs\",\n      \"Effect\": \"Allow\",\n      \"Action\": \"s3:PutObject\",\n      \"Resource\": \"arn:aws:s3:::devops-project-group1-logs/*\"\n    }\n  ]\n}",
            "minified_json": "{\"Version\":\"2012-10-17\",\"Statement\":[{\"Sid\":\"S3WriteLogs\",\"Effect\":\"Allow\",\"Action\":\"s3:PutObject\",\"Resource\":\"arn:aws:s3:::devops-project-group1-logs/*\"}]}",
            "override_json": null,
            "override_policy_documents": null,
            "policy_id": null,
            "source_json": null,
            "source_policy_documents": null,
            "statement": [
              {
                "actions": [
                  "s3:PutObject"
                ],
                "condition": [],
                "effect": "Allow",
                "not_actions": [],
                "not_principals": [],
                "not_resources": [],
                "principals": [],
                "resources": [
                  "arn:aws:s3:::devops-project-group1-logs/*"
                ],
                "sid": "S3WriteLogs"
              }
            ],
            "version": "2012-10-17"
          },
          "sensitive_attributes": [],
          "identity_schema_version": 0
        }
      ]
    },
    {
      "module": "module.iam",
      "mode": "data",
      "type": "aws_region",
      "name": "current",
      "provider": "provider[\"registry.terraform.io/hashicorp/aws\"]",
      "instances": [
        {
          "schema_version": 0,
          "attributes": {
            "description": "Europe (Stockholm)",
            "endpoint": "ec2.eu-north-1.amazonaws.com",
            "id": "eu-north-1",
            "name": "eu-north-1",
            "region": "eu-north-1"
          },
          "sensitive_attributes": [],
          "identity_schema_version": 0
        }
      ]
    },
    {
      "module": "module.iam",
      "mode": "managed",
      "type": "aws_iam_instance_profile",
      "name": "ecr_read",
      "provider": "provider[\"registry.terraform.io/hashicorp/aws\"]",
      "instances": [
        {
          "schema_version": 0,
          "attributes": {
            "arn": "arn:aws:iam::622333992348:instance-profile/EC2-ECR-ReadRole-profile",
            "create_date": "2026-05-19T18:19:10Z",
            "id": "EC2-ECR-ReadRole-profile",
            "name": "EC2-ECR-ReadRole-profile",
            "name_prefix": "",
            "path": "/",
            "role": "EC2-ECR-ReadRole",
            "tags": {},
            "tags_all": {},
            "unique_id": "AIPAZBZP7DWON7TV2GBWB"
          },
          "sensitive_attributes": [],
          "identity_schema_version": 0,
          "private": "bnVsbA==",
          "dependencies": [
            "module.iam.aws_iam_role.ecr_read",
            "module.iam.data.aws_iam_policy_document.ec2_assume_role"
          ],
          "create_before_destroy": true
        }
      ]
    },
    {
      "module": "module.iam",
      "mode": "managed",
      "type": "aws_iam_instance_profile",
      "name": "s3_write",
      "provider": "provider[\"registry.terraform.io/hashicorp/aws\"]",
      "instances": [
        {
          "schema_version": 0,
          "attributes": {
            "arn": "arn:aws:iam::622333992348:instance-profile/EC2-S3-WriteRole-profile",
            "create_date": "2026-05-19T18:19:10Z",
            "id": "EC2-S3-WriteRole-profile",
            "name": "EC2-S3-WriteRole-profile",
            "name_prefix": "",
            "path": "/",
            "role": "EC2-S3-WriteRole",
            "tags": {},
            "tags_all": {},
            "unique_id": "AIPAZBZP7DWOOFHRSVNWK"
          },
          "sensitive_attributes": [],
          "identity_schema_version": 0,
          "private": "bnVsbA==",
          "dependencies": [
            "module.iam.aws_iam_role.s3_write",
            "module.iam.data.aws_iam_policy_document.ec2_assume_role"
          ]
        }
      ]
    },
    {
      "module": "module.iam",
      "mode": "managed",
      "type": "aws_iam_policy",
      "name": "ecr_read",
      "provider": "provider[\"registry.terraform.io/hashicorp/aws\"]",
      "instances": [
        {
          "schema_version": 0,
          "attributes": {
            "arn": "arn:aws:iam::622333992348:policy/EC2-ECR-ReadPolicy",
            "attachment_count": 1,
            "description": "",
            "id": "arn:aws:iam::622333992348:policy/EC2-ECR-ReadPolicy",
            "name": "EC2-ECR-ReadPolicy",
            "name_prefix": "",
            "path": "/",
            "policy": "{\"Statement\":[{\"Action\":\"ecr:GetAuthorizationToken\",\"Effect\":\"Allow\",\"Resource\":\"*\",\"Sid\":\"ECRAuth\"},{\"Action\":[\"ecr:GetDownloadUrlForLayer\",\"ecr:BatchGetImage\",\"ecr:BatchCheckLayerAvailability\"],\"Effect\":\"Allow\",\"Resource\":\"arn:aws:ecr:eu-north-1:622333992348:repository/group1/devops-project\",\"Sid\":\"ECRPull\"},{\"Action\":[\"ssm:GetParametersByPath\",\"ssm:GetParameters\",\"ssm:GetParameter\"],\"Effect\":\"Allow\",\"Resource\":\"arn:aws:ssm:eu-north-1:622333992348:parameter/group1/prod/*\",\"Sid\":\"SSMGetParams\"}],\"Version\":\"2012-10-17\"}",
            "policy_id": "ANPAZBZP7DWOK5KOJMZLH",
            "tags": {},
            "tags_all": {}
          },
          "sensitive_attributes": [],
          "identity_schema_version": 0,
          "identity": {
            "arn": "arn:aws:iam::622333992348:policy/EC2-ECR-ReadPolicy"
          },
          "private": "bnVsbA==",
          "dependencies": [
            "module.iam.data.aws_caller_identity.current",
            "module.iam.data.aws_iam_policy_document.ecr_read",
            "module.iam.data.aws_region.current"
          ]
        }
      ]
    },
    {
      "module": "module.iam",
      "mode": "managed",
      "type": "aws_iam_policy",
      "name": "s3_write",
      "provider": "provider[\"registry.terraform.io/hashicorp/aws\"]",
      "instances": [
        {
          "schema_version": 0,
          "attributes": {
            "arn": "arn:aws:iam::622333992348:policy/EC2-S3-WritePolicy",
            "attachment_count": 1,
            "description": "",
            "id": "arn:aws:iam::622333992348:policy/EC2-S3-WritePolicy",
            "name": "EC2-S3-WritePolicy",
            "name_prefix": "",
            "path": "/",
            "policy": "{\"Statement\":[{\"Action\":\"s3:PutObject\",\"Effect\":\"Allow\",\"Resource\":\"arn:aws:s3:::devops-project-group1-logs/*\",\"Sid\":\"S3WriteLogs\"}],\"Version\":\"2012-10-17\"}",
            "policy_id": "ANPAZBZP7DWOFQEAUJTUB",
            "tags": {},
            "tags_all": {}
          },
          "sensitive_attributes": [],
          "identity_schema_version": 0,
          "identity": {
            "arn": "arn:aws:iam::622333992348:policy/EC2-S3-WritePolicy"
          },
          "private": "bnVsbA==",
          "dependencies": [
            "module.iam.data.aws_iam_policy_document.s3_write"
          ]
        }
      ]
    },
    {
      "module": "module.iam",
      "mode": "managed",
      "type": "aws_iam_role",
      "name": "ecr_read",
      "provider": "provider[\"registry.terraform.io/hashicorp/aws\"]",
      "instances": [
        {
          "schema_version": 0,
          "attributes": {
            "arn": "arn:aws:iam::622333992348:role/EC2-ECR-ReadRole",
            "assume_role_policy": "{\"Statement\":[{\"Action\":\"sts:AssumeRole\",\"Effect\":\"Allow\",\"Principal\":{\"Service\":\"ec2.amazonaws.com\"}}],\"Version\":\"2012-10-17\"}",
            "create_date": "2026-05-19T18:19:09Z",
            "description": "",
            "force_detach_policies": false,
            "id": "EC2-ECR-ReadRole",
            "inline_policy": [],
            "managed_policy_arns": [
              "arn:aws:iam::622333992348:policy/EC2-ECR-ReadPolicy",
              "arn:aws:iam::aws:policy/AmazonSSMManagedInstanceCore"
            ],
            "max_session_duration": 3600,
            "name": "EC2-ECR-ReadRole",
            "name_prefix": "",
            "path": "/",
            "permissions_boundary": "",
            "tags": {
              "Name": "EC2-ECR-ReadRole"
            },
            "tags_all": {
              "Name": "EC2-ECR-ReadRole"
            },
            "unique_id": "AROAZBZP7DWONAMMEKBG4"
          },
          "sensitive_attributes": [],
          "identity_schema_version": 0,
          "identity": {
            "account_id": "622333992348",
            "name": "EC2-ECR-ReadRole"
          },
          "private": "bnVsbA==",
          "dependencies": [
            "module.iam.data.aws_iam_policy_document.ec2_assume_role"
          ],
          "create_before_destroy": true
        }
      ]
    },
    {
      "module": "module.iam",
      "mode": "managed",
      "type": "aws_iam_role",
      "name": "s3_write",
      "provider": "provider[\"registry.terraform.io/hashicorp/aws\"]",
      "instances": [
        {
          "schema_version": 0,
          "attributes": {
            "arn": "arn:aws:iam::622333992348:role/EC2-S3-WriteRole",
            "assume_role_policy": "{\"Statement\":[{\"Action\":\"sts:AssumeRole\",\"Effect\":\"Allow\",\"Principal\":{\"Service\":\"ec2.amazonaws.com\"}}],\"Version\":\"2012-10-17\"}",
            "create_date": "2026-05-19T18:19:09Z",
            "description": "",
            "force_detach_policies": false,
            "id": "EC2-S3-WriteRole",
            "inline_policy": [],
            "managed_policy_arns": [
              "arn:aws:iam::622333992348:policy/EC2-S3-WritePolicy"
            ],
            "max_session_duration": 3600,
            "name": "EC2-S3-WriteRole",
            "name_prefix": "",
            "path": "/",
            "permissions_boundary": "",
            "tags": {
              "Name": "EC2-S3-WriteRole"
            },
            "tags_all": {
              "Name": "EC2-S3-WriteRole"
            },
            "unique_id": "AROAZBZP7DWOFFM5HFGOR"
          },
          "sensitive_attributes": [],
          "identity_schema_version": 0,
          "identity": {
            "account_id": "622333992348",
            "name": "EC2-S3-WriteRole"
          },
          "private": "bnVsbA==",
          "dependencies": [
            "module.iam.data.aws_iam_policy_document.ec2_assume_role"
          ]
        }
      ]
    },
    {
      "module": "module.iam",
      "mode": "managed",
      "type": "aws_iam_role_policy_attachment",
      "name": "ecr_read",
      "provider": "provider[\"registry.terraform.io/hashicorp/aws\"]",
      "instances": [
        {
          "schema_version": 0,
          "attributes": {
            "id": "EC2-ECR-ReadRole/arn:aws:iam::622333992348:policy/EC2-ECR-ReadPolicy",
            "policy_arn": "arn:aws:iam::622333992348:policy/EC2-ECR-ReadPolicy",
            "role": "EC2-ECR-ReadRole"
          },
          "sensitive_attributes": [],
          "identity_schema_version": 0,
          "identity": {
            "account_id": "622333992348",
            "policy_arn": "arn:aws:iam::622333992348:policy/EC2-ECR-ReadPolicy",
            "role": "EC2-ECR-ReadRole"
          },
          "private": "bnVsbA==",
          "dependencies": [
            "module.iam.aws_iam_policy.ecr_read",
            "module.iam.aws_iam_role.ecr_read",
            "module.iam.data.aws_caller_identity.current",
            "module.iam.data.aws_iam_policy_document.ec2_assume_role",
            "module.iam.data.aws_iam_policy_document.ecr_read",
            "module.iam.data.aws_region.current"
          ]
        }
      ]
    },
    {
      "module": "module.iam",
      "mode": "managed",
      "type": "aws_iam_role_policy_attachment",
      "name": "ecr_read_ssm",
      "provider": "provider[\"registry.terraform.io/hashicorp/aws\"]",
      "instances": [
        {
          "schema_version": 0,
          "attributes": {
            "id": "EC2-ECR-ReadRole/arn:aws:iam::aws:policy/AmazonSSMManagedInstanceCore",
            "policy_arn": "arn:aws:iam::aws:policy/AmazonSSMManagedInstanceCore",
            "role": "EC2-ECR-ReadRole"
          },
          "sensitive_attributes": [],
          "identity_schema_version": 0,
          "identity": {
            "account_id": "622333992348",
            "policy_arn": "arn:aws:iam::aws:policy/AmazonSSMManagedInstanceCore",
            "role": "EC2-ECR-ReadRole"
          },
          "private": "bnVsbA==",
          "dependencies": [
            "module.iam.aws_iam_role.ecr_read",
            "module.iam.data.aws_iam_policy_document.ec2_assume_role"
          ]
        }
      ]
    },
    {
      "module": "module.iam",
      "mode": "managed",
      "type": "aws_iam_role_policy_attachment",
      "name": "s3_write",
      "provider": "provider[\"registry.terraform.io/hashicorp/aws\"]",
      "instances": [
        {
          "schema_version": 0,
          "attributes": {
            "id": "EC2-S3-WriteRole/arn:aws:iam::622333992348:policy/EC2-S3-WritePolicy",
            "policy_arn": "arn:aws:iam::622333992348:policy/EC2-S3-WritePolicy",
            "role": "EC2-S3-WriteRole"
          },
          "sensitive_attributes": [],
          "identity_schema_version": 0,
          "identity": {
            "account_id": "622333992348",
            "policy_arn": "arn:aws:iam::622333992348:policy/EC2-S3-WritePolicy",
            "role": "EC2-S3-WriteRole"
          },
          "private": "bnVsbA==",
          "dependencies": [
            "module.iam.aws_iam_policy.s3_write",
            "module.iam.aws_iam_role.s3_write",
            "module.iam.data.aws_iam_policy_document.ec2_assume_role",
            "module.iam.data.aws_iam_policy_document.s3_write"
          ]
        }
      ]
    },
    {
      "module": "module.ssm",
      "mode": "managed",
      "type": "aws_ssm_parameter",
      "name": "backend_port",
      "provider": "provider[\"registry.terraform.io/hashicorp/aws\"]",
      "instances": [
        {
          "schema_version": 0,
          "attributes": {
            "allowed_pattern": "",
            "arn": "arn:aws:ssm:eu-north-1:622333992348:parameter/group1/prod/BACKEND_PORT",
            "data_type": "text",
            "description": "",
            "has_value_wo": false,
            "id": "/group1/prod/BACKEND_PORT",
            "insecure_value": null,
            "key_id": "",
            "name": "/group1/prod/BACKEND_PORT",
            "overwrite": null,
            "region": "eu-north-1",
            "tags": {},
            "tags_all": {},
            "tier": "Standard",
            "type": "String",
            "value": "3000",
            "value_wo": null,
            "value_wo_version": null,
            "version": 1
          },
          "sensitive_attributes": [
            [
              {
                "type": "get_attr",
                "value": "value"
              }
            ],
            [
              {
                "type": "get_attr",
                "value": "value_wo"
              }
            ]
          ],
          "identity_schema_version": 0,
          "identity": {
            "account_id": "622333992348",
            "name": "/group1/prod/BACKEND_PORT",
            "region": "eu-north-1"
          },
          "private": "bnVsbA=="
        }
      ]
    },
    {
      "module": "module.ssm",
      "mode": "managed",
      "type": "aws_ssm_parameter",
      "name": "cors_origin",
      "provider": "provider[\"registry.terraform.io/hashicorp/aws\"]",
      "instances": [
        {
          "schema_version": 0,
          "attributes": {
            "allowed_pattern": "",
            "arn": "arn:aws:ssm:eu-north-1:622333992348:parameter/group1/prod/CORS_ORIGIN",
            "data_type": "text",
            "description": "",
            "has_value_wo": false,
            "id": "/group1/prod/CORS_ORIGIN",
            "insecure_value": null,
            "key_id": "",
            "name": "/group1/prod/CORS_ORIGIN",
            "overwrite": null,
            "region": "eu-north-1",
            "tags": {},
            "tags_all": {},
            "tier": "Standard",
            "type": "String",
            "value": "*",
            "value_wo": null,
            "value_wo_version": null,
            "version": 1
          },
          "sensitive_attributes": [
            [
              {
                "type": "get_attr",
                "value": "value"
              }
            ],
            [
              {
                "type": "get_attr",
                "value": "value_wo"
              }
            ]
          ],
          "identity_schema_version": 0,
          "identity": {
            "account_id": "622333992348",
            "name": "/group1/prod/CORS_ORIGIN",
            "region": "eu-north-1"
          },
          "private": "bnVsbA=="
        }
      ]
    },
    {
      "module": "module.ssm",
      "mode": "managed",
      "type": "aws_ssm_parameter",
      "name": "http_port",
      "provider": "provider[\"registry.terraform.io/hashicorp/aws\"]",
      "instances": [
        {
          "schema_version": 0,
          "attributes": {
            "allowed_pattern": "",
            "arn": "arn:aws:ssm:eu-north-1:622333992348:parameter/group1/prod/HTTP_PORT",
            "data_type": "text",
            "description": "",
            "has_value_wo": false,
            "id": "/group1/prod/HTTP_PORT",
            "insecure_value": null,
            "key_id": "",
            "name": "/group1/prod/HTTP_PORT",
            "overwrite": null,
            "region": "eu-north-1",
            "tags": {},
            "tags_all": {},
            "tier": "Standard",
            "type": "String",
            "value": "80",
            "value_wo": null,
            "value_wo_version": null,
            "version": 1
          },
          "sensitive_attributes": [
            [
              {
                "type": "get_attr",
                "value": "value"
              }
            ],
            [
              {
                "type": "get_attr",
                "value": "value_wo"
              }
            ]
          ],
          "identity_schema_version": 0,
          "identity": {
            "account_id": "622333992348",
            "name": "/group1/prod/HTTP_PORT",
            "region": "eu-north-1"
          },
          "private": "bnVsbA=="
        }
      ]
    },
    {
      "module": "module.ssm",
      "mode": "managed",
      "type": "aws_ssm_parameter",
      "name": "postgres_db",
      "provider": "provider[\"registry.terraform.io/hashicorp/aws\"]",
      "instances": [
        {
          "schema_version": 0,
          "attributes": {
            "allowed_pattern": "",
            "arn": "arn:aws:ssm:eu-north-1:622333992348:parameter/group1/prod/POSTGRES_DB",
            "data_type": "text",
            "description": "",
            "has_value_wo": false,
            "id": "/group1/prod/POSTGRES_DB",
            "insecure_value": null,
            "key_id": "",
            "name": "/group1/prod/POSTGRES_DB",
            "overwrite": null,
            "region": "eu-north-1",
            "tags": {},
            "tags_all": {},
            "tier": "Standard",
            "type": "String",
            "value": "devops_project",
            "value_wo": null,
            "value_wo_version": null,
            "version": 1
          },
          "sensitive_attributes": [
            [
              {
                "type": "get_attr",
                "value": "value"
              }
            ],
            [
              {
                "type": "get_attr",
                "value": "value_wo"
              }
            ]
          ],
          "identity_schema_version": 0,
          "identity": {
            "account_id": "622333992348",
            "name": "/group1/prod/POSTGRES_DB",
            "region": "eu-north-1"
          },
          "private": "bnVsbA=="
        }
      ]
    },
    {
      "module": "module.ssm",
      "mode": "managed",
      "type": "aws_ssm_parameter",
      "name": "postgres_password",
      "provider": "provider[\"registry.terraform.io/hashicorp/aws\"]",
      "instances": [
        {
          "schema_version": 0,
          "attributes": {
            "allowed_pattern": "",
            "arn": "arn:aws:ssm:eu-north-1:622333992348:parameter/group1/prod/POSTGRES_PASSWORD",
            "data_type": "text",
            "description": "",
            "has_value_wo": false,
            "id": "/group1/prod/POSTGRES_PASSWORD",
            "insecure_value": null,
            "key_id": "alias/aws/ssm",
            "name": "/group1/prod/POSTGRES_PASSWORD",
            "overwrite": null,
            "region": "eu-north-1",
            "tags": {},
            "tags_all": {},
            "tier": "Standard",
            "type": "SecureString",
            "value": "changeme",
            "value_wo": null,
            "value_wo_version": null,
            "version": 1
          },
          "sensitive_attributes": [
            [
              {
                "type": "get_attr",
                "value": "value"
              }
            ],
            [
              {
                "type": "get_attr",
                "value": "value_wo"
              }
            ]
          ],
          "identity_schema_version": 0,
          "identity": {
            "account_id": "622333992348",
            "name": "/group1/prod/POSTGRES_PASSWORD",
            "region": "eu-north-1"
          },
          "private": "bnVsbA=="
        }
      ]
    },
    {
      "module": "module.ssm",
      "mode": "managed",
      "type": "aws_ssm_parameter",
      "name": "postgres_user",
      "provider": "provider[\"registry.terraform.io/hashicorp/aws\"]",
      "instances": [
        {
          "schema_version": 0,
          "attributes": {
            "allowed_pattern": "",
            "arn": "arn:aws:ssm:eu-north-1:622333992348:parameter/group1/prod/POSTGRES_USER",
            "data_type": "text",
            "description": "",
            "has_value_wo": false,
            "id": "/group1/prod/POSTGRES_USER",
            "insecure_value": null,
            "key_id": "alias/aws/ssm",
            "name": "/group1/prod/POSTGRES_USER",
            "overwrite": null,
            "region": "eu-north-1",
            "tags": {},
            "tags_all": {},
            "tier": "Standard",
            "type": "SecureString",
            "value": "changeme",
            "value_wo": null,
            "value_wo_version": null,
            "version": 1
          },
          "sensitive_attributes": [
            [
              {
                "type": "get_attr",
                "value": "value"
              }
            ],
            [
              {
                "type": "get_attr",
                "value": "value_wo"
              }
            ]
          ],
          "identity_schema_version": 0,
          "identity": {
            "account_id": "622333992348",
            "name": "/group1/prod/POSTGRES_USER",
            "region": "eu-north-1"
          },
          "private": "bnVsbA=="
        }
      ]
    },
    {
      "module": "module.ssm",
      "mode": "managed",
      "type": "aws_ssm_parameter",
      "name": "vite_frontend_api_url",
      "provider": "provider[\"registry.terraform.io/hashicorp/aws\"]",
      "instances": [
        {
          "schema_version": 0,
          "attributes": {
            "allowed_pattern": "",
            "arn": "arn:aws:ssm:eu-north-1:622333992348:parameter/group1/prod/VITE_FRONTEND_API_URL",
            "data_type": "text",
            "description": "",
            "has_value_wo": false,
            "id": "/group1/prod/VITE_FRONTEND_API_URL",
            "insecure_value": null,
            "key_id": "",
            "name": "/group1/prod/VITE_FRONTEND_API_URL",
            "overwrite": null,
            "region": "eu-north-1",
            "tags": {},
            "tags_all": {},
            "tier": "Standard",
            "type": "String",
            "value": "http://localhost/api",
            "value_wo": null,
            "value_wo_version": null,
            "version": 1
          },
          "sensitive_attributes": [
            [
              {
                "type": "get_attr",
                "value": "value"
              }
            ],
            [
              {
                "type": "get_attr",
                "value": "value_wo"
              }
            ]
          ],
          "identity_schema_version": 0,
          "identity": {
            "account_id": "622333992348",
            "name": "/group1/prod/VITE_FRONTEND_API_URL",
            "region": "eu-north-1"
          },
          "private": "bnVsbA=="
        }
      ]
    },
    {
      "module": "module.ssm",
      "mode": "managed",
      "type": "aws_ssm_parameter",
      "name": "vite_frontend_port",
      "provider": "provider[\"registry.terraform.io/hashicorp/aws\"]",
      "instances": [
        {
          "schema_version": 0,
          "attributes": {
            "allowed_pattern": "",
            "arn": "arn:aws:ssm:eu-north-1:622333992348:parameter/group1/prod/VITE_FRONTEND_PORT",
            "data_type": "text",
            "description": "",
            "has_value_wo": false,
            "id": "/group1/prod/VITE_FRONTEND_PORT",
            "insecure_value": null,
            "key_id": "",
            "name": "/group1/prod/VITE_FRONTEND_PORT",
            "overwrite": null,
            "region": "eu-north-1",
            "tags": {},
            "tags_all": {},
            "tier": "Standard",
            "type": "String",
            "value": "5173",
            "value_wo": null,
            "value_wo_version": null,
            "version": 1
          },
          "sensitive_attributes": [
            [
              {
                "type": "get_attr",
                "value": "value"
              }
            ],
            [
              {
                "type": "get_attr",
                "value": "value_wo"
              }
            ]
          ],
          "identity_schema_version": 0,
          "identity": {
            "account_id": "622333992348",
            "name": "/group1/prod/VITE_FRONTEND_PORT",
            "region": "eu-north-1"
          },
          "private": "bnVsbA=="
        }
      ]
    },
    {
      "module": "module.vpc",
      "mode": "managed",
      "type": "aws_eip",
      "name": "nat",
      "provider": "provider[\"registry.terraform.io/hashicorp/aws\"]",
      "instances": [
        {
          "schema_version": 0,
          "attributes": {
            "address": null,
            "allocation_id": "eipalloc-0c2a5317d19268ded",
            "arn": "arn:aws:ec2:eu-north-1:622333992348:elastic-ip/eipalloc-0c2a5317d19268ded",
            "associate_with_private_ip": null,
            "association_id": "eipassoc-02f5a895931ea1fd3",
            "carrier_ip": "",
            "customer_owned_ip": "",
            "customer_owned_ipv4_pool": "",
            "domain": "vpc",
            "id": "eipalloc-0c2a5317d19268ded",
            "instance": "",
            "ipam_pool_id": null,
            "network_border_group": "eu-north-1",
            "network_interface": "eni-03863c7784d91c85a",
            "private_dns": "ip-10-0-1-218.eu-north-1.compute.internal",
            "private_ip": "10.0.1.218",
            "ptr_record": "",
            "public_dns": "ec2-13-61-205-200.eu-north-1.compute.amazonaws.com",
            "public_ip": "13.61.205.200",
            "public_ipv4_pool": "amazon",
            "region": "eu-north-1",
            "tags": {
              "Name": "eip-nat-mathieu"
            },
            "tags_all": {
              "Name": "eip-nat-mathieu"
            },
            "timeouts": null
          },
          "sensitive_attributes": [],
          "identity_schema_version": 0,
          "private": "eyJlMmJmYjczMC1lY2FhLTExZTYtOGY4OC0zNDM2M2JjN2M0YzAiOnsiZGVsZXRlIjoxODAwMDAwMDAwMDAsInJlYWQiOjkwMDAwMDAwMDAwMCwidXBkYXRlIjozMDAwMDAwMDAwMDB9fQ==",
          "dependencies": [
            "module.vpc.aws_internet_gateway.igw",
            "module.vpc.aws_vpc.vpc"
          ]
        }
      ]
    },
    {
      "module": "module.vpc",
      "mode": "managed",
      "type": "aws_internet_gateway",
      "name": "igw",
      "provider": "provider[\"registry.terraform.io/hashicorp/aws\"]",
      "instances": [
        {
          "schema_version": 0,
          "attributes": {
            "arn": "arn:aws:ec2:eu-north-1:622333992348:internet-gateway/igw-02e7100b12d3c6db6",
            "id": "igw-02e7100b12d3c6db6",
            "owner_id": "622333992348",
            "region": "eu-north-1",
            "tags": {
              "Name": "igw-mathieu"
            },
            "tags_all": {
              "Name": "igw-mathieu"
            },
            "timeouts": null,
            "vpc_id": "vpc-06f05a4cb4114f0bf"
          },
          "sensitive_attributes": [],
          "identity_schema_version": 0,
          "private": "eyJlMmJmYjczMC1lY2FhLTExZTYtOGY4OC0zNDM2M2JjN2M0YzAiOnsiY3JlYXRlIjoxMjAwMDAwMDAwMDAwLCJkZWxldGUiOjEyMDAwMDAwMDAwMDAsInVwZGF0ZSI6MTIwMDAwMDAwMDAwMH19",
          "dependencies": [
            "module.vpc.aws_vpc.vpc"
          ]
        }
      ]
    },
    {
      "module": "module.vpc",
      "mode": "managed",
      "type": "aws_nat_gateway",
      "name": "ngw",
      "provider": "provider[\"registry.terraform.io/hashicorp/aws\"]",
      "instances": [
        {
          "schema_version": 0,
          "attributes": {
            "allocation_id": "eipalloc-0c2a5317d19268ded",
            "association_id": "eipassoc-02f5a895931ea1fd3",
            "connectivity_type": "public",
            "id": "nat-091ae07fe974f5e07",
            "network_interface_id": "eni-03863c7784d91c85a",
            "private_ip": "10.0.1.218",
            "public_ip": "13.61.205.200",
            "region": "eu-north-1",
            "secondary_allocation_ids": [],
            "secondary_private_ip_address_count": 0,
            "secondary_private_ip_addresses": [],
            "subnet_id": "subnet-0c0f903f02ed42d5f",
            "tags": {
              "Name": "ngw-mathieu"
            },
            "tags_all": {
              "Name": "ngw-mathieu"
            },
            "timeouts": null
          },
          "sensitive_attributes": [],
          "identity_schema_version": 0,
          "private": "eyJlMmJmYjczMC1lY2FhLTExZTYtOGY4OC0zNDM2M2JjN2M0YzAiOnsiY3JlYXRlIjo2MDAwMDAwMDAwMDAsImRlbGV0ZSI6MTgwMDAwMDAwMDAwMCwidXBkYXRlIjo2MDAwMDAwMDAwMDB9fQ==",
          "dependencies": [
            "module.vpc.aws_eip.nat",
            "module.vpc.aws_internet_gateway.igw",
            "module.vpc.aws_subnet.subnet_public",
            "module.vpc.aws_vpc.vpc"
          ]
        }
      ]
    },
    {
      "module": "module.vpc",
      "mode": "managed",
      "type": "aws_route_table",
      "name": "private",
      "provider": "provider[\"registry.terraform.io/hashicorp/aws\"]",
      "instances": [
        {
          "schema_version": 0,
          "attributes": {
            "arn": "arn:aws:ec2:eu-north-1:622333992348:route-table/rtb-020d4064dd44ced03",
            "id": "rtb-020d4064dd44ced03",
            "owner_id": "622333992348",
            "propagating_vgws": [],
            "region": "eu-north-1",
            "route": [
              {
                "carrier_gateway_id": "",
                "cidr_block": "0.0.0.0/0",
                "core_network_arn": "",
                "destination_prefix_list_id": "",
                "egress_only_gateway_id": "",
                "gateway_id": "",
                "ipv6_cidr_block": "",
                "local_gateway_id": "",
                "nat_gateway_id": "nat-091ae07fe974f5e07",
                "network_interface_id": "",
                "transit_gateway_id": "",
                "vpc_endpoint_id": "",
                "vpc_peering_connection_id": ""
              }
            ],
            "tags": {
              "Name": "private-mathieu"
            },
            "tags_all": {
              "Name": "private-mathieu"
            },
            "timeouts": null,
            "vpc_id": "vpc-06f05a4cb4114f0bf"
          },
          "sensitive_attributes": [],
          "identity_schema_version": 0,
          "private": "eyJlMmJmYjczMC1lY2FhLTExZTYtOGY4OC0zNDM2M2JjN2M0YzAiOnsiY3JlYXRlIjozMDAwMDAwMDAwMDAsImRlbGV0ZSI6MzAwMDAwMDAwMDAwLCJ1cGRhdGUiOjEyMDAwMDAwMDAwMH19",
          "dependencies": [
            "module.vpc.aws_eip.nat",
            "module.vpc.aws_internet_gateway.igw",
            "module.vpc.aws_nat_gateway.ngw",
            "module.vpc.aws_subnet.subnet_public",
            "module.vpc.aws_vpc.vpc"
          ]
        }
      ]
    },
    {
      "module": "module.vpc",
      "mode": "managed",
      "type": "aws_route_table",
      "name": "public",
      "provider": "provider[\"registry.terraform.io/hashicorp/aws\"]",
      "instances": [
        {
          "schema_version": 0,
          "attributes": {
            "arn": "arn:aws:ec2:eu-north-1:622333992348:route-table/rtb-0801362042683528e",
            "id": "rtb-0801362042683528e",
            "owner_id": "622333992348",
            "propagating_vgws": [],
            "region": "eu-north-1",
            "route": [
              {
                "carrier_gateway_id": "",
                "cidr_block": "0.0.0.0/0",
                "core_network_arn": "",
                "destination_prefix_list_id": "",
                "egress_only_gateway_id": "",
                "gateway_id": "igw-02e7100b12d3c6db6",
                "ipv6_cidr_block": "",
                "local_gateway_id": "",
                "nat_gateway_id": "",
                "network_interface_id": "",
                "transit_gateway_id": "",
                "vpc_endpoint_id": "",
                "vpc_peering_connection_id": ""
              }
            ],
            "tags": {
              "Name": "public-mathieu"
            },
            "tags_all": {
              "Name": "public-mathieu"
            },
            "timeouts": null,
            "vpc_id": "vpc-06f05a4cb4114f0bf"
          },
          "sensitive_attributes": [],
          "identity_schema_version": 0,
          "private": "eyJlMmJmYjczMC1lY2FhLTExZTYtOGY4OC0zNDM2M2JjN2M0YzAiOnsiY3JlYXRlIjozMDAwMDAwMDAwMDAsImRlbGV0ZSI6MzAwMDAwMDAwMDAwLCJ1cGRhdGUiOjEyMDAwMDAwMDAwMH19",
          "dependencies": [
            "module.vpc.aws_internet_gateway.igw",
            "module.vpc.aws_vpc.vpc"
          ]
        }
      ]
    },
    {
      "module": "module.vpc",
      "mode": "managed",
      "type": "aws_route_table_association",
      "name": "private",
      "provider": "provider[\"registry.terraform.io/hashicorp/aws\"]",
      "instances": [
        {
          "index_key": "subnet_private_1",
          "schema_version": 0,
          "attributes": {
            "gateway_id": "",
            "id": "rtbassoc-02cc5905663ccd0ab",
            "region": "eu-north-1",
            "route_table_id": "rtb-020d4064dd44ced03",
            "subnet_id": "subnet-0b66846a542692635",
            "timeouts": null
          },
          "sensitive_attributes": [],
          "identity_schema_version": 0,
          "private": "eyJlMmJmYjczMC1lY2FhLTExZTYtOGY4OC0zNDM2M2JjN2M0YzAiOnsiY3JlYXRlIjozMDAwMDAwMDAwMDAsImRlbGV0ZSI6MzAwMDAwMDAwMDAwLCJ1cGRhdGUiOjEyMDAwMDAwMDAwMH19",
          "dependencies": [
            "module.vpc.aws_eip.nat",
            "module.vpc.aws_internet_gateway.igw",
            "module.vpc.aws_nat_gateway.ngw",
            "module.vpc.aws_route_table.private",
            "module.vpc.aws_subnet.subnet_private",
            "module.vpc.aws_subnet.subnet_public",
            "module.vpc.aws_vpc.vpc"
          ]
        },
        {
          "index_key": "subnet_private_2",
          "schema_version": 0,
          "attributes": {
            "gateway_id": "",
            "id": "rtbassoc-08ac6fea50f24830c",
            "region": "eu-north-1",
            "route_table_id": "rtb-020d4064dd44ced03",
            "subnet_id": "subnet-0156af869da0ad636",
            "timeouts": null
          },
          "sensitive_attributes": [],
          "identity_schema_version": 0,
          "private": "eyJlMmJmYjczMC1lY2FhLTExZTYtOGY4OC0zNDM2M2JjN2M0YzAiOnsiY3JlYXRlIjozMDAwMDAwMDAwMDAsImRlbGV0ZSI6MzAwMDAwMDAwMDAwLCJ1cGRhdGUiOjEyMDAwMDAwMDAwMH19",
          "dependencies": [
            "module.vpc.aws_eip.nat",
            "module.vpc.aws_internet_gateway.igw",
            "module.vpc.aws_nat_gateway.ngw",
            "module.vpc.aws_route_table.private",
            "module.vpc.aws_subnet.subnet_private",
            "module.vpc.aws_subnet.subnet_public",
            "module.vpc.aws_vpc.vpc"
          ]
        }
      ]
    },
    {
      "module": "module.vpc",
      "mode": "managed",
      "type": "aws_route_table_association",
      "name": "public",
      "provider": "provider[\"registry.terraform.io/hashicorp/aws\"]",
      "instances": [
        {
          "index_key": "subnet_public_1",
          "schema_version": 0,
          "attributes": {
            "gateway_id": "",
            "id": "rtbassoc-0ce930f5d0931f8d4",
            "region": "eu-north-1",
            "route_table_id": "rtb-0801362042683528e",
            "subnet_id": "subnet-0c0f903f02ed42d5f",
            "timeouts": null
          },
          "sensitive_attributes": [],
          "identity_schema_version": 0,
          "private": "eyJlMmJmYjczMC1lY2FhLTExZTYtOGY4OC0zNDM2M2JjN2M0YzAiOnsiY3JlYXRlIjozMDAwMDAwMDAwMDAsImRlbGV0ZSI6MzAwMDAwMDAwMDAwLCJ1cGRhdGUiOjEyMDAwMDAwMDAwMH19",
          "dependencies": [
            "module.vpc.aws_internet_gateway.igw",
            "module.vpc.aws_route_table.public",
            "module.vpc.aws_subnet.subnet_public",
            "module.vpc.aws_vpc.vpc"
          ]
        },
        {
          "index_key": "subnet_public_2",
          "schema_version": 0,
          "attributes": {
            "gateway_id": "",
            "id": "rtbassoc-01e316966f895dc51",
            "region": "eu-north-1",
            "route_table_id": "rtb-0801362042683528e",
            "subnet_id": "subnet-08c88943439d03e86",
            "timeouts": null
          },
          "sensitive_attributes": [],
          "identity_schema_version": 0,
          "private": "eyJlMmJmYjczMC1lY2FhLTExZTYtOGY4OC0zNDM2M2JjN2M0YzAiOnsiY3JlYXRlIjozMDAwMDAwMDAwMDAsImRlbGV0ZSI6MzAwMDAwMDAwMDAwLCJ1cGRhdGUiOjEyMDAwMDAwMDAwMH19",
          "dependencies": [
            "module.vpc.aws_internet_gateway.igw",
            "module.vpc.aws_route_table.public",
            "module.vpc.aws_subnet.subnet_public",
            "module.vpc.aws_vpc.vpc"
          ]
        }
      ]
    },
    {
      "module": "module.vpc",
      "mode": "managed",
      "type": "aws_subnet",
      "name": "subnet_private",
      "provider": "provider[\"registry.terraform.io/hashicorp/aws\"]",
      "instances": [
        {
          "index_key": "subnet_private_1",
          "schema_version": 1,
          "attributes": {
            "arn": "arn:aws:ec2:eu-north-1:622333992348:subnet/subnet-0b66846a542692635",
            "assign_ipv6_address_on_creation": false,
            "availability_zone": "eu-north-1a",
            "availability_zone_id": "eun1-az1",
            "cidr_block": "10.0.3.0/24",
            "customer_owned_ipv4_pool": "",
            "enable_dns64": false,
            "enable_lni_at_device_index": 0,
            "enable_resource_name_dns_a_record_on_launch": false,
            "enable_resource_name_dns_aaaa_record_on_launch": false,
            "id": "subnet-0b66846a542692635",
            "ipv6_cidr_block": "",
            "ipv6_cidr_block_association_id": "",
            "ipv6_native": false,
            "map_customer_owned_ip_on_launch": false,
            "map_public_ip_on_launch": false,
            "outpost_arn": "",
            "owner_id": "622333992348",
            "private_dns_hostname_type_on_launch": "ip-name",
            "region": "eu-north-1",
            "tags": {
              "Name": "subnet_private_1"
            },
            "tags_all": {
              "Name": "subnet_private_1"
            },
            "timeouts": null,
            "vpc_id": "vpc-06f05a4cb4114f0bf"
          },
          "sensitive_attributes": [],
          "identity_schema_version": 0,
          "identity": {
            "account_id": "622333992348",
            "id": "subnet-0b66846a542692635",
            "region": "eu-north-1"
          },
          "private": "eyJlMmJmYjczMC1lY2FhLTExZTYtOGY4OC0zNDM2M2JjN2M0YzAiOnsiY3JlYXRlIjo2MDAwMDAwMDAwMDAsImRlbGV0ZSI6MTIwMDAwMDAwMDAwMH0sInNjaGVtYV92ZXJzaW9uIjoiMSJ9",
          "dependencies": [
            "module.vpc.aws_vpc.vpc"
          ],
          "create_before_destroy": true
        },
        {
          "index_key": "subnet_private_2",
          "schema_version": 1,
          "attributes": {
            "arn": "arn:aws:ec2:eu-north-1:622333992348:subnet/subnet-0156af869da0ad636",
            "assign_ipv6_address_on_creation": false,
            "availability_zone": "eu-north-1b",
            "availability_zone_id": "eun1-az2",
            "cidr_block": "10.0.4.0/24",
            "customer_owned_ipv4_pool": "",
            "enable_dns64": false,
            "enable_lni_at_device_index": 0,
            "enable_resource_name_dns_a_record_on_launch": false,
            "enable_resource_name_dns_aaaa_record_on_launch": false,
            "id": "subnet-0156af869da0ad636",
            "ipv6_cidr_block": "",
            "ipv6_cidr_block_association_id": "",
            "ipv6_native": false,
            "map_customer_owned_ip_on_launch": false,
            "map_public_ip_on_launch": false,
            "outpost_arn": "",
            "owner_id": "622333992348",
            "private_dns_hostname_type_on_launch": "ip-name",
            "region": "eu-north-1",
            "tags": {
              "Name": "subnet_private_2"
            },
            "tags_all": {
              "Name": "subnet_private_2"
            },
            "timeouts": null,
            "vpc_id": "vpc-06f05a4cb4114f0bf"
          },
          "sensitive_attributes": [],
          "identity_schema_version": 0,
          "identity": {
            "account_id": "622333992348",
            "id": "subnet-0156af869da0ad636",
            "region": "eu-north-1"
          },
          "private": "eyJlMmJmYjczMC1lY2FhLTExZTYtOGY4OC0zNDM2M2JjN2M0YzAiOnsiY3JlYXRlIjo2MDAwMDAwMDAwMDAsImRlbGV0ZSI6MTIwMDAwMDAwMDAwMH0sInNjaGVtYV92ZXJzaW9uIjoiMSJ9",
          "dependencies": [
            "module.vpc.aws_vpc.vpc"
          ],
          "create_before_destroy": true
        }
      ]
    },
    {
      "module": "module.vpc",
      "mode": "managed",
      "type": "aws_subnet",
      "name": "subnet_public",
      "provider": "provider[\"registry.terraform.io/hashicorp/aws\"]",
      "instances": [
        {
          "index_key": "subnet_public_1",
          "schema_version": 1,
          "attributes": {
            "arn": "arn:aws:ec2:eu-north-1:622333992348:subnet/subnet-0c0f903f02ed42d5f",
            "assign_ipv6_address_on_creation": false,
            "availability_zone": "eu-north-1a",
            "availability_zone_id": "eun1-az1",
            "cidr_block": "10.0.1.0/24",
            "customer_owned_ipv4_pool": "",
            "enable_dns64": false,
            "enable_lni_at_device_index": 0,
            "enable_resource_name_dns_a_record_on_launch": false,
            "enable_resource_name_dns_aaaa_record_on_launch": false,
            "id": "subnet-0c0f903f02ed42d5f",
            "ipv6_cidr_block": "",
            "ipv6_cidr_block_association_id": "",
            "ipv6_native": false,
            "map_customer_owned_ip_on_launch": false,
            "map_public_ip_on_launch": true,
            "outpost_arn": "",
            "owner_id": "622333992348",
            "private_dns_hostname_type_on_launch": "ip-name",
            "region": "eu-north-1",
            "tags": {
              "Name": "subnet_public_1"
            },
            "tags_all": {
              "Name": "subnet_public_1"
            },
            "timeouts": null,
            "vpc_id": "vpc-06f05a4cb4114f0bf"
          },
          "sensitive_attributes": [],
          "identity_schema_version": 0,
          "identity": {
            "account_id": "622333992348",
            "id": "subnet-0c0f903f02ed42d5f",
            "region": "eu-north-1"
          },
          "private": "eyJlMmJmYjczMC1lY2FhLTExZTYtOGY4OC0zNDM2M2JjN2M0YzAiOnsiY3JlYXRlIjo2MDAwMDAwMDAwMDAsImRlbGV0ZSI6MTIwMDAwMDAwMDAwMH0sInNjaGVtYV92ZXJzaW9uIjoiMSJ9",
          "dependencies": [
            "module.vpc.aws_vpc.vpc"
          ]
        },
        {
          "index_key": "subnet_public_2",
          "schema_version": 1,
          "attributes": {
            "arn": "arn:aws:ec2:eu-north-1:622333992348:subnet/subnet-08c88943439d03e86",
            "assign_ipv6_address_on_creation": false,
            "availability_zone": "eu-north-1b",
            "availability_zone_id": "eun1-az2",
            "cidr_block": "10.0.2.0/24",
            "customer_owned_ipv4_pool": "",
            "enable_dns64": false,
            "enable_lni_at_device_index": 0,
            "enable_resource_name_dns_a_record_on_launch": false,
            "enable_resource_name_dns_aaaa_record_on_launch": false,
            "id": "subnet-08c88943439d03e86",
            "ipv6_cidr_block": "",
            "ipv6_cidr_block_association_id": "",
            "ipv6_native": false,
            "map_customer_owned_ip_on_launch": false,
            "map_public_ip_on_launch": true,
            "outpost_arn": "",
            "owner_id": "622333992348",
            "private_dns_hostname_type_on_launch": "ip-name",
            "region": "eu-north-1",
            "tags": {
              "Name": "subnet_public_2"
            },
            "tags_all": {
              "Name": "subnet_public_2"
            },
            "timeouts": null,
            "vpc_id": "vpc-06f05a4cb4114f0bf"
          },
          "sensitive_attributes": [],
          "identity_schema_version": 0,
          "identity": {
            "account_id": "622333992348",
            "id": "subnet-08c88943439d03e86",
            "region": "eu-north-1"
          },
          "private": "eyJlMmJmYjczMC1lY2FhLTExZTYtOGY4OC0zNDM2M2JjN2M0YzAiOnsiY3JlYXRlIjo2MDAwMDAwMDAwMDAsImRlbGV0ZSI6MTIwMDAwMDAwMDAwMH0sInNjaGVtYV92ZXJzaW9uIjoiMSJ9",
          "dependencies": [
            "module.vpc.aws_vpc.vpc"
          ]
        }
      ]
    },
    {
      "module": "module.vpc",
      "mode": "managed",
      "type": "aws_vpc",
      "name": "vpc",
      "provider": "provider[\"registry.terraform.io/hashicorp/aws\"]",
      "instances": [
        {
          "schema_version": 1,
          "attributes": {
            "arn": "arn:aws:ec2:eu-north-1:622333992348:vpc/vpc-06f05a4cb4114f0bf",
            "assign_generated_ipv6_cidr_block": false,
            "cidr_block": "10.0.0.0/16",
            "default_network_acl_id": "acl-007acf06e09dac2b3",
            "default_route_table_id": "rtb-055b5de7114a1f363",
            "default_security_group_id": "sg-0c73c3602e9bc156d",
            "dhcp_options_id": "dopt-0e5afec668df5d1d7",
            "enable_dns_hostnames": true,
            "enable_dns_support": true,
            "enable_network_address_usage_metrics": false,
            "id": "vpc-06f05a4cb4114f0bf",
            "instance_tenancy": "default",
            "ipv4_ipam_pool_id": null,
            "ipv4_netmask_length": null,
            "ipv6_association_id": "",
            "ipv6_cidr_block": "",
            "ipv6_cidr_block_network_border_group": "",
            "ipv6_ipam_pool_id": "",
            "ipv6_netmask_length": 0,
            "main_route_table_id": "rtb-055b5de7114a1f363",
            "owner_id": "622333992348",
            "region": "eu-north-1",
            "tags": {
              "Name": "vpc-mathieu"
            },
            "tags_all": {
              "Name": "vpc-mathieu"
            }
          },
          "sensitive_attributes": [],
          "identity_schema_version": 0,
          "private": "eyJzY2hlbWFfdmVyc2lvbiI6IjEifQ==",
          "create_before_destroy": true
        }
      ]
    }
  ],
  "check_results": null
}
