{
  "version": 4,
  "terraform_version": "1.15.3",
  "serial": 248,
  "lineage": "ad8de5d4-eac7-0567-a17b-ec9c10d5199c",
  "outputs": {},
  "resources": [
    {
      "module": "module.alb",
      "mode": "managed",
      "type": "aws_lb",
      "name": "prod",
      "provider": "provider[\"registry.terraform.io/hashicorp/aws\"]",
      "instances": [
        {
          "schema_version": 0,
          "attributes": {
            "access_logs": [
              {
                "bucket": "",
                "enabled": false,
                "prefix": ""
              }
            ],
            "arn": "arn:aws:elasticloadbalancing:eu-north-1:622333992348:loadbalancer/app/alb-production/dbd453d23cc1514d",
            "arn_suffix": "app/alb-production/dbd453d23cc1514d",
            "client_keep_alive": 3600,
            "connection_logs": [
              {
                "bucket": "",
                "enabled": false,
                "prefix": ""
              }
            ],
            "customer_owned_ipv4_pool": "",
            "desync_mitigation_mode": "defensive",
            "dns_name": "alb-production-1506563549.eu-north-1.elb.amazonaws.com",
            "dns_record_client_routing_policy": null,
            "drop_invalid_header_fields": false,
            "enable_cross_zone_load_balancing": true,
            "enable_deletion_protection": false,
            "enable_http2": true,
            "enable_tls_version_and_cipher_suite_headers": false,
            "enable_waf_fail_open": false,
            "enable_xff_client_port": false,
            "enable_zonal_shift": false,
            "enforce_security_group_inbound_rules_on_private_link_traffic": "",
            "id": "arn:aws:elasticloadbalancing:eu-north-1:622333992348:loadbalancer/app/alb-production/dbd453d23cc1514d",
            "idle_timeout": 60,
            "internal": false,
            "ip_address_type": "ipv4",
            "ipam_pools": [],
            "load_balancer_type": "application",
            "minimum_load_balancer_capacity": [],
            "name": "alb-production",
            "name_prefix": "",
            "preserve_host_header": false,
            "region": "eu-north-1",
            "security_groups": [
              "sg-0b096e1d7dccafa19"
            ],
            "subnet_mapping": [
              {
                "allocation_id": "",
                "ipv6_address": "",
                "outpost_id": "",
                "private_ipv4_address": "",
                "subnet_id": "subnet-095a36810005dbc25"
              },
              {
                "allocation_id": "",
                "ipv6_address": "",
                "outpost_id": "",
                "private_ipv4_address": "",
                "subnet_id": "subnet-0e4cd3a43e825b2e1"
              }
            ],
            "subnets": [
              "subnet-095a36810005dbc25",
              "subnet-0e4cd3a43e825b2e1"
            ],
            "tags": {
              "Env": "production",
              "Name": "alb-production"
            },
            "tags_all": {
              "Env": "production",
              "Name": "alb-production"
            },
            "timeouts": null,
            "vpc_id": "vpc-06a0c3e32a7152998",
            "xff_header_processing_mode": "append",
            "zone_id": "Z23TAZ6LKFMNIO"
          },
          "sensitive_attributes": [],
          "identity_schema_version": 0,
          "identity": {
            "arn": "arn:aws:elasticloadbalancing:eu-north-1:622333992348:loadbalancer/app/alb-production/dbd453d23cc1514d"
          },
          "private": "eyJlMmJmYjczMC1lY2FhLTExZTYtOGY4OC0zNDM2M2JjN2M0YzAiOnsiY3JlYXRlIjo2MDAwMDAwMDAwMDAsImRlbGV0ZSI6NjAwMDAwMDAwMDAwLCJ1cGRhdGUiOjYwMDAwMDAwMDAwMH19",
          "dependencies": [
            "module.alb.aws_security_group.alb",
            "module.vpc.aws_subnet.subnet_public",
            "module.vpc.aws_vpc.vpc"
          ]
        }
      ]
    },
    {
      "module": "module.alb",
      "mode": "managed",
      "type": "aws_lb_listener",
      "name": "http",
      "provider": "provider[\"registry.terraform.io/hashicorp/aws\"]",
      "instances": [
        {
          "schema_version": 0,
          "attributes": {
            "alpn_policy": null,
            "arn": "arn:aws:elasticloadbalancing:eu-north-1:622333992348:listener/app/alb-production/dbd453d23cc1514d/01cbbba5e348bfed",
            "certificate_arn": null,
            "default_action": [
              {
                "authenticate_cognito": [],
                "authenticate_oidc": [],
                "fixed_response": [],
                "forward": [],
                "order": 1,
                "redirect": [],
                "target_group_arn": "arn:aws:elasticloadbalancing:eu-north-1:622333992348:targetgroup/tg-production/c065d5280042ad02",
                "type": "forward"
              }
            ],
            "id": "arn:aws:elasticloadbalancing:eu-north-1:622333992348:listener/app/alb-production/dbd453d23cc1514d/01cbbba5e348bfed",
            "load_balancer_arn": "arn:aws:elasticloadbalancing:eu-north-1:622333992348:loadbalancer/app/alb-production/dbd453d23cc1514d",
            "mutual_authentication": [],
            "port": 80,
            "protocol": "HTTP",
            "region": "eu-north-1",
            "routing_http_request_x_amzn_mtls_clientcert_header_name": null,
            "routing_http_request_x_amzn_mtls_clientcert_issuer_header_name": null,
            "routing_http_request_x_amzn_mtls_clientcert_leaf_header_name": null,
            "routing_http_request_x_amzn_mtls_clientcert_serial_number_header_name": null,
            "routing_http_request_x_amzn_mtls_clientcert_subject_header_name": null,
            "routing_http_request_x_amzn_mtls_clientcert_validity_header_name": null,
            "routing_http_request_x_amzn_tls_cipher_suite_header_name": null,
            "routing_http_request_x_amzn_tls_version_header_name": null,
            "routing_http_response_access_control_allow_credentials_header_value": "",
            "routing_http_response_access_control_allow_headers_header_value": "",
            "routing_http_response_access_control_allow_methods_header_value": "",
            "routing_http_response_access_control_allow_origin_header_value": "",
            "routing_http_response_access_control_expose_headers_header_value": "",
            "routing_http_response_access_control_max_age_header_value": "",
            "routing_http_response_content_security_policy_header_value": "",
            "routing_http_response_server_enabled": true,
            "routing_http_response_strict_transport_security_header_value": "",
            "routing_http_response_x_content_type_options_header_value": "",
            "routing_http_response_x_frame_options_header_value": "",
            "ssl_policy": "",
            "tags": null,
            "tags_all": {},
            "tcp_idle_timeout_seconds": null,
            "timeouts": null
          },
          "sensitive_attributes": [],
          "identity_schema_version": 0,
          "identity": {
            "arn": "arn:aws:elasticloadbalancing:eu-north-1:622333992348:listener/app/alb-production/dbd453d23cc1514d/01cbbba5e348bfed"
          },
          "private": "eyJlMmJmYjczMC1lY2FhLTExZTYtOGY4OC0zNDM2M2JjN2M0YzAiOnsiY3JlYXRlIjozMDAwMDAwMDAwMDAsInVwZGF0ZSI6MzAwMDAwMDAwMDAwfX0=",
          "dependencies": [
            "module.alb.aws_lb.prod",
            "module.alb.aws_lb_target_group.prod",
            "module.alb.aws_security_group.alb",
            "module.vpc.aws_subnet.subnet_public",
            "module.vpc.aws_vpc.vpc"
          ]
        }
      ]
    },
    {
      "module": "module.alb",
      "mode": "managed",
      "type": "aws_lb_target_group",
      "name": "prod",
      "provider": "provider[\"registry.terraform.io/hashicorp/aws\"]",
      "instances": [
        {
          "schema_version": 0,
          "attributes": {
            "arn": "arn:aws:elasticloadbalancing:eu-north-1:622333992348:targetgroup/tg-production/c065d5280042ad02",
            "arn_suffix": "targetgroup/tg-production/c065d5280042ad02",
            "connection_termination": null,
            "deregistration_delay": "300",
            "health_check": [
              {
                "enabled": true,
                "healthy_threshold": 2,
                "interval": 30,
                "matcher": "200",
                "path": "/health",
                "port": "traffic-port",
                "protocol": "HTTP",
                "timeout": 5,
                "unhealthy_threshold": 2
              }
            ],
            "id": "arn:aws:elasticloadbalancing:eu-north-1:622333992348:targetgroup/tg-production/c065d5280042ad02",
            "ip_address_type": "ipv4",
            "lambda_multi_value_headers_enabled": false,
            "load_balancer_arns": [],
            "load_balancing_algorithm_type": "round_robin",
            "load_balancing_anomaly_mitigation": "off",
            "load_balancing_cross_zone_enabled": "use_load_balancer_configuration",
            "name": "tg-production",
            "name_prefix": "",
            "port": 80,
            "preserve_client_ip": null,
            "protocol": "HTTP",
            "protocol_version": "HTTP1",
            "proxy_protocol_v2": false,
            "region": "eu-north-1",
            "slow_start": 0,
            "stickiness": [
              {
                "cookie_duration": 86400,
                "cookie_name": "",
                "enabled": false,
                "type": "lb_cookie"
              }
            ],
            "tags": {
              "Env": "production",
              "Name": "tg-production"
            },
            "tags_all": {
              "Env": "production",
              "Name": "tg-production"
            },
            "target_failover": [
              {
                "on_deregistration": null,
                "on_unhealthy": null
              }
            ],
            "target_group_health": [
              {
                "dns_failover": [
                  {
                    "minimum_healthy_targets_count": "1",
                    "minimum_healthy_targets_percentage": "off"
                  }
                ],
                "unhealthy_state_routing": [
                  {
                    "minimum_healthy_targets_count": 1,
                    "minimum_healthy_targets_percentage": "off"
                  }
                ]
              }
            ],
            "target_health_state": [
              {
                "enable_unhealthy_connection_termination": null,
                "unhealthy_draining_interval": null
              }
            ],
            "target_type": "instance",
            "vpc_id": "vpc-06a0c3e32a7152998"
          },
          "sensitive_attributes": [],
          "identity_schema_version": 0,
          "identity": {
            "arn": "arn:aws:elasticloadbalancing:eu-north-1:622333992348:targetgroup/tg-production/c065d5280042ad02"
          },
          "private": "bnVsbA==",
          "dependencies": [
            "module.vpc.aws_vpc.vpc"
          ],
          "create_before_destroy": true
        }
      ]
    },
    {
      "module": "module.alb",
      "mode": "managed",
      "type": "aws_security_group",
      "name": "alb",
      "provider": "provider[\"registry.terraform.io/hashicorp/aws\"]",
      "instances": [
        {
          "schema_version": 1,
          "attributes": {
            "arn": "arn:aws:ec2:eu-north-1:622333992348:security-group/sg-0b096e1d7dccafa19",
            "description": "ALB PRODUCTION - HTTP from internet, outbound to VPC",
            "egress": [
              {
                "cidr_blocks": [
                  "0.0.0.0/0"
                ],
                "description": "",
                "from_port": 0,
                "ipv6_cidr_blocks": [],
                "prefix_list_ids": [],
                "protocol": "-1",
                "security_groups": [],
                "self": false,
                "to_port": 0
              }
            ],
            "id": "sg-0b096e1d7dccafa19",
            "ingress": [
              {
                "cidr_blocks": [
                  "0.0.0.0/0"
                ],
                "description": "HTTP from internet",
                "from_port": 80,
                "ipv6_cidr_blocks": [],
                "prefix_list_ids": [],
                "protocol": "tcp",
                "security_groups": [],
                "self": false,
                "to_port": 80
              }
            ],
            "name": "tsg-alb-production",
            "name_prefix": "",
            "owner_id": "622333992348",
            "region": "eu-north-1",
            "revoke_rules_on_delete": false,
            "tags": {
              "Env": "production",
              "Name": "tsg-alb-production"
            },
            "tags_all": {
              "Env": "production",
              "Name": "tsg-alb-production"
            },
            "timeouts": null,
            "vpc_id": "vpc-06a0c3e32a7152998"
          },
          "sensitive_attributes": [],
          "identity_schema_version": 0,
          "identity": {
            "account_id": "622333992348",
            "id": "sg-0b096e1d7dccafa19",
            "region": "eu-north-1"
          },
          "private": "eyJlMmJmYjczMC1lY2FhLTExZTYtOGY4OC0zNDM2M2JjN2M0YzAiOnsiY3JlYXRlIjo2MDAwMDAwMDAwMDAsImRlbGV0ZSI6OTAwMDAwMDAwMDAwfSwic2NoZW1hX3ZlcnNpb24iOiIxIn0=",
          "dependencies": [
            "module.vpc.aws_vpc.vpc"
          ]
        }
      ]
    },
    {
      "module": "module.ec2",
      "mode": "data",
      "type": "aws_ami",
      "name": "debian",
      "provider": "provider[\"registry.terraform.io/hashicorp/aws\"]",
      "instances": [
        {
          "schema_version": 0,
          "attributes": {
            "allow_unsafe_filter": null,
            "architecture": "x86_64",
            "arn": "arn:aws:ec2:eu-north-1::image/ami-011aaf00c5b8ba1bf",
            "block_device_mappings": [
              {
                "device_name": "/dev/xvda",
                "ebs": {
                  "delete_on_termination": "true",
                  "encrypted": "false",
                  "iops": "3000",
                  "snapshot_id": "snap-0acc039e3e7c7838c",
                  "throughput": "125",
                  "volume_initialization_rate": "0",
                  "volume_size": "8",
                  "volume_type": "gp3"
                },
                "no_device": "",
                "virtual_name": ""
              }
            ],
            "boot_mode": "",
            "creation_date": "2026-05-18T13:32:16.000Z",
            "deprecation_time": "2028-05-18T13:32:16.000Z",
            "description": "Debian 12 (20260518-2482)",
            "ena_support": true,
            "executable_users": null,
            "filter": [
              {
                "name": "name",
                "values": [
                  "debian-12-amd64-*"
                ]
              },
              {
                "name": "virtualization-type",
                "values": [
                  "hvm"
                ]
              }
            ],
            "hypervisor": "xen",
            "id": "ami-011aaf00c5b8ba1bf",
            "image_id": "ami-011aaf00c5b8ba1bf",
            "image_location": "amazon/debian-12-amd64-20260518-2482",
            "image_owner_alias": "amazon",
            "image_type": "machine",
            "imds_support": "",
            "include_deprecated": false,
            "kernel_id": "",
            "last_launched_time": "",
            "most_recent": true,
            "name": "debian-12-amd64-20260518-2482",
            "name_regex": null,
            "owner_id": "136693071363",
            "owners": [
              "136693071363"
            ],
            "platform": "",
            "platform_details": "Linux/UNIX",
            "product_codes": [],
            "public": true,
            "ramdisk_id": "",
            "region": "eu-north-1",
            "root_device_name": "/dev/xvda",
            "root_device_type": "ebs",
            "root_snapshot_id": "snap-0acc039e3e7c7838c",
            "sriov_net_support": "simple",
            "state": "available",
            "state_reason": {
              "code": "UNSET",
              "message": "UNSET"
            },
            "tags": {},
            "timeouts": null,
            "tpm_support": "",
            "uefi_data": null,
            "usage_operation": "RunInstances",
            "virtualization_type": "hvm"
          },
          "sensitive_attributes": [],
          "identity_schema_version": 0
        }
      ]
    },
    {
      "module": "module.ec2",
      "mode": "managed",
      "type": "aws_autoscaling_group",
      "name": "prod",
      "provider": "provider[\"registry.terraform.io/hashicorp/aws\"]",
      "instances": [
        {
          "schema_version": 1,
          "attributes": {
            "arn": "arn:aws:autoscaling:eu-north-1:622333992348:autoScalingGroup:01ec1e33-7ef2-4d27-bb7c-fe42a7858345:autoScalingGroupName/asg-production",
            "availability_zone_distribution": [
              {
                "capacity_distribution_strategy": "balanced-best-effort"
              }
            ],
            "availability_zones": [
              "eu-north-1a",
              "eu-north-1b"
            ],
            "capacity_rebalance": false,
            "capacity_reservation_specification": [
              {
                "capacity_reservation_preference": "default",
                "capacity_reservation_target": []
              }
            ],
            "context": "",
            "default_cooldown": 300,
            "default_instance_warmup": 0,
            "desired_capacity": 2,
            "desired_capacity_type": "",
            "enabled_metrics": [],
            "force_delete": false,
            "force_delete_warm_pool": false,
            "health_check_grace_period": 300,
            "health_check_type": "EC2",
            "id": "asg-production",
            "ignore_failed_scaling_activities": false,
            "initial_lifecycle_hook": [],
            "instance_maintenance_policy": [],
            "instance_refresh": [],
            "launch_configuration": "",
            "launch_template": [
              {
                "id": "lt-0f54dc16da6b6d85e",
                "name": "lt-production-20260521093004164600000002",
                "version": "$Latest"
              }
            ],
            "load_balancers": [],
            "max_instance_lifetime": 0,
            "max_size": 2,
            "metrics_granularity": "1Minute",
            "min_elb_capacity": null,
            "min_size": 1,
            "mixed_instances_policy": [],
            "name": "asg-production",
            "name_prefix": "",
            "placement_group": "",
            "predicted_capacity": 0,
            "protect_from_scale_in": false,
            "region": "eu-north-1",
            "service_linked_role_arn": "arn:aws:iam::622333992348:role/aws-service-role/autoscaling.amazonaws.com/AWSServiceRoleForAutoScaling",
            "suspended_processes": [],
            "tag": [
              {
                "key": "Env",
                "propagate_at_launch": true,
                "value": "production"
              },
              {
                "key": "Name",
                "propagate_at_launch": true,
                "value": "ec2-production"
              }
            ],
            "target_group_arns": [
              "arn:aws:elasticloadbalancing:eu-north-1:622333992348:targetgroup/tg-production/c065d5280042ad02"
            ],
            "termination_policies": [],
            "timeouts": null,
            "traffic_source": [
              {
                "identifier": "arn:aws:elasticloadbalancing:eu-north-1:622333992348:targetgroup/tg-production/a6580ee71fbae635",
                "type": "elbv2"
              }
            ],
            "vpc_zone_identifier": [
              "subnet-0bcf5177461308374",
              "subnet-0d93b468adbf9949c"
            ],
            "wait_for_capacity_timeout": "10m",
            "wait_for_elb_capacity": null,
            "warm_pool": [],
            "warm_pool_size": 0
          },
          "sensitive_attributes": [],
          "identity_schema_version": 0,
          "private": "eyJlMmJmYjczMC1lY2FhLTExZTYtOGY4OC0zNDM2M2JjN2M0YzAiOnsiZGVsZXRlIjo2MDAwMDAwMDAwMDAsInVwZGF0ZSI6NjAwMDAwMDAwMDAwfSwic2NoZW1hX3ZlcnNpb24iOiIxIn0=",
          "dependencies": [
            "module.alb.aws_lb_target_group.prod",
            "module.ec2.aws_launch_template.prod",
            "module.ec2.aws_security_group.ec2_prod",
            "module.ec2.data.aws_ami.debian",
            "module.iam.aws_iam_instance_profile.ecr_read",
            "module.iam.aws_iam_role.ecr_read",
            "module.iam.data.aws_iam_policy_document.ec2_assume_role",
            "module.vpc.aws_subnet.subnet_private",
            "module.vpc.aws_vpc.vpc"
          ],
          "create_before_destroy": true
        }
      ]
    },
    {
      "module": "module.ec2",
      "mode": "managed",
      "type": "aws_launch_template",
      "name": "prod",
      "provider": "provider[\"registry.terraform.io/hashicorp/aws\"]",
      "instances": [
        {
          "schema_version": 0,
          "attributes": {
            "arn": "arn:aws:ec2:eu-north-1:622333992348:launch-template/lt-0f54dc16da6b6d85e",
            "block_device_mappings": [],
            "capacity_reservation_specification": [],
            "cpu_options": [],
            "credit_specification": [],
            "default_version": 1,
            "description": "",
            "disable_api_stop": false,
            "disable_api_termination": false,
            "ebs_optimized": "",
            "enclave_options": [],
            "hibernation_options": [],
            "iam_instance_profile": [
              {
                "arn": "",
                "name": "EC2-ECR-ReadRole-profile"
              }
            ],
            "id": "lt-0f54dc16da6b6d85e",
            "image_id": "ami-011aaf00c5b8ba1bf",
            "instance_initiated_shutdown_behavior": "",
            "instance_market_options": [],
            "instance_requirements": [],
            "instance_type": "t3.micro",
            "kernel_id": "",
            "key_name": "",
            "latest_version": 2,
            "license_specification": [],
            "maintenance_options": [],
            "metadata_options": [
              {
                "http_endpoint": "enabled",
                "http_protocol_ipv6": "",
                "http_put_response_hop_limit": 1,
                "http_tokens": "required",
                "instance_metadata_tags": ""
              }
            ],
            "monitoring": [],
            "name": "lt-production-20260521093004164600000002",
            "name_prefix": "lt-production-",
            "network_interfaces": [],
            "placement": [],
            "private_dns_name_options": [],
            "ram_disk_id": "",
            "region": "eu-north-1",
            "security_group_names": [],
            "tag_specifications": [
              {
                "resource_type": "instance",
                "tags": {
                  "Env": "production",
                  "Name": "ec2-production"
                }
              },
              {
                "resource_type": "volume",
                "tags": {
                  "Env": "production",
                  "Name": "ec2-production-volume"
                }
              }
            ],
            "tags": {},
            "tags_all": {},
            "update_default_version": null,
            "user_data": "IyEvYmluL2Jhc2gNCnNldCAtZXVvIHBpcGVmYWlsDQoNCiMgSW5zdGFsbCBEb2NrZXIgZnJvbSB0aGUgb2ZmaWNpYWwgRGViaWFuIHJlcG8NCmFwdC1nZXQgdXBkYXRlIC15DQphcHQtZ2V0IGluc3RhbGwgLXkgY2EtY2VydGlmaWNhdGVzIGN1cmwgZ251cGcNCmluc3RhbGwgLW0gMDc1NSAtZCAvZXRjL2FwdC9rZXlyaW5ncw0KY3VybCAtZnNTTCBodHRwczovL2Rvd25sb2FkLmRvY2tlci5jb20vbGludXgvZGViaWFuL2dwZyB8IGdwZyAtLWRlYXJtb3IgLW8gL2V0Yy9hcHQva2V5cmluZ3MvZG9ja2VyLmdwZw0KY2htb2QgYStyIC9ldGMvYXB0L2tleXJpbmdzL2RvY2tlci5ncGcNCmVjaG8gImRlYiBbYXJjaD0kKGRwa2cgLS1wcmludC1hcmNoaXRlY3R1cmUpIHNpZ25lZC1ieT0vZXRjL2FwdC9rZXlyaW5ncy9kb2NrZXIuZ3BnXSBodHRwczovL2Rvd25sb2FkLmRvY2tlci5jb20vbGludXgvZGViaWFuICQoLiAvZXRjL29zLXJlbGVhc2UgJiYgZWNobyAiJFZFUlNJT05fQ09ERU5BTUUiKSBzdGFibGUiIFwNCiAgfCB0ZWUgL2V0Yy9hcHQvc291cmNlcy5saXN0LmQvZG9ja2VyLmxpc3QgPiAvZGV2L251bGwNCmFwdC1nZXQgdXBkYXRlIC15DQphcHQtZ2V0IGluc3RhbGwgLXkgZG9ja2VyLWNlIGRvY2tlci1jZS1jbGkgY29udGFpbmVyZC5pbyBkb2NrZXItY29tcG9zZS1wbHVnaW4NCg0KIyBJbnN0YWxsIEFXUyBDTEkgdjINCmFwdC1nZXQgaW5zdGFsbCAteSB1bnppcA0KY3VybCAiaHR0cHM6Ly9hd3NjbGkuYW1hem9uYXdzLmNvbS9hd3NjbGktZXhlLWxpbnV4LXg4Nl82NC56aXAiIC1vIC90bXAvYXdzY2xpdjIuemlwDQp1bnppcCAvdG1wL2F3c2NsaXYyLnppcCAtZCAvdG1wDQovdG1wL2F3cy9pbnN0YWxsDQpybSAtcmYgL3RtcC9hd3NjbGl2Mi56aXAgL3RtcC9hd3MNCg0KIyBJbnN0YWxsIFNTTSBBZ2VudCAoZW5hYmxlcyBhd3Mgc3NtIHN0YXJ0LXNlc3Npb24gd2l0aG91dCBvcGVuaW5nIHBvcnQgMjIpDQpjdXJsIC1mc1NMICJodHRwczovL3MzLmFtYXpvbmF3cy5jb20vZWMyLWRvd25sb2Fkcy13aW5kb3dzL1NTTUFnZW50L2xhdGVzdC9kZWJpYW5fYW1kNjQvYW1hem9uLXNzbS1hZ2VudC5kZWIiIFwNCiAgLW8gL3RtcC9zc20uZGViDQpkcGtnIC1pIC90bXAvc3NtLmRlYg0Kcm0gL3RtcC9zc20uZGViDQpzeXN0ZW1jdGwgZW5hYmxlIGFtYXpvbi1zc20tYWdlbnQNCnN5c3RlbWN0bCBzdGFydCBhbWF6b24tc3NtLWFnZW50DQoNCiMgQ3JlYXRlIGFwcCBkaXJlY3RvcnkNCm1rZGlyIC1wIC9vcHQvYXBwDQoNCiMgV3JpdGUgcG9zdGdyZXMgaW5pdCBzY2hlbWEgYW5kIG5naW54IGNvbmZpZyAoYmFzZTY0LWVuY29kZWQgYXQgVGVycmFmb3JtIHJlbmRlciB0aW1lKQ0KZWNobyAiUTFKRlFWUkZJRlJCUWt4RklFbEdJRTVQVkNCRldFbFRWRk1nZFhObGNuTWdLQTBLSUNCcFpDQlRSVkpKUVV3Z1VGSkpUVUZTV1NCTFJWa3NEUW9nSUdWdFlXbHNJRlpCVWtOSVFWSW9NalUxS1NCT1QxUWdUbFZNVENCVlRrbFJWVVVzRFFvZ0lHNWhiV1VnVmtGU1EwaEJVaWd5TlRVcElFNVBWQ0JPVlV4TUxBMEtJQ0JqY21WaGRHVmtYMkYwSUZSSlRVVlRWRUZOVUZSYUlFNVBWQ0JPVlV4TUlFUkZSa0ZWVEZRZ1RrOVhLQ2tOQ2lrN0RRbz0iIHwgYmFzZTY0IC1kID4gL29wdC9hcHAvaW5pdC5zcWwNCmVjaG8gIkl5QlNZWFJsSUd4cGJXbDBhVzVuSU9LQWxDQmhjSEJzYVdWa0lIUnZJRUZRU1NCdmJteDVEUXBzYVcxcGRGOXlaWEZmZW05dVpTQWtZbWx1WVhKNVgzSmxiVzkwWlY5aFpHUnlJSHB2Ym1VOVlYQnBPakV3YlNCeVlYUmxQVE13Y2k5ek93MEtEUW9qSUVOdmJtNWxZM1JwYjI0Z2JHbHRhWFJwYm1jZzRvQ1VJR2QxWVhKa2N5QmhaMkZwYm5OMElHTnZibTVsWTNScGIyNGdabXh2YjJSekRRcHNhVzFwZEY5amIyNXVYM3B2Ym1VZ0pHSnBibUZ5ZVY5eVpXMXZkR1ZmWVdSa2NpQjZiMjVsUFdGa1pISTZNVEJ0T3cwS0RRb2pJRlZ3YzNSeVpXRnRJR1JsWm1sdWFYUnBiMjV6SUhkcGRHZ2dhMlZsY0dGc2FYWmxJR052Ym01bFkzUnBiMjRnY0c5dmJITU5DblZ3YzNSeVpXRnRJR0poWTJ0bGJtUWdJSHNnYzJWeWRtVnlJR0poWTJ0bGJtUTZKSHRDUVVOTFJVNUVYMUJQVWxSOU95QWdhMlZsY0dGc2FYWmxJRE15T3lCOURRcDFjSE4wY21WaGJTQm1jbTl1ZEdWdVpDQjdJSE5sY25abGNpQm1jbTl1ZEdWdVpEb2tlMVpKVkVWZlJsSlBUbFJGVGtSZlVFOVNWSDA3SUd0bFpYQmhiR2wyWlNBeE5qc2dmUTBLRFFwelpYSjJaWElnZXcwS0lDQWdJR3hwYzNSbGJpQTRNRHNOQ2lBZ0lDQnpaWEoyWlhKZmJtRnRaU0JmT3cwS0RRb2dJQ0FnSXlCSWFXUmxJRzVuYVc1NElIWmxjbk5wYjI0TkNpQWdJQ0J6WlhKMlpYSmZkRzlyWlc1eklHOW1aanNOQ2cwS0lDQWdJQ01nUjNwcGNDQmpiMjF3Y21WemMybHZiZzBLSUNBZ0lHZDZhWEFnSUNBZ0lDQWdJQ0FnSUNBZ0lHOXVPdzBLSUNBZ0lHZDZhWEJmZG1GeWVTQWdJQ0FnSUNBZ0lHOXVPdzBLSUNBZ0lHZDZhWEJmY0hKdmVHbGxaQ0FnSUNBZ0lHRnVlVHNOQ2lBZ0lDQm5lbWx3WDJOdmJYQmZiR1YyWld3Z0lDQTJPdzBLSUNBZ0lHZDZhWEJmWW5WbVptVnljeUFnSUNBZ0lERTJJRGhyT3cwS0lDQWdJR2Q2YVhCZmFIUjBjRjkyWlhKemFXOXVJREV1TVRzTkNpQWdJQ0JuZW1sd1gyMXBibDlzWlc1bmRHZ2dJQ0F5TlRZN0RRb2dJQ0FnWjNwcGNGOTBlWEJsY3cwS0lDQWdJQ0FnSUNCMFpYaDBMM0JzWVdsdUlIUmxlSFF2WTNOeklIUmxlSFF2ZUcxc0lIUmxlSFF2YW1GMllYTmpjbWx3ZEEwS0lDQWdJQ0FnSUNCaGNIQnNhV05oZEdsdmJpOXFZWFpoYzJOeWFYQjBJR0Z3Y0d4cFkyRjBhVzl1TDJwemIyNGdZWEJ3YkdsallYUnBiMjR2ZUcxc0RRb2dJQ0FnSUNBZ0lHRndjR3hwWTJGMGFXOXVMM0p6Y3l0NGJXd2dZWEJ3YkdsallYUnBiMjR2WVhSdmJTdDRiV3dOQ2lBZ0lDQWdJQ0FnYVcxaFoyVXZjM1puSzNodGJDQm1iMjUwTDNkdlptWXlPdzBLRFFvZ0lDQWdJeUJCVEVJZ2FHVmhiSFJvSUdOb1pXTnJJT0tBbENCb1lXNWtiR1ZrSUdScGNtVmpkR3g1SUdKNUlHNW5hVzU0TENCdWJ5QmhjSEFnWTI5dWRHRnBibVZ5SUdsdWRtOXNkbVZrRFFvZ0lDQWdiRzlqWVhScGIyNGdQU0F2YUdWaGJIUm9JSHNOQ2lBZ0lDQWdJQ0FnWVdOalpYTnpYMnh2WnlCdlptWTdEUW9nSUNBZ0lDQWdJSEpsZEhWeWJpQXlNREFnSjI5ckp6c05DaUFnSUNBZ0lDQWdZV1JrWDJobFlXUmxjaUJEYjI1MFpXNTBMVlI1Y0dVZ2RHVjRkQzl3YkdGcGJqc05DaUFnSUNCOURRb05DaUFnSUNBaklFRlFTU0RpZ0pRZ2NtRjBaUzFzYVcxcGRHVmtMQ0J6ZEhKcGNIQmxaQ0F2WVhCcElIQnlaV1pwZUEwS0lDQWdJR3h2WTJGMGFXOXVJQzloY0drdklIc05DaUFnSUNBZ0lDQWdiR2x0YVhSZmNtVnhJQ0I2YjI1bFBXRndhU0JpZFhKemREMDBNQ0J1YjJSbGJHRjVPdzBLSUNBZ0lDQWdJQ0JzYVcxcGRGOWpiMjV1SUdGa1pISWdNakE3RFFvTkNpQWdJQ0FnSUNBZ2NISnZlSGxmY0dGemN5QWdJQ0FnSUNBZ0lHaDBkSEE2THk5aVlXTnJaVzVrTHpzTkNpQWdJQ0FnSUNBZ2NISnZlSGxmYUhSMGNGOTJaWEp6YVc5dUlERXVNVHNOQ2lBZ0lDQWdJQ0FnY0hKdmVIbGZjMlYwWDJobFlXUmxjaUFnSUVOdmJtNWxZM1JwYjI0Z0lDQWdJQ0FnSUNJaU93MEtJQ0FnSUNBZ0lDQndjbTk0ZVY5elpYUmZhR1ZoWkdWeUlDQWdTRzl6ZENBZ0lDQWdJQ0FnSUNBZ0lDQWdKR2h2YzNRN0RRb2dJQ0FnSUNBZ0lIQnliM2g1WDNObGRGOW9aV0ZrWlhJZ0lDQllMVkpsWVd3dFNWQWdJQ0FnSUNBZ0lDQWtjbVZ0YjNSbFgyRmtaSEk3RFFvZ0lDQWdJQ0FnSUhCeWIzaDVYM05sZEY5b1pXRmtaWElnSUNCWUxVWnZjbmRoY21SbFpDMUdiM0lnSUNBa2NISnZlSGxmWVdSa1gzaGZabTl5ZDJGeVpHVmtYMlp2Y2pzTkNpQWdJQ0FnSUNBZ2NISnZlSGxmYzJWMFgyaGxZV1JsY2lBZ0lGZ3RSbTl5ZDJGeVpHVmtMVkJ5YjNSdklDUnpZMmhsYldVN0RRb05DaUFnSUNBZ0lDQWdjSEp2ZUhsZlkyOXVibVZqZEY5MGFXMWxiM1YwSURWek93MEtJQ0FnSUNBZ0lDQndjbTk0ZVY5elpXNWtYM1JwYldWdmRYUWdJQ0FnTXpCek93MEtJQ0FnSUNBZ0lDQndjbTk0ZVY5eVpXRmtYM1JwYldWdmRYUWdJQ0FnTXpCek93MEtJQ0FnSUNBZ0lDQndjbTk0ZVY5aWRXWm1aWEpwYm1jZ0lDQWdJQ0FnYjI0N0RRb2dJQ0FnSUNBZ0lIQnliM2g1WDJKMVptWmxjbDl6YVhwbElDQWdJQ0EwYXpzTkNpQWdJQ0FnSUNBZ2NISnZlSGxmWW5WbVptVnljeUFnSUNBZ0lDQWdJRGdnTkdzN0RRb05DaUFnSUNBZ0lDQWdZV1JrWDJobFlXUmxjaUJZTFVaeVlXMWxMVTl3ZEdsdmJuTWdJQ0FnSUNBZ0lDSlRRVTFGVDFKSlIwbE9JaUFnSUNBZ0lDQWdJQ0FnSUNBZ0lDQWdJQ0FnSUNCaGJIZGhlWE03RFFvZ0lDQWdJQ0FnSUdGa1pGOW9aV0ZrWlhJZ1dDMURiMjUwWlc1MExWUjVjR1V0VDNCMGFXOXVjeUFpYm05emJtbG1aaUlnSUNBZ0lDQWdJQ0FnSUNBZ0lDQWdJQ0FnSUNBZ0lDQWdZV3gzWVhsek93MEtJQ0FnSUNBZ0lDQmhaR1JmYUdWaFpHVnlJRkpsWm1WeWNtVnlMVkJ2YkdsamVTQWdJQ0FnSUNBZ0luTjBjbWxqZEMxdmNtbG5hVzR0ZDJobGJpMWpjbTl6Y3kxdmNtbG5hVzRpSUdGc2QyRjVjenNOQ2lBZ0lDQjlEUW9OQ2lBZ0lDQWpJRk4wWVhScFl5QmhjM05sZEhNZzRvQ1VJR052Ym5SbGJuUXRhR0Z6YUdWa0lHWnBiR1Z1WVcxbGN5d2dZV2RuY21WemMybDJaU0JqWVdOb2FXNW5EUW9nSUNBZ2JHOWpZWFJwYjI0Z0wyRnpjMlYwY3k4Z2V3MEtJQ0FnSUNBZ0lDQndjbTk0ZVY5d1lYTnpJQ0FnSUNBZ0lDQWdhSFIwY0RvdkwyWnliMjUwWlc1a0wyRnpjMlYwY3k4N0RRb2dJQ0FnSUNBZ0lIQnliM2g1WDJoMGRIQmZkbVZ5YzJsdmJpQXhMakU3RFFvZ0lDQWdJQ0FnSUhCeWIzaDVYM05sZEY5b1pXRmtaWElnSUNCRGIyNXVaV04wYVc5dUlDSWlPdzBLRFFvZ0lDQWdJQ0FnSUdWNGNHbHlaWE1nSUNBZ0lDQWdJQ0FnSUNBZ01YazdEUW9nSUNBZ0lDQWdJR0ZrWkY5b1pXRmtaWElnSUNBZ0lDQWdJQ0FnUTJGamFHVXRRMjl1ZEhKdmJDQWdJQ0FpY0hWaWJHbGpMQ0JwYlcxMWRHRmliR1VpT3cwS0lDQWdJQ0FnSUNCaFpHUmZhR1ZoWkdWeUlDQWdJQ0FnSUNBZ0lGZ3RRMjl1ZEdWdWRDMVVlWEJsTFU5d2RHbHZibk1nSW01dmMyNXBabVlpSUdGc2QyRjVjenNOQ2lBZ0lDQWdJQ0FnWVdOalpYTnpYMnh2WnlBZ0lDQWdJQ0FnSUNCdlptWTdEUW9nSUNBZ2ZRMEtEUW9nSUNBZ0l5QlRVRUVnNG9DVUlHRnNiQ0J2ZEdobGNpQnliM1YwWlhNZ2MyVnlkbVZrSUdKNUlIUm9aU0JtY205dWRHVnVaQ0JqYjI1MFlXbHVaWElOQ2lBZ0lDQnNiMk5oZEdsdmJpQXZJSHNOQ2lBZ0lDQWdJQ0FnY0hKdmVIbGZjR0Z6Y3lBZ0lDQWdJQ0FnSUdoMGRIQTZMeTltY205dWRHVnVaQzg3RFFvZ0lDQWdJQ0FnSUhCeWIzaDVYMmgwZEhCZmRtVnljMmx2YmlBeExqRTdEUW9nSUNBZ0lDQWdJSEJ5YjNoNVgzTmxkRjlvWldGa1pYSWdJQ0JEYjI1dVpXTjBhVzl1SUNBZ0lDQWdJQ0FpSWpzTkNpQWdJQ0FnSUNBZ2NISnZlSGxmYzJWMFgyaGxZV1JsY2lBZ0lFaHZjM1FnSUNBZ0lDQWdJQ0FnSUNBZ0lDUm9iM04wT3cwS0lDQWdJQ0FnSUNCd2NtOTRlVjl6WlhSZmFHVmhaR1Z5SUNBZ1dDMVNaV0ZzTFVsUUlDQWdJQ0FnSUNBZ0pISmxiVzkwWlY5aFpHUnlPdzBLSUNBZ0lDQWdJQ0J3Y205NGVWOXpaWFJmYUdWaFpHVnlJQ0FnV0MxR2IzSjNZWEprWldRdFJtOXlJQ0FnSkhCeWIzaDVYMkZrWkY5NFgyWnZjbmRoY21SbFpGOW1iM0k3RFFvTkNpQWdJQ0FnSUNBZ2NISnZlSGxmWTI5dWJtVmpkRjkwYVcxbGIzVjBJRFZ6T3cwS0lDQWdJQ0FnSUNCd2NtOTRlVjl6Wlc1a1gzUnBiV1Z2ZFhRZ0lDQWdNVFZ6T3cwS0lDQWdJQ0FnSUNCd2NtOTRlVjl5WldGa1gzUnBiV1Z2ZFhRZ0lDQWdNVFZ6T3cwS0RRb2dJQ0FnSUNBZ0lHRmtaRjlvWldGa1pYSWdXQzFHY21GdFpTMVBjSFJwYjI1eklDQWdJQ0FnSUNBaVUwRk5SVTlTU1VkSlRpSWdJQ0FnSUNBZ0lDQWdJQ0FnSUNBZ0lDQWdJQ0FnWVd4M1lYbHpPdzBLSUNBZ0lDQWdJQ0JoWkdSZmFHVmhaR1Z5SUZndFEyOXVkR1Z1ZEMxVWVYQmxMVTl3ZEdsdmJuTWdJbTV2YzI1cFptWWlJQ0FnSUNBZ0lDQWdJQ0FnSUNBZ0lDQWdJQ0FnSUNBZ0lHRnNkMkY1Y3pzTkNpQWdJQ0FnSUNBZ1lXUmtYMmhsWVdSbGNpQllMVmhUVXkxUWNtOTBaV04wYVc5dUlDQWdJQ0FnSUNJeE95QnRiMlJsUFdKc2IyTnJJaUFnSUNBZ0lDQWdJQ0FnSUNBZ0lDQWdJQ0JoYkhkaGVYTTdEUW9nSUNBZ0lDQWdJR0ZrWkY5b1pXRmtaWElnVW1WbVpYSnlaWEl0VUc5c2FXTjVJQ0FnSUNBZ0lDQWljM1J5YVdOMExXOXlhV2RwYmkxM2FHVnVMV055YjNOekxXOXlhV2RwYmlJZ1lXeDNZWGx6T3cwS0lDQWdJQ0FnSUNCaFpHUmZhR1ZoWkdWeUlGQmxjbTFwYzNOcGIyNXpMVkJ2YkdsamVTQWdJQ0FnSW1OaGJXVnlZVDBvS1N3Z2JXbGpjbTl3YUc5dVpUMG9LU3dnWjJWdmJHOWpZWFJwYjI0OUtDa2lJR0ZzZDJGNWN6c05DaUFnSUNCOURRcDlEUW89IiB8IGJhc2U2NCAtZCA+IC9vcHQvYXBwL25naW54LnByb2QuY29uZg0KDQojIEZldGNoIGFwcGxpY2F0aW9uIHNlY3JldHMgZnJvbSBTU00gUGFyYW1ldGVyIFN0b3JlDQpSRUdJT049ImV1LW5vcnRoLTEiDQpnZXRfcGFyYW0oKSB7DQogIC91c3IvbG9jYWwvYmluL2F3cyBzc20gZ2V0LXBhcmFtZXRlciAtLXJlZ2lvbiAiJFJFR0lPTiIgLS1uYW1lICIkMSIgLS13aXRoLWRlY3J5cHRpb24gXA0KICAgIC0tcXVlcnkgUGFyYW1ldGVyLlZhbHVlIC0tb3V0cHV0IHRleHQNCn0NCg0KUE9TVEdSRVNfVVNFUj0kKGdldF9wYXJhbSAiL2dyb3VwMS9wcm9kdWN0aW9uL1BPU1RHUkVTX1VTRVIiKQ0KUE9TVEdSRVNfUEFTU1dPUkQ9JChnZXRfcGFyYW0gIi9ncm91cDEvcHJvZHVjdGlvbi9QT1NUR1JFU19QQVNTV09SRCIpDQpQT1NUR1JFU19EQj0kKGdldF9wYXJhbSAiL2dyb3VwMS9wcm9kdWN0aW9uL1BPU1RHUkVTX0RCIikNCkJBQ0tFTkRfUE9SVD0kKGdldF9wYXJhbSAiL2dyb3VwMS9wcm9kdWN0aW9uL0JBQ0tFTkRfUE9SVCIpDQpDT1JTX09SSUdJTj0kKGdldF9wYXJhbSAiL2dyb3VwMS9wcm9kdWN0aW9uL0NPUlNfT1JJR0lOIikNClZJVEVfRlJPTlRFTkRfUE9SVD0kKGdldF9wYXJhbSAiL2dyb3VwMS9wcm9kdWN0aW9uL1ZJVEVfRlJPTlRFTkRfUE9SVCIpDQpIVFRQX1BPUlQ9JChnZXRfcGFyYW0gIi9ncm91cDEvcHJvZHVjdGlvbi9IVFRQX1BPUlQiKQ0KVklURV9GUk9OVEVORF9BUElfVVJMPSQoZ2V0X3BhcmFtICIvZ3JvdXAxL3Byb2R1Y3Rpb24vVklURV9GUk9OVEVORF9BUElfVVJMIikNCg0KIyBXcml0ZSAuZW52IGNvbnN1bWVkIGJ5IGRvY2tlciBjb21wb3NlDQpjYXQgPiAvb3B0L2FwcC8uZW52IDw8RU9GDQpQT1NUR1JFU19VU0VSPSRQT1NUR1JFU19VU0VSDQpQT1NUR1JFU19QQVNTV09SRD0kUE9TVEdSRVNfUEFTU1dPUkQNClBPU1RHUkVTX0RCPSRQT1NUR1JFU19EQg0KQkFDS0VORF9QT1JUPSRCQUNLRU5EX1BPUlQNCkNPUlNfT1JJR0lOPSRDT1JTX09SSUdJTg0KVklURV9GUk9OVEVORF9QT1JUPSRWSVRFX0ZST05URU5EX1BPUlQNCkhUVFBfUE9SVD0kSFRUUF9QT1JUDQpWSVRFX0ZST05URU5EX0FQSV9VUkw9JFZJVEVfRlJPTlRFTkRfQVBJX1VSTA0KRUNSX1JFUE9TSVRPUllfVVJJPTYyMjMzMzk5MjM0OC5ka3IuZWNyLmV1LW5vcnRoLTEuYW1hem9uYXdzLmNvbS9ncm91cDEvZGV2b3BzLXByb2plY3QNCkVPRg0KDQojIFdyaXRlIGNvbXBvc2UgZmlsZSAoYmFzZTY0LWVuY29kZWQgYXQgVGVycmFmb3JtIHJlbmRlciB0aW1lKQ0KZWNobyAiYm1WMGQyOXlhM002RFFvZ0lHUmlPZzBLSUNBZ0lHbHVkR1Z5Ym1Gc09pQjBjblZsRFFvZ0lHRndjRG9OQ2lBZ0lDQmtjbWwyWlhJNklHSnlhV1JuWlEwS0RRcDJiMngxYldWek9nMEtJQ0J3YjNOMFozSmxjMTlrWVhSaE9nMEtEUXB6WlhKMmFXTmxjem9OQ2lBZ1pHSTZEUW9nSUNBZ2FXMWhaMlU2SUhCdmMzUm5jbVZ6T21Gc2NHbHVaUTBLSUNBZ0lISmxjM1JoY25RNklHRnNkMkY1Y3cwS0lDQWdJR1Z1ZG1seWIyNXRaVzUwT2cwS0lDQWdJQ0FnVUU5VFZFZFNSVk5mVlZORlVqb2dKSHRRVDFOVVIxSkZVMTlWVTBWU2ZRMEtJQ0FnSUNBZ1VFOVRWRWRTUlZOZlVFRlRVMWRQVWtRNklDUjdVRTlUVkVkU1JWTmZVRUZUVTFkUFVrUjlEUW9nSUNBZ0lDQlFUMU5VUjFKRlUxOUVRam9nSkh0UVQxTlVSMUpGVTE5RVFuME5DaUFnSUNCMmIyeDFiV1Z6T2cwS0lDQWdJQ0FnTFNCd2IzTjBaM0psYzE5a1lYUmhPaTkyWVhJdmJHbGlMM0J2YzNSbmNtVnpjV3dOQ2lBZ0lDQWdJQzBnTDI5d2RDOWhjSEF2YVc1cGRDNXpjV3c2TDJSdlkydGxjaTFsYm5SeWVYQnZhVzUwTFdsdWFYUmtZaTVrTDJsdWFYUXVjM0ZzT25KdkRRb2dJQ0FnYm1WMGQyOXlhM002RFFvZ0lDQWdJQ0F0SUdSaURRb2dJQ0FnYUdWaGJIUm9ZMmhsWTJzNkRRb2dJQ0FnSUNCMFpYTjBPaUJiSWtOTlJDMVRTRVZNVENJc0lDSndaMTlwYzNKbFlXUjVJQzFWSUNSN1VFOVRWRWRTUlZOZlZWTkZVbjBnTFdRZ0pIdFFUMU5VUjFKRlUxOUVRbjBpWFEwS0lDQWdJQ0FnYVc1MFpYSjJZV3c2SUROekRRb2dJQ0FnSUNCMGFXMWxiM1YwT2lBemN3MEtJQ0FnSUNBZ2NtVjBjbWxsY3pvZ013MEtJQ0FnSUNBZ2MzUmhjblJmY0dWeWFXOWtPaUF4TUhNTkNnMEtJQ0JpWVdOclpXNWtPZzBLSUNBZ0lHbHRZV2RsT2lBa2UwVkRVbDlTUlZCUFUwbFVUMUpaWDFWU1NYMDZZbUZqYTJWdVpDMXdjbTlrZFdOMGFXOXVEUW9nSUNBZ2NtVnpkR0Z5ZERvZ1lXeDNZWGx6RFFvZ0lDQWdaVzUyYVhKdmJtMWxiblE2RFFvZ0lDQWdJQ0JDUVVOTFJVNUVYMUJQVWxRNklDUjdRa0ZEUzBWT1JGOVFUMUpVZlEwS0lDQWdJQ0FnUkVGVVFVSkJVMFZmVlZKTU9pQndiM04wWjNKbGMzRnNPaTh2Skh0UVQxTlVSMUpGVTE5VlUwVlNmVG9rZTFCUFUxUkhVa1ZUWDFCQlUxTlhUMUpFZlVCa1lqbzFORE15THlSN1VFOVRWRWRTUlZOZlJFSjlEUW9nSUNBZ0lDQkRUMUpUWDA5U1NVZEpUam9nSkh0RFQxSlRYMDlTU1VkSlRuME5DaUFnSUNBZ0lFNVBSRVZmUlU1V09pQndjbTlrZFdOMGFXOXVEUW9nSUNBZ2JtVjBkMjl5YTNNNkRRb2dJQ0FnSUNBdElHUmlEUW9nSUNBZ0lDQXRJR0Z3Y0EwS0lDQWdJR1JsY0dWdVpITmZiMjQ2RFFvZ0lDQWdJQ0JrWWpvTkNpQWdJQ0FnSUNBZ1kyOXVaR2wwYVc5dU9pQnpaWEoyYVdObFgyaGxZV3gwYUhrTkNpQWdJQ0JvWldGc2RHaGphR1ZqYXpvTkNpQWdJQ0FnSUhSbGMzUTZJRnNpUTAxRUxWTklSVXhNSWl3Z0ltTjFjbXdnTFdZZ2FIUjBjRG92TDJ4dlkyRnNhRzl6ZERva2UwSkJRMHRGVGtSZlVFOVNWSDB2YUdWaGJIUm9JSHg4SUdWNGFYUWdNU0pkRFFvZ0lDQWdJQ0JwYm5SbGNuWmhiRG9nTTNNTkNpQWdJQ0FnSUhScGJXVnZkWFE2SUROekRRb2dJQ0FnSUNCeVpYUnlhV1Z6T2lBekRRb2dJQ0FnSUNCemRHRnlkRjl3WlhKcGIyUTZJREV3Y3cwS0RRb2dJR1p5YjI1MFpXNWtPZzBLSUNBZ0lHbHRZV2RsT2lBa2UwVkRVbDlTUlZCUFUwbFVUMUpaWDFWU1NYMDZabkp2Ym5SbGJtUXRjSEp2WkhWamRHbHZiZzBLSUNBZ0lISmxjM1JoY25RNklHRnNkMkY1Y3cwS0lDQWdJR1Z1ZG1seWIyNXRaVzUwT2cwS0lDQWdJQ0FnUmxKUFRsUkZUa1JmVUU5U1ZEb2dKSHRXU1ZSRlgwWlNUMDVVUlU1RVgxQlBVbFI5RFFvZ0lDQWdJQ0JPUjBsT1dGOUZUbFpUVlVKVFZGOVVSVTFRVEVGVVJWOVdRVkpUT2lCR1VrOU9WRVZPUkY5UVQxSlVEUW9nSUNBZ2JtVjBkMjl5YTNNNkRRb2dJQ0FnSUNBdElHRndjQTBLSUNBZ0lHUmxjR1Z1WkhOZmIyNDZEUW9nSUNBZ0lDQmlZV05yWlc1a09nMEtJQ0FnSUNBZ0lDQmpiMjVrYVhScGIyNDZJSE5sY25acFkyVmZhR1ZoYkhSb2VRMEtJQ0FnSUdobFlXeDBhR05vWldOck9nMEtJQ0FnSUNBZ2RHVnpkRG9nV3lKRFRVUXRVMGhGVEV3aUxDQWlZM1Z5YkNBdFppQm9kSFJ3T2k4dk1USTNMakF1TUM0eE9pUjdWa2xVUlY5R1VrOU9WRVZPUkY5UVQxSlVmUzhnZkh3Z1pYaHBkQ0F4SWwwTkNpQWdJQ0FnSUdsdWRHVnlkbUZzT2lBemN3MEtJQ0FnSUNBZ2RHbHRaVzkxZERvZ05YTU5DaUFnSUNBZ0lISmxkSEpwWlhNNklETU5DaUFnSUNBZ0lITjBZWEowWDNCbGNtbHZaRG9nTWpCekRRb05DaUFnYm1kcGJuZzZEUW9nSUNBZ2FXMWhaMlU2SUc1bmFXNTRPakV1TWpjdFlXeHdhVzVsRFFvZ0lDQWdjbVZ6ZEdGeWREb2dZV3gzWVhsekRRb2dJQ0FnY0c5eWRITTZEUW9nSUNBZ0lDQXRJQ1I3U0ZSVVVGOVFUMUpVZlRvNE1BMEtJQ0FnSUhadmJIVnRaWE02RFFvZ0lDQWdJQ0F0SUM5dmNIUXZZWEJ3TDI1bmFXNTRMbkJ5YjJRdVkyOXVaam92WlhSakwyNW5hVzU0TDNSbGJYQnNZWFJsY3k5a1pXWmhkV3gwTG1OdmJtWXVkR1Z0Y0d4aGRHVTZjbThOQ2lBZ0lDQnVaWFIzYjNKcmN6b05DaUFnSUNBZ0lDMGdZWEJ3RFFvZ0lDQWdaVzUyYVhKdmJtMWxiblE2RFFvZ0lDQWdJQ0JDUVVOTFJVNUVYMUJQVWxRNklDUjdRa0ZEUzBWT1JGOVFUMUpVZlEwS0lDQWdJQ0FnVmtsVVJWOUdVazlPVkVWT1JGOVFUMUpVT2lBa2UxWkpWRVZmUmxKUFRsUkZUa1JmVUU5U1ZIME5DaUFnSUNBZ0lFNUhTVTVZWDBWT1ZsTlZRbE5VWDFSRlRWQk1RVlJGWDFaQlVsTTZJRUpCUTB0RlRrUmZVRTlTVkNCV1NWUkZYMFpTVDA1VVJVNUVYMUJQVWxRTkNpQWdJQ0JrWlhCbGJtUnpYMjl1T2cwS0lDQWdJQ0FnWW1GamEyVnVaRG9OQ2lBZ0lDQWdJQ0FnWTI5dVpHbDBhVzl1T2lCelpYSjJhV05sWDJobFlXeDBhSGtOQ2lBZ0lDQWdJR1p5YjI1MFpXNWtPZzBLSUNBZ0lDQWdJQ0JqYjI1a2FYUnBiMjQ2SUhObGNuWnBZMlZmYUdWaGJIUm9lUTBLSUNBZ0lHaGxZV3gwYUdOb1pXTnJPZzBLSUNBZ0lDQWdkR1Z6ZERvZ1d5SkRUVVF0VTBoRlRFd2lMQ0FpZDJkbGRDQXRjU0F0VHlBdlpHVjJMMjUxYkd3Z2FIUjBjRG92TDJ4dlkyRnNhRzl6ZENCOGZDQmxlR2wwSURFaVhRMEtJQ0FnSUNBZ2FXNTBaWEoyWVd3NklETnpEUW9nSUNBZ0lDQjBhVzFsYjNWME9pQTFjdzBLSUNBZ0lDQWdjbVYwY21sbGN6b2dNdzBLSUNBZ0lDQWdjM1JoY25SZmNHVnlhVzlrT2lBMWN3MEsiIHwgYmFzZTY0IC1kID4gL29wdC9hcHAvZG9ja2VyLWNvbXBvc2UuZWNyLnlhbWwNCg0KIyBBdXRoZW50aWNhdGUgdG8gRUNSIGFuZCBzdGFydCBzZXJ2aWNlcw0KL3Vzci9sb2NhbC9iaW4vYXdzIGVjciBnZXQtbG9naW4tcGFzc3dvcmQgLS1yZWdpb24gIiRSRUdJT04iIFwNCiAgfCBkb2NrZXIgbG9naW4gLS11c2VybmFtZSBBV1MgLS1wYXNzd29yZC1zdGRpbiAiNjIyMzMzOTkyMzQ4LmRrci5lY3IuZXUtbm9ydGgtMS5hbWF6b25hd3MuY29tIg0KDQpjZCAvb3B0L2FwcA0KZG9ja2VyIGNvbXBvc2UgLWYgZG9ja2VyLWNvbXBvc2UuZWNyLnlhbWwgdXAgLWQNCg==",
            "vpc_security_group_ids": [
              "sg-0076a3e4242d04215"
            ]
          },
          "sensitive_attributes": [],
          "identity_schema_version": 0,
          "private": "bnVsbA==",
          "dependencies": [
            "module.ec2.aws_security_group.ec2_prod",
            "module.ec2.data.aws_ami.debian",
            "module.iam.aws_iam_instance_profile.ecr_read",
            "module.iam.aws_iam_role.ecr_read",
            "module.iam.data.aws_iam_policy_document.ec2_assume_role",
            "module.vpc.aws_vpc.vpc"
          ],
          "create_before_destroy": true
        }
      ]
    },
    {
      "module": "module.ec2",
      "mode": "managed",
      "type": "aws_security_group",
      "name": "ec2_prod",
      "provider": "provider[\"registry.terraform.io/hashicorp/aws\"]",
      "instances": [
        {
          "schema_version": 1,
          "attributes": {
            "arn": "arn:aws:ec2:eu-north-1:622333992348:security-group/sg-0076a3e4242d04215",
            "description": "PRODUCTION EC2 - HTTP from VPC (ALB), all outbound",
            "egress": [
              {
                "cidr_blocks": [
                  "0.0.0.0/0"
                ],
                "description": "",
                "from_port": 0,
                "ipv6_cidr_blocks": [],
                "prefix_list_ids": [],
                "protocol": "-1",
                "security_groups": [],
                "self": false,
                "to_port": 0
              }
            ],
            "id": "sg-0076a3e4242d04215",
            "ingress": [
              {
                "cidr_blocks": [
                  "10.0.0.0/16"
                ],
                "description": "HTTP from VPC (ALB will restrict this further)",
                "from_port": 80,
                "ipv6_cidr_blocks": [],
                "prefix_list_ids": [],
                "protocol": "tcp",
                "security_groups": [],
                "self": false,
                "to_port": 80
              }
            ],
            "name": "tsg-ec2-production",
            "name_prefix": "",
            "owner_id": "622333992348",
            "region": "eu-north-1",
            "revoke_rules_on_delete": false,
            "tags": {
              "Env": "production",
              "Name": "tsg-ec2-production"
            },
            "tags_all": {
              "Env": "production",
              "Name": "tsg-ec2-production"
            },
            "timeouts": null,
            "vpc_id": "vpc-06a0c3e32a7152998"
          },
          "sensitive_attributes": [],
          "identity_schema_version": 0,
          "identity": {
            "account_id": "622333992348",
            "id": "sg-0076a3e4242d04215",
            "region": "eu-north-1"
          },
          "private": "eyJlMmJmYjczMC1lY2FhLTExZTYtOGY4OC0zNDM2M2JjN2M0YzAiOnsiY3JlYXRlIjo2MDAwMDAwMDAwMDAsImRlbGV0ZSI6OTAwMDAwMDAwMDAwfSwic2NoZW1hX3ZlcnNpb24iOiIxIn0=",
          "dependencies": [
            "module.vpc.aws_vpc.vpc"
          ],
          "create_before_destroy": true
        }
      ]
    },
    {
      "module": "module.iam",
      "mode": "data",
      "type": "aws_caller_identity",
      "name": "current",
      "provider": "provider[\"registry.terraform.io/hashicorp/aws\"]",
      "instances": [
        {
          "schema_version": 0,
          "attributes": {
            "account_id": "622333992348",
            "arn": "arn:aws:iam::622333992348:user/Hetic-END-GR1",
            "id": "622333992348",
            "user_id": "AIDAZBZP7DWOETSGLFCY5"
          },
          "sensitive_attributes": [],
          "identity_schema_version": 0
        }
      ]
    },
    {
      "module": "module.iam",
      "mode": "data",
      "type": "aws_iam_policy_document",
      "name": "ec2_assume_role",
      "provider": "provider[\"registry.terraform.io/hashicorp/aws\"]",
      "instances": [
        {
          "schema_version": 0,
          "attributes": {
            "id": "2851119427",
            "json": "{\n  \"Version\": \"2012-10-17\",\n  \"Statement\": [\n    {\n      \"Effect\": \"Allow\",\n      \"Action\": \"sts:AssumeRole\",\n      \"Principal\": {\n        \"Service\": \"ec2.amazonaws.com\"\n      }\n    }\n  ]\n}",
            "minified_json": "{\"Version\":\"2012-10-17\",\"Statement\":[{\"Effect\":\"Allow\",\"Action\":\"sts:AssumeRole\",\"Principal\":{\"Service\":\"ec2.amazonaws.com\"}}]}",
            "override_json": null,
            "override_policy_documents": null,
            "policy_id": null,
            "source_json": null,
            "source_policy_documents": null,
            "statement": [
              {
                "actions": [
                  "sts:AssumeRole"
                ],
                "condition": [],
                "effect": "Allow",
                "not_actions": [],
                "not_principals": [],
                "not_resources": [],
                "principals": [
                  {
                    "identifiers": [
                      "ec2.amazonaws.com"
                    ],
                    "type": "Service"
                  }
                ],
                "resources": [],
                "sid": ""
              }
            ],
            "version": "2012-10-17"
          },
          "sensitive_attributes": [],
          "identity_schema_version": 0
        }
      ]
    },
    {
      "module": "module.iam",
      "mode": "data",
      "type": "aws_iam_policy_document",
      "name": "ecr_read",
      "provider": "provider[\"registry.terraform.io/hashicorp/aws\"]",
      "instances": [
        {
          "schema_version": 0,
          "attributes": {
            "id": "692797675",
            "json": "{\n  \"Version\": \"2012-10-17\",\n  \"Statement\": [\n    {\n      \"Sid\": \"ECRAuth\",\n      \"Effect\": \"Allow\",\n      \"Action\": \"ecr:GetAuthorizationToken\",\n      \"Resource\": \"*\"\n    },\n    {\n      \"Sid\": \"ECRPull\",\n      \"Effect\": \"Allow\",\n      \"Action\": [\n        \"ecr:GetDownloadUrlForLayer\",\n        \"ecr:BatchGetImage\",\n        \"ecr:BatchCheckLayerAvailability\"\n      ],\n      \"Resource\": \"arn:aws:ecr:eu-north-1:622333992348:repository/group1/devops-project\"\n    },\n    {\n      \"Sid\": \"SSMGetParams\",\n      \"Effect\": \"Allow\",\n      \"Action\": [\n        \"ssm:GetParametersByPath\",\n        \"ssm:GetParameters\",\n        \"ssm:GetParameter\"\n      ],\n      \"Resource\": \"arn:aws:ssm:eu-north-1:622333992348:parameter/group1/production/*\"\n    }\n  ]\n}",
            "minified_json": "{\"Version\":\"2012-10-17\",\"Statement\":[{\"Sid\":\"ECRAuth\",\"Effect\":\"Allow\",\"Action\":\"ecr:GetAuthorizationToken\",\"Resource\":\"*\"},{\"Sid\":\"ECRPull\",\"Effect\":\"Allow\",\"Action\":[\"ecr:GetDownloadUrlForLayer\",\"ecr:BatchGetImage\",\"ecr:BatchCheckLayerAvailability\"],\"Resource\":\"arn:aws:ecr:eu-north-1:622333992348:repository/group1/devops-project\"},{\"Sid\":\"SSMGetParams\",\"Effect\":\"Allow\",\"Action\":[\"ssm:GetParametersByPath\",\"ssm:GetParameters\",\"ssm:GetParameter\"],\"Resource\":\"arn:aws:ssm:eu-north-1:622333992348:parameter/group1/production/*\"}]}",
            "override_json": null,
            "override_policy_documents": null,
            "policy_id": null,
            "source_json": null,
            "source_policy_documents": null,
            "statement": [
              {
                "actions": [
                  "ecr:GetAuthorizationToken"
                ],
                "condition": [],
                "effect": "Allow",
                "not_actions": [],
                "not_principals": [],
                "not_resources": [],
                "principals": [],
                "resources": [
                  "*"
                ],
                "sid": "ECRAuth"
              },
              {
                "actions": [
                  "ecr:BatchCheckLayerAvailability",
                  "ecr:BatchGetImage",
                  "ecr:GetDownloadUrlForLayer"
                ],
                "condition": [],
                "effect": "Allow",
                "not_actions": [],
                "not_principals": [],
                "not_resources": [],
                "principals": [],
                "resources": [
                  "arn:aws:ecr:eu-north-1:622333992348:repository/group1/devops-project"
                ],
                "sid": "ECRPull"
              },
              {
                "actions": [
                  "ssm:GetParameter",
                  "ssm:GetParameters",
                  "ssm:GetParametersByPath"
                ],
                "condition": [],
                "effect": "Allow",
                "not_actions": [],
                "not_principals": [],
                "not_resources": [],
                "principals": [],
                "resources": [
                  "arn:aws:ssm:eu-north-1:622333992348:parameter/group1/production/*"
                ],
                "sid": "SSMGetParams"
              }
            ],
            "version": "2012-10-17"
          },
          "sensitive_attributes": [],
          "identity_schema_version": 0
        }
      ]
    },
    {
      "module": "module.iam",
      "mode": "data",
      "type": "aws_iam_policy_document",
      "name": "s3_write",
      "provider": "provider[\"registry.terraform.io/hashicorp/aws\"]",
      "instances": [
        {
          "schema_version": 0,
          "attributes": {
            "id": "2725788839",
            "json": "{\n  \"Version\": \"2012-10-17\",\n  \"Statement\": [\n    {\n      \"Sid\": \"S3WriteLogs\",\n      \"Effect\": \"Allow\",\n      \"Action\": \"s3:PutObject\",\n      \"Resource\": \"arn:aws:s3:::devops-project-group1-logs/*\"\n    }\n  ]\n}",
            "minified_json": "{\"Version\":\"2012-10-17\",\"Statement\":[{\"Sid\":\"S3WriteLogs\",\"Effect\":\"Allow\",\"Action\":\"s3:PutObject\",\"Resource\":\"arn:aws:s3:::devops-project-group1-logs/*\"}]}",
            "override_json": null,
            "override_policy_documents": null,
            "policy_id": null,
            "source_json": null,
            "source_policy_documents": null,
            "statement": [
              {
                "actions": [
                  "s3:PutObject"
                ],
                "condition": [],
                "effect": "Allow",
                "not_actions": [],
                "not_principals": [],
                "not_resources": [],
                "principals": [],
                "resources": [
                  "arn:aws:s3:::devops-project-group1-logs/*"
                ],
                "sid": "S3WriteLogs"
              }
            ],
            "version": "2012-10-17"
          },
          "sensitive_attributes": [],
          "identity_schema_version": 0
        }
      ]
    },
    {
      "module": "module.iam",
      "mode": "data",
      "type": "aws_region",
      "name": "current",
      "provider": "provider[\"registry.terraform.io/hashicorp/aws\"]",
      "instances": [
        {
          "schema_version": 0,
          "attributes": {
            "description": "Europe (Stockholm)",
            "endpoint": "ec2.eu-north-1.amazonaws.com",
            "id": "eu-north-1",
            "name": "eu-north-1",
            "region": "eu-north-1"
          },
          "sensitive_attributes": [],
          "identity_schema_version": 0
        }
      ]
    },
    {
      "module": "module.iam",
      "mode": "managed",
      "type": "aws_iam_instance_profile",
      "name": "ecr_read",
      "provider": "provider[\"registry.terraform.io/hashicorp/aws\"]",
      "instances": [
        {
          "schema_version": 0,
          "attributes": {
            "arn": "arn:aws:iam::622333992348:instance-profile/EC2-ECR-ReadRole-profile",
            "create_date": "2026-05-21T09:47:58Z",
            "id": "EC2-ECR-ReadRole-profile",
            "name": "EC2-ECR-ReadRole-profile",
            "name_prefix": "",
            "path": "/",
            "role": "EC2-ECR-ReadRole",
            "tags": {},
            "tags_all": {},
            "unique_id": "AIPAZBZP7DWOBN5UCFTAE"
          },
          "sensitive_attributes": [],
          "identity_schema_version": 0,
          "private": "bnVsbA==",
          "dependencies": [
            "module.iam.aws_iam_role.ecr_read",
            "module.iam.data.aws_iam_policy_document.ec2_assume_role"
          ],
          "create_before_destroy": true
        }
      ]
    },
    {
      "module": "module.iam",
      "mode": "managed",
      "type": "aws_iam_instance_profile",
      "name": "s3_write",
      "provider": "provider[\"registry.terraform.io/hashicorp/aws\"]",
      "instances": [
        {
          "schema_version": 0,
          "attributes": {
            "arn": "arn:aws:iam::622333992348:instance-profile/EC2-S3-WriteRole-profile",
            "create_date": "2026-05-21T09:47:58Z",
            "id": "EC2-S3-WriteRole-profile",
            "name": "EC2-S3-WriteRole-profile",
            "name_prefix": "",
            "path": "/",
            "role": "EC2-S3-WriteRole",
            "tags": {},
            "tags_all": {},
            "unique_id": "AIPAZBZP7DWOE3MVXH6QK"
          },
          "sensitive_attributes": [],
          "identity_schema_version": 0,
          "private": "bnVsbA==",
          "dependencies": [
            "module.iam.aws_iam_role.s3_write",
            "module.iam.data.aws_iam_policy_document.ec2_assume_role"
          ]
        }
      ]
    },
    {
      "module": "module.iam",
      "mode": "managed",
      "type": "aws_iam_policy",
      "name": "ecr_read",
      "provider": "provider[\"registry.terraform.io/hashicorp/aws\"]",
      "instances": [
        {
          "schema_version": 0,
          "attributes": {
            "arn": "arn:aws:iam::622333992348:policy/EC2-ECR-ReadPolicy",
            "attachment_count": 1,
            "description": "",
            "id": "arn:aws:iam::622333992348:policy/EC2-ECR-ReadPolicy",
            "name": "EC2-ECR-ReadPolicy",
            "name_prefix": "",
            "path": "/",
            "policy": "{\"Statement\":[{\"Action\":\"ecr:GetAuthorizationToken\",\"Effect\":\"Allow\",\"Resource\":\"*\",\"Sid\":\"ECRAuth\"},{\"Action\":[\"ecr:GetDownloadUrlForLayer\",\"ecr:BatchGetImage\",\"ecr:BatchCheckLayerAvailability\"],\"Effect\":\"Allow\",\"Resource\":\"arn:aws:ecr:eu-north-1:622333992348:repository/group1/devops-project\",\"Sid\":\"ECRPull\"},{\"Action\":[\"ssm:GetParametersByPath\",\"ssm:GetParameters\",\"ssm:GetParameter\"],\"Effect\":\"Allow\",\"Resource\":\"arn:aws:ssm:eu-north-1:622333992348:parameter/group1/production/*\",\"Sid\":\"SSMGetParams\"}],\"Version\":\"2012-10-17\"}",
            "policy_id": "ANPAZBZP7DWOEL5PSI2NI",
            "tags": {},
            "tags_all": {}
          },
          "sensitive_attributes": [],
          "identity_schema_version": 0,
          "identity": {
            "arn": "arn:aws:iam::622333992348:policy/EC2-ECR-ReadPolicy"
          },
          "private": "bnVsbA==",
          "dependencies": [
            "module.iam.data.aws_caller_identity.current",
            "module.iam.data.aws_iam_policy_document.ecr_read",
            "module.iam.data.aws_region.current"
          ]
        }
      ]
    },
    {
      "module": "module.iam",
      "mode": "managed",
      "type": "aws_iam_policy",
      "name": "s3_write",
      "provider": "provider[\"registry.terraform.io/hashicorp/aws\"]",
      "instances": [
        {
          "schema_version": 0,
          "attributes": {
            "arn": "arn:aws:iam::622333992348:policy/EC2-S3-WritePolicy",
            "attachment_count": 1,
            "description": "",
            "id": "arn:aws:iam::622333992348:policy/EC2-S3-WritePolicy",
            "name": "EC2-S3-WritePolicy",
            "name_prefix": "",
            "path": "/",
            "policy": "{\"Statement\":[{\"Action\":\"s3:PutObject\",\"Effect\":\"Allow\",\"Resource\":\"arn:aws:s3:::devops-project-group1-logs/*\",\"Sid\":\"S3WriteLogs\"}],\"Version\":\"2012-10-17\"}",
            "policy_id": "ANPAZBZP7DWOMH67JPIKH",
            "tags": {},
            "tags_all": {}
          },
          "sensitive_attributes": [],
          "identity_schema_version": 0,
          "identity": {
            "arn": "arn:aws:iam::622333992348:policy/EC2-S3-WritePolicy"
          },
          "private": "bnVsbA==",
          "dependencies": [
            "module.iam.data.aws_iam_policy_document.s3_write"
          ]
        }
      ]
    },
    {
      "module": "module.iam",
      "mode": "managed",
      "type": "aws_iam_role",
      "name": "ecr_read",
      "provider": "provider[\"registry.terraform.io/hashicorp/aws\"]",
      "instances": [
        {
          "schema_version": 0,
          "attributes": {
            "arn": "arn:aws:iam::622333992348:role/EC2-ECR-ReadRole",
            "assume_role_policy": "{\"Statement\":[{\"Action\":\"sts:AssumeRole\",\"Effect\":\"Allow\",\"Principal\":{\"Service\":\"ec2.amazonaws.com\"}}],\"Version\":\"2012-10-17\"}",
            "create_date": "2026-05-21T09:47:57Z",
            "description": "",
            "force_detach_policies": false,
            "id": "EC2-ECR-ReadRole",
            "inline_policy": [],
            "managed_policy_arns": [
              "arn:aws:iam::622333992348:policy/EC2-ECR-ReadPolicy",
              "arn:aws:iam::aws:policy/AmazonSSMManagedInstanceCore"
            ],
            "max_session_duration": 3600,
            "name": "EC2-ECR-ReadRole",
            "name_prefix": "",
            "path": "/",
            "permissions_boundary": "",
            "tags": {
              "Name": "EC2-ECR-ReadRole"
            },
            "tags_all": {
              "Name": "EC2-ECR-ReadRole"
            },
            "unique_id": "AROAZBZP7DWODKOR7QMEG"
          },
          "sensitive_attributes": [],
          "identity_schema_version": 0,
          "identity": {
            "account_id": "622333992348",
            "name": "EC2-ECR-ReadRole"
          },
          "private": "bnVsbA==",
          "dependencies": [
            "module.iam.data.aws_iam_policy_document.ec2_assume_role"
          ],
          "create_before_destroy": true
        }
      ]
    },
    {
      "module": "module.iam",
      "mode": "managed",
      "type": "aws_iam_role",
      "name": "s3_write",
      "provider": "provider[\"registry.terraform.io/hashicorp/aws\"]",
      "instances": [
        {
          "schema_version": 0,
          "attributes": {
            "arn": "arn:aws:iam::622333992348:role/EC2-S3-WriteRole",
            "assume_role_policy": "{\"Statement\":[{\"Action\":\"sts:AssumeRole\",\"Effect\":\"Allow\",\"Principal\":{\"Service\":\"ec2.amazonaws.com\"}}],\"Version\":\"2012-10-17\"}",
            "create_date": "2026-05-21T09:47:57Z",
            "description": "",
            "force_detach_policies": false,
            "id": "EC2-S3-WriteRole",
            "inline_policy": [],
            "managed_policy_arns": [
              "arn:aws:iam::622333992348:policy/EC2-S3-WritePolicy"
            ],
            "max_session_duration": 3600,
            "name": "EC2-S3-WriteRole",
            "name_prefix": "",
            "path": "/",
            "permissions_boundary": "",
            "tags": {
              "Name": "EC2-S3-WriteRole"
            },
            "tags_all": {
              "Name": "EC2-S3-WriteRole"
            },
            "unique_id": "AROAZBZP7DWOK5NWCXLTV"
          },
          "sensitive_attributes": [],
          "identity_schema_version": 0,
          "identity": {
            "account_id": "622333992348",
            "name": "EC2-S3-WriteRole"
          },
          "private": "bnVsbA==",
          "dependencies": [
            "module.iam.data.aws_iam_policy_document.ec2_assume_role"
          ]
        }
      ]
    },
    {
      "module": "module.iam",
      "mode": "managed",
      "type": "aws_iam_role_policy_attachment",
      "name": "ecr_read",
      "provider": "provider[\"registry.terraform.io/hashicorp/aws\"]",
      "instances": [
        {
          "schema_version": 0,
          "attributes": {
            "id": "EC2-ECR-ReadRole/arn:aws:iam::622333992348:policy/EC2-ECR-ReadPolicy",
            "policy_arn": "arn:aws:iam::622333992348:policy/EC2-ECR-ReadPolicy",
            "role": "EC2-ECR-ReadRole"
          },
          "sensitive_attributes": [],
          "identity_schema_version": 0,
          "identity": {
            "account_id": "622333992348",
            "policy_arn": "arn:aws:iam::622333992348:policy/EC2-ECR-ReadPolicy",
            "role": "EC2-ECR-ReadRole"
          },
          "private": "bnVsbA==",
          "dependencies": [
            "module.iam.aws_iam_policy.ecr_read",
            "module.iam.aws_iam_role.ecr_read",
            "module.iam.data.aws_caller_identity.current",
            "module.iam.data.aws_iam_policy_document.ec2_assume_role",
            "module.iam.data.aws_iam_policy_document.ecr_read",
            "module.iam.data.aws_region.current"
          ]
        }
      ]
    },
    {
      "module": "module.iam",
      "mode": "managed",
      "type": "aws_iam_role_policy_attachment",
      "name": "ecr_read_ssm",
      "provider": "provider[\"registry.terraform.io/hashicorp/aws\"]",
      "instances": [
        {
          "schema_version": 0,
          "attributes": {
            "id": "EC2-ECR-ReadRole/arn:aws:iam::aws:policy/AmazonSSMManagedInstanceCore",
            "policy_arn": "arn:aws:iam::aws:policy/AmazonSSMManagedInstanceCore",
            "role": "EC2-ECR-ReadRole"
          },
          "sensitive_attributes": [],
          "identity_schema_version": 0,
          "identity": {
            "account_id": "622333992348",
            "policy_arn": "arn:aws:iam::aws:policy/AmazonSSMManagedInstanceCore",
            "role": "EC2-ECR-ReadRole"
          },
          "private": "bnVsbA==",
          "dependencies": [
            "module.iam.aws_iam_role.ecr_read",
            "module.iam.data.aws_iam_policy_document.ec2_assume_role"
          ]
        }
      ]
    },
    {
      "module": "module.iam",
      "mode": "managed",
      "type": "aws_iam_role_policy_attachment",
      "name": "s3_write",
      "provider": "provider[\"registry.terraform.io/hashicorp/aws\"]",
      "instances": [
        {
          "schema_version": 0,
          "attributes": {
            "id": "EC2-S3-WriteRole/arn:aws:iam::622333992348:policy/EC2-S3-WritePolicy",
            "policy_arn": "arn:aws:iam::622333992348:policy/EC2-S3-WritePolicy",
            "role": "EC2-S3-WriteRole"
          },
          "sensitive_attributes": [],
          "identity_schema_version": 0,
          "identity": {
            "account_id": "622333992348",
            "policy_arn": "arn:aws:iam::622333992348:policy/EC2-S3-WritePolicy",
            "role": "EC2-S3-WriteRole"
          },
          "private": "bnVsbA==",
          "dependencies": [
            "module.iam.aws_iam_policy.s3_write",
            "module.iam.aws_iam_role.s3_write",
            "module.iam.data.aws_iam_policy_document.ec2_assume_role",
            "module.iam.data.aws_iam_policy_document.s3_write"
          ]
        }
      ]
    },
    {
      "module": "module.ssm",
      "mode": "managed",
      "type": "aws_ssm_parameter",
      "name": "backend_port",
      "provider": "provider[\"registry.terraform.io/hashicorp/aws\"]",
      "instances": [
        {
          "schema_version": 0,
          "attributes": {
            "allowed_pattern": "",
            "arn": "arn:aws:ssm:eu-north-1:622333992348:parameter/group1/production/BACKEND_PORT",
            "data_type": "text",
            "description": "",
            "has_value_wo": false,
            "id": "/group1/production/BACKEND_PORT",
            "insecure_value": null,
            "key_id": "",
            "name": "/group1/production/BACKEND_PORT",
            "overwrite": true,
            "region": "eu-north-1",
            "tags": {},
            "tags_all": {},
            "tier": "Standard",
            "type": "String",
            "value": "3000",
            "value_wo": null,
            "value_wo_version": null,
            "version": 1
          },
          "sensitive_attributes": [
            [
              {
                "type": "get_attr",
                "value": "value"
              }
            ],
            [
              {
                "type": "get_attr",
                "value": "value_wo"
              }
            ]
          ],
          "identity_schema_version": 0,
          "identity": {
            "account_id": "622333992348",
            "name": "/group1/production/BACKEND_PORT",
            "region": "eu-north-1"
          },
          "private": "bnVsbA=="
        }
      ]
    },
    {
      "module": "module.ssm",
      "mode": "managed",
      "type": "aws_ssm_parameter",
      "name": "cors_origin",
      "provider": "provider[\"registry.terraform.io/hashicorp/aws\"]",
      "instances": [
        {
          "schema_version": 0,
          "attributes": {
            "allowed_pattern": "",
            "arn": "arn:aws:ssm:eu-north-1:622333992348:parameter/group1/production/CORS_ORIGIN",
            "data_type": "text",
            "description": "",
            "has_value_wo": false,
            "id": "/group1/production/CORS_ORIGIN",
            "insecure_value": null,
            "key_id": "",
            "name": "/group1/production/CORS_ORIGIN",
            "overwrite": true,
            "region": "eu-north-1",
            "tags": {},
            "tags_all": {},
            "tier": "Standard",
            "type": "String",
            "value": "http://alb-production-1506563549.eu-north-1.elb.amazonaws.com",
            "value_wo": null,
            "value_wo_version": null,
            "version": 2
          },
          "sensitive_attributes": [
            [
              {
                "type": "get_attr",
                "value": "value"
              }
            ],
            [
              {
                "type": "get_attr",
                "value": "value_wo"
              }
            ]
          ],
          "identity_schema_version": 0,
          "identity": {
            "account_id": "622333992348",
            "name": "/group1/production/CORS_ORIGIN",
            "region": "eu-north-1"
          },
          "private": "bnVsbA==",
          "dependencies": [
            "module.alb.aws_lb.prod",
            "module.alb.aws_security_group.alb",
            "module.vpc.aws_subnet.subnet_public",
            "module.vpc.aws_vpc.vpc"
          ]
        }
      ]
    },
    {
      "module": "module.ssm",
      "mode": "managed",
      "type": "aws_ssm_parameter",
      "name": "http_port",
      "provider": "provider[\"registry.terraform.io/hashicorp/aws\"]",
      "instances": [
        {
          "schema_version": 0,
          "attributes": {
            "allowed_pattern": "",
            "arn": "arn:aws:ssm:eu-north-1:622333992348:parameter/group1/production/HTTP_PORT",
            "data_type": "text",
            "description": "",
            "has_value_wo": false,
            "id": "/group1/production/HTTP_PORT",
            "insecure_value": null,
            "key_id": "",
            "name": "/group1/production/HTTP_PORT",
            "overwrite": true,
            "region": "eu-north-1",
            "tags": {},
            "tags_all": {},
            "tier": "Standard",
            "type": "String",
            "value": "80",
            "value_wo": null,
            "value_wo_version": null,
            "version": 1
          },
          "sensitive_attributes": [
            [
              {
                "type": "get_attr",
                "value": "value"
              }
            ],
            [
              {
                "type": "get_attr",
                "value": "value_wo"
              }
            ]
          ],
          "identity_schema_version": 0,
          "identity": {
            "account_id": "622333992348",
            "name": "/group1/production/HTTP_PORT",
            "region": "eu-north-1"
          },
          "private": "bnVsbA=="
        }
      ]
    },
    {
      "module": "module.ssm",
      "mode": "managed",
      "type": "aws_ssm_parameter",
      "name": "postgres_db",
      "provider": "provider[\"registry.terraform.io/hashicorp/aws\"]",
      "instances": [
        {
          "schema_version": 0,
          "attributes": {
            "allowed_pattern": "",
            "arn": "arn:aws:ssm:eu-north-1:622333992348:parameter/group1/production/POSTGRES_DB",
            "data_type": "text",
            "description": "",
            "has_value_wo": false,
            "id": "/group1/production/POSTGRES_DB",
            "insecure_value": null,
            "key_id": "",
            "name": "/group1/production/POSTGRES_DB",
            "overwrite": true,
            "region": "eu-north-1",
            "tags": {},
            "tags_all": {},
            "tier": "Standard",
            "type": "String",
            "value": "devops_project",
            "value_wo": null,
            "value_wo_version": null,
            "version": 1
          },
          "sensitive_attributes": [
            [
              {
                "type": "get_attr",
                "value": "value"
              }
            ],
            [
              {
                "type": "get_attr",
                "value": "value_wo"
              }
            ]
          ],
          "identity_schema_version": 0,
          "identity": {
            "account_id": "622333992348",
            "name": "/group1/production/POSTGRES_DB",
            "region": "eu-north-1"
          },
          "private": "bnVsbA=="
        }
      ]
    },
    {
      "module": "module.ssm",
      "mode": "managed",
      "type": "aws_ssm_parameter",
      "name": "postgres_password",
      "provider": "provider[\"registry.terraform.io/hashicorp/aws\"]",
      "instances": [
        {
          "schema_version": 0,
          "attributes": {
            "allowed_pattern": "",
            "arn": "arn:aws:ssm:eu-north-1:622333992348:parameter/group1/production/POSTGRES_PASSWORD",
            "data_type": "text",
            "description": "",
            "has_value_wo": false,
            "id": "/group1/production/POSTGRES_PASSWORD",
            "insecure_value": null,
            "key_id": "alias/aws/ssm",
            "name": "/group1/production/POSTGRES_PASSWORD",
            "overwrite": true,
            "region": "eu-north-1",
            "tags": {},
            "tags_all": {},
            "tier": "Standard",
            "type": "SecureString",
            "value": "supersecretpassword",
            "value_wo": null,
            "value_wo_version": null,
            "version": 1
          },
          "sensitive_attributes": [
            [
              {
                "type": "get_attr",
                "value": "value"
              }
            ],
            [
              {
                "type": "get_attr",
                "value": "value_wo"
              }
            ]
          ],
          "identity_schema_version": 0,
          "identity": {
            "account_id": "622333992348",
            "name": "/group1/production/POSTGRES_PASSWORD",
            "region": "eu-north-1"
          },
          "private": "bnVsbA=="
        }
      ]
    },
    {
      "module": "module.ssm",
      "mode": "managed",
      "type": "aws_ssm_parameter",
      "name": "postgres_user",
      "provider": "provider[\"registry.terraform.io/hashicorp/aws\"]",
      "instances": [
        {
          "schema_version": 0,
          "attributes": {
            "allowed_pattern": "",
            "arn": "arn:aws:ssm:eu-north-1:622333992348:parameter/group1/production/POSTGRES_USER",
            "data_type": "text",
            "description": "",
            "has_value_wo": false,
            "id": "/group1/production/POSTGRES_USER",
            "insecure_value": null,
            "key_id": "alias/aws/ssm",
            "name": "/group1/production/POSTGRES_USER",
            "overwrite": true,
            "region": "eu-north-1",
            "tags": {},
            "tags_all": {},
            "tier": "Standard",
            "type": "SecureString",
            "value": "supersecretuser",
            "value_wo": null,
            "value_wo_version": null,
            "version": 1
          },
          "sensitive_attributes": [
            [
              {
                "type": "get_attr",
                "value": "value"
              }
            ],
            [
              {
                "type": "get_attr",
                "value": "value_wo"
              }
            ]
          ],
          "identity_schema_version": 0,
          "identity": {
            "account_id": "622333992348",
            "name": "/group1/production/POSTGRES_USER",
            "region": "eu-north-1"
          },
          "private": "bnVsbA=="
        }
      ]
    },
    {
      "module": "module.ssm",
      "mode": "managed",
      "type": "aws_ssm_parameter",
      "name": "vite_frontend_api_url",
      "provider": "provider[\"registry.terraform.io/hashicorp/aws\"]",
      "instances": [
        {
          "schema_version": 0,
          "attributes": {
            "allowed_pattern": "",
            "arn": "arn:aws:ssm:eu-north-1:622333992348:parameter/group1/production/VITE_FRONTEND_API_URL",
            "data_type": "text",
            "description": "",
            "has_value_wo": false,
            "id": "/group1/production/VITE_FRONTEND_API_URL",
            "insecure_value": null,
            "key_id": "",
            "name": "/group1/production/VITE_FRONTEND_API_URL",
            "overwrite": true,
            "region": "eu-north-1",
            "tags": {},
            "tags_all": {},
            "tier": "Standard",
            "type": "String",
            "value": "http://alb-production-1506563549.eu-north-1.elb.amazonaws.com/api",
            "value_wo": null,
            "value_wo_version": null,
            "version": 2
          },
          "sensitive_attributes": [
            [
              {
                "type": "get_attr",
                "value": "value"
              }
            ],
            [
              {
                "type": "get_attr",
                "value": "value_wo"
              }
            ]
          ],
          "identity_schema_version": 0,
          "identity": {
            "account_id": "622333992348",
            "name": "/group1/production/VITE_FRONTEND_API_URL",
            "region": "eu-north-1"
          },
          "private": "bnVsbA==",
          "dependencies": [
            "module.alb.aws_lb.prod",
            "module.alb.aws_security_group.alb",
            "module.vpc.aws_subnet.subnet_public",
            "module.vpc.aws_vpc.vpc"
          ]
        }
      ]
    },
    {
      "module": "module.ssm",
      "mode": "managed",
      "type": "aws_ssm_parameter",
      "name": "vite_frontend_port",
      "provider": "provider[\"registry.terraform.io/hashicorp/aws\"]",
      "instances": [
        {
          "schema_version": 0,
          "attributes": {
            "allowed_pattern": "",
            "arn": "arn:aws:ssm:eu-north-1:622333992348:parameter/group1/production/VITE_FRONTEND_PORT",
            "data_type": "text",
            "description": "",
            "has_value_wo": false,
            "id": "/group1/production/VITE_FRONTEND_PORT",
            "insecure_value": null,
            "key_id": "",
            "name": "/group1/production/VITE_FRONTEND_PORT",
            "overwrite": true,
            "region": "eu-north-1",
            "tags": {},
            "tags_all": {},
            "tier": "Standard",
            "type": "String",
            "value": "5173",
            "value_wo": null,
            "value_wo_version": null,
            "version": 1
          },
          "sensitive_attributes": [
            [
              {
                "type": "get_attr",
                "value": "value"
              }
            ],
            [
              {
                "type": "get_attr",
                "value": "value_wo"
              }
            ]
          ],
          "identity_schema_version": 0,
          "identity": {
            "account_id": "622333992348",
            "name": "/group1/production/VITE_FRONTEND_PORT",
            "region": "eu-north-1"
          },
          "private": "bnVsbA=="
        }
      ]
    },
    {
      "module": "module.vpc",
      "mode": "managed",
      "type": "aws_eip",
      "name": "nat",
      "provider": "provider[\"registry.terraform.io/hashicorp/aws\"]",
      "instances": [
        {
          "schema_version": 0,
          "attributes": {
            "address": null,
            "allocation_id": "eipalloc-03f608008a6f183b2",
            "arn": "arn:aws:ec2:eu-north-1:622333992348:elastic-ip/eipalloc-03f608008a6f183b2",
            "associate_with_private_ip": null,
            "association_id": "eipassoc-001d52cf91c7c536d",
            "carrier_ip": "",
            "customer_owned_ip": "",
            "customer_owned_ipv4_pool": "",
            "domain": "vpc",
            "id": "eipalloc-03f608008a6f183b2",
            "instance": "",
            "ipam_pool_id": null,
            "network_border_group": "eu-north-1",
            "network_interface": "eni-053432caaba84c77f",
            "private_dns": "ip-10-0-1-245.eu-north-1.compute.internal",
            "private_ip": "10.0.1.245",
            "ptr_record": "",
            "public_dns": "ec2-13-61-242-138.eu-north-1.compute.amazonaws.com",
            "public_ip": "13.61.242.138",
            "public_ipv4_pool": "amazon",
            "region": "eu-north-1",
            "tags": {
              "Name": "eip-nat-mathieu"
            },
            "tags_all": {
              "Name": "eip-nat-mathieu"
            },
            "timeouts": null
          },
          "sensitive_attributes": [],
          "identity_schema_version": 0,
          "private": "eyJlMmJmYjczMC1lY2FhLTExZTYtOGY4OC0zNDM2M2JjN2M0YzAiOnsiZGVsZXRlIjoxODAwMDAwMDAwMDAsInJlYWQiOjkwMDAwMDAwMDAwMCwidXBkYXRlIjozMDAwMDAwMDAwMDB9fQ==",
          "dependencies": [
            "module.vpc.aws_internet_gateway.igw",
            "module.vpc.aws_vpc.vpc"
          ]
        }
      ]
    },
    {
      "module": "module.vpc",
      "mode": "managed",
      "type": "aws_internet_gateway",
      "name": "igw",
      "provider": "provider[\"registry.terraform.io/hashicorp/aws\"]",
      "instances": [
        {
          "schema_version": 0,
          "attributes": {
            "arn": "arn:aws:ec2:eu-north-1:622333992348:internet-gateway/igw-02f9a7d5bcee22d25",
            "id": "igw-02f9a7d5bcee22d25",
            "owner_id": "622333992348",
            "region": "eu-north-1",
            "tags": {
              "Name": "igw-mathieu"
            },
            "tags_all": {
              "Name": "igw-mathieu"
            },
            "timeouts": null,
            "vpc_id": "vpc-06a0c3e32a7152998"
          },
          "sensitive_attributes": [],
          "identity_schema_version": 0,
          "private": "eyJlMmJmYjczMC1lY2FhLTExZTYtOGY4OC0zNDM2M2JjN2M0YzAiOnsiY3JlYXRlIjoxMjAwMDAwMDAwMDAwLCJkZWxldGUiOjEyMDAwMDAwMDAwMDAsInVwZGF0ZSI6MTIwMDAwMDAwMDAwMH19",
          "dependencies": [
            "module.vpc.aws_vpc.vpc"
          ]
        }
      ]
    },
    {
      "module": "module.vpc",
      "mode": "managed",
      "type": "aws_nat_gateway",
      "name": "ngw",
      "provider": "provider[\"registry.terraform.io/hashicorp/aws\"]",
      "instances": [
        {
          "schema_version": 0,
          "attributes": {
            "allocation_id": "eipalloc-03f608008a6f183b2",
            "association_id": "eipassoc-001d52cf91c7c536d",
            "connectivity_type": "public",
            "id": "nat-0ca2fb68ad6d18eaf",
            "network_interface_id": "eni-053432caaba84c77f",
            "private_ip": "10.0.1.245",
            "public_ip": "13.61.242.138",
            "region": "eu-north-1",
            "secondary_allocation_ids": [],
            "secondary_private_ip_address_count": 0,
            "secondary_private_ip_addresses": [],
            "subnet_id": "subnet-0e4cd3a43e825b2e1",
            "tags": {
              "Name": "ngw-mathieu"
            },
            "tags_all": {
              "Name": "ngw-mathieu"
            },
            "timeouts": null
          },
          "sensitive_attributes": [],
          "identity_schema_version": 0,
          "private": "eyJlMmJmYjczMC1lY2FhLTExZTYtOGY4OC0zNDM2M2JjN2M0YzAiOnsiY3JlYXRlIjo2MDAwMDAwMDAwMDAsImRlbGV0ZSI6MTgwMDAwMDAwMDAwMCwidXBkYXRlIjo2MDAwMDAwMDAwMDB9fQ==",
          "dependencies": [
            "module.vpc.aws_eip.nat",
            "module.vpc.aws_internet_gateway.igw",
            "module.vpc.aws_subnet.subnet_public",
            "module.vpc.aws_vpc.vpc"
          ]
        }
      ]
    },
    {
      "module": "module.vpc",
      "mode": "managed",
      "type": "aws_route_table",
      "name": "private",
      "provider": "provider[\"registry.terraform.io/hashicorp/aws\"]",
      "instances": [
        {
          "schema_version": 0,
          "attributes": {
            "arn": "arn:aws:ec2:eu-north-1:622333992348:route-table/rtb-08023cee8a23fa109",
            "id": "rtb-08023cee8a23fa109",
            "owner_id": "622333992348",
            "propagating_vgws": [],
            "region": "eu-north-1",
            "route": [
              {
                "carrier_gateway_id": "",
                "cidr_block": "0.0.0.0/0",
                "core_network_arn": "",
                "destination_prefix_list_id": "",
                "egress_only_gateway_id": "",
                "gateway_id": "",
                "ipv6_cidr_block": "",
                "local_gateway_id": "",
                "nat_gateway_id": "nat-0ca2fb68ad6d18eaf",
                "network_interface_id": "",
                "transit_gateway_id": "",
                "vpc_endpoint_id": "",
                "vpc_peering_connection_id": ""
              }
            ],
            "tags": {
              "Name": "private-mathieu"
            },
            "tags_all": {
              "Name": "private-mathieu"
            },
            "timeouts": null,
            "vpc_id": "vpc-06a0c3e32a7152998"
          },
          "sensitive_attributes": [],
          "identity_schema_version": 0,
          "private": "eyJlMmJmYjczMC1lY2FhLTExZTYtOGY4OC0zNDM2M2JjN2M0YzAiOnsiY3JlYXRlIjozMDAwMDAwMDAwMDAsImRlbGV0ZSI6MzAwMDAwMDAwMDAwLCJ1cGRhdGUiOjEyMDAwMDAwMDAwMH19",
          "dependencies": [
            "module.vpc.aws_eip.nat",
            "module.vpc.aws_internet_gateway.igw",
            "module.vpc.aws_nat_gateway.ngw",
            "module.vpc.aws_subnet.subnet_public",
            "module.vpc.aws_vpc.vpc"
          ]
        }
      ]
    },
    {
      "module": "module.vpc",
      "mode": "managed",
      "type": "aws_route_table",
      "name": "public",
      "provider": "provider[\"registry.terraform.io/hashicorp/aws\"]",
      "instances": [
        {
          "schema_version": 0,
          "attributes": {
            "arn": "arn:aws:ec2:eu-north-1:622333992348:route-table/rtb-0be57316dd478dd37",
            "id": "rtb-0be57316dd478dd37",
            "owner_id": "622333992348",
            "propagating_vgws": [],
            "region": "eu-north-1",
            "route": [
              {
                "carrier_gateway_id": "",
                "cidr_block": "0.0.0.0/0",
                "core_network_arn": "",
                "destination_prefix_list_id": "",
                "egress_only_gateway_id": "",
                "gateway_id": "igw-02f9a7d5bcee22d25",
                "ipv6_cidr_block": "",
                "local_gateway_id": "",
                "nat_gateway_id": "",
                "network_interface_id": "",
                "transit_gateway_id": "",
                "vpc_endpoint_id": "",
                "vpc_peering_connection_id": ""
              }
            ],
            "tags": {
              "Name": "public-mathieu"
            },
            "tags_all": {
              "Name": "public-mathieu"
            },
            "timeouts": null,
            "vpc_id": "vpc-06a0c3e32a7152998"
          },
          "sensitive_attributes": [],
          "identity_schema_version": 0,
          "private": "eyJlMmJmYjczMC1lY2FhLTExZTYtOGY4OC0zNDM2M2JjN2M0YzAiOnsiY3JlYXRlIjozMDAwMDAwMDAwMDAsImRlbGV0ZSI6MzAwMDAwMDAwMDAwLCJ1cGRhdGUiOjEyMDAwMDAwMDAwMH19",
          "dependencies": [
            "module.vpc.aws_internet_gateway.igw",
            "module.vpc.aws_vpc.vpc"
          ]
        }
      ]
    },
    {
      "module": "module.vpc",
      "mode": "managed",
      "type": "aws_route_table_association",
      "name": "private",
      "provider": "provider[\"registry.terraform.io/hashicorp/aws\"]",
      "instances": [
        {
          "index_key": "subnet_private_1",
          "schema_version": 0,
          "attributes": {
            "gateway_id": "",
            "id": "rtbassoc-0b83a50cb229cca0e",
            "region": "eu-north-1",
            "route_table_id": "rtb-08023cee8a23fa109",
            "subnet_id": "subnet-0bcf5177461308374",
            "timeouts": null
          },
          "sensitive_attributes": [],
          "identity_schema_version": 0,
          "private": "eyJlMmJmYjczMC1lY2FhLTExZTYtOGY4OC0zNDM2M2JjN2M0YzAiOnsiY3JlYXRlIjozMDAwMDAwMDAwMDAsImRlbGV0ZSI6MzAwMDAwMDAwMDAwLCJ1cGRhdGUiOjEyMDAwMDAwMDAwMH19",
          "dependencies": [
            "module.vpc.aws_eip.nat",
            "module.vpc.aws_internet_gateway.igw",
            "module.vpc.aws_nat_gateway.ngw",
            "module.vpc.aws_route_table.private",
            "module.vpc.aws_subnet.subnet_private",
            "module.vpc.aws_subnet.subnet_public",
            "module.vpc.aws_vpc.vpc"
          ]
        },
        {
          "index_key": "subnet_private_2",
          "schema_version": 0,
          "attributes": {
            "gateway_id": "",
            "id": "rtbassoc-08f90743edf23ddd1",
            "region": "eu-north-1",
            "route_table_id": "rtb-08023cee8a23fa109",
            "subnet_id": "subnet-0d93b468adbf9949c",
            "timeouts": null
          },
          "sensitive_attributes": [],
          "identity_schema_version": 0,
          "private": "eyJlMmJmYjczMC1lY2FhLTExZTYtOGY4OC0zNDM2M2JjN2M0YzAiOnsiY3JlYXRlIjozMDAwMDAwMDAwMDAsImRlbGV0ZSI6MzAwMDAwMDAwMDAwLCJ1cGRhdGUiOjEyMDAwMDAwMDAwMH19",
          "dependencies": [
            "module.vpc.aws_eip.nat",
            "module.vpc.aws_internet_gateway.igw",
            "module.vpc.aws_nat_gateway.ngw",
            "module.vpc.aws_route_table.private",
            "module.vpc.aws_subnet.subnet_private",
            "module.vpc.aws_subnet.subnet_public",
            "module.vpc.aws_vpc.vpc"
          ]
        }
      ]
    },
    {
      "module": "module.vpc",
      "mode": "managed",
      "type": "aws_route_table_association",
      "name": "public",
      "provider": "provider[\"registry.terraform.io/hashicorp/aws\"]",
      "instances": [
        {
          "index_key": "subnet_public_1",
          "schema_version": 0,
          "attributes": {
            "gateway_id": "",
            "id": "rtbassoc-0a75e0d8b807dc135",
            "region": "eu-north-1",
            "route_table_id": "rtb-0be57316dd478dd37",
            "subnet_id": "subnet-0e4cd3a43e825b2e1",
            "timeouts": null
          },
          "sensitive_attributes": [],
          "identity_schema_version": 0,
          "private": "eyJlMmJmYjczMC1lY2FhLTExZTYtOGY4OC0zNDM2M2JjN2M0YzAiOnsiY3JlYXRlIjozMDAwMDAwMDAwMDAsImRlbGV0ZSI6MzAwMDAwMDAwMDAwLCJ1cGRhdGUiOjEyMDAwMDAwMDAwMH19",
          "dependencies": [
            "module.vpc.aws_internet_gateway.igw",
            "module.vpc.aws_route_table.public",
            "module.vpc.aws_subnet.subnet_public",
            "module.vpc.aws_vpc.vpc"
          ]
        },
        {
          "index_key": "subnet_public_2",
          "schema_version": 0,
          "attributes": {
            "gateway_id": "",
            "id": "rtbassoc-0f7ccf06a1b6ae0ea",
            "region": "eu-north-1",
            "route_table_id": "rtb-0be57316dd478dd37",
            "subnet_id": "subnet-095a36810005dbc25",
            "timeouts": null
          },
          "sensitive_attributes": [],
          "identity_schema_version": 0,
          "private": "eyJlMmJmYjczMC1lY2FhLTExZTYtOGY4OC0zNDM2M2JjN2M0YzAiOnsiY3JlYXRlIjozMDAwMDAwMDAwMDAsImRlbGV0ZSI6MzAwMDAwMDAwMDAwLCJ1cGRhdGUiOjEyMDAwMDAwMDAwMH19",
          "dependencies": [
            "module.vpc.aws_internet_gateway.igw",
            "module.vpc.aws_route_table.public",
            "module.vpc.aws_subnet.subnet_public",
            "module.vpc.aws_vpc.vpc"
          ]
        }
      ]
    },
    {
      "module": "module.vpc",
      "mode": "managed",
      "type": "aws_subnet",
      "name": "subnet_private",
      "provider": "provider[\"registry.terraform.io/hashicorp/aws\"]",
      "instances": [
        {
          "index_key": "subnet_private_1",
          "schema_version": 1,
          "attributes": {
            "arn": "arn:aws:ec2:eu-north-1:622333992348:subnet/subnet-0bcf5177461308374",
            "assign_ipv6_address_on_creation": false,
            "availability_zone": "eu-north-1a",
            "availability_zone_id": "eun1-az1",
            "cidr_block": "10.0.3.0/24",
            "customer_owned_ipv4_pool": "",
            "enable_dns64": false,
            "enable_lni_at_device_index": 0,
            "enable_resource_name_dns_a_record_on_launch": false,
            "enable_resource_name_dns_aaaa_record_on_launch": false,
            "id": "subnet-0bcf5177461308374",
            "ipv6_cidr_block": "",
            "ipv6_cidr_block_association_id": "",
            "ipv6_native": false,
            "map_customer_owned_ip_on_launch": false,
            "map_public_ip_on_launch": false,
            "outpost_arn": "",
            "owner_id": "622333992348",
            "private_dns_hostname_type_on_launch": "ip-name",
            "region": "eu-north-1",
            "tags": {
              "Name": "subnet_private_1"
            },
            "tags_all": {
              "Name": "subnet_private_1"
            },
            "timeouts": null,
            "vpc_id": "vpc-06a0c3e32a7152998"
          },
          "sensitive_attributes": [],
          "identity_schema_version": 0,
          "identity": {
            "account_id": "622333992348",
            "id": "subnet-0bcf5177461308374",
            "region": "eu-north-1"
          },
          "private": "eyJlMmJmYjczMC1lY2FhLTExZTYtOGY4OC0zNDM2M2JjN2M0YzAiOnsiY3JlYXRlIjo2MDAwMDAwMDAwMDAsImRlbGV0ZSI6MTIwMDAwMDAwMDAwMH0sInNjaGVtYV92ZXJzaW9uIjoiMSJ9",
          "dependencies": [
            "module.vpc.aws_vpc.vpc"
          ],
          "create_before_destroy": true
        },
        {
          "index_key": "subnet_private_2",
          "schema_version": 1,
          "attributes": {
            "arn": "arn:aws:ec2:eu-north-1:622333992348:subnet/subnet-0d93b468adbf9949c",
            "assign_ipv6_address_on_creation": false,
            "availability_zone": "eu-north-1b",
            "availability_zone_id": "eun1-az2",
            "cidr_block": "10.0.4.0/24",
            "customer_owned_ipv4_pool": "",
            "enable_dns64": false,
            "enable_lni_at_device_index": 0,
            "enable_resource_name_dns_a_record_on_launch": false,
            "enable_resource_name_dns_aaaa_record_on_launch": false,
            "id": "subnet-0d93b468adbf9949c",
            "ipv6_cidr_block": "",
            "ipv6_cidr_block_association_id": "",
            "ipv6_native": false,
            "map_customer_owned_ip_on_launch": false,
            "map_public_ip_on_launch": false,
            "outpost_arn": "",
            "owner_id": "622333992348",
            "private_dns_hostname_type_on_launch": "ip-name",
            "region": "eu-north-1",
            "tags": {
              "Name": "subnet_private_2"
            },
            "tags_all": {
              "Name": "subnet_private_2"
            },
            "timeouts": null,
            "vpc_id": "vpc-06a0c3e32a7152998"
          },
          "sensitive_attributes": [],
          "identity_schema_version": 0,
          "identity": {
            "account_id": "622333992348",
            "id": "subnet-0d93b468adbf9949c",
            "region": "eu-north-1"
          },
          "private": "eyJlMmJmYjczMC1lY2FhLTExZTYtOGY4OC0zNDM2M2JjN2M0YzAiOnsiY3JlYXRlIjo2MDAwMDAwMDAwMDAsImRlbGV0ZSI6MTIwMDAwMDAwMDAwMH0sInNjaGVtYV92ZXJzaW9uIjoiMSJ9",
          "dependencies": [
            "module.vpc.aws_vpc.vpc"
          ],
          "create_before_destroy": true
        }
      ]
    },
    {
      "module": "module.vpc",
      "mode": "managed",
      "type": "aws_subnet",
      "name": "subnet_public",
      "provider": "provider[\"registry.terraform.io/hashicorp/aws\"]",
      "instances": [
        {
          "index_key": "subnet_public_1",
          "schema_version": 1,
          "attributes": {
            "arn": "arn:aws:ec2:eu-north-1:622333992348:subnet/subnet-0e4cd3a43e825b2e1",
            "assign_ipv6_address_on_creation": false,
            "availability_zone": "eu-north-1a",
            "availability_zone_id": "eun1-az1",
            "cidr_block": "10.0.1.0/24",
            "customer_owned_ipv4_pool": "",
            "enable_dns64": false,
            "enable_lni_at_device_index": 0,
            "enable_resource_name_dns_a_record_on_launch": false,
            "enable_resource_name_dns_aaaa_record_on_launch": false,
            "id": "subnet-0e4cd3a43e825b2e1",
            "ipv6_cidr_block": "",
            "ipv6_cidr_block_association_id": "",
            "ipv6_native": false,
            "map_customer_owned_ip_on_launch": false,
            "map_public_ip_on_launch": true,
            "outpost_arn": "",
            "owner_id": "622333992348",
            "private_dns_hostname_type_on_launch": "ip-name",
            "region": "eu-north-1",
            "tags": {
              "Name": "subnet_public_1"
            },
            "tags_all": {
              "Name": "subnet_public_1"
            },
            "timeouts": null,
            "vpc_id": "vpc-06a0c3e32a7152998"
          },
          "sensitive_attributes": [],
          "identity_schema_version": 0,
          "identity": {
            "account_id": "622333992348",
            "id": "subnet-0e4cd3a43e825b2e1",
            "region": "eu-north-1"
          },
          "private": "eyJlMmJmYjczMC1lY2FhLTExZTYtOGY4OC0zNDM2M2JjN2M0YzAiOnsiY3JlYXRlIjo2MDAwMDAwMDAwMDAsImRlbGV0ZSI6MTIwMDAwMDAwMDAwMH0sInNjaGVtYV92ZXJzaW9uIjoiMSJ9",
          "dependencies": [
            "module.vpc.aws_vpc.vpc"
          ]
        },
        {
          "index_key": "subnet_public_2",
          "schema_version": 1,
          "attributes": {
            "arn": "arn:aws:ec2:eu-north-1:622333992348:subnet/subnet-095a36810005dbc25",
            "assign_ipv6_address_on_creation": false,
            "availability_zone": "eu-north-1b",
            "availability_zone_id": "eun1-az2",
            "cidr_block": "10.0.2.0/24",
            "customer_owned_ipv4_pool": "",
            "enable_dns64": false,
            "enable_lni_at_device_index": 0,
            "enable_resource_name_dns_a_record_on_launch": false,
            "enable_resource_name_dns_aaaa_record_on_launch": false,
            "id": "subnet-095a36810005dbc25",
            "ipv6_cidr_block": "",
            "ipv6_cidr_block_association_id": "",
            "ipv6_native": false,
            "map_customer_owned_ip_on_launch": false,
            "map_public_ip_on_launch": true,
            "outpost_arn": "",
            "owner_id": "622333992348",
            "private_dns_hostname_type_on_launch": "ip-name",
            "region": "eu-north-1",
            "tags": {
              "Name": "subnet_public_2"
            },
            "tags_all": {
              "Name": "subnet_public_2"
            },
            "timeouts": null,
            "vpc_id": "vpc-06a0c3e32a7152998"
          },
          "sensitive_attributes": [],
          "identity_schema_version": 0,
          "identity": {
            "account_id": "622333992348",
            "id": "subnet-095a36810005dbc25",
            "region": "eu-north-1"
          },
          "private": "eyJlMmJmYjczMC1lY2FhLTExZTYtOGY4OC0zNDM2M2JjN2M0YzAiOnsiY3JlYXRlIjo2MDAwMDAwMDAwMDAsImRlbGV0ZSI6MTIwMDAwMDAwMDAwMH0sInNjaGVtYV92ZXJzaW9uIjoiMSJ9",
          "dependencies": [
            "module.vpc.aws_vpc.vpc"
          ]
        }
      ]
    },
    {
      "module": "module.vpc",
      "mode": "managed",
      "type": "aws_vpc",
      "name": "vpc",
      "provider": "provider[\"registry.terraform.io/hashicorp/aws\"]",
      "instances": [
        {
          "schema_version": 1,
          "attributes": {
            "arn": "arn:aws:ec2:eu-north-1:622333992348:vpc/vpc-06a0c3e32a7152998",
            "assign_generated_ipv6_cidr_block": false,
            "cidr_block": "10.0.0.0/16",
            "default_network_acl_id": "acl-07e208862c1e1c09f",
            "default_route_table_id": "rtb-036079c79d8b27247",
            "default_security_group_id": "sg-0bdd9b00a4920d0a4",
            "dhcp_options_id": "dopt-0e5afec668df5d1d7",
            "enable_dns_hostnames": true,
            "enable_dns_support": true,
            "enable_network_address_usage_metrics": false,
            "id": "vpc-06a0c3e32a7152998",
            "instance_tenancy": "default",
            "ipv4_ipam_pool_id": null,
            "ipv4_netmask_length": null,
            "ipv6_association_id": "",
            "ipv6_cidr_block": "",
            "ipv6_cidr_block_network_border_group": "",
            "ipv6_ipam_pool_id": "",
            "ipv6_netmask_length": 0,
            "main_route_table_id": "rtb-036079c79d8b27247",
            "owner_id": "622333992348",
            "region": "eu-north-1",
            "tags": {
              "Name": "vpc-mathieu"
            },
            "tags_all": {
              "Name": "vpc-mathieu"
            }
          },
          "sensitive_attributes": [],
          "identity_schema_version": 0,
          "private": "eyJzY2hlbWFfdmVyc2lvbiI6IjEifQ==",
          "create_before_destroy": true
        }
      ]
    }
  ],
  "check_results": [
    {
      "object_kind": "var",
      "config_addr": "var.environment",
      "status": "pass",
      "objects": [
        {
          "object_addr": "var.environment",
          "status": "pass"
        }
      ]
    }
  ]
}
