{
  "version": 4,
  "terraform_version": "1.15.0",
  "serial": 480,
  "lineage": "ad8de5d4-eac7-0567-a17b-ec9c10d5199c",
  "outputs": {},
  "resources": [
    {
      "module": "module.alb",
      "mode": "managed",
      "type": "aws_lb",
      "name": "prod",
      "provider": "provider[\"registry.terraform.io/hashicorp/aws\"]",
      "instances": [
        {
          "schema_version": 0,
          "attributes": {
            "access_logs": [
              {
                "bucket": "devops-project-group1-logs-staging",
                "enabled": true,
                "prefix": "alb"
              }
            ],
            "arn": "arn:aws:elasticloadbalancing:eu-south-2:622333992348:loadbalancer/app/W2A1-alb-staging/b7471a51f0bd171c",
            "arn_suffix": "app/W2A1-alb-staging/b7471a51f0bd171c",
            "client_keep_alive": 3600,
            "connection_logs": [
              {
                "bucket": "",
                "enabled": false,
                "prefix": ""
              }
            ],
            "customer_owned_ipv4_pool": "",
            "desync_mitigation_mode": "defensive",
            "dns_name": "W2A1-alb-staging-1815909041.eu-south-2.elb.amazonaws.com",
            "dns_record_client_routing_policy": null,
            "drop_invalid_header_fields": false,
            "enable_cross_zone_load_balancing": true,
            "enable_deletion_protection": false,
            "enable_http2": true,
            "enable_tls_version_and_cipher_suite_headers": false,
            "enable_waf_fail_open": false,
            "enable_xff_client_port": false,
            "enable_zonal_shift": false,
            "enforce_security_group_inbound_rules_on_private_link_traffic": "",
            "id": "arn:aws:elasticloadbalancing:eu-south-2:622333992348:loadbalancer/app/W2A1-alb-staging/b7471a51f0bd171c",
            "idle_timeout": 60,
            "internal": false,
            "ip_address_type": "ipv4",
            "ipam_pools": [],
            "load_balancer_type": "application",
            "minimum_load_balancer_capacity": [],
            "name": "W2A1-alb-staging",
            "name_prefix": "",
            "preserve_host_header": false,
            "region": "eu-south-2",
            "security_groups": [
              "sg-0841d2e9036728ba7"
            ],
            "subnet_mapping": [
              {
                "allocation_id": "",
                "ipv6_address": "",
                "outpost_id": "",
                "private_ipv4_address": "",
                "subnet_id": "subnet-09545c7e78326bf3c"
              },
              {
                "allocation_id": "",
                "ipv6_address": "",
                "outpost_id": "",
                "private_ipv4_address": "",
                "subnet_id": "subnet-0af159aa1b8840a95"
              }
            ],
            "subnets": [
              "subnet-09545c7e78326bf3c",
              "subnet-0af159aa1b8840a95"
            ],
            "tags": {
              "Env": "staging",
              "Name": "W2A1-alb-staging"
            },
            "tags_all": {
              "Env": "staging",
              "Name": "W2A1-alb-staging"
            },
            "timeouts": null,
            "vpc_id": "vpc-089f3031ec1876366",
            "xff_header_processing_mode": "append",
            "zone_id": "Z0956581394HF5D5LXGAP"
          },
          "sensitive_attributes": [],
          "identity_schema_version": 0,
          "identity": {
            "arn": "arn:aws:elasticloadbalancing:eu-south-2:622333992348:loadbalancer/app/W2A1-alb-staging/b7471a51f0bd171c"
          },
          "private": "eyJlMmJmYjczMC1lY2FhLTExZTYtOGY4OC0zNDM2M2JjN2M0YzAiOnsiY3JlYXRlIjo2MDAwMDAwMDAwMDAsImRlbGV0ZSI6NjAwMDAwMDAwMDAwLCJ1cGRhdGUiOjYwMDAwMDAwMDAwMH19",
          "dependencies": [
            "module.alb.aws_security_group.alb",
            "module.s3_logs.aws_s3_bucket.logs",
            "module.s3_logs.aws_s3_bucket_lifecycle_configuration.logs",
            "module.s3_logs.aws_s3_bucket_ownership_controls.logs",
            "module.s3_logs.aws_s3_bucket_policy.logs",
            "module.s3_logs.aws_s3_bucket_public_access_block.logs",
            "module.s3_logs.aws_s3_bucket_server_side_encryption_configuration.logs",
            "module.s3_logs.data.aws_caller_identity.current",
            "module.s3_logs.data.aws_iam_policy_document.alb_access_logs",
            "module.s3_logs.data.aws_region.current",
            "module.vpc.aws_subnet.subnet_public",
            "module.vpc.aws_vpc.vpc"
          ]
        }
      ]
    },
    {
      "module": "module.alb",
      "mode": "managed",
      "type": "aws_lb_listener",
      "name": "http",
      "provider": "provider[\"registry.terraform.io/hashicorp/aws\"]",
      "instances": [
        {
          "schema_version": 0,
          "attributes": {
            "alpn_policy": null,
            "arn": "arn:aws:elasticloadbalancing:eu-south-2:622333992348:listener/app/W2A1-alb-staging/b7471a51f0bd171c/00a33b118ecf7009",
            "certificate_arn": null,
            "default_action": [
              {
                "authenticate_cognito": [],
                "authenticate_oidc": [],
                "fixed_response": [],
                "forward": [],
                "order": 1,
                "redirect": [],
                "target_group_arn": "arn:aws:elasticloadbalancing:eu-south-2:622333992348:targetgroup/W2A1-tg-staging/89a8e28c02b5fd2e",
                "type": "forward"
              }
            ],
            "id": "arn:aws:elasticloadbalancing:eu-south-2:622333992348:listener/app/W2A1-alb-staging/b7471a51f0bd171c/00a33b118ecf7009",
            "load_balancer_arn": "arn:aws:elasticloadbalancing:eu-south-2:622333992348:loadbalancer/app/W2A1-alb-staging/b7471a51f0bd171c",
            "mutual_authentication": [],
            "port": 80,
            "protocol": "HTTP",
            "region": "eu-south-2",
            "routing_http_request_x_amzn_mtls_clientcert_header_name": null,
            "routing_http_request_x_amzn_mtls_clientcert_issuer_header_name": null,
            "routing_http_request_x_amzn_mtls_clientcert_leaf_header_name": null,
            "routing_http_request_x_amzn_mtls_clientcert_serial_number_header_name": null,
            "routing_http_request_x_amzn_mtls_clientcert_subject_header_name": null,
            "routing_http_request_x_amzn_mtls_clientcert_validity_header_name": null,
            "routing_http_request_x_amzn_tls_cipher_suite_header_name": null,
            "routing_http_request_x_amzn_tls_version_header_name": null,
            "routing_http_response_access_control_allow_credentials_header_value": "",
            "routing_http_response_access_control_allow_headers_header_value": "",
            "routing_http_response_access_control_allow_methods_header_value": "",
            "routing_http_response_access_control_allow_origin_header_value": "",
            "routing_http_response_access_control_expose_headers_header_value": "",
            "routing_http_response_access_control_max_age_header_value": "",
            "routing_http_response_content_security_policy_header_value": "",
            "routing_http_response_server_enabled": true,
            "routing_http_response_strict_transport_security_header_value": "",
            "routing_http_response_x_content_type_options_header_value": "",
            "routing_http_response_x_frame_options_header_value": "",
            "ssl_policy": "",
            "tags": {},
            "tags_all": {},
            "tcp_idle_timeout_seconds": null,
            "timeouts": null
          },
          "sensitive_attributes": [],
          "identity_schema_version": 0,
          "identity": {
            "arn": "arn:aws:elasticloadbalancing:eu-south-2:622333992348:listener/app/W2A1-alb-staging/b7471a51f0bd171c/00a33b118ecf7009"
          },
          "private": "eyJlMmJmYjczMC1lY2FhLTExZTYtOGY4OC0zNDM2M2JjN2M0YzAiOnsiY3JlYXRlIjozMDAwMDAwMDAwMDAsInVwZGF0ZSI6MzAwMDAwMDAwMDAwfX0=",
          "dependencies": [
            "module.alb.aws_lb.prod",
            "module.alb.aws_lb_target_group.prod",
            "module.alb.aws_security_group.alb",
            "module.s3_logs.aws_s3_bucket.logs",
            "module.s3_logs.aws_s3_bucket_lifecycle_configuration.logs",
            "module.s3_logs.aws_s3_bucket_ownership_controls.logs",
            "module.s3_logs.aws_s3_bucket_policy.logs",
            "module.s3_logs.aws_s3_bucket_public_access_block.logs",
            "module.s3_logs.aws_s3_bucket_server_side_encryption_configuration.logs",
            "module.s3_logs.data.aws_caller_identity.current",
            "module.s3_logs.data.aws_iam_policy_document.alb_access_logs",
            "module.s3_logs.data.aws_region.current",
            "module.vpc.aws_subnet.subnet_public",
            "module.vpc.aws_vpc.vpc"
          ]
        }
      ]
    },
    {
      "module": "module.alb",
      "mode": "managed",
      "type": "aws_lb_target_group",
      "name": "prod",
      "provider": "provider[\"registry.terraform.io/hashicorp/aws\"]",
      "instances": [
        {
          "schema_version": 0,
          "attributes": {
            "arn": "arn:aws:elasticloadbalancing:eu-south-2:622333992348:targetgroup/W2A1-tg-staging/89a8e28c02b5fd2e",
            "arn_suffix": "targetgroup/W2A1-tg-staging/89a8e28c02b5fd2e",
            "connection_termination": null,
            "deregistration_delay": "300",
            "health_check": [
              {
                "enabled": true,
                "healthy_threshold": 2,
                "interval": 30,
                "matcher": "200",
                "path": "/health",
                "port": "traffic-port",
                "protocol": "HTTP",
                "timeout": 5,
                "unhealthy_threshold": 2
              }
            ],
            "id": "arn:aws:elasticloadbalancing:eu-south-2:622333992348:targetgroup/W2A1-tg-staging/89a8e28c02b5fd2e",
            "ip_address_type": "ipv4",
            "lambda_multi_value_headers_enabled": false,
            "load_balancer_arns": [
              "arn:aws:elasticloadbalancing:eu-south-2:622333992348:loadbalancer/app/W2A1-alb-staging/b7471a51f0bd171c"
            ],
            "load_balancing_algorithm_type": "round_robin",
            "load_balancing_anomaly_mitigation": "off",
            "load_balancing_cross_zone_enabled": "use_load_balancer_configuration",
            "name": "W2A1-tg-staging",
            "name_prefix": "",
            "port": 80,
            "preserve_client_ip": null,
            "protocol": "HTTP",
            "protocol_version": "HTTP1",
            "proxy_protocol_v2": false,
            "region": "eu-south-2",
            "slow_start": 0,
            "stickiness": [
              {
                "cookie_duration": 86400,
                "cookie_name": "",
                "enabled": false,
                "type": "lb_cookie"
              }
            ],
            "tags": {
              "Env": "staging",
              "Name": "W2A1-tg-staging"
            },
            "tags_all": {
              "Env": "staging",
              "Name": "W2A1-tg-staging"
            },
            "target_failover": [
              {
                "on_deregistration": null,
                "on_unhealthy": null
              }
            ],
            "target_group_health": [
              {
                "dns_failover": [
                  {
                    "minimum_healthy_targets_count": "1",
                    "minimum_healthy_targets_percentage": "off"
                  }
                ],
                "unhealthy_state_routing": [
                  {
                    "minimum_healthy_targets_count": 1,
                    "minimum_healthy_targets_percentage": "off"
                  }
                ]
              }
            ],
            "target_health_state": [
              {
                "enable_unhealthy_connection_termination": null,
                "unhealthy_draining_interval": null
              }
            ],
            "target_type": "instance",
            "vpc_id": "vpc-089f3031ec1876366"
          },
          "sensitive_attributes": [],
          "identity_schema_version": 0,
          "identity": {
            "arn": "arn:aws:elasticloadbalancing:eu-south-2:622333992348:targetgroup/W2A1-tg-staging/89a8e28c02b5fd2e"
          },
          "private": "bnVsbA==",
          "dependencies": [
            "module.s3_logs.aws_s3_bucket.logs",
            "module.s3_logs.aws_s3_bucket_lifecycle_configuration.logs",
            "module.s3_logs.aws_s3_bucket_ownership_controls.logs",
            "module.s3_logs.aws_s3_bucket_policy.logs",
            "module.s3_logs.aws_s3_bucket_public_access_block.logs",
            "module.s3_logs.aws_s3_bucket_server_side_encryption_configuration.logs",
            "module.s3_logs.data.aws_caller_identity.current",
            "module.s3_logs.data.aws_iam_policy_document.alb_access_logs",
            "module.s3_logs.data.aws_region.current",
            "module.vpc.aws_vpc.vpc"
          ],
          "create_before_destroy": true
        }
      ]
    },
    {
      "module": "module.alb",
      "mode": "managed",
      "type": "aws_security_group",
      "name": "alb",
      "provider": "provider[\"registry.terraform.io/hashicorp/aws\"]",
      "instances": [
        {
          "schema_version": 1,
          "attributes": {
            "arn": "arn:aws:ec2:eu-south-2:622333992348:security-group/sg-0841d2e9036728ba7",
            "description": "ALB STAGING - HTTP from internet, outbound to VPC",
            "egress": [
              {
                "cidr_blocks": [
                  "0.0.0.0/0"
                ],
                "description": "",
                "from_port": 0,
                "ipv6_cidr_blocks": [],
                "prefix_list_ids": [],
                "protocol": "-1",
                "security_groups": [],
                "self": false,
                "to_port": 0
              }
            ],
            "id": "sg-0841d2e9036728ba7",
            "ingress": [
              {
                "cidr_blocks": [
                  "0.0.0.0/0"
                ],
                "description": "HTTP from internet",
                "from_port": 80,
                "ipv6_cidr_blocks": [],
                "prefix_list_ids": [],
                "protocol": "tcp",
                "security_groups": [],
                "self": false,
                "to_port": 80
              }
            ],
            "name": "W2A1-tsg-alb-staging",
            "name_prefix": "",
            "owner_id": "622333992348",
            "region": "eu-south-2",
            "revoke_rules_on_delete": false,
            "tags": {
              "Env": "staging",
              "Name": "W2A1-tsg-alb-staging"
            },
            "tags_all": {
              "Env": "staging",
              "Name": "W2A1-tsg-alb-staging"
            },
            "timeouts": null,
            "vpc_id": "vpc-089f3031ec1876366"
          },
          "sensitive_attributes": [],
          "identity_schema_version": 0,
          "identity": {
            "account_id": "622333992348",
            "id": "sg-0841d2e9036728ba7",
            "region": "eu-south-2"
          },
          "private": "eyJlMmJmYjczMC1lY2FhLTExZTYtOGY4OC0zNDM2M2JjN2M0YzAiOnsiY3JlYXRlIjo2MDAwMDAwMDAwMDAsImRlbGV0ZSI6OTAwMDAwMDAwMDAwfSwic2NoZW1hX3ZlcnNpb24iOiIxIn0=",
          "dependencies": [
            "module.s3_logs.aws_s3_bucket.logs",
            "module.s3_logs.aws_s3_bucket_lifecycle_configuration.logs",
            "module.s3_logs.aws_s3_bucket_ownership_controls.logs",
            "module.s3_logs.aws_s3_bucket_policy.logs",
            "module.s3_logs.aws_s3_bucket_public_access_block.logs",
            "module.s3_logs.aws_s3_bucket_server_side_encryption_configuration.logs",
            "module.s3_logs.data.aws_caller_identity.current",
            "module.s3_logs.data.aws_iam_policy_document.alb_access_logs",
            "module.s3_logs.data.aws_region.current",
            "module.vpc.aws_vpc.vpc"
          ]
        }
      ]
    },
    {
      "module": "module.cloudwatch",
      "mode": "managed",
      "type": "aws_cloudwatch_log_group",
      "name": "app",
      "provider": "provider[\"registry.terraform.io/hashicorp/aws\"]",
      "instances": [
        {
          "schema_version": 0,
          "attributes": {
            "arn": "arn:aws:logs:eu-south-2:622333992348:log-group:/group1/staging/app",
            "id": "/group1/staging/app",
            "kms_key_id": "",
            "log_group_class": "STANDARD",
            "name": "/group1/staging/app",
            "name_prefix": "",
            "region": "eu-south-2",
            "retention_in_days": 14,
            "skip_destroy": false,
            "tags": {
              "Env": "staging",
              "Name": "staging-app-logs"
            },
            "tags_all": {
              "Env": "staging",
              "Name": "staging-app-logs"
            }
          },
          "sensitive_attributes": [],
          "identity_schema_version": 0,
          "identity": {
            "account_id": "622333992348",
            "name": "/group1/staging/app",
            "region": "eu-south-2"
          },
          "private": "bnVsbA==",
          "create_before_destroy": true
        }
      ]
    },
    {
      "module": "module.cloudwatch",
      "mode": "managed",
      "type": "aws_cloudwatch_log_group",
      "name": "system",
      "provider": "provider[\"registry.terraform.io/hashicorp/aws\"]",
      "instances": [
        {
          "schema_version": 0,
          "attributes": {
            "arn": "arn:aws:logs:eu-south-2:622333992348:log-group:/group1/staging/system",
            "id": "/group1/staging/system",
            "kms_key_id": "",
            "log_group_class": "STANDARD",
            "name": "/group1/staging/system",
            "name_prefix": "",
            "region": "eu-south-2",
            "retention_in_days": 14,
            "skip_destroy": false,
            "tags": {
              "Env": "staging",
              "Name": "staging-system-logs"
            },
            "tags_all": {
              "Env": "staging",
              "Name": "staging-system-logs"
            }
          },
          "sensitive_attributes": [],
          "identity_schema_version": 0,
          "identity": {
            "account_id": "622333992348",
            "name": "/group1/staging/system",
            "region": "eu-south-2"
          },
          "private": "bnVsbA==",
          "create_before_destroy": true
        }
      ]
    },
    {
      "module": "module.cloudwatch",
      "mode": "managed",
      "type": "aws_cloudwatch_metric_alarm",
      "name": "alb_5xx_high",
      "provider": "provider[\"registry.terraform.io/hashicorp/aws\"]",
      "instances": [
        {
          "schema_version": 1,
          "attributes": {
            "actions_enabled": true,
            "alarm_actions": [
              "arn:aws:sns:eu-south-2:622333992348:staging-monitoring-alerts"
            ],
            "alarm_description": "ALB target 5xx errors are above 5 per minute",
            "alarm_name": "staging-alb-target-5xx-high",
            "arn": "arn:aws:cloudwatch:eu-south-2:622333992348:alarm:staging-alb-target-5xx-high",
            "comparison_operator": "GreaterThanThreshold",
            "datapoints_to_alarm": 1,
            "dimensions": {
              "LoadBalancer": "app/W2A1-alb-staging/b7471a51f0bd171c",
              "TargetGroup": "targetgroup/W2A1-tg-staging/89a8e28c02b5fd2e"
            },
            "evaluate_low_sample_count_percentiles": "",
            "evaluation_periods": 1,
            "extended_statistic": "",
            "id": "staging-alb-target-5xx-high",
            "insufficient_data_actions": null,
            "metric_name": "HTTPCode_Target_5XX_Count",
            "metric_query": [],
            "namespace": "AWS/ApplicationELB",
            "ok_actions": [
              "arn:aws:sns:eu-south-2:622333992348:staging-monitoring-alerts"
            ],
            "period": 60,
            "region": "eu-south-2",
            "statistic": "Sum",
            "tags": {
              "Env": "staging",
              "Name": "staging-alb-target-5xx-high"
            },
            "tags_all": {
              "Env": "staging",
              "Name": "staging-alb-target-5xx-high"
            },
            "threshold": 5,
            "threshold_metric_id": "",
            "treat_missing_data": "notBreaching",
            "unit": ""
          },
          "sensitive_attributes": [],
          "identity_schema_version": 0,
          "identity": {
            "account_id": "622333992348",
            "alarm_name": "staging-alb-target-5xx-high",
            "region": "eu-south-2"
          },
          "private": "eyJzY2hlbWFfdmVyc2lvbiI6IjEifQ==",
          "dependencies": [
            "module.alb.aws_lb.prod",
            "module.alb.aws_lb_target_group.prod",
            "module.alb.aws_security_group.alb",
            "module.cloudwatch.aws_sns_topic.alarms",
            "module.s3_logs.aws_s3_bucket.logs",
            "module.s3_logs.aws_s3_bucket_lifecycle_configuration.logs",
            "module.s3_logs.aws_s3_bucket_ownership_controls.logs",
            "module.s3_logs.aws_s3_bucket_policy.logs",
            "module.s3_logs.aws_s3_bucket_public_access_block.logs",
            "module.s3_logs.aws_s3_bucket_server_side_encryption_configuration.logs",
            "module.s3_logs.data.aws_caller_identity.current",
            "module.s3_logs.data.aws_iam_policy_document.alb_access_logs",
            "module.s3_logs.data.aws_region.current",
            "module.vpc.aws_subnet.subnet_public",
            "module.vpc.aws_vpc.vpc"
          ]
        }
      ]
    },
    {
      "module": "module.cloudwatch",
      "mode": "managed",
      "type": "aws_cloudwatch_metric_alarm",
      "name": "alb_response_time_high",
      "provider": "provider[\"registry.terraform.io/hashicorp/aws\"]",
      "instances": [
        {
          "schema_version": 1,
          "attributes": {
            "actions_enabled": true,
            "alarm_actions": [
              "arn:aws:sns:eu-south-2:622333992348:staging-monitoring-alerts"
            ],
            "alarm_description": "ALB target response time is above 2 seconds for 5 minutes",
            "alarm_name": "staging-alb-target-response-time-high",
            "arn": "arn:aws:cloudwatch:eu-south-2:622333992348:alarm:staging-alb-target-response-time-high",
            "comparison_operator": "GreaterThanThreshold",
            "datapoints_to_alarm": 5,
            "dimensions": {
              "LoadBalancer": "app/W2A1-alb-staging/b7471a51f0bd171c",
              "TargetGroup": "targetgroup/W2A1-tg-staging/89a8e28c02b5fd2e"
            },
            "evaluate_low_sample_count_percentiles": "",
            "evaluation_periods": 5,
            "extended_statistic": "",
            "id": "staging-alb-target-response-time-high",
            "insufficient_data_actions": null,
            "metric_name": "TargetResponseTime",
            "metric_query": [],
            "namespace": "AWS/ApplicationELB",
            "ok_actions": [
              "arn:aws:sns:eu-south-2:622333992348:staging-monitoring-alerts"
            ],
            "period": 60,
            "region": "eu-south-2",
            "statistic": "Average",
            "tags": {
              "Env": "staging",
              "Name": "staging-alb-target-response-time-high"
            },
            "tags_all": {
              "Env": "staging",
              "Name": "staging-alb-target-response-time-high"
            },
            "threshold": 2,
            "threshold_metric_id": "",
            "treat_missing_data": "notBreaching",
            "unit": ""
          },
          "sensitive_attributes": [],
          "identity_schema_version": 0,
          "identity": {
            "account_id": "622333992348",
            "alarm_name": "staging-alb-target-response-time-high",
            "region": "eu-south-2"
          },
          "private": "eyJzY2hlbWFfdmVyc2lvbiI6IjEifQ==",
          "dependencies": [
            "module.alb.aws_lb.prod",
            "module.alb.aws_lb_target_group.prod",
            "module.alb.aws_security_group.alb",
            "module.cloudwatch.aws_sns_topic.alarms",
            "module.s3_logs.aws_s3_bucket.logs",
            "module.s3_logs.aws_s3_bucket_lifecycle_configuration.logs",
            "module.s3_logs.aws_s3_bucket_ownership_controls.logs",
            "module.s3_logs.aws_s3_bucket_policy.logs",
            "module.s3_logs.aws_s3_bucket_public_access_block.logs",
            "module.s3_logs.aws_s3_bucket_server_side_encryption_configuration.logs",
            "module.s3_logs.data.aws_caller_identity.current",
            "module.s3_logs.data.aws_iam_policy_document.alb_access_logs",
            "module.s3_logs.data.aws_region.current",
            "module.vpc.aws_subnet.subnet_public",
            "module.vpc.aws_vpc.vpc"
          ]
        }
      ]
    },
    {
      "module": "module.cloudwatch",
      "mode": "managed",
      "type": "aws_cloudwatch_metric_alarm",
      "name": "cpu_high",
      "provider": "provider[\"registry.terraform.io/hashicorp/aws\"]",
      "instances": [
        {
          "schema_version": 1,
          "attributes": {
            "actions_enabled": true,
            "alarm_actions": [
              "arn:aws:sns:eu-south-2:622333992348:staging-monitoring-alerts"
            ],
            "alarm_description": "CPU utilization is above 80 percent for 5 minutes",
            "alarm_name": "staging-cpu-utilization-high",
            "arn": "arn:aws:cloudwatch:eu-south-2:622333992348:alarm:staging-cpu-utilization-high",
            "comparison_operator": "GreaterThanThreshold",
            "datapoints_to_alarm": 5,
            "dimensions": {
              "AutoScalingGroupName": "asg-staging"
            },
            "evaluate_low_sample_count_percentiles": "",
            "evaluation_periods": 5,
            "extended_statistic": "",
            "id": "staging-cpu-utilization-high",
            "insufficient_data_actions": null,
            "metric_name": "CPUUtilization",
            "metric_query": [],
            "namespace": "AWS/EC2",
            "ok_actions": [
              "arn:aws:sns:eu-south-2:622333992348:staging-monitoring-alerts"
            ],
            "period": 60,
            "region": "eu-south-2",
            "statistic": "Average",
            "tags": {
              "Env": "staging",
              "Name": "staging-cpu-utilization-high"
            },
            "tags_all": {
              "Env": "staging",
              "Name": "staging-cpu-utilization-high"
            },
            "threshold": 80,
            "threshold_metric_id": "",
            "treat_missing_data": "missing",
            "unit": ""
          },
          "sensitive_attributes": [],
          "identity_schema_version": 0,
          "identity": {
            "account_id": "622333992348",
            "alarm_name": "staging-cpu-utilization-high",
            "region": "eu-south-2"
          },
          "private": "eyJzY2hlbWFfdmVyc2lvbiI6IjEifQ==",
          "dependencies": [
            "module.cloudwatch.aws_sns_topic.alarms"
          ]
        }
      ]
    },
    {
      "module": "module.cloudwatch",
      "mode": "managed",
      "type": "aws_cloudwatch_metric_alarm",
      "name": "memory_high",
      "provider": "provider[\"registry.terraform.io/hashicorp/aws\"]",
      "instances": [
        {
          "schema_version": 1,
          "attributes": {
            "actions_enabled": true,
            "alarm_actions": [
              "arn:aws:sns:eu-south-2:622333992348:staging-monitoring-alerts"
            ],
            "alarm_description": "Memory utilization is above 85 percent for 5 minutes",
            "alarm_name": "staging-memory-utilization-high",
            "arn": "arn:aws:cloudwatch:eu-south-2:622333992348:alarm:staging-memory-utilization-high",
            "comparison_operator": "GreaterThanThreshold",
            "datapoints_to_alarm": 5,
            "dimensions": {
              "AutoScalingGroupName": "asg-staging"
            },
            "evaluate_low_sample_count_percentiles": "",
            "evaluation_periods": 5,
            "extended_statistic": "",
            "id": "staging-memory-utilization-high",
            "insufficient_data_actions": null,
            "metric_name": "mem_used_percent",
            "metric_query": [],
            "namespace": "CWAgent",
            "ok_actions": [
              "arn:aws:sns:eu-south-2:622333992348:staging-monitoring-alerts"
            ],
            "period": 60,
            "region": "eu-south-2",
            "statistic": "Average",
            "tags": {
              "Env": "staging",
              "Name": "staging-memory-utilization-high"
            },
            "tags_all": {
              "Env": "staging",
              "Name": "staging-memory-utilization-high"
            },
            "threshold": 85,
            "threshold_metric_id": "",
            "treat_missing_data": "missing",
            "unit": ""
          },
          "sensitive_attributes": [],
          "identity_schema_version": 0,
          "identity": {
            "account_id": "622333992348",
            "alarm_name": "staging-memory-utilization-high",
            "region": "eu-south-2"
          },
          "private": "eyJzY2hlbWFfdmVyc2lvbiI6IjEifQ==",
          "dependencies": [
            "module.cloudwatch.aws_sns_topic.alarms"
          ]
        }
      ]
    },
    {
      "module": "module.cloudwatch",
      "mode": "managed",
      "type": "aws_sns_topic",
      "name": "alarms",
      "provider": "provider[\"registry.terraform.io/hashicorp/aws\"]",
      "instances": [
        {
          "schema_version": 0,
          "attributes": {
            "application_failure_feedback_role_arn": "",
            "application_success_feedback_role_arn": "",
            "application_success_feedback_sample_rate": 0,
            "archive_policy": "",
            "arn": "arn:aws:sns:eu-south-2:622333992348:staging-monitoring-alerts",
            "beginning_archive_time": "",
            "content_based_deduplication": false,
            "delivery_policy": "",
            "display_name": "",
            "fifo_throughput_scope": "",
            "fifo_topic": false,
            "firehose_failure_feedback_role_arn": "",
            "firehose_success_feedback_role_arn": "",
            "firehose_success_feedback_sample_rate": 0,
            "http_failure_feedback_role_arn": "",
            "http_success_feedback_role_arn": "",
            "http_success_feedback_sample_rate": 0,
            "id": "arn:aws:sns:eu-south-2:622333992348:staging-monitoring-alerts",
            "kms_master_key_id": "",
            "lambda_failure_feedback_role_arn": "",
            "lambda_success_feedback_role_arn": "",
            "lambda_success_feedback_sample_rate": 0,
            "name": "staging-monitoring-alerts",
            "name_prefix": "",
            "owner": "622333992348",
            "policy": "{\"Id\":\"__default_policy_ID\",\"Statement\":[{\"Action\":[\"SNS:GetTopicAttributes\",\"SNS:SetTopicAttributes\",\"SNS:AddPermission\",\"SNS:RemovePermission\",\"SNS:DeleteTopic\",\"SNS:Subscribe\",\"SNS:ListSubscriptionsByTopic\",\"SNS:Publish\"],\"Condition\":{\"StringEquals\":{\"AWS:SourceOwner\":\"622333992348\"}},\"Effect\":\"Allow\",\"Principal\":{\"AWS\":\"*\"},\"Resource\":\"arn:aws:sns:eu-south-2:622333992348:staging-monitoring-alerts\",\"Sid\":\"__default_statement_ID\"}],\"Version\":\"2008-10-17\"}",
            "region": "eu-south-2",
            "signature_version": 0,
            "sqs_failure_feedback_role_arn": "",
            "sqs_success_feedback_role_arn": "",
            "sqs_success_feedback_sample_rate": 0,
            "tags": {
              "Env": "staging",
              "Name": "staging-monitoring-alerts"
            },
            "tags_all": {
              "Env": "staging",
              "Name": "staging-monitoring-alerts"
            },
            "tracing_config": ""
          },
          "sensitive_attributes": [],
          "identity_schema_version": 0,
          "identity": {
            "arn": "arn:aws:sns:eu-south-2:622333992348:staging-monitoring-alerts"
          },
          "private": "bnVsbA=="
        }
      ]
    },
    {
      "module": "module.ec2",
      "mode": "data",
      "type": "aws_ami",
      "name": "debian",
      "provider": "provider[\"registry.terraform.io/hashicorp/aws\"]",
      "instances": [
        {
          "schema_version": 0,
          "attributes": {
            "allow_unsafe_filter": null,
            "architecture": "x86_64",
            "arn": "arn:aws:ec2:eu-south-2::image/ami-06c58e25340085a13",
            "block_device_mappings": [
              {
                "device_name": "/dev/xvda",
                "ebs": {
                  "delete_on_termination": "true",
                  "encrypted": "false",
                  "iops": "3000",
                  "snapshot_id": "snap-0b69504f8e4c9b36c",
                  "throughput": "125",
                  "volume_initialization_rate": "0",
                  "volume_size": "8",
                  "volume_type": "gp3"
                },
                "no_device": "",
                "virtual_name": ""
              }
            ],
            "boot_mode": "",
            "creation_date": "2026-05-18T13:32:41.000Z",
            "deprecation_time": "2028-05-18T13:32:41.000Z",
            "description": "Debian 12 (20260518-2482)",
            "ena_support": true,
            "executable_users": null,
            "filter": [
              {
                "name": "name",
                "values": [
                  "debian-12-amd64-*"
                ]
              },
              {
                "name": "virtualization-type",
                "values": [
                  "hvm"
                ]
              }
            ],
            "hypervisor": "xen",
            "id": "ami-06c58e25340085a13",
            "image_id": "ami-06c58e25340085a13",
            "image_location": "amazon/debian-12-amd64-20260518-2482",
            "image_owner_alias": "amazon",
            "image_type": "machine",
            "imds_support": "",
            "include_deprecated": false,
            "kernel_id": "",
            "last_launched_time": "",
            "most_recent": true,
            "name": "debian-12-amd64-20260518-2482",
            "name_regex": null,
            "owner_id": "136693071363",
            "owners": [
              "136693071363"
            ],
            "platform": "",
            "platform_details": "Linux/UNIX",
            "product_codes": [],
            "public": true,
            "ramdisk_id": "",
            "region": "eu-south-2",
            "root_device_name": "/dev/xvda",
            "root_device_type": "ebs",
            "root_snapshot_id": "snap-0b69504f8e4c9b36c",
            "sriov_net_support": "simple",
            "state": "available",
            "state_reason": {
              "code": "UNSET",
              "message": "UNSET"
            },
            "tags": {},
            "timeouts": null,
            "tpm_support": "",
            "uefi_data": null,
            "usage_operation": "RunInstances",
            "virtualization_type": "hvm"
          },
          "sensitive_attributes": [],
          "identity_schema_version": 0
        }
      ]
    },
    {
      "module": "module.ec2",
      "mode": "managed",
      "type": "aws_autoscaling_group",
      "name": "prod",
      "provider": "provider[\"registry.terraform.io/hashicorp/aws\"]",
      "instances": [
        {
          "schema_version": 1,
          "attributes": {
            "arn": "arn:aws:autoscaling:eu-south-2:622333992348:autoScalingGroup:0d7cd605-80f2-40dd-b6d0-f7f789824d0b:autoScalingGroupName/W2A1-asg-staging",
            "availability_zone_distribution": [
              {
                "capacity_distribution_strategy": "balanced-best-effort"
              }
            ],
            "availability_zones": [
              "eu-south-2a",
              "eu-south-2b"
            ],
            "capacity_rebalance": false,
            "capacity_reservation_specification": [
              {
                "capacity_reservation_preference": "default",
                "capacity_reservation_target": []
              }
            ],
            "context": "",
            "default_cooldown": 300,
            "default_instance_warmup": 0,
            "desired_capacity": 2,
            "desired_capacity_type": "",
            "enabled_metrics": [],
            "force_delete": false,
            "force_delete_warm_pool": false,
            "health_check_grace_period": 300,
            "health_check_type": "EC2",
            "id": "W2A1-asg-staging",
            "ignore_failed_scaling_activities": false,
            "initial_lifecycle_hook": [],
            "instance_maintenance_policy": [],
            "instance_refresh": [],
            "launch_configuration": "",
            "launch_template": [
              {
                "id": "lt-09b074d741b61d70b",
                "name": "W2A1-lt-staging-20260521202034220200000002",
                "version": "$Latest"
              }
            ],
            "load_balancers": [],
            "max_instance_lifetime": 0,
            "max_size": 2,
            "metrics_granularity": "1Minute",
            "min_elb_capacity": null,
            "min_size": 1,
            "mixed_instances_policy": [],
            "name": "W2A1-asg-staging",
            "name_prefix": "",
            "placement_group": "",
            "predicted_capacity": 0,
            "protect_from_scale_in": false,
            "region": "eu-south-2",
            "service_linked_role_arn": "arn:aws:iam::622333992348:role/aws-service-role/autoscaling.amazonaws.com/AWSServiceRoleForAutoScaling",
            "suspended_processes": [],
            "tag": [
              {
                "key": "Env",
                "propagate_at_launch": true,
                "value": "staging"
              },
              {
                "key": "Name",
                "propagate_at_launch": true,
                "value": "W2A1-ec2-staging"
              }
            ],
            "target_group_arns": [
              "arn:aws:elasticloadbalancing:eu-south-2:622333992348:targetgroup/W2A1-tg-staging/89a8e28c02b5fd2e"
            ],
            "termination_policies": [],
            "timeouts": null,
            "traffic_source": [
              {
                "identifier": "arn:aws:elasticloadbalancing:eu-south-2:622333992348:targetgroup/W2A1-tg-staging/89a8e28c02b5fd2e",
                "type": "elbv2"
              }
            ],
            "vpc_zone_identifier": [
              "subnet-0a931925835542fe2",
              "subnet-0ca61fc935a53c4d2"
            ],
            "wait_for_capacity_timeout": "10m",
            "wait_for_elb_capacity": null,
            "warm_pool": [],
            "warm_pool_size": 0
          },
          "sensitive_attributes": [],
          "identity_schema_version": 0,
          "private": "eyJlMmJmYjczMC1lY2FhLTExZTYtOGY4OC0zNDM2M2JjN2M0YzAiOnsiZGVsZXRlIjo2MDAwMDAwMDAwMDAsInVwZGF0ZSI6NjAwMDAwMDAwMDAwfSwic2NoZW1hX3ZlcnNpb24iOiIxIn0=",
          "dependencies": [
            "module.alb.aws_lb_target_group.prod",
            "module.cloudwatch.aws_cloudwatch_log_group.app",
            "module.cloudwatch.aws_cloudwatch_log_group.system",
            "module.ec2.aws_launch_template.prod",
            "module.ec2.aws_security_group.ec2_prod",
            "module.ec2.data.aws_ami.debian",
            "module.iam.aws_iam_instance_profile.ecr_read",
            "module.iam.aws_iam_role.ecr_read",
            "module.iam.data.aws_iam_policy_document.ec2_assume_role",
            "module.s3_logs.aws_s3_bucket.logs",
            "module.s3_logs.aws_s3_bucket_lifecycle_configuration.logs",
            "module.s3_logs.aws_s3_bucket_ownership_controls.logs",
            "module.s3_logs.aws_s3_bucket_policy.logs",
            "module.s3_logs.aws_s3_bucket_public_access_block.logs",
            "module.s3_logs.aws_s3_bucket_server_side_encryption_configuration.logs",
            "module.s3_logs.data.aws_caller_identity.current",
            "module.s3_logs.data.aws_iam_policy_document.alb_access_logs",
            "module.s3_logs.data.aws_region.current",
            "module.vpc.aws_subnet.subnet_private",
            "module.vpc.aws_vpc.vpc"
          ],
          "create_before_destroy": true
        }
      ]
    },
    {
      "module": "module.ec2",
      "mode": "managed",
      "type": "aws_launch_template",
      "name": "prod",
      "provider": "provider[\"registry.terraform.io/hashicorp/aws\"]",
      "instances": [
        {
          "schema_version": 0,
          "attributes": {
            "arn": "arn:aws:ec2:eu-south-2:622333992348:launch-template/lt-09b074d741b61d70b",
            "block_device_mappings": [],
            "capacity_reservation_specification": [],
            "cpu_options": [],
            "credit_specification": [],
            "default_version": 1,
            "description": "",
            "disable_api_stop": false,
            "disable_api_termination": false,
            "ebs_optimized": "",
            "enclave_options": [],
            "hibernation_options": [],
            "iam_instance_profile": [
              {
                "arn": "",
                "name": "W2A1-EC2-ECR-ReadRole-staging-profile"
              }
            ],
            "id": "lt-09b074d741b61d70b",
            "image_id": "ami-06c58e25340085a13",
            "instance_initiated_shutdown_behavior": "",
            "instance_market_options": [],
            "instance_requirements": [],
            "instance_type": "t3.micro",
            "kernel_id": "",
            "key_name": "",
            "latest_version": 2,
            "license_specification": [],
            "maintenance_options": [],
            "metadata_options": [
              {
                "http_endpoint": "enabled",
                "http_protocol_ipv6": "",
                "http_put_response_hop_limit": 1,
                "http_tokens": "required",
                "instance_metadata_tags": ""
              }
            ],
            "monitoring": [],
            "name": "W2A1-lt-staging-20260521202034220200000002",
            "name_prefix": "W2A1-lt-staging-",
            "network_interfaces": [],
            "placement": [],
            "private_dns_name_options": [],
            "ram_disk_id": "",
            "region": "eu-south-2",
            "security_group_names": [],
            "tag_specifications": [
              {
                "resource_type": "instance",
                "tags": {
                  "Env": "staging",
                  "Name": "W2A1-ec2-staging"
                }
              },
              {
                "resource_type": "volume",
                "tags": {
                  "Env": "staging",
                  "Name": "W2A1-ec2-staging-volume"
                }
              }
            ],
            "tags": {},
            "tags_all": {},
            "update_default_version": null,
            "user_data": "IyEvYmluL2Jhc2gKc2V0IC1ldW8gcGlwZWZhaWwKCiMgSW5zdGFsbCBEb2NrZXIgZnJvbSB0aGUgb2ZmaWNpYWwgRGViaWFuIHJlcG8KYXB0LWdldCB1cGRhdGUgLXkKYXB0LWdldCBpbnN0YWxsIC15IGNhLWNlcnRpZmljYXRlcyBjdXJsIGdudXBnCmluc3RhbGwgLW0gMDc1NSAtZCAvZXRjL2FwdC9rZXlyaW5ncwpjdXJsIC1mc1NMIGh0dHBzOi8vZG93bmxvYWQuZG9ja2VyLmNvbS9saW51eC9kZWJpYW4vZ3BnIHwgZ3BnIC0tZGVhcm1vciAtbyAvZXRjL2FwdC9rZXlyaW5ncy9kb2NrZXIuZ3BnCmNobW9kIGErciAvZXRjL2FwdC9rZXlyaW5ncy9kb2NrZXIuZ3BnCmVjaG8gImRlYiBbYXJjaD0kKGRwa2cgLS1wcmludC1hcmNoaXRlY3R1cmUpIHNpZ25lZC1ieT0vZXRjL2FwdC9rZXlyaW5ncy9kb2NrZXIuZ3BnXSBodHRwczovL2Rvd25sb2FkLmRvY2tlci5jb20vbGludXgvZGViaWFuICQoLiAvZXRjL29zLXJlbGVhc2UgJiYgZWNobyAiJFZFUlNJT05fQ09ERU5BTUUiKSBzdGFibGUiIFwKICB8IHRlZSAvZXRjL2FwdC9zb3VyY2VzLmxpc3QuZC9kb2NrZXIubGlzdCA+IC9kZXYvbnVsbAphcHQtZ2V0IHVwZGF0ZSAteQphcHQtZ2V0IGluc3RhbGwgLXkgZG9ja2VyLWNlIGRvY2tlci1jZS1jbGkgY29udGFpbmVyZC5pbyBkb2NrZXItY29tcG9zZS1wbHVnaW4KCiMgSW5zdGFsbCBBV1MgQ0xJIHYyCmFwdC1nZXQgaW5zdGFsbCAteSB1bnppcApjdXJsICJodHRwczovL2F3c2NsaS5hbWF6b25hd3MuY29tL2F3c2NsaS1leGUtbGludXgteDg2XzY0LnppcCIgLW8gL3RtcC9hd3NjbGl2Mi56aXAKdW56aXAgL3RtcC9hd3NjbGl2Mi56aXAgLWQgL3RtcAovdG1wL2F3cy9pbnN0YWxsCnJtIC1yZiAvdG1wL2F3c2NsaXYyLnppcCAvdG1wL2F3cwoKIyBJbnN0YWxsIFNTTSBBZ2VudCAoZW5hYmxlcyBhd3Mgc3NtIHN0YXJ0LXNlc3Npb24gd2l0aG91dCBvcGVuaW5nIHBvcnQgMjIpCmN1cmwgLWZzU0wgImh0dHBzOi8vczMuYW1hem9uYXdzLmNvbS9lYzItZG93bmxvYWRzLXdpbmRvd3MvU1NNQWdlbnQvbGF0ZXN0L2RlYmlhbl9hbWQ2NC9hbWF6b24tc3NtLWFnZW50LmRlYiIgXAogIC1vIC90bXAvc3NtLmRlYgpkcGtnIC1pIC90bXAvc3NtLmRlYgpybSAvdG1wL3NzbS5kZWIKc3lzdGVtY3RsIGVuYWJsZSBhbWF6b24tc3NtLWFnZW50CnN5c3RlbWN0bCBzdGFydCBhbWF6b24tc3NtLWFnZW50CgojIEluc3RhbGwgYW5kIGNvbmZpZ3VyZSB0aGUgQ2xvdWRXYXRjaCBhZ2VudCBmb3IgaW5zdGFuY2UtbGV2ZWwgbG9ncwpjdXJsIC1mc1NMICJodHRwczovL2FtYXpvbmNsb3Vkd2F0Y2gtYWdlbnQuczMuYW1hem9uYXdzLmNvbS9kZWJpYW4vYW1kNjQvbGF0ZXN0L2FtYXpvbi1jbG91ZHdhdGNoLWFnZW50LmRlYiIgXAogIC1vIC90bXAvYW1hem9uLWNsb3Vkd2F0Y2gtYWdlbnQuZGViCmRwa2cgLWkgL3RtcC9hbWF6b24tY2xvdWR3YXRjaC1hZ2VudC5kZWIKcm0gL3RtcC9hbWF6b24tY2xvdWR3YXRjaC1hZ2VudC5kZWIKCm1rZGlyIC1wIC9vcHQvYXdzL2FtYXpvbi1jbG91ZHdhdGNoLWFnZW50L2V0YwpjYXQgPiAvb3B0L2F3cy9hbWF6b24tY2xvdWR3YXRjaC1hZ2VudC9ldGMvYW1hem9uLWNsb3Vkd2F0Y2gtYWdlbnQuanNvbiA8PEVPRgp7CiAgImFnZW50IjogewogICAgIm1ldHJpY3NfY29sbGVjdGlvbl9pbnRlcnZhbCI6IDYwLAogICAgInJ1bl9hc191c2VyIjogInJvb3QiCiAgfSwKICAibWV0cmljcyI6IHsKICAgICJhcHBlbmRfZGltZW5zaW9ucyI6IHsKICAgICAgIkF1dG9TY2FsaW5nR3JvdXBOYW1lIjogIiR7IWF3czpBdXRvU2NhbGluZ0dyb3VwTmFtZX0iLAogICAgICAiSW5zdGFuY2VJZCI6ICIkeyFhd3M6SW5zdGFuY2VJZH0iCiAgICB9LAogICAgImFnZ3JlZ2F0aW9uX2RpbWVuc2lvbnMiOiBbWyJBdXRvU2NhbGluZ0dyb3VwTmFtZSJdXSwKICAgICJtZXRyaWNzX2NvbGxlY3RlZCI6IHsKICAgICAgIm1lbSI6IHsKICAgICAgICAibWVhc3VyZW1lbnQiOiBbIm1lbV91c2VkX3BlcmNlbnQiXSwKICAgICAgICAibWV0cmljc19jb2xsZWN0aW9uX2ludGVydmFsIjogNjAKICAgICAgfQogICAgfQogIH0sCiAgImxvZ3MiOiB7CiAgICAibG9nc19jb2xsZWN0ZWQiOiB7CiAgICAgICJmaWxlcyI6IHsKICAgICAgICAiY29sbGVjdF9saXN0IjogWwogICAgICAgICAgewogICAgICAgICAgICAiZmlsZV9wYXRoIjogIi92YXIvbG9nL3N5c2xvZyIsCiAgICAgICAgICAgICJsb2dfZ3JvdXBfbmFtZSI6ICIvZ3JvdXAxL3N0YWdpbmcvc3lzdGVtIiwKICAgICAgICAgICAgImxvZ19zdHJlYW1fbmFtZSI6ICJ7aW5zdGFuY2VfaWR9L3N5c2xvZyIsCiAgICAgICAgICAgICJ0aW1lc3RhbXBfZm9ybWF0IjogIiViICVkICVIOiVNOiVTIgogICAgICAgICAgfSwKICAgICAgICAgIHsKICAgICAgICAgICAgImZpbGVfcGF0aCI6ICIvdmFyL2xvZy9jbG91ZC1pbml0LW91dHB1dC5sb2ciLAogICAgICAgICAgICAibG9nX2dyb3VwX25hbWUiOiAiL2dyb3VwMS9zdGFnaW5nL3N5c3RlbSIsCiAgICAgICAgICAgICJsb2dfc3RyZWFtX25hbWUiOiAie2luc3RhbmNlX2lkfS9jbG91ZC1pbml0LW91dHB1dCIKICAgICAgICAgIH0KICAgICAgICBdCiAgICAgIH0KICAgIH0KICB9Cn0KRU9GCgovb3B0L2F3cy9hbWF6b24tY2xvdWR3YXRjaC1hZ2VudC9iaW4vYW1hem9uLWNsb3Vkd2F0Y2gtYWdlbnQtY3RsIFwKICAtYSBmZXRjaC1jb25maWcgXAogIC1tIGVjMiBcCiAgLWMgZmlsZTovb3B0L2F3cy9hbWF6b24tY2xvdWR3YXRjaC1hZ2VudC9ldGMvYW1hem9uLWNsb3Vkd2F0Y2gtYWdlbnQuanNvbiBcCiAgLXMKCiMgQ3JlYXRlIGFwcCBkaXJlY3RvcnkKbWtkaXIgLXAgL29wdC9hcHAKCiMgV3JpdGUgcG9zdGdyZXMgaW5pdCBzY2hlbWEgYW5kIG5naW54IGNvbmZpZyAoYmFzZTY0LWVuY29kZWQgYXQgVGVycmFmb3JtIHJlbmRlciB0aW1lKQplY2hvICJRMUpGUVZSRklGUkJRa3hGSUVsR0lFNVBWQ0JGV0VsVFZGTWdkWE5sY25NZ0tBb2dJR2xrSUZORlVrbEJUQ0JRVWtsTlFWSlpJRXRGV1N3S0lDQmxiV0ZwYkNCV1FWSkRTRUZTS0RJMU5Ta2dUazlVSUU1VlRFd2dWVTVKVVZWRkxBb2dJRzVoYldVZ1ZrRlNRMGhCVWlneU5UVXBJRTVQVkNCT1ZVeE1MQW9nSUdOeVpXRjBaV1JmWVhRZ1ZFbE5SVk5VUVUxUVZGb2dUazlVSUU1VlRFd2dSRVZHUVZWTVZDQk9UMWNvS1FvcE93bz0iIHwgYmFzZTY0IC1kID4gL29wdC9hcHAvaW5pdC5zcWwKZWNobyAiSXlCU1lYUmxJR3hwYldsMGFXNW5JT0tBbENCaGNIQnNhV1ZrSUhSdklFRlFTU0J2Ym14NUNteHBiV2wwWDNKbGNWOTZiMjVsSUNSaWFXNWhjbmxmY21WdGIzUmxYMkZrWkhJZ2VtOXVaVDFoY0drNk1UQnRJSEpoZEdVOU16QnlMM003Q2dvaklFTnZibTVsWTNScGIyNGdiR2x0YVhScGJtY2c0b0NVSUdkMVlYSmtjeUJoWjJGcGJuTjBJR052Ym01bFkzUnBiMjRnWm14dmIyUnpDbXhwYldsMFgyTnZibTVmZW05dVpTQWtZbWx1WVhKNVgzSmxiVzkwWlY5aFpHUnlJSHB2Ym1VOVlXUmtjam94TUcwN0Nnb2pJRlZ3YzNSeVpXRnRJR1JsWm1sdWFYUnBiMjV6SUhkcGRHZ2dhMlZsY0dGc2FYWmxJR052Ym01bFkzUnBiMjRnY0c5dmJITUtkWEJ6ZEhKbFlXMGdZbUZqYTJWdVpDQWdleUJ6WlhKMlpYSWdZbUZqYTJWdVpEb2tlMEpCUTB0RlRrUmZVRTlTVkgwN0lDQnJaV1Z3WVd4cGRtVWdNekk3SUgwS2RYQnpkSEpsWVcwZ1puSnZiblJsYm1RZ2V5QnpaWEoyWlhJZ1puSnZiblJsYm1RNkpIdFdTVlJGWDBaU1QwNVVSVTVFWDFCUFVsUjlPeUJyWldWd1lXeHBkbVVnTVRZN0lIMEtDbk5sY25abGNpQjdDaUFnSUNCc2FYTjBaVzRnT0RBN0NpQWdJQ0J6WlhKMlpYSmZibUZ0WlNCZk93b0tJQ0FnSUNNZ1NHbGtaU0J1WjJsdWVDQjJaWEp6YVc5dUNpQWdJQ0J6WlhKMlpYSmZkRzlyWlc1eklHOW1aanNLQ2lBZ0lDQWpJRWQ2YVhBZ1kyOXRjSEpsYzNOcGIyNEtJQ0FnSUdkNmFYQWdJQ0FnSUNBZ0lDQWdJQ0FnSUc5dU93b2dJQ0FnWjNwcGNGOTJZWEo1SUNBZ0lDQWdJQ0FnYjI0N0NpQWdJQ0JuZW1sd1gzQnliM2hwWldRZ0lDQWdJQ0JoYm5rN0NpQWdJQ0JuZW1sd1gyTnZiWEJmYkdWMlpXd2dJQ0EyT3dvZ0lDQWdaM3BwY0Y5aWRXWm1aWEp6SUNBZ0lDQWdNVFlnT0dzN0NpQWdJQ0JuZW1sd1gyaDBkSEJmZG1WeWMybHZiaUF4TGpFN0NpQWdJQ0JuZW1sd1gyMXBibDlzWlc1bmRHZ2dJQ0F5TlRZN0NpQWdJQ0JuZW1sd1gzUjVjR1Z6Q2lBZ0lDQWdJQ0FnZEdWNGRDOXdiR0ZwYmlCMFpYaDBMMk56Y3lCMFpYaDBMM2h0YkNCMFpYaDBMMnBoZG1GelkzSnBjSFFLSUNBZ0lDQWdJQ0JoY0hCc2FXTmhkR2x2Ymk5cVlYWmhjMk55YVhCMElHRndjR3hwWTJGMGFXOXVMMnB6YjI0Z1lYQndiR2xqWVhScGIyNHZlRzFzQ2lBZ0lDQWdJQ0FnWVhCd2JHbGpZWFJwYjI0dmNuTnpLM2h0YkNCaGNIQnNhV05oZEdsdmJpOWhkRzl0SzNodGJBb2dJQ0FnSUNBZ0lHbHRZV2RsTDNOMlp5dDRiV3dnWm05dWRDOTNiMlptTWpzS0NpQWdJQ0FqSUVGTVFpQm9aV0ZzZEdnZ1kyaGxZMnNnNG9DVUlHaGhibVJzWldRZ1pHbHlaV04wYkhrZ1lua2dibWRwYm5nc0lHNXZJR0Z3Y0NCamIyNTBZV2x1WlhJZ2FXNTJiMngyWldRS0lDQWdJR3h2WTJGMGFXOXVJRDBnTDJobFlXeDBhQ0I3Q2lBZ0lDQWdJQ0FnWVdOalpYTnpYMnh2WnlCdlptWTdDaUFnSUNBZ0lDQWdjbVYwZFhKdUlESXdNQ0FuYjJzbk93b2dJQ0FnSUNBZ0lHRmtaRjlvWldGa1pYSWdRMjl1ZEdWdWRDMVVlWEJsSUhSbGVIUXZjR3hoYVc0N0NpQWdJQ0I5Q2dvZ0lDQWdJeUJCVUVrZzRvQ1VJSEpoZEdVdGJHbHRhWFJsWkN3Z2MzUnlhWEJ3WldRZ0wyRndhU0J3Y21WbWFYZ0tJQ0FnSUd4dlkyRjBhVzl1SUM5aGNHa3ZJSHNLSUNBZ0lDQWdJQ0JzYVcxcGRGOXlaWEVnSUhwdmJtVTlZWEJwSUdKMWNuTjBQVFF3SUc1dlpHVnNZWGs3Q2lBZ0lDQWdJQ0FnYkdsdGFYUmZZMjl1YmlCaFpHUnlJREl3T3dvS0lDQWdJQ0FnSUNCd2NtOTRlVjl3WVhOeklDQWdJQ0FnSUNBZ2FIUjBjRG92TDJKaFkydGxibVF2T3dvZ0lDQWdJQ0FnSUhCeWIzaDVYMmgwZEhCZmRtVnljMmx2YmlBeExqRTdDaUFnSUNBZ0lDQWdjSEp2ZUhsZmMyVjBYMmhsWVdSbGNpQWdJRU52Ym01bFkzUnBiMjRnSUNBZ0lDQWdJQ0lpT3dvZ0lDQWdJQ0FnSUhCeWIzaDVYM05sZEY5b1pXRmtaWElnSUNCSWIzTjBJQ0FnSUNBZ0lDQWdJQ0FnSUNBa2FHOXpkRHNLSUNBZ0lDQWdJQ0J3Y205NGVWOXpaWFJmYUdWaFpHVnlJQ0FnV0MxU1pXRnNMVWxRSUNBZ0lDQWdJQ0FnSkhKbGJXOTBaVjloWkdSeU93b2dJQ0FnSUNBZ0lIQnliM2g1WDNObGRGOW9aV0ZrWlhJZ0lDQllMVVp2Y25kaGNtUmxaQzFHYjNJZ0lDQWtjSEp2ZUhsZllXUmtYM2hmWm05eWQyRnlaR1ZrWDJadmNqc0tJQ0FnSUNBZ0lDQndjbTk0ZVY5elpYUmZhR1ZoWkdWeUlDQWdXQzFHYjNKM1lYSmtaV1F0VUhKdmRHOGdKSE5qYUdWdFpUc0tDaUFnSUNBZ0lDQWdjSEp2ZUhsZlkyOXVibVZqZEY5MGFXMWxiM1YwSURWek93b2dJQ0FnSUNBZ0lIQnliM2g1WDNObGJtUmZkR2x0Wlc5MWRDQWdJQ0F6TUhNN0NpQWdJQ0FnSUNBZ2NISnZlSGxmY21WaFpGOTBhVzFsYjNWMElDQWdJRE13Y3pzS0lDQWdJQ0FnSUNCd2NtOTRlVjlpZFdabVpYSnBibWNnSUNBZ0lDQWdiMjQ3Q2lBZ0lDQWdJQ0FnY0hKdmVIbGZZblZtWm1WeVgzTnBlbVVnSUNBZ0lEUnJPd29nSUNBZ0lDQWdJSEJ5YjNoNVgySjFabVpsY25NZ0lDQWdJQ0FnSUNBNElEUnJPd29LSUNBZ0lDQWdJQ0JoWkdSZmFHVmhaR1Z5SUZndFJuSmhiV1V0VDNCMGFXOXVjeUFnSUNBZ0lDQWdJbE5CVFVWUFVrbEhTVTRpSUNBZ0lDQWdJQ0FnSUNBZ0lDQWdJQ0FnSUNBZ0lHRnNkMkY1Y3pzS0lDQWdJQ0FnSUNCaFpHUmZhR1ZoWkdWeUlGZ3RRMjl1ZEdWdWRDMVVlWEJsTFU5d2RHbHZibk1nSW01dmMyNXBabVlpSUNBZ0lDQWdJQ0FnSUNBZ0lDQWdJQ0FnSUNBZ0lDQWdJR0ZzZDJGNWN6c0tJQ0FnSUNBZ0lDQmhaR1JmYUdWaFpHVnlJRkpsWm1WeWNtVnlMVkJ2YkdsamVTQWdJQ0FnSUNBZ0luTjBjbWxqZEMxdmNtbG5hVzR0ZDJobGJpMWpjbTl6Y3kxdmNtbG5hVzRpSUdGc2QyRjVjenNLSUNBZ0lIMEtDaUFnSUNBaklGTjBZWFJwWXlCaGMzTmxkSE1nNG9DVUlHTnZiblJsYm5RdGFHRnphR1ZrSUdacGJHVnVZVzFsY3l3Z1lXZG5jbVZ6YzJsMlpTQmpZV05vYVc1bkNpQWdJQ0JzYjJOaGRHbHZiaUF2WVhOelpYUnpMeUI3Q2lBZ0lDQWdJQ0FnY0hKdmVIbGZjR0Z6Y3lBZ0lDQWdJQ0FnSUdoMGRIQTZMeTltY205dWRHVnVaQzloYzNObGRITXZPd29nSUNBZ0lDQWdJSEJ5YjNoNVgyaDBkSEJmZG1WeWMybHZiaUF4TGpFN0NpQWdJQ0FnSUNBZ2NISnZlSGxmYzJWMFgyaGxZV1JsY2lBZ0lFTnZibTVsWTNScGIyNGdJaUk3Q2dvZ0lDQWdJQ0FnSUdWNGNHbHlaWE1nSUNBZ0lDQWdJQ0FnSUNBZ01YazdDaUFnSUNBZ0lDQWdZV1JrWDJobFlXUmxjaUFnSUNBZ0lDQWdJQ0JEWVdOb1pTMURiMjUwY205c0lDQWdJQ0p3ZFdKc2FXTXNJR2x0YlhWMFlXSnNaU0k3Q2lBZ0lDQWdJQ0FnWVdSa1gyaGxZV1JsY2lBZ0lDQWdJQ0FnSUNCWUxVTnZiblJsYm5RdFZIbHdaUzFQY0hScGIyNXpJQ0p1YjNOdWFXWm1JaUJoYkhkaGVYTTdDaUFnSUNBZ0lDQWdZV05qWlhOelgyeHZaeUFnSUNBZ0lDQWdJQ0J2Wm1ZN0NpQWdJQ0I5Q2dvZ0lDQWdJeUJUVUVFZzRvQ1VJR0ZzYkNCdmRHaGxjaUJ5YjNWMFpYTWdjMlZ5ZG1Wa0lHSjVJSFJvWlNCbWNtOXVkR1Z1WkNCamIyNTBZV2x1WlhJS0lDQWdJR3h2WTJGMGFXOXVJQzhnZXdvZ0lDQWdJQ0FnSUhCeWIzaDVYM0JoYzNNZ0lDQWdJQ0FnSUNCb2RIUndPaTh2Wm5KdmJuUmxibVF2T3dvZ0lDQWdJQ0FnSUhCeWIzaDVYMmgwZEhCZmRtVnljMmx2YmlBeExqRTdDaUFnSUNBZ0lDQWdjSEp2ZUhsZmMyVjBYMmhsWVdSbGNpQWdJRU52Ym01bFkzUnBiMjRnSUNBZ0lDQWdJQ0lpT3dvZ0lDQWdJQ0FnSUhCeWIzaDVYM05sZEY5b1pXRmtaWElnSUNCSWIzTjBJQ0FnSUNBZ0lDQWdJQ0FnSUNBa2FHOXpkRHNLSUNBZ0lDQWdJQ0J3Y205NGVWOXpaWFJmYUdWaFpHVnlJQ0FnV0MxU1pXRnNMVWxRSUNBZ0lDQWdJQ0FnSkhKbGJXOTBaVjloWkdSeU93b2dJQ0FnSUNBZ0lIQnliM2g1WDNObGRGOW9aV0ZrWlhJZ0lDQllMVVp2Y25kaGNtUmxaQzFHYjNJZ0lDQWtjSEp2ZUhsZllXUmtYM2hmWm05eWQyRnlaR1ZrWDJadmNqc0tDaUFnSUNBZ0lDQWdjSEp2ZUhsZlkyOXVibVZqZEY5MGFXMWxiM1YwSURWek93b2dJQ0FnSUNBZ0lIQnliM2g1WDNObGJtUmZkR2x0Wlc5MWRDQWdJQ0F4TlhNN0NpQWdJQ0FnSUNBZ2NISnZlSGxmY21WaFpGOTBhVzFsYjNWMElDQWdJREUxY3pzS0NpQWdJQ0FnSUNBZ1lXUmtYMmhsWVdSbGNpQllMVVp5WVcxbExVOXdkR2x2Ym5NZ0lDQWdJQ0FnSUNKVFFVMUZUMUpKUjBsT0lpQWdJQ0FnSUNBZ0lDQWdJQ0FnSUNBZ0lDQWdJQ0JoYkhkaGVYTTdDaUFnSUNBZ0lDQWdZV1JrWDJobFlXUmxjaUJZTFVOdmJuUmxiblF0Vkhsd1pTMVBjSFJwYjI1eklDSnViM051YVdabUlpQWdJQ0FnSUNBZ0lDQWdJQ0FnSUNBZ0lDQWdJQ0FnSUNCaGJIZGhlWE03Q2lBZ0lDQWdJQ0FnWVdSa1gyaGxZV1JsY2lCWUxWaFRVeTFRY205MFpXTjBhVzl1SUNBZ0lDQWdJQ0l4T3lCdGIyUmxQV0pzYjJOcklpQWdJQ0FnSUNBZ0lDQWdJQ0FnSUNBZ0lDQmhiSGRoZVhNN0NpQWdJQ0FnSUNBZ1lXUmtYMmhsWVdSbGNpQlNaV1psY25KbGNpMVFiMnhwWTNrZ0lDQWdJQ0FnSUNKemRISnBZM1F0YjNKcFoybHVMWGRvWlc0dFkzSnZjM010YjNKcFoybHVJaUJoYkhkaGVYTTdDaUFnSUNBZ0lDQWdZV1JrWDJobFlXUmxjaUJRWlhKdGFYTnphVzl1Y3kxUWIyeHBZM2tnSUNBZ0lDSmpZVzFsY21FOUtDa3NJRzFwWTNKdmNHaHZibVU5S0Nrc0lHZGxiMnh2WTJGMGFXOXVQU2dwSWlCaGJIZGhlWE03Q2lBZ0lDQjlDbjBLIiB8IGJhc2U2NCAtZCA+IC9vcHQvYXBwL25naW54LnByb2QuY29uZgoKIyBGZXRjaCBhcHBsaWNhdGlvbiBzZWNyZXRzIGZyb20gU1NNIFBhcmFtZXRlciBTdG9yZQpSRUdJT049ImV1LXNvdXRoLTIiCmdldF9wYXJhbSgpIHsKICAvdXNyL2xvY2FsL2Jpbi9hd3Mgc3NtIGdldC1wYXJhbWV0ZXIgLS1yZWdpb24gIiRSRUdJT04iIC0tbmFtZSAiJDEiIC0td2l0aC1kZWNyeXB0aW9uIFwKICAgIC0tcXVlcnkgUGFyYW1ldGVyLlZhbHVlIC0tb3V0cHV0IHRleHQKfQoKUE9TVEdSRVNfVVNFUj0kKGdldF9wYXJhbSAiL2dyb3VwMS9zdGFnaW5nL1BPU1RHUkVTX1VTRVIiKQpQT1NUR1JFU19QQVNTV09SRD0kKGdldF9wYXJhbSAiL2dyb3VwMS9zdGFnaW5nL1BPU1RHUkVTX1BBU1NXT1JEIikKUE9TVEdSRVNfREI9JChnZXRfcGFyYW0gIi9ncm91cDEvc3RhZ2luZy9QT1NUR1JFU19EQiIpCkJBQ0tFTkRfUE9SVD0kKGdldF9wYXJhbSAiL2dyb3VwMS9zdGFnaW5nL0JBQ0tFTkRfUE9SVCIpCkNPUlNfT1JJR0lOPSQoZ2V0X3BhcmFtICIvZ3JvdXAxL3N0YWdpbmcvQ09SU19PUklHSU4iKQpWSVRFX0ZST05URU5EX1BPUlQ9JChnZXRfcGFyYW0gIi9ncm91cDEvc3RhZ2luZy9WSVRFX0ZST05URU5EX1BPUlQiKQpIVFRQX1BPUlQ9JChnZXRfcGFyYW0gIi9ncm91cDEvc3RhZ2luZy9IVFRQX1BPUlQiKQpWSVRFX0ZST05URU5EX0FQSV9VUkw9JChnZXRfcGFyYW0gIi9ncm91cDEvc3RhZ2luZy9WSVRFX0ZST05URU5EX0FQSV9VUkwiKQoKIyBXcml0ZSAuZW52IGNvbnN1bWVkIGJ5IGRvY2tlciBjb21wb3NlCmNhdCA+IC9vcHQvYXBwLy5lbnYgPDxFT0YKUE9TVEdSRVNfVVNFUj0kUE9TVEdSRVNfVVNFUgpQT1NUR1JFU19QQVNTV09SRD0kUE9TVEdSRVNfUEFTU1dPUkQKUE9TVEdSRVNfREI9JFBPU1RHUkVTX0RCCkJBQ0tFTkRfUE9SVD0kQkFDS0VORF9QT1JUCkNPUlNfT1JJR0lOPSRDT1JTX09SSUdJTgpWSVRFX0ZST05URU5EX1BPUlQ9JFZJVEVfRlJPTlRFTkRfUE9SVApIVFRQX1BPUlQ9JEhUVFBfUE9SVApWSVRFX0ZST05URU5EX0FQSV9VUkw9JFZJVEVfRlJPTlRFTkRfQVBJX1VSTApFQ1JfUkVQT1NJVE9SWV9VUkk9NjIyMzMzOTkyMzQ4LmRrci5lY3IuZXUtc291dGgtMi5hbWF6b25hd3MuY29tL3cyYTEtcHJvZHVjdGlvbgpJTUFHRV9FTlY9c3RhZ2luZwpBV1NfUkVHSU9OPWV1LXNvdXRoLTIKQ1dfQVBQX0xPR19HUk9VUD0vZ3JvdXAxL3N0YWdpbmcvYXBwCkVPRgoKIyBXcml0ZSBjb21wb3NlIGZpbGUgKGJhc2U2NC1lbmNvZGVkIGF0IFRlcnJhZm9ybSByZW5kZXIgdGltZSkKZWNobyAiYm1WMGQyOXlhM002Q2lBZ1pHSTZDaUFnSUNCcGJuUmxjbTVoYkRvZ2RISjFaUW9nSUdGd2NEb0tJQ0FnSUdSeWFYWmxjam9nWW5KcFpHZGxDZ3AyYjJ4MWJXVnpPZ29nSUhCdmMzUm5jbVZ6WDJSaGRHRTZDZ3B6WlhKMmFXTmxjem9LSUNCa1lqb0tJQ0FnSUdsdFlXZGxPaUJ3YjNOMFozSmxjenBoYkhCcGJtVUtJQ0FnSUhKbGMzUmhjblE2SUdGc2QyRjVjd29nSUNBZ1pXNTJhWEp2Ym0xbGJuUTZDaUFnSUNBZ0lGQlBVMVJIVWtWVFgxVlRSVkk2SUNSN1VFOVRWRWRTUlZOZlZWTkZVbjBLSUNBZ0lDQWdVRTlUVkVkU1JWTmZVRUZUVTFkUFVrUTZJQ1I3VUU5VFZFZFNSVk5mVUVGVFUxZFBVa1I5Q2lBZ0lDQWdJRkJQVTFSSFVrVlRYMFJDT2lBa2UxQlBVMVJIVWtWVFgwUkNmUW9nSUNBZ2RtOXNkVzFsY3pvS0lDQWdJQ0FnTFNCd2IzTjBaM0psYzE5a1lYUmhPaTkyWVhJdmJHbGlMM0J2YzNSbmNtVnpjV3dLSUNBZ0lDQWdMU0F2YjNCMEwyRndjQzlwYm1sMExuTnhiRG92Wkc5amEyVnlMV1Z1ZEhKNWNHOXBiblF0YVc1cGRHUmlMbVF2YVc1cGRDNXpjV3c2Y204S0lDQWdJRzVsZEhkdmNtdHpPZ29nSUNBZ0lDQXRJR1JpQ2lBZ0lDQnNiMmRuYVc1bk9nb2dJQ0FnSUNCa2NtbDJaWEk2SUdGM2MyeHZaM01LSUNBZ0lDQWdiM0IwYVc5dWN6b0tJQ0FnSUNBZ0lDQmhkM05zYjJkekxYSmxaMmx2YmpvZ0pIdEJWMU5mVWtWSFNVOU9mUW9nSUNBZ0lDQWdJR0YzYzJ4dlozTXRaM0p2ZFhBNklDUjdRMWRmUVZCUVgweFBSMTlIVWs5VlVIMEtJQ0FnSUNBZ0lDQmhkM05zYjJkekxYTjBjbVZoYlMxd2NtVm1hWGc2SUdSaUNpQWdJQ0JvWldGc2RHaGphR1ZqYXpvS0lDQWdJQ0FnZEdWemREb2dXeUpEVFVRdFUwaEZURXdpTENBaWNHZGZhWE55WldGa2VTQXRWU0FrZTFCUFUxUkhVa1ZUWDFWVFJWSjlJQzFrSUNSN1VFOVRWRWRTUlZOZlJFSjlJbDBLSUNBZ0lDQWdhVzUwWlhKMllXdzZJRE56Q2lBZ0lDQWdJSFJwYldWdmRYUTZJRE56Q2lBZ0lDQWdJSEpsZEhKcFpYTTZJRE1LSUNBZ0lDQWdjM1JoY25SZmNHVnlhVzlrT2lBeE1ITUtDaUFnWW1GamEyVnVaRG9LSUNBZ0lHbHRZV2RsT2lBa2UwVkRVbDlTUlZCUFUwbFVUMUpaWDFWU1NYMDZZbUZqYTJWdVpDMGtlMGxOUVVkRlgwVk9WbjBLSUNBZ0lISmxjM1JoY25RNklHRnNkMkY1Y3dvZ0lDQWdaVzUyYVhKdmJtMWxiblE2Q2lBZ0lDQWdJRUpCUTB0RlRrUmZVRTlTVkRvZ0pIdENRVU5MUlU1RVgxQlBVbFI5Q2lBZ0lDQWdJRVJCVkVGQ1FWTkZYMVZTVERvZ2NHOXpkR2R5WlhOeGJEb3ZMeVI3VUU5VFZFZFNSVk5mVlZORlVuMDZKSHRRVDFOVVIxSkZVMTlRUVZOVFYwOVNSSDFBWkdJNk5UUXpNaThrZTFCUFUxUkhVa1ZUWDBSQ2ZRb2dJQ0FnSUNCRFQxSlRYMDlTU1VkSlRqb2dKSHREVDFKVFgwOVNTVWRKVG4wS0lDQWdJQ0FnVGs5RVJWOUZUbFk2SUhCeWIyUjFZM1JwYjI0S0lDQWdJRzVsZEhkdmNtdHpPZ29nSUNBZ0lDQXRJR1JpQ2lBZ0lDQWdJQzBnWVhCd0NpQWdJQ0JzYjJkbmFXNW5PZ29nSUNBZ0lDQmtjbWwyWlhJNklHRjNjMnh2WjNNS0lDQWdJQ0FnYjNCMGFXOXVjem9LSUNBZ0lDQWdJQ0JoZDNOc2IyZHpMWEpsWjJsdmJqb2dKSHRCVjFOZlVrVkhTVTlPZlFvZ0lDQWdJQ0FnSUdGM2MyeHZaM010WjNKdmRYQTZJQ1I3UTFkZlFWQlFYMHhQUjE5SFVrOVZVSDBLSUNBZ0lDQWdJQ0JoZDNOc2IyZHpMWE4wY21WaGJTMXdjbVZtYVhnNklHSmhZMnRsYm1RS0lDQWdJR1JsY0dWdVpITmZiMjQ2Q2lBZ0lDQWdJR1JpT2dvZ0lDQWdJQ0FnSUdOdmJtUnBkR2x2YmpvZ2MyVnlkbWxqWlY5b1pXRnNkR2g1Q2lBZ0lDQm9aV0ZzZEdoamFHVmphem9LSUNBZ0lDQWdkR1Z6ZERvS0lDQWdJQ0FnSUNCYkNpQWdJQ0FnSUNBZ0lDQWlRMDFFTFZOSVJVeE1JaXdLSUNBZ0lDQWdJQ0FnSUNKamRYSnNJQzFtSUdoMGRIQTZMeTlzYjJOaGJHaHZjM1E2Skh0Q1FVTkxSVTVFWDFCUFVsUjlMMmhsWVd4MGFDQjhmQ0JsZUdsMElERWlMQW9nSUNBZ0lDQWdJRjBLSUNBZ0lDQWdhVzUwWlhKMllXdzZJRE56Q2lBZ0lDQWdJSFJwYldWdmRYUTZJRE56Q2lBZ0lDQWdJSEpsZEhKcFpYTTZJRE1LSUNBZ0lDQWdjM1JoY25SZmNHVnlhVzlrT2lBeE1ITUtDaUFnWm5KdmJuUmxibVE2Q2lBZ0lDQnBiV0ZuWlRvZ0pIdEZRMUpmVWtWUVQxTkpWRTlTV1Y5VlVrbDlPbVp5YjI1MFpXNWtMU1I3U1UxQlIwVmZSVTVXZlFvZ0lDQWdjbVZ6ZEdGeWREb2dZV3gzWVhsekNpQWdJQ0JsYm5acGNtOXViV1Z1ZERvS0lDQWdJQ0FnUmxKUFRsUkZUa1JmVUU5U1ZEb2dKSHRXU1ZSRlgwWlNUMDVVUlU1RVgxQlBVbFI5Q2lBZ0lDQWdJRTVIU1U1WVgwVk9WbE5WUWxOVVgxUkZUVkJNUVZSRlgxWkJVbE02SUVaU1QwNVVSVTVFWDFCUFVsUUtJQ0FnSUc1bGRIZHZjbXR6T2dvZ0lDQWdJQ0F0SUdGd2NBb2dJQ0FnYkc5bloybHVaem9LSUNBZ0lDQWdaSEpwZG1WeU9pQmhkM05zYjJkekNpQWdJQ0FnSUc5d2RHbHZibk02Q2lBZ0lDQWdJQ0FnWVhkemJHOW5jeTF5WldkcGIyNDZJQ1I3UVZkVFgxSkZSMGxQVG4wS0lDQWdJQ0FnSUNCaGQzTnNiMmR6TFdkeWIzVndPaUFrZTBOWFgwRlFVRjlNVDBkZlIxSlBWVkI5Q2lBZ0lDQWdJQ0FnWVhkemJHOW5jeTF6ZEhKbFlXMHRjSEpsWm1sNE9pQm1jbTl1ZEdWdVpBb2dJQ0FnWkdWd1pXNWtjMTl2YmpvS0lDQWdJQ0FnWW1GamEyVnVaRG9LSUNBZ0lDQWdJQ0JqYjI1a2FYUnBiMjQ2SUhObGNuWnBZMlZmYUdWaGJIUm9lUW9nSUNBZ2FHVmhiSFJvWTJobFkyczZDaUFnSUNBZ0lIUmxjM1E2Q2lBZ0lDQWdJQ0FnV3dvZ0lDQWdJQ0FnSUNBZ0lrTk5SQzFUU0VWTVRDSXNDaUFnSUNBZ0lDQWdJQ0FpWTNWeWJDQXRaaUJvZEhSd09pOHZNVEkzTGpBdU1DNHhPaVI3VmtsVVJWOUdVazlPVkVWT1JGOVFUMUpVZlM4Z2ZId2daWGhwZENBeElpd0tJQ0FnSUNBZ0lDQmRDaUFnSUNBZ0lHbHVkR1Z5ZG1Gc09pQXpjd29nSUNBZ0lDQjBhVzFsYjNWME9pQTFjd29nSUNBZ0lDQnlaWFJ5YVdWek9pQXpDaUFnSUNBZ0lITjBZWEowWDNCbGNtbHZaRG9nTWpCekNnb2dJRzVuYVc1NE9nb2dJQ0FnYVcxaFoyVTZJRzVuYVc1NE9qRXVNamN0WVd4d2FXNWxDaUFnSUNCeVpYTjBZWEowT2lCaGJIZGhlWE1LSUNBZ0lIQnZjblJ6T2dvZ0lDQWdJQ0F0SUNSN1NGUlVVRjlRVDFKVWZUbzRNQW9nSUNBZ2RtOXNkVzFsY3pvS0lDQWdJQ0FnTFNBdmIzQjBMMkZ3Y0M5dVoybHVlQzV3Y205a0xtTnZibVk2TDJWMFl5OXVaMmx1ZUM5MFpXMXdiR0YwWlhNdlpHVm1ZWFZzZEM1amIyNW1MblJsYlhCc1lYUmxPbkp2Q2lBZ0lDQnVaWFIzYjNKcmN6b0tJQ0FnSUNBZ0xTQmhjSEFLSUNBZ0lHVnVkbWx5YjI1dFpXNTBPZ29nSUNBZ0lDQkNRVU5MUlU1RVgxQlBVbFE2SUNSN1FrRkRTMFZPUkY5UVQxSlVmUW9nSUNBZ0lDQldTVlJGWDBaU1QwNVVSVTVFWDFCUFVsUTZJQ1I3VmtsVVJWOUdVazlPVkVWT1JGOVFUMUpVZlFvZ0lDQWdJQ0JPUjBsT1dGOUZUbFpUVlVKVFZGOVVSVTFRVEVGVVJWOVdRVkpUT2lCQ1FVTkxSVTVFWDFCUFVsUWdWa2xVUlY5R1VrOU9WRVZPUkY5UVQxSlVDaUFnSUNCc2IyZG5hVzVuT2dvZ0lDQWdJQ0JrY21sMlpYSTZJR0YzYzJ4dlozTUtJQ0FnSUNBZ2IzQjBhVzl1Y3pvS0lDQWdJQ0FnSUNCaGQzTnNiMmR6TFhKbFoybHZiam9nSkh0QlYxTmZVa1ZIU1U5T2ZRb2dJQ0FnSUNBZ0lHRjNjMnh2WjNNdFozSnZkWEE2SUNSN1ExZGZRVkJRWDB4UFIxOUhVazlWVUgwS0lDQWdJQ0FnSUNCaGQzTnNiMmR6TFhOMGNtVmhiUzF3Y21WbWFYZzZJRzVuYVc1NENpQWdJQ0JrWlhCbGJtUnpYMjl1T2dvZ0lDQWdJQ0JpWVdOclpXNWtPZ29nSUNBZ0lDQWdJR052Ym1ScGRHbHZiam9nYzJWeWRtbGpaVjlvWldGc2RHaDVDaUFnSUNBZ0lHWnliMjUwWlc1a09nb2dJQ0FnSUNBZ0lHTnZibVJwZEdsdmJqb2djMlZ5ZG1salpWOW9aV0ZzZEdoNUNpQWdJQ0JvWldGc2RHaGphR1ZqYXpvS0lDQWdJQ0FnZEdWemREb2dXeUpEVFVRdFUwaEZURXdpTENBaWQyZGxkQ0F0Y1NBdFR5QXZaR1YyTDI1MWJHd2dhSFIwY0RvdkwyeHZZMkZzYUc5emRDQjhmQ0JsZUdsMElERWlYUW9nSUNBZ0lDQnBiblJsY25aaGJEb2dNM01LSUNBZ0lDQWdkR2x0Wlc5MWREb2dOWE1LSUNBZ0lDQWdjbVYwY21sbGN6b2dNd29nSUNBZ0lDQnpkR0Z5ZEY5d1pYSnBiMlE2SURWekNnPT0iIHwgYmFzZTY0IC1kID4gL29wdC9hcHAvZG9ja2VyLWNvbXBvc2UuZWNyLnlhbWwKCiMgQXV0aGVudGljYXRlIHRvIEVDUiBhbmQgc3RhcnQgc2VydmljZXMKL3Vzci9sb2NhbC9iaW4vYXdzIGVjciBnZXQtbG9naW4tcGFzc3dvcmQgLS1yZWdpb24gIiRSRUdJT04iIFwKICB8IGRvY2tlciBsb2dpbiAtLXVzZXJuYW1lIEFXUyAtLXBhc3N3b3JkLXN0ZGluICI2MjIzMzM5OTIzNDguZGtyLmVjci5ldS1zb3V0aC0yLmFtYXpvbmF3cy5jb20iCgpjZCAvb3B0L2FwcApkb2NrZXIgY29tcG9zZSAtZiBkb2NrZXItY29tcG9zZS5lY3IueWFtbCB1cCAtZAo=",
            "vpc_security_group_ids": [
              "sg-0aaf3180755f63be6"
            ]
          },
          "sensitive_attributes": [],
          "identity_schema_version": 0,
          "private": "bnVsbA==",
          "dependencies": [
            "module.cloudwatch.aws_cloudwatch_log_group.app",
            "module.cloudwatch.aws_cloudwatch_log_group.system",
            "module.ec2.aws_security_group.ec2_prod",
            "module.ec2.data.aws_ami.debian",
            "module.iam.aws_iam_instance_profile.ecr_read",
            "module.iam.aws_iam_role.ecr_read",
            "module.iam.data.aws_iam_policy_document.ec2_assume_role",
            "module.vpc.aws_vpc.vpc"
          ],
          "create_before_destroy": true
        }
      ]
    },
    {
      "module": "module.ec2",
      "mode": "managed",
      "type": "aws_security_group",
      "name": "ec2_prod",
      "provider": "provider[\"registry.terraform.io/hashicorp/aws\"]",
      "instances": [
        {
          "schema_version": 1,
          "attributes": {
            "arn": "arn:aws:ec2:eu-south-2:622333992348:security-group/sg-0aaf3180755f63be6",
            "description": "STAGING EC2 - HTTP from VPC (ALB), all outbound",
            "egress": [
              {
                "cidr_blocks": [
                  "0.0.0.0/0"
                ],
                "description": "",
                "from_port": 0,
                "ipv6_cidr_blocks": [],
                "prefix_list_ids": [],
                "protocol": "-1",
                "security_groups": [],
                "self": false,
                "to_port": 0
              }
            ],
            "id": "sg-0aaf3180755f63be6",
            "ingress": [
              {
                "cidr_blocks": [
                  "10.0.0.0/16"
                ],
                "description": "HTTP from VPC (ALB will restrict this further)",
                "from_port": 80,
                "ipv6_cidr_blocks": [],
                "prefix_list_ids": [],
                "protocol": "tcp",
                "security_groups": [],
                "self": false,
                "to_port": 80
              }
            ],
            "name": "W2A1-tsg-ec2-staging",
            "name_prefix": "",
            "owner_id": "622333992348",
            "region": "eu-south-2",
            "revoke_rules_on_delete": false,
            "tags": {
              "Env": "staging",
              "Name": "W2A1-tsg-ec2-staging"
            },
            "tags_all": {
              "Env": "staging",
              "Name": "W2A1-tsg-ec2-staging"
            },
            "timeouts": null,
            "vpc_id": "vpc-089f3031ec1876366"
          },
          "sensitive_attributes": [],
          "identity_schema_version": 0,
          "identity": {
            "account_id": "622333992348",
            "id": "sg-0aaf3180755f63be6",
            "region": "eu-south-2"
          },
          "private": "eyJlMmJmYjczMC1lY2FhLTExZTYtOGY4OC0zNDM2M2JjN2M0YzAiOnsiY3JlYXRlIjo2MDAwMDAwMDAwMDAsImRlbGV0ZSI6OTAwMDAwMDAwMDAwfSwic2NoZW1hX3ZlcnNpb24iOiIxIn0=",
          "dependencies": [
            "module.vpc.aws_vpc.vpc"
          ],
          "create_before_destroy": true
        }
      ]
    },
    {
      "module": "module.iam",
      "mode": "data",
      "type": "aws_caller_identity",
      "name": "current",
      "provider": "provider[\"registry.terraform.io/hashicorp/aws\"]",
      "instances": [
        {
          "schema_version": 0,
          "attributes": {
            "account_id": "622333992348",
            "arn": "arn:aws:iam::622333992348:user/Hetic-END-GR1",
            "id": "622333992348",
            "user_id": "AIDAZBZP7DWOETSGLFCY5"
          },
          "sensitive_attributes": [],
          "identity_schema_version": 0
        }
      ]
    },
    {
      "module": "module.iam",
      "mode": "data",
      "type": "aws_iam_policy_document",
      "name": "ec2_assume_role",
      "provider": "provider[\"registry.terraform.io/hashicorp/aws\"]",
      "instances": [
        {
          "schema_version": 0,
          "attributes": {
            "id": "2851119427",
            "json": "{\n  \"Version\": \"2012-10-17\",\n  \"Statement\": [\n    {\n      \"Effect\": \"Allow\",\n      \"Action\": \"sts:AssumeRole\",\n      \"Principal\": {\n        \"Service\": \"ec2.amazonaws.com\"\n      }\n    }\n  ]\n}",
            "minified_json": "{\"Version\":\"2012-10-17\",\"Statement\":[{\"Effect\":\"Allow\",\"Action\":\"sts:AssumeRole\",\"Principal\":{\"Service\":\"ec2.amazonaws.com\"}}]}",
            "override_json": null,
            "override_policy_documents": null,
            "policy_id": null,
            "source_json": null,
            "source_policy_documents": null,
            "statement": [
              {
                "actions": [
                  "sts:AssumeRole"
                ],
                "condition": [],
                "effect": "Allow",
                "not_actions": [],
                "not_principals": [],
                "not_resources": [],
                "principals": [
                  {
                    "identifiers": [
                      "ec2.amazonaws.com"
                    ],
                    "type": "Service"
                  }
                ],
                "resources": [],
                "sid": ""
              }
            ],
            "version": "2012-10-17"
          },
          "sensitive_attributes": [],
          "identity_schema_version": 0
        }
      ]
    },
    {
      "module": "module.iam",
      "mode": "data",
      "type": "aws_iam_policy_document",
      "name": "ecr_read",
      "provider": "provider[\"registry.terraform.io/hashicorp/aws\"]",
      "instances": [
        {
          "schema_version": 0,
          "attributes": {
            "id": "456750381",
            "json": "{\n  \"Version\": \"2012-10-17\",\n  \"Statement\": [\n    {\n      \"Sid\": \"ECRAuth\",\n      \"Effect\": \"Allow\",\n      \"Action\": \"ecr:GetAuthorizationToken\",\n      \"Resource\": \"*\"\n    },\n    {\n      \"Sid\": \"ECRPull\",\n      \"Effect\": \"Allow\",\n      \"Action\": [\n        \"ecr:GetDownloadUrlForLayer\",\n        \"ecr:BatchGetImage\",\n        \"ecr:BatchCheckLayerAvailability\"\n      ],\n      \"Resource\": \"arn:aws:ecr:eu-south-2:622333992348:repository/w2a1-production\"\n    },\n    {\n      \"Sid\": \"SSMGetParams\",\n      \"Effect\": \"Allow\",\n      \"Action\": [\n        \"ssm:GetParametersByPath\",\n        \"ssm:GetParameters\",\n        \"ssm:GetParameter\"\n      ],\n      \"Resource\": \"arn:aws:ssm:eu-south-2:622333992348:parameter/group1/staging/*\"\n    }\n  ]\n}",
            "minified_json": "{\"Version\":\"2012-10-17\",\"Statement\":[{\"Sid\":\"ECRAuth\",\"Effect\":\"Allow\",\"Action\":\"ecr:GetAuthorizationToken\",\"Resource\":\"*\"},{\"Sid\":\"ECRPull\",\"Effect\":\"Allow\",\"Action\":[\"ecr:GetDownloadUrlForLayer\",\"ecr:BatchGetImage\",\"ecr:BatchCheckLayerAvailability\"],\"Resource\":\"arn:aws:ecr:eu-south-2:622333992348:repository/w2a1-production\"},{\"Sid\":\"SSMGetParams\",\"Effect\":\"Allow\",\"Action\":[\"ssm:GetParametersByPath\",\"ssm:GetParameters\",\"ssm:GetParameter\"],\"Resource\":\"arn:aws:ssm:eu-south-2:622333992348:parameter/group1/staging/*\"}]}",
            "override_json": null,
            "override_policy_documents": null,
            "policy_id": null,
            "source_json": null,
            "source_policy_documents": null,
            "statement": [
              {
                "actions": [
                  "ecr:GetAuthorizationToken"
                ],
                "condition": [],
                "effect": "Allow",
                "not_actions": [],
                "not_principals": [],
                "not_resources": [],
                "principals": [],
                "resources": [
                  "*"
                ],
                "sid": "ECRAuth"
              },
              {
                "actions": [
                  "ecr:BatchCheckLayerAvailability",
                  "ecr:BatchGetImage",
                  "ecr:GetDownloadUrlForLayer"
                ],
                "condition": [],
                "effect": "Allow",
                "not_actions": [],
                "not_principals": [],
                "not_resources": [],
                "principals": [],
                "resources": [
                  "arn:aws:ecr:eu-south-2:622333992348:repository/w2a1-production"
                ],
                "sid": "ECRPull"
              },
              {
                "actions": [
                  "ssm:GetParameter",
                  "ssm:GetParameters",
                  "ssm:GetParametersByPath"
                ],
                "condition": [],
                "effect": "Allow",
                "not_actions": [],
                "not_principals": [],
                "not_resources": [],
                "principals": [],
                "resources": [
                  "arn:aws:ssm:eu-south-2:622333992348:parameter/group1/staging/*"
                ],
                "sid": "SSMGetParams"
              }
            ],
            "version": "2012-10-17"
          },
          "sensitive_attributes": [],
          "identity_schema_version": 0
        }
      ]
    },
    {
      "module": "module.iam",
      "mode": "data",
      "type": "aws_iam_policy_document",
      "name": "s3_write",
      "provider": "provider[\"registry.terraform.io/hashicorp/aws\"]",
      "instances": [
        {
          "schema_version": 0,
          "attributes": {
            "id": "717439486",
            "json": "{\n  \"Version\": \"2012-10-17\",\n  \"Statement\": [\n    {\n      \"Sid\": \"S3WriteLogs\",\n      \"Effect\": \"Allow\",\n      \"Action\": \"s3:PutObject\",\n      \"Resource\": \"arn:aws:s3:::devops-project-group1-logs-staging/*\"\n    }\n  ]\n}",
            "minified_json": "{\"Version\":\"2012-10-17\",\"Statement\":[{\"Sid\":\"S3WriteLogs\",\"Effect\":\"Allow\",\"Action\":\"s3:PutObject\",\"Resource\":\"arn:aws:s3:::devops-project-group1-logs-staging/*\"}]}",
            "override_json": null,
            "override_policy_documents": null,
            "policy_id": null,
            "source_json": null,
            "source_policy_documents": null,
            "statement": [
              {
                "actions": [
                  "s3:PutObject"
                ],
                "condition": [],
                "effect": "Allow",
                "not_actions": [],
                "not_principals": [],
                "not_resources": [],
                "principals": [],
                "resources": [
                  "arn:aws:s3:::devops-project-group1-logs-staging/*"
                ],
                "sid": "S3WriteLogs"
              }
            ],
            "version": "2012-10-17"
          },
          "sensitive_attributes": [],
          "identity_schema_version": 0
        }
      ]
    },
    {
      "module": "module.iam",
      "mode": "data",
      "type": "aws_region",
      "name": "current",
      "provider": "provider[\"registry.terraform.io/hashicorp/aws\"]",
      "instances": [
        {
          "schema_version": 0,
          "attributes": {
            "description": "Europe (Spain)",
            "endpoint": "ec2.eu-south-2.amazonaws.com",
            "id": "eu-south-2",
            "name": "eu-south-2",
            "region": "eu-south-2"
          },
          "sensitive_attributes": [],
          "identity_schema_version": 0
        }
      ]
    },
    {
      "module": "module.iam",
      "mode": "managed",
      "type": "aws_iam_instance_profile",
      "name": "ecr_read",
      "provider": "provider[\"registry.terraform.io/hashicorp/aws\"]",
      "instances": [
        {
          "schema_version": 0,
          "attributes": {
            "arn": "arn:aws:iam::622333992348:instance-profile/W2A1-EC2-ECR-ReadRole-staging-profile",
            "create_date": "2026-05-21T20:20:21Z",
            "id": "W2A1-EC2-ECR-ReadRole-staging-profile",
            "name": "W2A1-EC2-ECR-ReadRole-staging-profile",
            "name_prefix": "",
            "path": "/",
            "role": "W2A1-EC2-ECR-ReadRole-staging",
            "tags": {},
            "tags_all": {},
            "unique_id": "AIPAZBZP7DWONTXWM7C65"
          },
          "sensitive_attributes": [],
          "identity_schema_version": 0,
          "private": "bnVsbA==",
          "dependencies": [
            "module.iam.aws_iam_role.ecr_read",
            "module.iam.data.aws_iam_policy_document.ec2_assume_role"
          ],
          "create_before_destroy": true
        }
      ]
    },
    {
      "module": "module.iam",
      "mode": "managed",
      "type": "aws_iam_instance_profile",
      "name": "s3_write",
      "provider": "provider[\"registry.terraform.io/hashicorp/aws\"]",
      "instances": [
        {
          "schema_version": 0,
          "attributes": {
            "arn": "arn:aws:iam::622333992348:instance-profile/W2A1-EC2-S3-WriteRole-staging-profile",
            "create_date": "2026-05-21T20:20:21Z",
            "id": "W2A1-EC2-S3-WriteRole-staging-profile",
            "name": "W2A1-EC2-S3-WriteRole-staging-profile",
            "name_prefix": "",
            "path": "/",
            "role": "W2A1-EC2-S3-WriteRole-staging",
            "tags": {},
            "tags_all": {},
            "unique_id": "AIPAZBZP7DWOOQYM6VQZD"
          },
          "sensitive_attributes": [],
          "identity_schema_version": 0,
          "private": "bnVsbA==",
          "dependencies": [
            "module.iam.aws_iam_role.s3_write",
            "module.iam.data.aws_iam_policy_document.ec2_assume_role"
          ]
        }
      ]
    },
    {
      "module": "module.iam",
      "mode": "managed",
      "type": "aws_iam_policy",
      "name": "ecr_read",
      "provider": "provider[\"registry.terraform.io/hashicorp/aws\"]",
      "instances": [
        {
          "schema_version": 0,
          "attributes": {
            "arn": "arn:aws:iam::622333992348:policy/W2A1-EC2-ECR-ReadPolicy-staging",
            "attachment_count": 1,
            "description": "",
            "id": "arn:aws:iam::622333992348:policy/W2A1-EC2-ECR-ReadPolicy-staging",
            "name": "W2A1-EC2-ECR-ReadPolicy-staging",
            "name_prefix": "",
            "path": "/",
            "policy": "{\"Statement\":[{\"Action\":\"ecr:GetAuthorizationToken\",\"Effect\":\"Allow\",\"Resource\":\"*\",\"Sid\":\"ECRAuth\"},{\"Action\":[\"ecr:GetDownloadUrlForLayer\",\"ecr:BatchGetImage\",\"ecr:BatchCheckLayerAvailability\"],\"Effect\":\"Allow\",\"Resource\":\"arn:aws:ecr:eu-south-2:622333992348:repository/w2a1-production\",\"Sid\":\"ECRPull\"},{\"Action\":[\"ssm:GetParametersByPath\",\"ssm:GetParameters\",\"ssm:GetParameter\"],\"Effect\":\"Allow\",\"Resource\":\"arn:aws:ssm:eu-south-2:622333992348:parameter/group1/staging/*\",\"Sid\":\"SSMGetParams\"}],\"Version\":\"2012-10-17\"}",
            "policy_id": "ANPAZBZP7DWOBELGIT5VP",
            "tags": {},
            "tags_all": {}
          },
          "sensitive_attributes": [],
          "identity_schema_version": 0,
          "identity": {
            "arn": "arn:aws:iam::622333992348:policy/W2A1-EC2-ECR-ReadPolicy-staging"
          },
          "private": "bnVsbA==",
          "dependencies": [
            "module.iam.data.aws_caller_identity.current",
            "module.iam.data.aws_iam_policy_document.ecr_read",
            "module.iam.data.aws_region.current"
          ]
        }
      ]
    },
    {
      "module": "module.iam",
      "mode": "managed",
      "type": "aws_iam_policy",
      "name": "s3_write",
      "provider": "provider[\"registry.terraform.io/hashicorp/aws\"]",
      "instances": [
        {
          "schema_version": 0,
          "attributes": {
            "arn": "arn:aws:iam::622333992348:policy/W2A1-EC2-S3-WritePolicy-staging",
            "attachment_count": 1,
            "description": "",
            "id": "arn:aws:iam::622333992348:policy/W2A1-EC2-S3-WritePolicy-staging",
            "name": "W2A1-EC2-S3-WritePolicy-staging",
            "name_prefix": "",
            "path": "/",
            "policy": "{\"Statement\":[{\"Action\":\"s3:PutObject\",\"Effect\":\"Allow\",\"Resource\":\"arn:aws:s3:::devops-project-group1-logs-staging/*\",\"Sid\":\"S3WriteLogs\"}],\"Version\":\"2012-10-17\"}",
            "policy_id": "ANPAZBZP7DWOMMIUD2KEW",
            "tags": {},
            "tags_all": {}
          },
          "sensitive_attributes": [],
          "identity_schema_version": 0,
          "identity": {
            "arn": "arn:aws:iam::622333992348:policy/W2A1-EC2-S3-WritePolicy-staging"
          },
          "private": "bnVsbA==",
          "dependencies": [
            "module.iam.data.aws_iam_policy_document.s3_write",
            "module.s3_logs.aws_s3_bucket.logs"
          ]
        }
      ]
    },
    {
      "module": "module.iam",
      "mode": "managed",
      "type": "aws_iam_role",
      "name": "ecr_read",
      "provider": "provider[\"registry.terraform.io/hashicorp/aws\"]",
      "instances": [
        {
          "schema_version": 0,
          "attributes": {
            "arn": "arn:aws:iam::622333992348:role/W2A1-EC2-ECR-ReadRole-staging",
            "assume_role_policy": "{\"Statement\":[{\"Action\":\"sts:AssumeRole\",\"Effect\":\"Allow\",\"Principal\":{\"Service\":\"ec2.amazonaws.com\"}}],\"Version\":\"2012-10-17\"}",
            "create_date": "2026-05-21T20:20:20Z",
            "description": "",
            "force_detach_policies": false,
            "id": "W2A1-EC2-ECR-ReadRole-staging",
            "inline_policy": [],
            "managed_policy_arns": [
              "arn:aws:iam::622333992348:policy/W2A1-EC2-ECR-ReadPolicy-staging",
              "arn:aws:iam::aws:policy/AmazonSSMManagedInstanceCore"
            ],
            "max_session_duration": 3600,
            "name": "W2A1-EC2-ECR-ReadRole-staging",
            "name_prefix": "",
            "path": "/",
            "permissions_boundary": "",
            "tags": {
              "Env": "staging",
              "Name": "W2A1-EC2-ECR-ReadRole-staging"
            },
            "tags_all": {
              "Env": "staging",
              "Name": "W2A1-EC2-ECR-ReadRole-staging"
            },
            "unique_id": "AROAZBZP7DWONX2F2JGFO"
          },
          "sensitive_attributes": [],
          "identity_schema_version": 0,
          "identity": {
            "account_id": "622333992348",
            "name": "W2A1-EC2-ECR-ReadRole-staging"
          },
          "private": "bnVsbA==",
          "dependencies": [
            "module.iam.data.aws_iam_policy_document.ec2_assume_role"
          ],
          "create_before_destroy": true
        }
      ]
    },
    {
      "module": "module.iam",
      "mode": "managed",
      "type": "aws_iam_role",
      "name": "s3_write",
      "provider": "provider[\"registry.terraform.io/hashicorp/aws\"]",
      "instances": [
        {
          "schema_version": 0,
          "attributes": {
            "arn": "arn:aws:iam::622333992348:role/W2A1-EC2-S3-WriteRole-staging",
            "assume_role_policy": "{\"Statement\":[{\"Action\":\"sts:AssumeRole\",\"Effect\":\"Allow\",\"Principal\":{\"Service\":\"ec2.amazonaws.com\"}}],\"Version\":\"2012-10-17\"}",
            "create_date": "2026-05-21T20:20:20Z",
            "description": "",
            "force_detach_policies": false,
            "id": "W2A1-EC2-S3-WriteRole-staging",
            "inline_policy": [],
            "managed_policy_arns": [
              "arn:aws:iam::622333992348:policy/W2A1-EC2-S3-WritePolicy-staging"
            ],
            "max_session_duration": 3600,
            "name": "W2A1-EC2-S3-WriteRole-staging",
            "name_prefix": "",
            "path": "/",
            "permissions_boundary": "",
            "tags": {
              "Env": "staging",
              "Name": "W2A1-EC2-S3-WriteRole-staging"
            },
            "tags_all": {
              "Env": "staging",
              "Name": "W2A1-EC2-S3-WriteRole-staging"
            },
            "unique_id": "AROAZBZP7DWOEVHIY2RDM"
          },
          "sensitive_attributes": [],
          "identity_schema_version": 0,
          "identity": {
            "account_id": "622333992348",
            "name": "W2A1-EC2-S3-WriteRole-staging"
          },
          "private": "bnVsbA==",
          "dependencies": [
            "module.iam.data.aws_iam_policy_document.ec2_assume_role"
          ]
        }
      ]
    },
    {
      "module": "module.iam",
      "mode": "managed",
      "type": "aws_iam_role_policy_attachment",
      "name": "ecr_read",
      "provider": "provider[\"registry.terraform.io/hashicorp/aws\"]",
      "instances": [
        {
          "schema_version": 0,
          "attributes": {
            "id": "W2A1-EC2-ECR-ReadRole-staging/arn:aws:iam::622333992348:policy/W2A1-EC2-ECR-ReadPolicy-staging",
            "policy_arn": "arn:aws:iam::622333992348:policy/W2A1-EC2-ECR-ReadPolicy-staging",
            "role": "W2A1-EC2-ECR-ReadRole-staging"
          },
          "sensitive_attributes": [],
          "identity_schema_version": 0,
          "identity": {
            "account_id": "622333992348",
            "policy_arn": "arn:aws:iam::622333992348:policy/W2A1-EC2-ECR-ReadPolicy-staging",
            "role": "W2A1-EC2-ECR-ReadRole-staging"
          },
          "private": "bnVsbA==",
          "dependencies": [
            "module.iam.aws_iam_policy.ecr_read",
            "module.iam.aws_iam_role.ecr_read",
            "module.iam.data.aws_caller_identity.current",
            "module.iam.data.aws_iam_policy_document.ec2_assume_role",
            "module.iam.data.aws_iam_policy_document.ecr_read",
            "module.iam.data.aws_region.current"
          ]
        }
      ]
    },
    {
      "module": "module.iam",
      "mode": "managed",
      "type": "aws_iam_role_policy_attachment",
      "name": "ecr_read_cloudwatch",
      "provider": "provider[\"registry.terraform.io/hashicorp/aws\"]",
      "instances": [
        {
          "schema_version": 0,
          "attributes": {
            "id": "W2A1-EC2-ECR-ReadRole-staging/arn:aws:iam::aws:policy/CloudWatchAgentServerPolicy",
            "policy_arn": "arn:aws:iam::aws:policy/CloudWatchAgentServerPolicy",
            "role": "W2A1-EC2-ECR-ReadRole-staging"
          },
          "sensitive_attributes": [],
          "identity_schema_version": 0,
          "identity": {
            "account_id": "622333992348",
            "policy_arn": "arn:aws:iam::aws:policy/CloudWatchAgentServerPolicy",
            "role": "W2A1-EC2-ECR-ReadRole-staging"
          },
          "private": "bnVsbA==",
          "dependencies": [
            "module.iam.aws_iam_role.ecr_read",
            "module.iam.data.aws_iam_policy_document.ec2_assume_role"
          ]
        }
      ]
    },
    {
      "module": "module.iam",
      "mode": "managed",
      "type": "aws_iam_role_policy_attachment",
      "name": "ecr_read_ssm",
      "provider": "provider[\"registry.terraform.io/hashicorp/aws\"]",
      "instances": [
        {
          "schema_version": 0,
          "attributes": {
            "id": "W2A1-EC2-ECR-ReadRole-staging/arn:aws:iam::aws:policy/AmazonSSMManagedInstanceCore",
            "policy_arn": "arn:aws:iam::aws:policy/AmazonSSMManagedInstanceCore",
            "role": "W2A1-EC2-ECR-ReadRole-staging"
          },
          "sensitive_attributes": [],
          "identity_schema_version": 0,
          "identity": {
            "account_id": "622333992348",
            "policy_arn": "arn:aws:iam::aws:policy/AmazonSSMManagedInstanceCore",
            "role": "W2A1-EC2-ECR-ReadRole-staging"
          },
          "private": "bnVsbA==",
          "dependencies": [
            "module.iam.aws_iam_role.ecr_read",
            "module.iam.data.aws_iam_policy_document.ec2_assume_role"
          ]
        }
      ]
    },
    {
      "module": "module.iam",
      "mode": "managed",
      "type": "aws_iam_role_policy_attachment",
      "name": "s3_write",
      "provider": "provider[\"registry.terraform.io/hashicorp/aws\"]",
      "instances": [
        {
          "schema_version": 0,
          "attributes": {
            "id": "W2A1-EC2-S3-WriteRole-staging/arn:aws:iam::622333992348:policy/W2A1-EC2-S3-WritePolicy-staging",
            "policy_arn": "arn:aws:iam::622333992348:policy/W2A1-EC2-S3-WritePolicy-staging",
            "role": "W2A1-EC2-S3-WriteRole-staging"
          },
          "sensitive_attributes": [],
          "identity_schema_version": 0,
          "identity": {
            "account_id": "622333992348",
            "policy_arn": "arn:aws:iam::622333992348:policy/W2A1-EC2-S3-WritePolicy-staging",
            "role": "W2A1-EC2-S3-WriteRole-staging"
          },
          "private": "bnVsbA==",
          "dependencies": [
            "module.iam.aws_iam_policy.s3_write",
            "module.iam.aws_iam_role.s3_write",
            "module.iam.data.aws_iam_policy_document.ec2_assume_role",
            "module.iam.data.aws_iam_policy_document.s3_write",
            "module.s3_logs.aws_s3_bucket.logs"
          ]
        }
      ]
    },
    {
      "module": "module.s3_logs",
      "mode": "data",
      "type": "aws_caller_identity",
      "name": "current",
      "provider": "provider[\"registry.terraform.io/hashicorp/aws\"]",
      "instances": [
        {
          "schema_version": 0,
          "attributes": {
            "account_id": "622333992348",
            "arn": "arn:aws:iam::622333992348:user/Hetic-END-GR1",
            "id": "622333992348",
            "user_id": "AIDAZBZP7DWOETSGLFCY5"
          },
          "sensitive_attributes": [],
          "identity_schema_version": 0
        }
      ]
    },
    {
      "module": "module.s3_logs",
      "mode": "data",
      "type": "aws_iam_policy_document",
      "name": "alb_access_logs",
      "provider": "provider[\"registry.terraform.io/hashicorp/aws\"]",
      "instances": [
        {
          "schema_version": 0,
          "attributes": {
            "id": "3803446911",
            "json": "{\n  \"Version\": \"2012-10-17\",\n  \"Statement\": [\n    {\n      \"Sid\": \"AllowALBAccessLogs\",\n      \"Effect\": \"Allow\",\n      \"Action\": \"s3:PutObject\",\n      \"Resource\": \"arn:aws:s3:::devops-project-group1-logs-staging/alb/AWSLogs/622333992348/*\",\n      \"Principal\": {\n        \"Service\": \"logdelivery.elasticloadbalancing.amazonaws.com\"\n      },\n      \"Condition\": {\n        \"ArnLike\": {\n          \"aws:SourceArn\": \"arn:aws:elasticloadbalancing:eu-south-2:622333992348:loadbalancer/*\"\n        },\n        \"StringEquals\": {\n          \"aws:SourceAccount\": \"622333992348\"\n        }\n      }\n    }\n  ]\n}",
            "minified_json": "{\"Version\":\"2012-10-17\",\"Statement\":[{\"Sid\":\"AllowALBAccessLogs\",\"Effect\":\"Allow\",\"Action\":\"s3:PutObject\",\"Resource\":\"arn:aws:s3:::devops-project-group1-logs-staging/alb/AWSLogs/622333992348/*\",\"Principal\":{\"Service\":\"logdelivery.elasticloadbalancing.amazonaws.com\"},\"Condition\":{\"ArnLike\":{\"aws:SourceArn\":\"arn:aws:elasticloadbalancing:eu-south-2:622333992348:loadbalancer/*\"},\"StringEquals\":{\"aws:SourceAccount\":\"622333992348\"}}}]}",
            "override_json": null,
            "override_policy_documents": null,
            "policy_id": null,
            "source_json": null,
            "source_policy_documents": null,
            "statement": [
              {
                "actions": [
                  "s3:PutObject"
                ],
                "condition": [
                  {
                    "test": "ArnLike",
                    "values": [
                      "arn:aws:elasticloadbalancing:eu-south-2:622333992348:loadbalancer/*"
                    ],
                    "variable": "aws:SourceArn"
                  },
                  {
                    "test": "StringEquals",
                    "values": [
                      "622333992348"
                    ],
                    "variable": "aws:SourceAccount"
                  }
                ],
                "effect": "Allow",
                "not_actions": [],
                "not_principals": [],
                "not_resources": [],
                "principals": [
                  {
                    "identifiers": [
                      "logdelivery.elasticloadbalancing.amazonaws.com"
                    ],
                    "type": "Service"
                  }
                ],
                "resources": [
                  "arn:aws:s3:::devops-project-group1-logs-staging/alb/AWSLogs/622333992348/*"
                ],
                "sid": "AllowALBAccessLogs"
              }
            ],
            "version": "2012-10-17"
          },
          "sensitive_attributes": [],
          "identity_schema_version": 0
        }
      ]
    },
    {
      "module": "module.s3_logs",
      "mode": "data",
      "type": "aws_region",
      "name": "current",
      "provider": "provider[\"registry.terraform.io/hashicorp/aws\"]",
      "instances": [
        {
          "schema_version": 0,
          "attributes": {
            "description": "Europe (Spain)",
            "endpoint": "ec2.eu-south-2.amazonaws.com",
            "id": "eu-south-2",
            "name": "eu-south-2",
            "region": "eu-south-2"
          },
          "sensitive_attributes": [],
          "identity_schema_version": 0
        }
      ]
    },
    {
      "module": "module.s3_logs",
      "mode": "managed",
      "type": "aws_s3_bucket",
      "name": "logs",
      "provider": "provider[\"registry.terraform.io/hashicorp/aws\"]",
      "instances": [
        {
          "schema_version": 0,
          "attributes": {
            "acceleration_status": "",
            "acl": null,
            "arn": "arn:aws:s3:::devops-project-group1-logs-staging",
            "bucket": "devops-project-group1-logs-staging",
            "bucket_domain_name": "devops-project-group1-logs-staging.s3.amazonaws.com",
            "bucket_prefix": "",
            "bucket_region": "eu-south-2",
            "bucket_regional_domain_name": "devops-project-group1-logs-staging.s3.eu-south-2.amazonaws.com",
            "cors_rule": [],
            "force_destroy": false,
            "grant": [
              {
                "id": "6acae6ee0d621b7b27e7a67d2bccb185de28f47ac37532e1a0f2b5373579e208",
                "permissions": [
                  "FULL_CONTROL"
                ],
                "type": "CanonicalUser",
                "uri": ""
              }
            ],
            "hosted_zone_id": "Z0081959F7139GRJC19J",
            "id": "devops-project-group1-logs-staging",
            "lifecycle_rule": [],
            "logging": [],
            "object_lock_configuration": [],
            "object_lock_enabled": false,
            "policy": "",
            "region": "eu-south-2",
            "replication_configuration": [],
            "request_payer": "BucketOwner",
            "server_side_encryption_configuration": [
              {
                "rule": [
                  {
                    "apply_server_side_encryption_by_default": [
                      {
                        "kms_master_key_id": "",
                        "sse_algorithm": "AES256"
                      }
                    ],
                    "bucket_key_enabled": false
                  }
                ]
              }
            ],
            "tags": {
              "Env": "staging",
              "Name": "devops-project-group1-logs-staging"
            },
            "tags_all": {
              "Env": "staging",
              "Name": "devops-project-group1-logs-staging"
            },
            "timeouts": null,
            "versioning": [
              {
                "enabled": false,
                "mfa_delete": false
              }
            ],
            "website": [],
            "website_domain": null,
            "website_endpoint": null
          },
          "sensitive_attributes": [],
          "identity_schema_version": 0,
          "identity": {
            "account_id": "622333992348",
            "bucket": "devops-project-group1-logs-staging",
            "region": "eu-south-2"
          },
          "private": "eyJlMmJmYjczMC1lY2FhLTExZTYtOGY4OC0zNDM2M2JjN2M0YzAiOnsiY3JlYXRlIjoxMjAwMDAwMDAwMDAwLCJkZWxldGUiOjM2MDAwMDAwMDAwMDAsInJlYWQiOjEyMDAwMDAwMDAwMDAsInVwZGF0ZSI6MTIwMDAwMDAwMDAwMH19",
          "create_before_destroy": true
        }
      ]
    },
    {
      "module": "module.s3_logs",
      "mode": "managed",
      "type": "aws_s3_bucket_lifecycle_configuration",
      "name": "logs",
      "provider": "provider[\"registry.terraform.io/hashicorp/aws\"]",
      "instances": [
        {
          "schema_version": 1,
          "attributes": {
            "bucket": "devops-project-group1-logs-staging",
            "expected_bucket_owner": "",
            "id": "devops-project-group1-logs-staging",
            "region": "eu-south-2",
            "rule": [
              {
                "abort_incomplete_multipart_upload": [],
                "expiration": [
                  {
                    "date": null,
                    "days": 30,
                    "expired_object_delete_marker": false
                  }
                ],
                "filter": [
                  {
                    "and": [],
                    "object_size_greater_than": null,
                    "object_size_less_than": null,
                    "prefix": "",
                    "tag": []
                  }
                ],
                "id": "expire-access-logs",
                "noncurrent_version_expiration": [],
                "noncurrent_version_transition": [],
                "prefix": "",
                "status": "Enabled",
                "transition": []
              }
            ],
            "timeouts": null,
            "transition_default_minimum_object_size": "all_storage_classes_128K"
          },
          "sensitive_attributes": [],
          "identity_schema_version": 0,
          "dependencies": [
            "module.s3_logs.aws_s3_bucket.logs"
          ],
          "create_before_destroy": true
        }
      ]
    },
    {
      "module": "module.s3_logs",
      "mode": "managed",
      "type": "aws_s3_bucket_ownership_controls",
      "name": "logs",
      "provider": "provider[\"registry.terraform.io/hashicorp/aws\"]",
      "instances": [
        {
          "schema_version": 0,
          "attributes": {
            "bucket": "devops-project-group1-logs-staging",
            "id": "devops-project-group1-logs-staging",
            "region": "eu-south-2",
            "rule": [
              {
                "object_ownership": "BucketOwnerPreferred"
              }
            ]
          },
          "sensitive_attributes": [],
          "identity_schema_version": 0,
          "identity": {
            "account_id": "622333992348",
            "bucket": "devops-project-group1-logs-staging",
            "region": "eu-south-2"
          },
          "private": "bnVsbA==",
          "dependencies": [
            "module.s3_logs.aws_s3_bucket.logs"
          ],
          "create_before_destroy": true
        }
      ]
    },
    {
      "module": "module.s3_logs",
      "mode": "managed",
      "type": "aws_s3_bucket_policy",
      "name": "logs",
      "provider": "provider[\"registry.terraform.io/hashicorp/aws\"]",
      "instances": [
        {
          "schema_version": 0,
          "attributes": {
            "bucket": "devops-project-group1-logs-staging",
            "id": "devops-project-group1-logs-staging",
            "policy": "{\"Statement\":[{\"Action\":\"s3:PutObject\",\"Condition\":{\"ArnLike\":{\"aws:SourceArn\":\"arn:aws:elasticloadbalancing:eu-south-2:622333992348:loadbalancer/*\"},\"StringEquals\":{\"aws:SourceAccount\":\"622333992348\"}},\"Effect\":\"Allow\",\"Principal\":{\"Service\":\"logdelivery.elasticloadbalancing.amazonaws.com\"},\"Resource\":\"arn:aws:s3:::devops-project-group1-logs-staging/alb/AWSLogs/622333992348/*\",\"Sid\":\"AllowALBAccessLogs\"}],\"Version\":\"2012-10-17\"}",
            "region": "eu-south-2"
          },
          "sensitive_attributes": [],
          "identity_schema_version": 0,
          "identity": {
            "account_id": "622333992348",
            "bucket": "devops-project-group1-logs-staging",
            "region": "eu-south-2"
          },
          "private": "bnVsbA==",
          "dependencies": [
            "module.s3_logs.aws_s3_bucket.logs",
            "module.s3_logs.aws_s3_bucket_ownership_controls.logs",
            "module.s3_logs.data.aws_caller_identity.current",
            "module.s3_logs.data.aws_iam_policy_document.alb_access_logs",
            "module.s3_logs.data.aws_region.current"
          ],
          "create_before_destroy": true
        }
      ]
    },
    {
      "module": "module.s3_logs",
      "mode": "managed",
      "type": "aws_s3_bucket_public_access_block",
      "name": "logs",
      "provider": "provider[\"registry.terraform.io/hashicorp/aws\"]",
      "instances": [
        {
          "schema_version": 0,
          "attributes": {
            "block_public_acls": true,
            "block_public_policy": true,
            "bucket": "devops-project-group1-logs-staging",
            "id": "devops-project-group1-logs-staging",
            "ignore_public_acls": true,
            "region": "eu-south-2",
            "restrict_public_buckets": true,
            "skip_destroy": null
          },
          "sensitive_attributes": [],
          "identity_schema_version": 0,
          "identity": {
            "account_id": "622333992348",
            "bucket": "devops-project-group1-logs-staging",
            "region": "eu-south-2"
          },
          "private": "bnVsbA==",
          "dependencies": [
            "module.s3_logs.aws_s3_bucket.logs"
          ],
          "create_before_destroy": true
        }
      ]
    },
    {
      "module": "module.s3_logs",
      "mode": "managed",
      "type": "aws_s3_bucket_server_side_encryption_configuration",
      "name": "logs",
      "provider": "provider[\"registry.terraform.io/hashicorp/aws\"]",
      "instances": [
        {
          "schema_version": 0,
          "attributes": {
            "bucket": "devops-project-group1-logs-staging",
            "expected_bucket_owner": "",
            "id": "devops-project-group1-logs-staging",
            "region": "eu-south-2",
            "rule": [
              {
                "apply_server_side_encryption_by_default": [
                  {
                    "kms_master_key_id": "",
                    "sse_algorithm": "AES256"
                  }
                ],
                "bucket_key_enabled": null
              }
            ]
          },
          "sensitive_attributes": [],
          "identity_schema_version": 0,
          "identity": {
            "account_id": "622333992348",
            "bucket": "devops-project-group1-logs-staging",
            "expected_bucket_owner": null,
            "region": "eu-south-2"
          },
          "private": "bnVsbA==",
          "dependencies": [
            "module.s3_logs.aws_s3_bucket.logs"
          ],
          "create_before_destroy": true
        }
      ]
    },
    {
      "module": "module.ssm",
      "mode": "managed",
      "type": "aws_ssm_parameter",
      "name": "backend_port",
      "provider": "provider[\"registry.terraform.io/hashicorp/aws\"]",
      "instances": [
        {
          "schema_version": 0,
          "attributes": {
            "allowed_pattern": "",
            "arn": "arn:aws:ssm:eu-south-2:622333992348:parameter/group1/staging/BACKEND_PORT",
            "data_type": "text",
            "description": "",
            "has_value_wo": false,
            "id": "/group1/staging/BACKEND_PORT",
            "insecure_value": null,
            "key_id": "",
            "name": "/group1/staging/BACKEND_PORT",
            "overwrite": true,
            "region": "eu-south-2",
            "tags": {},
            "tags_all": {},
            "tier": "Standard",
            "type": "String",
            "value": "3000",
            "value_wo": null,
            "value_wo_version": null,
            "version": 1
          },
          "sensitive_attributes": [
            [
              {
                "type": "get_attr",
                "value": "value"
              }
            ],
            [
              {
                "type": "get_attr",
                "value": "value_wo"
              }
            ]
          ],
          "identity_schema_version": 0,
          "identity": {
            "account_id": "622333992348",
            "name": "/group1/staging/BACKEND_PORT",
            "region": "eu-south-2"
          },
          "private": "bnVsbA=="
        }
      ]
    },
    {
      "module": "module.ssm",
      "mode": "managed",
      "type": "aws_ssm_parameter",
      "name": "cors_origin",
      "provider": "provider[\"registry.terraform.io/hashicorp/aws\"]",
      "instances": [
        {
          "schema_version": 0,
          "attributes": {
            "allowed_pattern": "",
            "arn": "arn:aws:ssm:eu-south-2:622333992348:parameter/group1/staging/CORS_ORIGIN",
            "data_type": "text",
            "description": "",
            "has_value_wo": false,
            "id": "/group1/staging/CORS_ORIGIN",
            "insecure_value": null,
            "key_id": "",
            "name": "/group1/staging/CORS_ORIGIN",
            "overwrite": true,
            "region": "eu-south-2",
            "tags": {},
            "tags_all": {},
            "tier": "Standard",
            "type": "String",
            "value": "http://W2A1-alb-staging-1815909041.eu-south-2.elb.amazonaws.com",
            "value_wo": null,
            "value_wo_version": null,
            "version": 1
          },
          "sensitive_attributes": [
            [
              {
                "type": "get_attr",
                "value": "value"
              }
            ],
            [
              {
                "type": "get_attr",
                "value": "value_wo"
              }
            ]
          ],
          "identity_schema_version": 0,
          "identity": {
            "account_id": "622333992348",
            "name": "/group1/staging/CORS_ORIGIN",
            "region": "eu-south-2"
          },
          "private": "bnVsbA==",
          "dependencies": [
            "module.alb.aws_lb.prod",
            "module.alb.aws_security_group.alb",
            "module.s3_logs.aws_s3_bucket.logs",
            "module.s3_logs.aws_s3_bucket_lifecycle_configuration.logs",
            "module.s3_logs.aws_s3_bucket_ownership_controls.logs",
            "module.s3_logs.aws_s3_bucket_policy.logs",
            "module.s3_logs.aws_s3_bucket_public_access_block.logs",
            "module.s3_logs.aws_s3_bucket_server_side_encryption_configuration.logs",
            "module.s3_logs.data.aws_caller_identity.current",
            "module.s3_logs.data.aws_iam_policy_document.alb_access_logs",
            "module.s3_logs.data.aws_region.current",
            "module.vpc.aws_subnet.subnet_public",
            "module.vpc.aws_vpc.vpc"
          ]
        }
      ]
    },
    {
      "module": "module.ssm",
      "mode": "managed",
      "type": "aws_ssm_parameter",
      "name": "http_port",
      "provider": "provider[\"registry.terraform.io/hashicorp/aws\"]",
      "instances": [
        {
          "schema_version": 0,
          "attributes": {
            "allowed_pattern": "",
            "arn": "arn:aws:ssm:eu-south-2:622333992348:parameter/group1/staging/HTTP_PORT",
            "data_type": "text",
            "description": "",
            "has_value_wo": false,
            "id": "/group1/staging/HTTP_PORT",
            "insecure_value": null,
            "key_id": "",
            "name": "/group1/staging/HTTP_PORT",
            "overwrite": true,
            "region": "eu-south-2",
            "tags": {},
            "tags_all": {},
            "tier": "Standard",
            "type": "String",
            "value": "80",
            "value_wo": null,
            "value_wo_version": null,
            "version": 1
          },
          "sensitive_attributes": [
            [
              {
                "type": "get_attr",
                "value": "value"
              }
            ],
            [
              {
                "type": "get_attr",
                "value": "value_wo"
              }
            ]
          ],
          "identity_schema_version": 0,
          "identity": {
            "account_id": "622333992348",
            "name": "/group1/staging/HTTP_PORT",
            "region": "eu-south-2"
          },
          "private": "bnVsbA=="
        }
      ]
    },
    {
      "module": "module.ssm",
      "mode": "managed",
      "type": "aws_ssm_parameter",
      "name": "postgres_db",
      "provider": "provider[\"registry.terraform.io/hashicorp/aws\"]",
      "instances": [
        {
          "schema_version": 0,
          "attributes": {
            "allowed_pattern": "",
            "arn": "arn:aws:ssm:eu-south-2:622333992348:parameter/group1/staging/POSTGRES_DB",
            "data_type": "text",
            "description": "",
            "has_value_wo": false,
            "id": "/group1/staging/POSTGRES_DB",
            "insecure_value": null,
            "key_id": "",
            "name": "/group1/staging/POSTGRES_DB",
            "overwrite": true,
            "region": "eu-south-2",
            "tags": {},
            "tags_all": {},
            "tier": "Standard",
            "type": "String",
            "value": "devops_project_staging",
            "value_wo": null,
            "value_wo_version": null,
            "version": 1
          },
          "sensitive_attributes": [
            [
              {
                "type": "get_attr",
                "value": "value"
              }
            ],
            [
              {
                "type": "get_attr",
                "value": "value_wo"
              }
            ]
          ],
          "identity_schema_version": 0,
          "identity": {
            "account_id": "622333992348",
            "name": "/group1/staging/POSTGRES_DB",
            "region": "eu-south-2"
          },
          "private": "bnVsbA=="
        }
      ]
    },
    {
      "module": "module.ssm",
      "mode": "managed",
      "type": "aws_ssm_parameter",
      "name": "postgres_password",
      "provider": "provider[\"registry.terraform.io/hashicorp/aws\"]",
      "instances": [
        {
          "schema_version": 0,
          "attributes": {
            "allowed_pattern": "",
            "arn": "arn:aws:ssm:eu-south-2:622333992348:parameter/group1/staging/POSTGRES_PASSWORD",
            "data_type": "text",
            "description": "",
            "has_value_wo": false,
            "id": "/group1/staging/POSTGRES_PASSWORD",
            "insecure_value": null,
            "key_id": "alias/aws/ssm",
            "name": "/group1/staging/POSTGRES_PASSWORD",
            "overwrite": true,
            "region": "eu-south-2",
            "tags": {},
            "tags_all": {},
            "tier": "Standard",
            "type": "SecureString",
            "value": "your_db_password",
            "value_wo": null,
            "value_wo_version": null,
            "version": 1
          },
          "sensitive_attributes": [
            [
              {
                "type": "get_attr",
                "value": "value"
              }
            ],
            [
              {
                "type": "get_attr",
                "value": "value_wo"
              }
            ]
          ],
          "identity_schema_version": 0,
          "identity": {
            "account_id": "622333992348",
            "name": "/group1/staging/POSTGRES_PASSWORD",
            "region": "eu-south-2"
          },
          "private": "bnVsbA=="
        }
      ]
    },
    {
      "module": "module.ssm",
      "mode": "managed",
      "type": "aws_ssm_parameter",
      "name": "postgres_user",
      "provider": "provider[\"registry.terraform.io/hashicorp/aws\"]",
      "instances": [
        {
          "schema_version": 0,
          "attributes": {
            "allowed_pattern": "",
            "arn": "arn:aws:ssm:eu-south-2:622333992348:parameter/group1/staging/POSTGRES_USER",
            "data_type": "text",
            "description": "",
            "has_value_wo": false,
            "id": "/group1/staging/POSTGRES_USER",
            "insecure_value": null,
            "key_id": "alias/aws/ssm",
            "name": "/group1/staging/POSTGRES_USER",
            "overwrite": true,
            "region": "eu-south-2",
            "tags": {},
            "tags_all": {},
            "tier": "Standard",
            "type": "SecureString",
            "value": "your_db_user",
            "value_wo": null,
            "value_wo_version": null,
            "version": 1
          },
          "sensitive_attributes": [
            [
              {
                "type": "get_attr",
                "value": "value"
              }
            ],
            [
              {
                "type": "get_attr",
                "value": "value_wo"
              }
            ]
          ],
          "identity_schema_version": 0,
          "identity": {
            "account_id": "622333992348",
            "name": "/group1/staging/POSTGRES_USER",
            "region": "eu-south-2"
          },
          "private": "bnVsbA=="
        }
      ]
    },
    {
      "module": "module.ssm",
      "mode": "managed",
      "type": "aws_ssm_parameter",
      "name": "vite_frontend_api_url",
      "provider": "provider[\"registry.terraform.io/hashicorp/aws\"]",
      "instances": [
        {
          "schema_version": 0,
          "attributes": {
            "allowed_pattern": "",
            "arn": "arn:aws:ssm:eu-south-2:622333992348:parameter/group1/staging/VITE_FRONTEND_API_URL",
            "data_type": "text",
            "description": "",
            "has_value_wo": false,
            "id": "/group1/staging/VITE_FRONTEND_API_URL",
            "insecure_value": null,
            "key_id": "",
            "name": "/group1/staging/VITE_FRONTEND_API_URL",
            "overwrite": true,
            "region": "eu-south-2",
            "tags": {},
            "tags_all": {},
            "tier": "Standard",
            "type": "String",
            "value": "http://W2A1-alb-staging-1815909041.eu-south-2.elb.amazonaws.com/api",
            "value_wo": null,
            "value_wo_version": null,
            "version": 1
          },
          "sensitive_attributes": [
            [
              {
                "type": "get_attr",
                "value": "value"
              }
            ],
            [
              {
                "type": "get_attr",
                "value": "value_wo"
              }
            ]
          ],
          "identity_schema_version": 0,
          "identity": {
            "account_id": "622333992348",
            "name": "/group1/staging/VITE_FRONTEND_API_URL",
            "region": "eu-south-2"
          },
          "private": "bnVsbA==",
          "dependencies": [
            "module.alb.aws_lb.prod",
            "module.alb.aws_security_group.alb",
            "module.s3_logs.aws_s3_bucket.logs",
            "module.s3_logs.aws_s3_bucket_lifecycle_configuration.logs",
            "module.s3_logs.aws_s3_bucket_ownership_controls.logs",
            "module.s3_logs.aws_s3_bucket_policy.logs",
            "module.s3_logs.aws_s3_bucket_public_access_block.logs",
            "module.s3_logs.aws_s3_bucket_server_side_encryption_configuration.logs",
            "module.s3_logs.data.aws_caller_identity.current",
            "module.s3_logs.data.aws_iam_policy_document.alb_access_logs",
            "module.s3_logs.data.aws_region.current",
            "module.vpc.aws_subnet.subnet_public",
            "module.vpc.aws_vpc.vpc"
          ]
        }
      ]
    },
    {
      "module": "module.ssm",
      "mode": "managed",
      "type": "aws_ssm_parameter",
      "name": "vite_frontend_port",
      "provider": "provider[\"registry.terraform.io/hashicorp/aws\"]",
      "instances": [
        {
          "schema_version": 0,
          "attributes": {
            "allowed_pattern": "",
            "arn": "arn:aws:ssm:eu-south-2:622333992348:parameter/group1/staging/VITE_FRONTEND_PORT",
            "data_type": "text",
            "description": "",
            "has_value_wo": false,
            "id": "/group1/staging/VITE_FRONTEND_PORT",
            "insecure_value": null,
            "key_id": "",
            "name": "/group1/staging/VITE_FRONTEND_PORT",
            "overwrite": true,
            "region": "eu-south-2",
            "tags": {},
            "tags_all": {},
            "tier": "Standard",
            "type": "String",
            "value": "5173",
            "value_wo": null,
            "value_wo_version": null,
            "version": 1
          },
          "sensitive_attributes": [
            [
              {
                "type": "get_attr",
                "value": "value"
              }
            ],
            [
              {
                "type": "get_attr",
                "value": "value_wo"
              }
            ]
          ],
          "identity_schema_version": 0,
          "identity": {
            "account_id": "622333992348",
            "name": "/group1/staging/VITE_FRONTEND_PORT",
            "region": "eu-south-2"
          },
          "private": "bnVsbA=="
        }
      ]
    },
    {
      "module": "module.vpc",
      "mode": "managed",
      "type": "aws_eip",
      "name": "nat",
      "provider": "provider[\"registry.terraform.io/hashicorp/aws\"]",
      "instances": [
        {
          "schema_version": 0,
          "attributes": {
            "address": null,
            "allocation_id": "eipalloc-018997ccdc9f5864b",
            "arn": "arn:aws:ec2:eu-south-2:622333992348:elastic-ip/eipalloc-018997ccdc9f5864b",
            "associate_with_private_ip": null,
            "association_id": "eipassoc-01b3f0688c59ceb61",
            "carrier_ip": "",
            "customer_owned_ip": "",
            "customer_owned_ipv4_pool": "",
            "domain": "vpc",
            "id": "eipalloc-018997ccdc9f5864b",
            "instance": "",
            "ipam_pool_id": null,
            "network_border_group": "eu-south-2",
            "network_interface": "eni-0e83c81b6b2560cfa",
            "private_dns": "ip-10-0-1-143.eu-south-2.compute.internal",
            "private_ip": "10.0.1.143",
            "ptr_record": "",
            "public_dns": "ec2-15-217-194-113.eu-south-2.compute.amazonaws.com",
            "public_ip": "15.217.194.113",
            "public_ipv4_pool": "amazon",
            "region": "eu-south-2",
            "tags": {
              "Env": "staging",
              "Name": "W2A1-eip-nat-staging"
            },
            "tags_all": {
              "Env": "staging",
              "Name": "W2A1-eip-nat-staging"
            },
            "timeouts": null
          },
          "sensitive_attributes": [],
          "identity_schema_version": 0,
          "private": "eyJlMmJmYjczMC1lY2FhLTExZTYtOGY4OC0zNDM2M2JjN2M0YzAiOnsiZGVsZXRlIjoxODAwMDAwMDAwMDAsInJlYWQiOjkwMDAwMDAwMDAwMCwidXBkYXRlIjozMDAwMDAwMDAwMDB9fQ==",
          "dependencies": [
            "module.vpc.aws_internet_gateway.igw",
            "module.vpc.aws_vpc.vpc"
          ]
        }
      ]
    },
    {
      "module": "module.vpc",
      "mode": "managed",
      "type": "aws_internet_gateway",
      "name": "igw",
      "provider": "provider[\"registry.terraform.io/hashicorp/aws\"]",
      "instances": [
        {
          "schema_version": 0,
          "attributes": {
            "arn": "arn:aws:ec2:eu-south-2:622333992348:internet-gateway/igw-0a5b498b249c6fc7a",
            "id": "igw-0a5b498b249c6fc7a",
            "owner_id": "622333992348",
            "region": "eu-south-2",
            "tags": {
              "Env": "staging",
              "Name": "W2A1-igw-staging"
            },
            "tags_all": {
              "Env": "staging",
              "Name": "W2A1-igw-staging"
            },
            "timeouts": null,
            "vpc_id": "vpc-089f3031ec1876366"
          },
          "sensitive_attributes": [],
          "identity_schema_version": 0,
          "private": "eyJlMmJmYjczMC1lY2FhLTExZTYtOGY4OC0zNDM2M2JjN2M0YzAiOnsiY3JlYXRlIjoxMjAwMDAwMDAwMDAwLCJkZWxldGUiOjEyMDAwMDAwMDAwMDAsInVwZGF0ZSI6MTIwMDAwMDAwMDAwMH19",
          "dependencies": [
            "module.vpc.aws_vpc.vpc"
          ]
        }
      ]
    },
    {
      "module": "module.vpc",
      "mode": "managed",
      "type": "aws_nat_gateway",
      "name": "ngw",
      "provider": "provider[\"registry.terraform.io/hashicorp/aws\"]",
      "instances": [
        {
          "schema_version": 0,
          "attributes": {
            "allocation_id": "eipalloc-018997ccdc9f5864b",
            "association_id": "eipassoc-01b3f0688c59ceb61",
            "connectivity_type": "public",
            "id": "nat-06c6cf083bf355f59",
            "network_interface_id": "eni-0e83c81b6b2560cfa",
            "private_ip": "10.0.1.143",
            "public_ip": "15.217.194.113",
            "region": "eu-south-2",
            "secondary_allocation_ids": [],
            "secondary_private_ip_address_count": 0,
            "secondary_private_ip_addresses": [],
            "subnet_id": "subnet-09545c7e78326bf3c",
            "tags": {
              "Env": "staging",
              "Name": "W2A1-ngw-staging"
            },
            "tags_all": {
              "Env": "staging",
              "Name": "W2A1-ngw-staging"
            },
            "timeouts": null
          },
          "sensitive_attributes": [],
          "identity_schema_version": 0,
          "private": "eyJlMmJmYjczMC1lY2FhLTExZTYtOGY4OC0zNDM2M2JjN2M0YzAiOnsiY3JlYXRlIjo2MDAwMDAwMDAwMDAsImRlbGV0ZSI6MTgwMDAwMDAwMDAwMCwidXBkYXRlIjo2MDAwMDAwMDAwMDB9fQ==",
          "dependencies": [
            "module.vpc.aws_eip.nat",
            "module.vpc.aws_internet_gateway.igw",
            "module.vpc.aws_subnet.subnet_public",
            "module.vpc.aws_vpc.vpc"
          ]
        }
      ]
    },
    {
      "module": "module.vpc",
      "mode": "managed",
      "type": "aws_route_table",
      "name": "private",
      "provider": "provider[\"registry.terraform.io/hashicorp/aws\"]",
      "instances": [
        {
          "schema_version": 0,
          "attributes": {
            "arn": "arn:aws:ec2:eu-south-2:622333992348:route-table/rtb-0a81ef6ebce72e3b7",
            "id": "rtb-0a81ef6ebce72e3b7",
            "owner_id": "622333992348",
            "propagating_vgws": [],
            "region": "eu-south-2",
            "route": [
              {
                "carrier_gateway_id": "",
                "cidr_block": "0.0.0.0/0",
                "core_network_arn": "",
                "destination_prefix_list_id": "",
                "egress_only_gateway_id": "",
                "gateway_id": "",
                "ipv6_cidr_block": "",
                "local_gateway_id": "",
                "nat_gateway_id": "nat-06c6cf083bf355f59",
                "network_interface_id": "",
                "transit_gateway_id": "",
                "vpc_endpoint_id": "",
                "vpc_peering_connection_id": ""
              }
            ],
            "tags": {
              "Env": "staging",
              "Name": "W2A1-rtb-private-staging"
            },
            "tags_all": {
              "Env": "staging",
              "Name": "W2A1-rtb-private-staging"
            },
            "timeouts": null,
            "vpc_id": "vpc-089f3031ec1876366"
          },
          "sensitive_attributes": [],
          "identity_schema_version": 0,
          "private": "eyJlMmJmYjczMC1lY2FhLTExZTYtOGY4OC0zNDM2M2JjN2M0YzAiOnsiY3JlYXRlIjozMDAwMDAwMDAwMDAsImRlbGV0ZSI6MzAwMDAwMDAwMDAwLCJ1cGRhdGUiOjEyMDAwMDAwMDAwMH19",
          "dependencies": [
            "module.vpc.aws_eip.nat",
            "module.vpc.aws_internet_gateway.igw",
            "module.vpc.aws_nat_gateway.ngw",
            "module.vpc.aws_subnet.subnet_public",
            "module.vpc.aws_vpc.vpc"
          ]
        }
      ]
    },
    {
      "module": "module.vpc",
      "mode": "managed",
      "type": "aws_route_table",
      "name": "public",
      "provider": "provider[\"registry.terraform.io/hashicorp/aws\"]",
      "instances": [
        {
          "schema_version": 0,
          "attributes": {
            "arn": "arn:aws:ec2:eu-south-2:622333992348:route-table/rtb-06a3a3e7541200ce8",
            "id": "rtb-06a3a3e7541200ce8",
            "owner_id": "622333992348",
            "propagating_vgws": [],
            "region": "eu-south-2",
            "route": [
              {
                "carrier_gateway_id": "",
                "cidr_block": "0.0.0.0/0",
                "core_network_arn": "",
                "destination_prefix_list_id": "",
                "egress_only_gateway_id": "",
                "gateway_id": "igw-0a5b498b249c6fc7a",
                "ipv6_cidr_block": "",
                "local_gateway_id": "",
                "nat_gateway_id": "",
                "network_interface_id": "",
                "transit_gateway_id": "",
                "vpc_endpoint_id": "",
                "vpc_peering_connection_id": ""
              }
            ],
            "tags": {
              "Env": "staging",
              "Name": "W2A1-rtb-public-staging"
            },
            "tags_all": {
              "Env": "staging",
              "Name": "W2A1-rtb-public-staging"
            },
            "timeouts": null,
            "vpc_id": "vpc-089f3031ec1876366"
          },
          "sensitive_attributes": [],
          "identity_schema_version": 0,
          "private": "eyJlMmJmYjczMC1lY2FhLTExZTYtOGY4OC0zNDM2M2JjN2M0YzAiOnsiY3JlYXRlIjozMDAwMDAwMDAwMDAsImRlbGV0ZSI6MzAwMDAwMDAwMDAwLCJ1cGRhdGUiOjEyMDAwMDAwMDAwMH19",
          "dependencies": [
            "module.vpc.aws_internet_gateway.igw",
            "module.vpc.aws_vpc.vpc"
          ]
        }
      ]
    },
    {
      "module": "module.vpc",
      "mode": "managed",
      "type": "aws_route_table_association",
      "name": "private",
      "provider": "provider[\"registry.terraform.io/hashicorp/aws\"]",
      "instances": [
        {
          "index_key": "subnet_private_1",
          "schema_version": 0,
          "attributes": {
            "gateway_id": "",
            "id": "rtbassoc-016bdea2a306cd249",
            "region": "eu-south-2",
            "route_table_id": "rtb-0a81ef6ebce72e3b7",
            "subnet_id": "subnet-0ca61fc935a53c4d2",
            "timeouts": null
          },
          "sensitive_attributes": [],
          "identity_schema_version": 0,
          "private": "eyJlMmJmYjczMC1lY2FhLTExZTYtOGY4OC0zNDM2M2JjN2M0YzAiOnsiY3JlYXRlIjozMDAwMDAwMDAwMDAsImRlbGV0ZSI6MzAwMDAwMDAwMDAwLCJ1cGRhdGUiOjEyMDAwMDAwMDAwMH19",
          "dependencies": [
            "module.vpc.aws_eip.nat",
            "module.vpc.aws_internet_gateway.igw",
            "module.vpc.aws_nat_gateway.ngw",
            "module.vpc.aws_route_table.private",
            "module.vpc.aws_subnet.subnet_private",
            "module.vpc.aws_subnet.subnet_public",
            "module.vpc.aws_vpc.vpc"
          ]
        },
        {
          "index_key": "subnet_private_2",
          "schema_version": 0,
          "attributes": {
            "gateway_id": "",
            "id": "rtbassoc-017fda4338e4e3ffa",
            "region": "eu-south-2",
            "route_table_id": "rtb-0a81ef6ebce72e3b7",
            "subnet_id": "subnet-0a931925835542fe2",
            "timeouts": null
          },
          "sensitive_attributes": [],
          "identity_schema_version": 0,
          "private": "eyJlMmJmYjczMC1lY2FhLTExZTYtOGY4OC0zNDM2M2JjN2M0YzAiOnsiY3JlYXRlIjozMDAwMDAwMDAwMDAsImRlbGV0ZSI6MzAwMDAwMDAwMDAwLCJ1cGRhdGUiOjEyMDAwMDAwMDAwMH19",
          "dependencies": [
            "module.vpc.aws_eip.nat",
            "module.vpc.aws_internet_gateway.igw",
            "module.vpc.aws_nat_gateway.ngw",
            "module.vpc.aws_route_table.private",
            "module.vpc.aws_subnet.subnet_private",
            "module.vpc.aws_subnet.subnet_public",
            "module.vpc.aws_vpc.vpc"
          ]
        }
      ]
    },
    {
      "module": "module.vpc",
      "mode": "managed",
      "type": "aws_route_table_association",
      "name": "public",
      "provider": "provider[\"registry.terraform.io/hashicorp/aws\"]",
      "instances": [
        {
          "index_key": "subnet_public_1",
          "schema_version": 0,
          "attributes": {
            "gateway_id": "",
            "id": "rtbassoc-0abbc2090ed7d3c82",
            "region": "eu-south-2",
            "route_table_id": "rtb-06a3a3e7541200ce8",
            "subnet_id": "subnet-09545c7e78326bf3c",
            "timeouts": null
          },
          "sensitive_attributes": [],
          "identity_schema_version": 0,
          "private": "eyJlMmJmYjczMC1lY2FhLTExZTYtOGY4OC0zNDM2M2JjN2M0YzAiOnsiY3JlYXRlIjozMDAwMDAwMDAwMDAsImRlbGV0ZSI6MzAwMDAwMDAwMDAwLCJ1cGRhdGUiOjEyMDAwMDAwMDAwMH19",
          "dependencies": [
            "module.vpc.aws_internet_gateway.igw",
            "module.vpc.aws_route_table.public",
            "module.vpc.aws_subnet.subnet_public",
            "module.vpc.aws_vpc.vpc"
          ]
        },
        {
          "index_key": "subnet_public_2",
          "schema_version": 0,
          "attributes": {
            "gateway_id": "",
            "id": "rtbassoc-03316616047e25a32",
            "region": "eu-south-2",
            "route_table_id": "rtb-06a3a3e7541200ce8",
            "subnet_id": "subnet-0af159aa1b8840a95",
            "timeouts": null
          },
          "sensitive_attributes": [],
          "identity_schema_version": 0,
          "private": "eyJlMmJmYjczMC1lY2FhLTExZTYtOGY4OC0zNDM2M2JjN2M0YzAiOnsiY3JlYXRlIjozMDAwMDAwMDAwMDAsImRlbGV0ZSI6MzAwMDAwMDAwMDAwLCJ1cGRhdGUiOjEyMDAwMDAwMDAwMH19",
          "dependencies": [
            "module.vpc.aws_internet_gateway.igw",
            "module.vpc.aws_route_table.public",
            "module.vpc.aws_subnet.subnet_public",
            "module.vpc.aws_vpc.vpc"
          ]
        }
      ]
    },
    {
      "module": "module.vpc",
      "mode": "managed",
      "type": "aws_subnet",
      "name": "subnet_private",
      "provider": "provider[\"registry.terraform.io/hashicorp/aws\"]",
      "instances": [
        {
          "index_key": "subnet_private_1",
          "schema_version": 1,
          "attributes": {
            "arn": "arn:aws:ec2:eu-south-2:622333992348:subnet/subnet-0ca61fc935a53c4d2",
            "assign_ipv6_address_on_creation": false,
            "availability_zone": "eu-south-2a",
            "availability_zone_id": "eus2-az1",
            "cidr_block": "10.0.3.0/24",
            "customer_owned_ipv4_pool": "",
            "enable_dns64": false,
            "enable_lni_at_device_index": 0,
            "enable_resource_name_dns_a_record_on_launch": false,
            "enable_resource_name_dns_aaaa_record_on_launch": false,
            "id": "subnet-0ca61fc935a53c4d2",
            "ipv6_cidr_block": "",
            "ipv6_cidr_block_association_id": "",
            "ipv6_native": false,
            "map_customer_owned_ip_on_launch": false,
            "map_public_ip_on_launch": false,
            "outpost_arn": "",
            "owner_id": "622333992348",
            "private_dns_hostname_type_on_launch": "ip-name",
            "region": "eu-south-2",
            "tags": {
              "Env": "staging",
              "Name": "W2A1-staging-subnet_private_1"
            },
            "tags_all": {
              "Env": "staging",
              "Name": "W2A1-staging-subnet_private_1"
            },
            "timeouts": null,
            "vpc_id": "vpc-089f3031ec1876366"
          },
          "sensitive_attributes": [],
          "identity_schema_version": 0,
          "identity": {
            "account_id": "622333992348",
            "id": "subnet-0ca61fc935a53c4d2",
            "region": "eu-south-2"
          },
          "private": "eyJlMmJmYjczMC1lY2FhLTExZTYtOGY4OC0zNDM2M2JjN2M0YzAiOnsiY3JlYXRlIjo2MDAwMDAwMDAwMDAsImRlbGV0ZSI6MTIwMDAwMDAwMDAwMH0sInNjaGVtYV92ZXJzaW9uIjoiMSJ9",
          "dependencies": [
            "module.vpc.aws_vpc.vpc"
          ],
          "create_before_destroy": true
        },
        {
          "index_key": "subnet_private_2",
          "schema_version": 1,
          "attributes": {
            "arn": "arn:aws:ec2:eu-south-2:622333992348:subnet/subnet-0a931925835542fe2",
            "assign_ipv6_address_on_creation": false,
            "availability_zone": "eu-south-2b",
            "availability_zone_id": "eus2-az2",
            "cidr_block": "10.0.4.0/24",
            "customer_owned_ipv4_pool": "",
            "enable_dns64": false,
            "enable_lni_at_device_index": 0,
            "enable_resource_name_dns_a_record_on_launch": false,
            "enable_resource_name_dns_aaaa_record_on_launch": false,
            "id": "subnet-0a931925835542fe2",
            "ipv6_cidr_block": "",
            "ipv6_cidr_block_association_id": "",
            "ipv6_native": false,
            "map_customer_owned_ip_on_launch": false,
            "map_public_ip_on_launch": false,
            "outpost_arn": "",
            "owner_id": "622333992348",
            "private_dns_hostname_type_on_launch": "ip-name",
            "region": "eu-south-2",
            "tags": {
              "Env": "staging",
              "Name": "W2A1-staging-subnet_private_2"
            },
            "tags_all": {
              "Env": "staging",
              "Name": "W2A1-staging-subnet_private_2"
            },
            "timeouts": null,
            "vpc_id": "vpc-089f3031ec1876366"
          },
          "sensitive_attributes": [],
          "identity_schema_version": 0,
          "identity": {
            "account_id": "622333992348",
            "id": "subnet-0a931925835542fe2",
            "region": "eu-south-2"
          },
          "private": "eyJlMmJmYjczMC1lY2FhLTExZTYtOGY4OC0zNDM2M2JjN2M0YzAiOnsiY3JlYXRlIjo2MDAwMDAwMDAwMDAsImRlbGV0ZSI6MTIwMDAwMDAwMDAwMH0sInNjaGVtYV92ZXJzaW9uIjoiMSJ9",
          "dependencies": [
            "module.vpc.aws_vpc.vpc"
          ],
          "create_before_destroy": true
        }
      ]
    },
    {
      "module": "module.vpc",
      "mode": "managed",
      "type": "aws_subnet",
      "name": "subnet_public",
      "provider": "provider[\"registry.terraform.io/hashicorp/aws\"]",
      "instances": [
        {
          "index_key": "subnet_public_1",
          "schema_version": 1,
          "attributes": {
            "arn": "arn:aws:ec2:eu-south-2:622333992348:subnet/subnet-09545c7e78326bf3c",
            "assign_ipv6_address_on_creation": false,
            "availability_zone": "eu-south-2a",
            "availability_zone_id": "eus2-az1",
            "cidr_block": "10.0.1.0/24",
            "customer_owned_ipv4_pool": "",
            "enable_dns64": false,
            "enable_lni_at_device_index": 0,
            "enable_resource_name_dns_a_record_on_launch": false,
            "enable_resource_name_dns_aaaa_record_on_launch": false,
            "id": "subnet-09545c7e78326bf3c",
            "ipv6_cidr_block": "",
            "ipv6_cidr_block_association_id": "",
            "ipv6_native": false,
            "map_customer_owned_ip_on_launch": false,
            "map_public_ip_on_launch": true,
            "outpost_arn": "",
            "owner_id": "622333992348",
            "private_dns_hostname_type_on_launch": "ip-name",
            "region": "eu-south-2",
            "tags": {
              "Env": "staging",
              "Name": "W2A1-staging-subnet_public_1"
            },
            "tags_all": {
              "Env": "staging",
              "Name": "W2A1-staging-subnet_public_1"
            },
            "timeouts": null,
            "vpc_id": "vpc-089f3031ec1876366"
          },
          "sensitive_attributes": [],
          "identity_schema_version": 0,
          "identity": {
            "account_id": "622333992348",
            "id": "subnet-09545c7e78326bf3c",
            "region": "eu-south-2"
          },
          "private": "eyJlMmJmYjczMC1lY2FhLTExZTYtOGY4OC0zNDM2M2JjN2M0YzAiOnsiY3JlYXRlIjo2MDAwMDAwMDAwMDAsImRlbGV0ZSI6MTIwMDAwMDAwMDAwMH0sInNjaGVtYV92ZXJzaW9uIjoiMSJ9",
          "dependencies": [
            "module.vpc.aws_vpc.vpc"
          ]
        },
        {
          "index_key": "subnet_public_2",
          "schema_version": 1,
          "attributes": {
            "arn": "arn:aws:ec2:eu-south-2:622333992348:subnet/subnet-0af159aa1b8840a95",
            "assign_ipv6_address_on_creation": false,
            "availability_zone": "eu-south-2b",
            "availability_zone_id": "eus2-az2",
            "cidr_block": "10.0.2.0/24",
            "customer_owned_ipv4_pool": "",
            "enable_dns64": false,
            "enable_lni_at_device_index": 0,
            "enable_resource_name_dns_a_record_on_launch": false,
            "enable_resource_name_dns_aaaa_record_on_launch": false,
            "id": "subnet-0af159aa1b8840a95",
            "ipv6_cidr_block": "",
            "ipv6_cidr_block_association_id": "",
            "ipv6_native": false,
            "map_customer_owned_ip_on_launch": false,
            "map_public_ip_on_launch": true,
            "outpost_arn": "",
            "owner_id": "622333992348",
            "private_dns_hostname_type_on_launch": "ip-name",
            "region": "eu-south-2",
            "tags": {
              "Env": "staging",
              "Name": "W2A1-staging-subnet_public_2"
            },
            "tags_all": {
              "Env": "staging",
              "Name": "W2A1-staging-subnet_public_2"
            },
            "timeouts": null,
            "vpc_id": "vpc-089f3031ec1876366"
          },
          "sensitive_attributes": [],
          "identity_schema_version": 0,
          "identity": {
            "account_id": "622333992348",
            "id": "subnet-0af159aa1b8840a95",
            "region": "eu-south-2"
          },
          "private": "eyJlMmJmYjczMC1lY2FhLTExZTYtOGY4OC0zNDM2M2JjN2M0YzAiOnsiY3JlYXRlIjo2MDAwMDAwMDAwMDAsImRlbGV0ZSI6MTIwMDAwMDAwMDAwMH0sInNjaGVtYV92ZXJzaW9uIjoiMSJ9",
          "dependencies": [
            "module.vpc.aws_vpc.vpc"
          ]
        }
      ]
    },
    {
      "module": "module.vpc",
      "mode": "managed",
      "type": "aws_vpc",
      "name": "vpc",
      "provider": "provider[\"registry.terraform.io/hashicorp/aws\"]",
      "instances": [
        {
          "schema_version": 1,
          "attributes": {
            "arn": "arn:aws:ec2:eu-south-2:622333992348:vpc/vpc-089f3031ec1876366",
            "assign_generated_ipv6_cidr_block": false,
            "cidr_block": "10.0.0.0/16",
            "default_network_acl_id": "acl-002ab18fce59b014c",
            "default_route_table_id": "rtb-0a55dc2802e1489fc",
            "default_security_group_id": "sg-02c05d8560f8983fb",
            "dhcp_options_id": "dopt-0e037af7136b1d016",
            "enable_dns_hostnames": true,
            "enable_dns_support": true,
            "enable_network_address_usage_metrics": false,
            "id": "vpc-089f3031ec1876366",
            "instance_tenancy": "default",
            "ipv4_ipam_pool_id": null,
            "ipv4_netmask_length": null,
            "ipv6_association_id": "",
            "ipv6_cidr_block": "",
            "ipv6_cidr_block_network_border_group": "",
            "ipv6_ipam_pool_id": "",
            "ipv6_netmask_length": 0,
            "main_route_table_id": "rtb-0a55dc2802e1489fc",
            "owner_id": "622333992348",
            "region": "eu-south-2",
            "tags": {
              "Env": "staging",
              "Name": "W2A1-vpc-staging"
            },
            "tags_all": {
              "Env": "staging",
              "Name": "W2A1-vpc-staging"
            }
          },
          "sensitive_attributes": [],
          "identity_schema_version": 0,
          "private": "eyJzY2hlbWFfdmVyc2lvbiI6IjEifQ==",
          "create_before_destroy": true
        }
      ]
    }
  ],
  "check_results": [
    {
      "object_kind": "var",
      "config_addr": "var.environment",
      "status": "pass",
      "objects": [
        {
          "object_addr": "var.environment",
          "status": "pass"
        }
      ]
    }
  ]
}
