{
  "version": 4,
  "terraform_version": "1.15.0",
  "serial": 367,
  "lineage": "ad8de5d4-eac7-0567-a17b-ec9c10d5199c",
  "outputs": {},
  "resources": [
    {
      "module": "module.alb",
      "mode": "managed",
      "type": "aws_lb",
      "name": "prod",
      "provider": "provider[\"registry.terraform.io/hashicorp/aws\"]",
      "instances": [
        {
          "schema_version": 0,
          "attributes": {
            "access_logs": [
              {
                "bucket": "",
                "enabled": false,
                "prefix": ""
              }
            ],
            "arn": "arn:aws:elasticloadbalancing:eu-south-2:622333992348:loadbalancer/app/W2A1-alb-staging/3bc150dd56f6583e",
            "arn_suffix": "app/W2A1-alb-staging/3bc150dd56f6583e",
            "client_keep_alive": 3600,
            "connection_logs": [
              {
                "bucket": "",
                "enabled": false,
                "prefix": ""
              }
            ],
            "customer_owned_ipv4_pool": "",
            "desync_mitigation_mode": "defensive",
            "dns_name": "W2A1-alb-staging-1053011985.eu-south-2.elb.amazonaws.com",
            "dns_record_client_routing_policy": null,
            "drop_invalid_header_fields": false,
            "enable_cross_zone_load_balancing": true,
            "enable_deletion_protection": false,
            "enable_http2": true,
            "enable_tls_version_and_cipher_suite_headers": false,
            "enable_waf_fail_open": false,
            "enable_xff_client_port": false,
            "enable_zonal_shift": false,
            "enforce_security_group_inbound_rules_on_private_link_traffic": "",
            "id": "arn:aws:elasticloadbalancing:eu-south-2:622333992348:loadbalancer/app/W2A1-alb-staging/3bc150dd56f6583e",
            "idle_timeout": 60,
            "internal": false,
            "ip_address_type": "ipv4",
            "ipam_pools": [],
            "load_balancer_type": "application",
            "minimum_load_balancer_capacity": [],
            "name": "W2A1-alb-staging",
            "name_prefix": "",
            "preserve_host_header": false,
            "region": "eu-south-2",
            "security_groups": [
              "sg-08f2e11bc5c6bd0d0"
            ],
            "subnet_mapping": [
              {
                "allocation_id": "",
                "ipv6_address": "",
                "outpost_id": "",
                "private_ipv4_address": "",
                "subnet_id": "subnet-0002c4cc82a4cfe3e"
              },
              {
                "allocation_id": "",
                "ipv6_address": "",
                "outpost_id": "",
                "private_ipv4_address": "",
                "subnet_id": "subnet-07509d2fc4e5a9ec0"
              }
            ],
            "subnets": [
              "subnet-0002c4cc82a4cfe3e",
              "subnet-07509d2fc4e5a9ec0"
            ],
            "tags": {
              "Env": "staging",
              "Name": "W2A1-alb-staging"
            },
            "tags_all": {
              "Env": "staging",
              "Name": "W2A1-alb-staging"
            },
            "timeouts": null,
            "vpc_id": "vpc-043b53428ee54ff0c",
            "xff_header_processing_mode": "append",
            "zone_id": "Z0956581394HF5D5LXGAP"
          },
          "sensitive_attributes": [],
          "identity_schema_version": 0,
          "identity": {
            "arn": "arn:aws:elasticloadbalancing:eu-south-2:622333992348:loadbalancer/app/W2A1-alb-staging/3bc150dd56f6583e"
          },
          "private": "eyJlMmJmYjczMC1lY2FhLTExZTYtOGY4OC0zNDM2M2JjN2M0YzAiOnsiY3JlYXRlIjo2MDAwMDAwMDAwMDAsImRlbGV0ZSI6NjAwMDAwMDAwMDAwLCJ1cGRhdGUiOjYwMDAwMDAwMDAwMH19",
          "dependencies": [
            "module.alb.aws_security_group.alb",
            "module.vpc.aws_subnet.subnet_public",
            "module.vpc.aws_vpc.vpc"
          ]
        }
      ]
    },
    {
      "module": "module.alb",
      "mode": "managed",
      "type": "aws_lb_listener",
      "name": "http",
      "provider": "provider[\"registry.terraform.io/hashicorp/aws\"]",
      "instances": [
        {
          "schema_version": 0,
          "attributes": {
            "alpn_policy": null,
            "arn": "arn:aws:elasticloadbalancing:eu-south-2:622333992348:listener/app/W2A1-alb-staging/3bc150dd56f6583e/a89c14f9ad95a18b",
            "certificate_arn": null,
            "default_action": [
              {
                "authenticate_cognito": [],
                "authenticate_oidc": [],
                "fixed_response": [],
                "forward": [],
                "order": 1,
                "redirect": [],
                "target_group_arn": "arn:aws:elasticloadbalancing:eu-south-2:622333992348:targetgroup/W2A1-tg-staging/a125579c80a6771a",
                "type": "forward"
              }
            ],
            "id": "arn:aws:elasticloadbalancing:eu-south-2:622333992348:listener/app/W2A1-alb-staging/3bc150dd56f6583e/a89c14f9ad95a18b",
            "load_balancer_arn": "arn:aws:elasticloadbalancing:eu-south-2:622333992348:loadbalancer/app/W2A1-alb-staging/3bc150dd56f6583e",
            "mutual_authentication": [],
            "port": 80,
            "protocol": "HTTP",
            "region": "eu-south-2",
            "routing_http_request_x_amzn_mtls_clientcert_header_name": null,
            "routing_http_request_x_amzn_mtls_clientcert_issuer_header_name": null,
            "routing_http_request_x_amzn_mtls_clientcert_leaf_header_name": null,
            "routing_http_request_x_amzn_mtls_clientcert_serial_number_header_name": null,
            "routing_http_request_x_amzn_mtls_clientcert_subject_header_name": null,
            "routing_http_request_x_amzn_mtls_clientcert_validity_header_name": null,
            "routing_http_request_x_amzn_tls_cipher_suite_header_name": null,
            "routing_http_request_x_amzn_tls_version_header_name": null,
            "routing_http_response_access_control_allow_credentials_header_value": "",
            "routing_http_response_access_control_allow_headers_header_value": "",
            "routing_http_response_access_control_allow_methods_header_value": "",
            "routing_http_response_access_control_allow_origin_header_value": "",
            "routing_http_response_access_control_expose_headers_header_value": "",
            "routing_http_response_access_control_max_age_header_value": "",
            "routing_http_response_content_security_policy_header_value": "",
            "routing_http_response_server_enabled": true,
            "routing_http_response_strict_transport_security_header_value": "",
            "routing_http_response_x_content_type_options_header_value": "",
            "routing_http_response_x_frame_options_header_value": "",
            "ssl_policy": "",
            "tags": {},
            "tags_all": {},
            "tcp_idle_timeout_seconds": null,
            "timeouts": null
          },
          "sensitive_attributes": [],
          "identity_schema_version": 0,
          "identity": {
            "arn": "arn:aws:elasticloadbalancing:eu-south-2:622333992348:listener/app/W2A1-alb-staging/3bc150dd56f6583e/a89c14f9ad95a18b"
          },
          "private": "eyJlMmJmYjczMC1lY2FhLTExZTYtOGY4OC0zNDM2M2JjN2M0YzAiOnsiY3JlYXRlIjozMDAwMDAwMDAwMDAsInVwZGF0ZSI6MzAwMDAwMDAwMDAwfX0=",
          "dependencies": [
            "module.alb.aws_lb.prod",
            "module.alb.aws_lb_target_group.prod",
            "module.alb.aws_security_group.alb",
            "module.vpc.aws_subnet.subnet_public",
            "module.vpc.aws_vpc.vpc"
          ]
        }
      ]
    },
    {
      "module": "module.alb",
      "mode": "managed",
      "type": "aws_lb_target_group",
      "name": "prod",
      "provider": "provider[\"registry.terraform.io/hashicorp/aws\"]",
      "instances": [
        {
          "schema_version": 0,
          "attributes": {
            "arn": "arn:aws:elasticloadbalancing:eu-south-2:622333992348:targetgroup/W2A1-tg-staging/a125579c80a6771a",
            "arn_suffix": "targetgroup/W2A1-tg-staging/a125579c80a6771a",
            "connection_termination": null,
            "deregistration_delay": "300",
            "health_check": [
              {
                "enabled": true,
                "healthy_threshold": 2,
                "interval": 30,
                "matcher": "200",
                "path": "/health",
                "port": "traffic-port",
                "protocol": "HTTP",
                "timeout": 5,
                "unhealthy_threshold": 2
              }
            ],
            "id": "arn:aws:elasticloadbalancing:eu-south-2:622333992348:targetgroup/W2A1-tg-staging/a125579c80a6771a",
            "ip_address_type": "ipv4",
            "lambda_multi_value_headers_enabled": false,
            "load_balancer_arns": [
              "arn:aws:elasticloadbalancing:eu-south-2:622333992348:loadbalancer/app/W2A1-alb-staging/3bc150dd56f6583e"
            ],
            "load_balancing_algorithm_type": "round_robin",
            "load_balancing_anomaly_mitigation": "off",
            "load_balancing_cross_zone_enabled": "use_load_balancer_configuration",
            "name": "W2A1-tg-staging",
            "name_prefix": "",
            "port": 80,
            "preserve_client_ip": null,
            "protocol": "HTTP",
            "protocol_version": "HTTP1",
            "proxy_protocol_v2": false,
            "region": "eu-south-2",
            "slow_start": 0,
            "stickiness": [
              {
                "cookie_duration": 86400,
                "cookie_name": "",
                "enabled": false,
                "type": "lb_cookie"
              }
            ],
            "tags": {
              "Env": "staging",
              "Name": "W2A1-tg-staging"
            },
            "tags_all": {
              "Env": "staging",
              "Name": "W2A1-tg-staging"
            },
            "target_failover": [
              {
                "on_deregistration": null,
                "on_unhealthy": null
              }
            ],
            "target_group_health": [
              {
                "dns_failover": [
                  {
                    "minimum_healthy_targets_count": "1",
                    "minimum_healthy_targets_percentage": "off"
                  }
                ],
                "unhealthy_state_routing": [
                  {
                    "minimum_healthy_targets_count": 1,
                    "minimum_healthy_targets_percentage": "off"
                  }
                ]
              }
            ],
            "target_health_state": [
              {
                "enable_unhealthy_connection_termination": null,
                "unhealthy_draining_interval": null
              }
            ],
            "target_type": "instance",
            "vpc_id": "vpc-043b53428ee54ff0c"
          },
          "sensitive_attributes": [],
          "identity_schema_version": 0,
          "identity": {
            "arn": "arn:aws:elasticloadbalancing:eu-south-2:622333992348:targetgroup/W2A1-tg-staging/a125579c80a6771a"
          },
          "private": "bnVsbA==",
          "dependencies": [
            "module.vpc.aws_vpc.vpc"
          ],
          "create_before_destroy": true
        }
      ]
    },
    {
      "module": "module.alb",
      "mode": "managed",
      "type": "aws_security_group",
      "name": "alb",
      "provider": "provider[\"registry.terraform.io/hashicorp/aws\"]",
      "instances": [
        {
          "schema_version": 1,
          "attributes": {
            "arn": "arn:aws:ec2:eu-south-2:622333992348:security-group/sg-08f2e11bc5c6bd0d0",
            "description": "ALB STAGING - HTTP from internet, outbound to VPC",
            "egress": [
              {
                "cidr_blocks": [
                  "0.0.0.0/0"
                ],
                "description": "",
                "from_port": 0,
                "ipv6_cidr_blocks": [],
                "prefix_list_ids": [],
                "protocol": "-1",
                "security_groups": [],
                "self": false,
                "to_port": 0
              }
            ],
            "id": "sg-08f2e11bc5c6bd0d0",
            "ingress": [
              {
                "cidr_blocks": [
                  "0.0.0.0/0"
                ],
                "description": "HTTP from internet",
                "from_port": 80,
                "ipv6_cidr_blocks": [],
                "prefix_list_ids": [],
                "protocol": "tcp",
                "security_groups": [],
                "self": false,
                "to_port": 80
              }
            ],
            "name": "W2A1-tsg-alb-staging",
            "name_prefix": "",
            "owner_id": "622333992348",
            "region": "eu-south-2",
            "revoke_rules_on_delete": false,
            "tags": {
              "Env": "staging",
              "Name": "W2A1-tsg-alb-staging"
            },
            "tags_all": {
              "Env": "staging",
              "Name": "W2A1-tsg-alb-staging"
            },
            "timeouts": null,
            "vpc_id": "vpc-043b53428ee54ff0c"
          },
          "sensitive_attributes": [],
          "identity_schema_version": 0,
          "identity": {
            "account_id": "622333992348",
            "id": "sg-08f2e11bc5c6bd0d0",
            "region": "eu-south-2"
          },
          "private": "eyJlMmJmYjczMC1lY2FhLTExZTYtOGY4OC0zNDM2M2JjN2M0YzAiOnsiY3JlYXRlIjo2MDAwMDAwMDAwMDAsImRlbGV0ZSI6OTAwMDAwMDAwMDAwfSwic2NoZW1hX3ZlcnNpb24iOiIxIn0=",
          "dependencies": [
            "module.vpc.aws_vpc.vpc"
          ]
        }
      ]
    },
    {
      "module": "module.ec2",
      "mode": "data",
      "type": "aws_ami",
      "name": "debian",
      "provider": "provider[\"registry.terraform.io/hashicorp/aws\"]",
      "instances": [
        {
          "schema_version": 0,
          "attributes": {
            "allow_unsafe_filter": null,
            "architecture": "x86_64",
            "arn": "arn:aws:ec2:eu-south-2::image/ami-06c58e25340085a13",
            "block_device_mappings": [
              {
                "device_name": "/dev/xvda",
                "ebs": {
                  "delete_on_termination": "true",
                  "encrypted": "false",
                  "iops": "3000",
                  "snapshot_id": "snap-0b69504f8e4c9b36c",
                  "throughput": "125",
                  "volume_initialization_rate": "0",
                  "volume_size": "8",
                  "volume_type": "gp3"
                },
                "no_device": "",
                "virtual_name": ""
              }
            ],
            "boot_mode": "",
            "creation_date": "2026-05-18T13:32:41.000Z",
            "deprecation_time": "2028-05-18T13:32:41.000Z",
            "description": "Debian 12 (20260518-2482)",
            "ena_support": true,
            "executable_users": null,
            "filter": [
              {
                "name": "name",
                "values": [
                  "debian-12-amd64-*"
                ]
              },
              {
                "name": "virtualization-type",
                "values": [
                  "hvm"
                ]
              }
            ],
            "hypervisor": "xen",
            "id": "ami-06c58e25340085a13",
            "image_id": "ami-06c58e25340085a13",
            "image_location": "amazon/debian-12-amd64-20260518-2482",
            "image_owner_alias": "amazon",
            "image_type": "machine",
            "imds_support": "",
            "include_deprecated": false,
            "kernel_id": "",
            "last_launched_time": "",
            "most_recent": true,
            "name": "debian-12-amd64-20260518-2482",
            "name_regex": null,
            "owner_id": "136693071363",
            "owners": [
              "136693071363"
            ],
            "platform": "",
            "platform_details": "Linux/UNIX",
            "product_codes": [],
            "public": true,
            "ramdisk_id": "",
            "region": "eu-south-2",
            "root_device_name": "/dev/xvda",
            "root_device_type": "ebs",
            "root_snapshot_id": "snap-0b69504f8e4c9b36c",
            "sriov_net_support": "simple",
            "state": "available",
            "state_reason": {
              "code": "UNSET",
              "message": "UNSET"
            },
            "tags": {},
            "timeouts": null,
            "tpm_support": "",
            "uefi_data": null,
            "usage_operation": "RunInstances",
            "virtualization_type": "hvm"
          },
          "sensitive_attributes": [],
          "identity_schema_version": 0
        }
      ]
    },
    {
      "module": "module.ec2",
      "mode": "managed",
      "type": "aws_autoscaling_group",
      "name": "prod",
      "provider": "provider[\"registry.terraform.io/hashicorp/aws\"]",
      "instances": [
        {
          "schema_version": 1,
          "attributes": {
            "arn": "arn:aws:autoscaling:eu-south-2:622333992348:autoScalingGroup:cc82714b-7c64-4147-8d54-3da24449f76b:autoScalingGroupName/W2A1-asg-staging",
            "availability_zone_distribution": [
              {
                "capacity_distribution_strategy": "balanced-best-effort"
              }
            ],
            "availability_zones": [
              "eu-south-2a",
              "eu-south-2b"
            ],
            "capacity_rebalance": false,
            "capacity_reservation_specification": [
              {
                "capacity_reservation_preference": "default",
                "capacity_reservation_target": []
              }
            ],
            "context": "",
            "default_cooldown": 300,
            "default_instance_warmup": 0,
            "desired_capacity": 2,
            "desired_capacity_type": "",
            "enabled_metrics": [],
            "force_delete": false,
            "force_delete_warm_pool": false,
            "health_check_grace_period": 300,
            "health_check_type": "EC2",
            "id": "W2A1-asg-staging",
            "ignore_failed_scaling_activities": false,
            "initial_lifecycle_hook": [],
            "instance_maintenance_policy": [],
            "instance_refresh": [],
            "launch_configuration": "",
            "launch_template": [
              {
                "id": "lt-0823124931af9c0cb",
                "name": "W2A1-lt-staging-20260521144039915700000002",
                "version": "$Latest"
              }
            ],
            "load_balancers": [],
            "max_instance_lifetime": 0,
            "max_size": 2,
            "metrics_granularity": "1Minute",
            "min_elb_capacity": null,
            "min_size": 1,
            "mixed_instances_policy": [],
            "name": "W2A1-asg-staging",
            "name_prefix": "",
            "placement_group": "",
            "predicted_capacity": 0,
            "protect_from_scale_in": false,
            "region": "eu-south-2",
            "service_linked_role_arn": "arn:aws:iam::622333992348:role/aws-service-role/autoscaling.amazonaws.com/AWSServiceRoleForAutoScaling",
            "suspended_processes": [],
            "tag": [
              {
                "key": "Env",
                "propagate_at_launch": true,
                "value": "staging"
              },
              {
                "key": "Name",
                "propagate_at_launch": true,
                "value": "W2A1-ec2-staging"
              }
            ],
            "target_group_arns": [
              "arn:aws:elasticloadbalancing:eu-south-2:622333992348:targetgroup/W2A1-tg-staging/a125579c80a6771a"
            ],
            "termination_policies": [],
            "timeouts": null,
            "traffic_source": [
              {
                "identifier": "arn:aws:elasticloadbalancing:eu-south-2:622333992348:targetgroup/W2A1-tg-staging/a125579c80a6771a",
                "type": "elbv2"
              }
            ],
            "vpc_zone_identifier": [
              "subnet-03d46c05239fecbe2",
              "subnet-0e9cd1b5e972771f0"
            ],
            "wait_for_capacity_timeout": "10m",
            "wait_for_elb_capacity": null,
            "warm_pool": [],
            "warm_pool_size": 0
          },
          "sensitive_attributes": [],
          "identity_schema_version": 0,
          "private": "eyJlMmJmYjczMC1lY2FhLTExZTYtOGY4OC0zNDM2M2JjN2M0YzAiOnsiZGVsZXRlIjo2MDAwMDAwMDAwMDAsInVwZGF0ZSI6NjAwMDAwMDAwMDAwfSwic2NoZW1hX3ZlcnNpb24iOiIxIn0=",
          "dependencies": [
            "module.alb.aws_lb_target_group.prod",
            "module.ec2.aws_launch_template.prod",
            "module.ec2.aws_security_group.ec2_prod",
            "module.ec2.data.aws_ami.debian",
            "module.iam.aws_iam_instance_profile.ecr_read",
            "module.iam.aws_iam_role.ecr_read",
            "module.iam.data.aws_iam_policy_document.ec2_assume_role",
            "module.vpc.aws_subnet.subnet_private",
            "module.vpc.aws_vpc.vpc"
          ],
          "create_before_destroy": true
        }
      ]
    },
    {
      "module": "module.ec2",
      "mode": "managed",
      "type": "aws_launch_template",
      "name": "prod",
      "provider": "provider[\"registry.terraform.io/hashicorp/aws\"]",
      "instances": [
        {
          "schema_version": 0,
          "attributes": {
            "arn": "arn:aws:ec2:eu-south-2:622333992348:launch-template/lt-0823124931af9c0cb",
            "block_device_mappings": [],
            "capacity_reservation_specification": [],
            "cpu_options": [],
            "credit_specification": [],
            "default_version": 1,
            "description": "",
            "disable_api_stop": false,
            "disable_api_termination": false,
            "ebs_optimized": "",
            "enclave_options": [],
            "hibernation_options": [],
            "iam_instance_profile": [
              {
                "arn": "",
                "name": "W2A1-EC2-ECR-ReadRole-staging-profile"
              }
            ],
            "id": "lt-0823124931af9c0cb",
            "image_id": "ami-06c58e25340085a13",
            "instance_initiated_shutdown_behavior": "",
            "instance_market_options": [],
            "instance_requirements": [],
            "instance_type": "t3.micro",
            "kernel_id": "",
            "key_name": "",
            "latest_version": 3,
            "license_specification": [],
            "maintenance_options": [],
            "metadata_options": [
              {
                "http_endpoint": "enabled",
                "http_protocol_ipv6": "",
                "http_put_response_hop_limit": 1,
                "http_tokens": "required",
                "instance_metadata_tags": ""
              }
            ],
            "monitoring": [],
            "name": "W2A1-lt-staging-20260521144039915700000002",
            "name_prefix": "W2A1-lt-staging-",
            "network_interfaces": [],
            "placement": [],
            "private_dns_name_options": [],
            "ram_disk_id": "",
            "region": "eu-south-2",
            "security_group_names": [],
            "tag_specifications": [
              {
                "resource_type": "instance",
                "tags": {
                  "Env": "staging",
                  "Name": "W2A1-ec2-staging"
                }
              },
              {
                "resource_type": "volume",
                "tags": {
                  "Env": "staging",
                  "Name": "W2A1-ec2-staging-volume"
                }
              }
            ],
            "tags": {},
            "tags_all": {},
            "update_default_version": null,
            "user_data": "IyEvYmluL2Jhc2gKc2V0IC1ldW8gcGlwZWZhaWwKCiMgSW5zdGFsbCBEb2NrZXIgZnJvbSB0aGUgb2ZmaWNpYWwgRGViaWFuIHJlcG8KYXB0LWdldCB1cGRhdGUgLXkKYXB0LWdldCBpbnN0YWxsIC15IGNhLWNlcnRpZmljYXRlcyBjdXJsIGdudXBnCmluc3RhbGwgLW0gMDc1NSAtZCAvZXRjL2FwdC9rZXlyaW5ncwpjdXJsIC1mc1NMIGh0dHBzOi8vZG93bmxvYWQuZG9ja2VyLmNvbS9saW51eC9kZWJpYW4vZ3BnIHwgZ3BnIC0tZGVhcm1vciAtbyAvZXRjL2FwdC9rZXlyaW5ncy9kb2NrZXIuZ3BnCmNobW9kIGErciAvZXRjL2FwdC9rZXlyaW5ncy9kb2NrZXIuZ3BnCmVjaG8gImRlYiBbYXJjaD0kKGRwa2cgLS1wcmludC1hcmNoaXRlY3R1cmUpIHNpZ25lZC1ieT0vZXRjL2FwdC9rZXlyaW5ncy9kb2NrZXIuZ3BnXSBodHRwczovL2Rvd25sb2FkLmRvY2tlci5jb20vbGludXgvZGViaWFuICQoLiAvZXRjL29zLXJlbGVhc2UgJiYgZWNobyAiJFZFUlNJT05fQ09ERU5BTUUiKSBzdGFibGUiIFwKICB8IHRlZSAvZXRjL2FwdC9zb3VyY2VzLmxpc3QuZC9kb2NrZXIubGlzdCA+IC9kZXYvbnVsbAphcHQtZ2V0IHVwZGF0ZSAteQphcHQtZ2V0IGluc3RhbGwgLXkgZG9ja2VyLWNlIGRvY2tlci1jZS1jbGkgY29udGFpbmVyZC5pbyBkb2NrZXItY29tcG9zZS1wbHVnaW4KCiMgSW5zdGFsbCBBV1MgQ0xJIHYyCmFwdC1nZXQgaW5zdGFsbCAteSB1bnppcApjdXJsICJodHRwczovL2F3c2NsaS5hbWF6b25hd3MuY29tL2F3c2NsaS1leGUtbGludXgteDg2XzY0LnppcCIgLW8gL3RtcC9hd3NjbGl2Mi56aXAKdW56aXAgL3RtcC9hd3NjbGl2Mi56aXAgLWQgL3RtcAovdG1wL2F3cy9pbnN0YWxsCnJtIC1yZiAvdG1wL2F3c2NsaXYyLnppcCAvdG1wL2F3cwoKIyBJbnN0YWxsIFNTTSBBZ2VudCAoZW5hYmxlcyBhd3Mgc3NtIHN0YXJ0LXNlc3Npb24gd2l0aG91dCBvcGVuaW5nIHBvcnQgMjIpCmN1cmwgLWZzU0wgImh0dHBzOi8vczMuYW1hem9uYXdzLmNvbS9lYzItZG93bmxvYWRzLXdpbmRvd3MvU1NNQWdlbnQvbGF0ZXN0L2RlYmlhbl9hbWQ2NC9hbWF6b24tc3NtLWFnZW50LmRlYiIgXAogIC1vIC90bXAvc3NtLmRlYgpkcGtnIC1pIC90bXAvc3NtLmRlYgpybSAvdG1wL3NzbS5kZWIKc3lzdGVtY3RsIGVuYWJsZSBhbWF6b24tc3NtLWFnZW50CnN5c3RlbWN0bCBzdGFydCBhbWF6b24tc3NtLWFnZW50CgojIENyZWF0ZSBhcHAgZGlyZWN0b3J5Cm1rZGlyIC1wIC9vcHQvYXBwCgojIFdyaXRlIHBvc3RncmVzIGluaXQgc2NoZW1hIGFuZCBuZ2lueCBjb25maWcgKGJhc2U2NC1lbmNvZGVkIGF0IFRlcnJhZm9ybSByZW5kZXIgdGltZSkKZWNobyAiUTFKRlFWUkZJRlJCUWt4RklFbEdJRTVQVkNCRldFbFRWRk1nZFhObGNuTWdLQW9nSUdsa0lGTkZVa2xCVENCUVVrbE5RVkpaSUV0RldTd0tJQ0JsYldGcGJDQldRVkpEU0VGU0tESTFOU2tnVGs5VUlFNVZURXdnVlU1SlVWVkZMQW9nSUc1aGJXVWdWa0ZTUTBoQlVpZ3lOVFVwSUU1UFZDQk9WVXhNTEFvZ0lHTnlaV0YwWldSZllYUWdWRWxOUlZOVVFVMVFWRm9nVGs5VUlFNVZURXdnUkVWR1FWVk1WQ0JPVDFjb0tRb3BPd289IiB8IGJhc2U2NCAtZCA+IC9vcHQvYXBwL2luaXQuc3FsCmVjaG8gIkl5QlNZWFJsSUd4cGJXbDBhVzVuSU9LQWxDQmhjSEJzYVdWa0lIUnZJRUZRU1NCdmJteDVDbXhwYldsMFgzSmxjVjk2YjI1bElDUmlhVzVoY25sZmNtVnRiM1JsWDJGa1pISWdlbTl1WlQxaGNHazZNVEJ0SUhKaGRHVTlNekJ5TDNNN0Nnb2pJRU52Ym01bFkzUnBiMjRnYkdsdGFYUnBibWNnNG9DVUlHZDFZWEprY3lCaFoyRnBibk4wSUdOdmJtNWxZM1JwYjI0Z1pteHZiMlJ6Q214cGJXbDBYMk52Ym01ZmVtOXVaU0FrWW1sdVlYSjVYM0psYlc5MFpWOWhaR1J5SUhwdmJtVTlZV1JrY2pveE1HMDdDZ29qSUZWd2MzUnlaV0Z0SUdSbFptbHVhWFJwYjI1eklIZHBkR2dnYTJWbGNHRnNhWFpsSUdOdmJtNWxZM1JwYjI0Z2NHOXZiSE1LZFhCemRISmxZVzBnWW1GamEyVnVaQ0FnZXlCelpYSjJaWElnWW1GamEyVnVaRG9rZTBKQlEwdEZUa1JmVUU5U1ZIMDdJQ0JyWldWd1lXeHBkbVVnTXpJN0lIMEtkWEJ6ZEhKbFlXMGdabkp2Ym5SbGJtUWdleUJ6WlhKMlpYSWdabkp2Ym5SbGJtUTZKSHRXU1ZSRlgwWlNUMDVVUlU1RVgxQlBVbFI5T3lCclpXVndZV3hwZG1VZ01UWTdJSDBLQ25ObGNuWmxjaUI3Q2lBZ0lDQnNhWE4wWlc0Z09EQTdDaUFnSUNCelpYSjJaWEpmYm1GdFpTQmZPd29LSUNBZ0lDTWdTR2xrWlNCdVoybHVlQ0IyWlhKemFXOXVDaUFnSUNCelpYSjJaWEpmZEc5clpXNXpJRzltWmpzS0NpQWdJQ0FqSUVkNmFYQWdZMjl0Y0hKbGMzTnBiMjRLSUNBZ0lHZDZhWEFnSUNBZ0lDQWdJQ0FnSUNBZ0lHOXVPd29nSUNBZ1ozcHBjRjkyWVhKNUlDQWdJQ0FnSUNBZ2IyNDdDaUFnSUNCbmVtbHdYM0J5YjNocFpXUWdJQ0FnSUNCaGJuazdDaUFnSUNCbmVtbHdYMk52YlhCZmJHVjJaV3dnSUNBMk93b2dJQ0FnWjNwcGNGOWlkV1ptWlhKeklDQWdJQ0FnTVRZZ09HczdDaUFnSUNCbmVtbHdYMmgwZEhCZmRtVnljMmx2YmlBeExqRTdDaUFnSUNCbmVtbHdYMjFwYmw5c1pXNW5kR2dnSUNBeU5UWTdDaUFnSUNCbmVtbHdYM1I1Y0dWekNpQWdJQ0FnSUNBZ2RHVjRkQzl3YkdGcGJpQjBaWGgwTDJOemN5QjBaWGgwTDNodGJDQjBaWGgwTDJwaGRtRnpZM0pwY0hRS0lDQWdJQ0FnSUNCaGNIQnNhV05oZEdsdmJpOXFZWFpoYzJOeWFYQjBJR0Z3Y0d4cFkyRjBhVzl1TDJwemIyNGdZWEJ3YkdsallYUnBiMjR2ZUcxc0NpQWdJQ0FnSUNBZ1lYQndiR2xqWVhScGIyNHZjbk56SzNodGJDQmhjSEJzYVdOaGRHbHZiaTloZEc5dEszaHRiQW9nSUNBZ0lDQWdJR2x0WVdkbEwzTjJaeXQ0Yld3Z1ptOXVkQzkzYjJabU1qc0tDaUFnSUNBaklFRk1RaUJvWldGc2RHZ2dZMmhsWTJzZzRvQ1VJR2hoYm1Sc1pXUWdaR2x5WldOMGJIa2dZbmtnYm1kcGJuZ3NJRzV2SUdGd2NDQmpiMjUwWVdsdVpYSWdhVzUyYjJ4MlpXUUtJQ0FnSUd4dlkyRjBhVzl1SUQwZ0wyaGxZV3gwYUNCN0NpQWdJQ0FnSUNBZ1lXTmpaWE56WDJ4dlp5QnZabVk3Q2lBZ0lDQWdJQ0FnY21WMGRYSnVJREl3TUNBbmIyc25Pd29nSUNBZ0lDQWdJR0ZrWkY5b1pXRmtaWElnUTI5dWRHVnVkQzFVZVhCbElIUmxlSFF2Y0d4aGFXNDdDaUFnSUNCOUNnb2dJQ0FnSXlCQlVFa2c0b0NVSUhKaGRHVXRiR2x0YVhSbFpDd2djM1J5YVhCd1pXUWdMMkZ3YVNCd2NtVm1hWGdLSUNBZ0lHeHZZMkYwYVc5dUlDOWhjR2t2SUhzS0lDQWdJQ0FnSUNCc2FXMXBkRjl5WlhFZ0lIcHZibVU5WVhCcElHSjFjbk4wUFRRd0lHNXZaR1ZzWVhrN0NpQWdJQ0FnSUNBZ2JHbHRhWFJmWTI5dWJpQmhaR1J5SURJd093b0tJQ0FnSUNBZ0lDQndjbTk0ZVY5d1lYTnpJQ0FnSUNBZ0lDQWdhSFIwY0RvdkwySmhZMnRsYm1Rdk93b2dJQ0FnSUNBZ0lIQnliM2g1WDJoMGRIQmZkbVZ5YzJsdmJpQXhMakU3Q2lBZ0lDQWdJQ0FnY0hKdmVIbGZjMlYwWDJobFlXUmxjaUFnSUVOdmJtNWxZM1JwYjI0Z0lDQWdJQ0FnSUNJaU93b2dJQ0FnSUNBZ0lIQnliM2g1WDNObGRGOW9aV0ZrWlhJZ0lDQkliM04wSUNBZ0lDQWdJQ0FnSUNBZ0lDQWthRzl6ZERzS0lDQWdJQ0FnSUNCd2NtOTRlVjl6WlhSZmFHVmhaR1Z5SUNBZ1dDMVNaV0ZzTFVsUUlDQWdJQ0FnSUNBZ0pISmxiVzkwWlY5aFpHUnlPd29nSUNBZ0lDQWdJSEJ5YjNoNVgzTmxkRjlvWldGa1pYSWdJQ0JZTFVadmNuZGhjbVJsWkMxR2IzSWdJQ0FrY0hKdmVIbGZZV1JrWDNoZlptOXlkMkZ5WkdWa1gyWnZjanNLSUNBZ0lDQWdJQ0J3Y205NGVWOXpaWFJmYUdWaFpHVnlJQ0FnV0MxR2IzSjNZWEprWldRdFVISnZkRzhnSkhOamFHVnRaVHNLQ2lBZ0lDQWdJQ0FnY0hKdmVIbGZZMjl1Ym1WamRGOTBhVzFsYjNWMElEVnpPd29nSUNBZ0lDQWdJSEJ5YjNoNVgzTmxibVJmZEdsdFpXOTFkQ0FnSUNBek1ITTdDaUFnSUNBZ0lDQWdjSEp2ZUhsZmNtVmhaRjkwYVcxbGIzVjBJQ0FnSURNd2N6c0tJQ0FnSUNBZ0lDQndjbTk0ZVY5aWRXWm1aWEpwYm1jZ0lDQWdJQ0FnYjI0N0NpQWdJQ0FnSUNBZ2NISnZlSGxmWW5WbVptVnlYM05wZW1VZ0lDQWdJRFJyT3dvZ0lDQWdJQ0FnSUhCeWIzaDVYMkoxWm1abGNuTWdJQ0FnSUNBZ0lDQTRJRFJyT3dvS0lDQWdJQ0FnSUNCaFpHUmZhR1ZoWkdWeUlGZ3RSbkpoYldVdFQzQjBhVzl1Y3lBZ0lDQWdJQ0FnSWxOQlRVVlBVa2xIU1U0aUlDQWdJQ0FnSUNBZ0lDQWdJQ0FnSUNBZ0lDQWdJR0ZzZDJGNWN6c0tJQ0FnSUNBZ0lDQmhaR1JmYUdWaFpHVnlJRmd0UTI5dWRHVnVkQzFVZVhCbExVOXdkR2x2Ym5NZ0ltNXZjMjVwWm1ZaUlDQWdJQ0FnSUNBZ0lDQWdJQ0FnSUNBZ0lDQWdJQ0FnSUdGc2QyRjVjenNLSUNBZ0lDQWdJQ0JoWkdSZmFHVmhaR1Z5SUZKbFptVnljbVZ5TFZCdmJHbGplU0FnSUNBZ0lDQWdJbk4wY21samRDMXZjbWxuYVc0dGQyaGxiaTFqY205emN5MXZjbWxuYVc0aUlHRnNkMkY1Y3pzS0lDQWdJSDBLQ2lBZ0lDQWpJRk4wWVhScFl5QmhjM05sZEhNZzRvQ1VJR052Ym5SbGJuUXRhR0Z6YUdWa0lHWnBiR1Z1WVcxbGN5d2dZV2RuY21WemMybDJaU0JqWVdOb2FXNW5DaUFnSUNCc2IyTmhkR2x2YmlBdllYTnpaWFJ6THlCN0NpQWdJQ0FnSUNBZ2NISnZlSGxmY0dGemN5QWdJQ0FnSUNBZ0lHaDBkSEE2THk5bWNtOXVkR1Z1WkM5aGMzTmxkSE12T3dvZ0lDQWdJQ0FnSUhCeWIzaDVYMmgwZEhCZmRtVnljMmx2YmlBeExqRTdDaUFnSUNBZ0lDQWdjSEp2ZUhsZmMyVjBYMmhsWVdSbGNpQWdJRU52Ym01bFkzUnBiMjRnSWlJN0Nnb2dJQ0FnSUNBZ0lHVjRjR2x5WlhNZ0lDQWdJQ0FnSUNBZ0lDQWdNWGs3Q2lBZ0lDQWdJQ0FnWVdSa1gyaGxZV1JsY2lBZ0lDQWdJQ0FnSUNCRFlXTm9aUzFEYjI1MGNtOXNJQ0FnSUNKd2RXSnNhV01zSUdsdGJYVjBZV0pzWlNJN0NpQWdJQ0FnSUNBZ1lXUmtYMmhsWVdSbGNpQWdJQ0FnSUNBZ0lDQllMVU52Ym5SbGJuUXRWSGx3WlMxUGNIUnBiMjV6SUNKdWIzTnVhV1ptSWlCaGJIZGhlWE03Q2lBZ0lDQWdJQ0FnWVdOalpYTnpYMnh2WnlBZ0lDQWdJQ0FnSUNCdlptWTdDaUFnSUNCOUNnb2dJQ0FnSXlCVFVFRWc0b0NVSUdGc2JDQnZkR2hsY2lCeWIzVjBaWE1nYzJWeWRtVmtJR0o1SUhSb1pTQm1jbTl1ZEdWdVpDQmpiMjUwWVdsdVpYSUtJQ0FnSUd4dlkyRjBhVzl1SUM4Z2V3b2dJQ0FnSUNBZ0lIQnliM2g1WDNCaGMzTWdJQ0FnSUNBZ0lDQm9kSFJ3T2k4dlpuSnZiblJsYm1Rdk93b2dJQ0FnSUNBZ0lIQnliM2g1WDJoMGRIQmZkbVZ5YzJsdmJpQXhMakU3Q2lBZ0lDQWdJQ0FnY0hKdmVIbGZjMlYwWDJobFlXUmxjaUFnSUVOdmJtNWxZM1JwYjI0Z0lDQWdJQ0FnSUNJaU93b2dJQ0FnSUNBZ0lIQnliM2g1WDNObGRGOW9aV0ZrWlhJZ0lDQkliM04wSUNBZ0lDQWdJQ0FnSUNBZ0lDQWthRzl6ZERzS0lDQWdJQ0FnSUNCd2NtOTRlVjl6WlhSZmFHVmhaR1Z5SUNBZ1dDMVNaV0ZzTFVsUUlDQWdJQ0FnSUNBZ0pISmxiVzkwWlY5aFpHUnlPd29nSUNBZ0lDQWdJSEJ5YjNoNVgzTmxkRjlvWldGa1pYSWdJQ0JZTFVadmNuZGhjbVJsWkMxR2IzSWdJQ0FrY0hKdmVIbGZZV1JrWDNoZlptOXlkMkZ5WkdWa1gyWnZjanNLQ2lBZ0lDQWdJQ0FnY0hKdmVIbGZZMjl1Ym1WamRGOTBhVzFsYjNWMElEVnpPd29nSUNBZ0lDQWdJSEJ5YjNoNVgzTmxibVJmZEdsdFpXOTFkQ0FnSUNBeE5YTTdDaUFnSUNBZ0lDQWdjSEp2ZUhsZmNtVmhaRjkwYVcxbGIzVjBJQ0FnSURFMWN6c0tDaUFnSUNBZ0lDQWdZV1JrWDJobFlXUmxjaUJZTFVaeVlXMWxMVTl3ZEdsdmJuTWdJQ0FnSUNBZ0lDSlRRVTFGVDFKSlIwbE9JaUFnSUNBZ0lDQWdJQ0FnSUNBZ0lDQWdJQ0FnSUNCaGJIZGhlWE03Q2lBZ0lDQWdJQ0FnWVdSa1gyaGxZV1JsY2lCWUxVTnZiblJsYm5RdFZIbHdaUzFQY0hScGIyNXpJQ0p1YjNOdWFXWm1JaUFnSUNBZ0lDQWdJQ0FnSUNBZ0lDQWdJQ0FnSUNBZ0lDQmhiSGRoZVhNN0NpQWdJQ0FnSUNBZ1lXUmtYMmhsWVdSbGNpQllMVmhUVXkxUWNtOTBaV04wYVc5dUlDQWdJQ0FnSUNJeE95QnRiMlJsUFdKc2IyTnJJaUFnSUNBZ0lDQWdJQ0FnSUNBZ0lDQWdJQ0JoYkhkaGVYTTdDaUFnSUNBZ0lDQWdZV1JrWDJobFlXUmxjaUJTWldabGNuSmxjaTFRYjJ4cFkza2dJQ0FnSUNBZ0lDSnpkSEpwWTNRdGIzSnBaMmx1TFhkb1pXNHRZM0p2YzNNdGIzSnBaMmx1SWlCaGJIZGhlWE03Q2lBZ0lDQWdJQ0FnWVdSa1gyaGxZV1JsY2lCUVpYSnRhWE56YVc5dWN5MVFiMnhwWTNrZ0lDQWdJQ0pqWVcxbGNtRTlLQ2tzSUcxcFkzSnZjR2h2Ym1VOUtDa3NJR2RsYjJ4dlkyRjBhVzl1UFNncElpQmhiSGRoZVhNN0NpQWdJQ0I5Q24wSyIgfCBiYXNlNjQgLWQgPiAvb3B0L2FwcC9uZ2lueC5wcm9kLmNvbmYKCiMgRmV0Y2ggYXBwbGljYXRpb24gc2VjcmV0cyBmcm9tIFNTTSBQYXJhbWV0ZXIgU3RvcmUKUkVHSU9OPSJldS1zb3V0aC0yIgpnZXRfcGFyYW0oKSB7CiAgL3Vzci9sb2NhbC9iaW4vYXdzIHNzbSBnZXQtcGFyYW1ldGVyIC0tcmVnaW9uICIkUkVHSU9OIiAtLW5hbWUgIiQxIiAtLXdpdGgtZGVjcnlwdGlvbiBcCiAgICAtLXF1ZXJ5IFBhcmFtZXRlci5WYWx1ZSAtLW91dHB1dCB0ZXh0Cn0KClBPU1RHUkVTX1VTRVI9JChnZXRfcGFyYW0gIi9ncm91cDEvc3RhZ2luZy9QT1NUR1JFU19VU0VSIikKUE9TVEdSRVNfUEFTU1dPUkQ9JChnZXRfcGFyYW0gIi9ncm91cDEvc3RhZ2luZy9QT1NUR1JFU19QQVNTV09SRCIpClBPU1RHUkVTX0RCPSQoZ2V0X3BhcmFtICIvZ3JvdXAxL3N0YWdpbmcvUE9TVEdSRVNfREIiKQpCQUNLRU5EX1BPUlQ9JChnZXRfcGFyYW0gIi9ncm91cDEvc3RhZ2luZy9CQUNLRU5EX1BPUlQiKQpDT1JTX09SSUdJTj0kKGdldF9wYXJhbSAiL2dyb3VwMS9zdGFnaW5nL0NPUlNfT1JJR0lOIikKVklURV9GUk9OVEVORF9QT1JUPSQoZ2V0X3BhcmFtICIvZ3JvdXAxL3N0YWdpbmcvVklURV9GUk9OVEVORF9QT1JUIikKSFRUUF9QT1JUPSQoZ2V0X3BhcmFtICIvZ3JvdXAxL3N0YWdpbmcvSFRUUF9QT1JUIikKVklURV9GUk9OVEVORF9BUElfVVJMPSQoZ2V0X3BhcmFtICIvZ3JvdXAxL3N0YWdpbmcvVklURV9GUk9OVEVORF9BUElfVVJMIikKCiMgV3JpdGUgLmVudiBjb25zdW1lZCBieSBkb2NrZXIgY29tcG9zZQpjYXQgPiAvb3B0L2FwcC8uZW52IDw8RU9GClBPU1RHUkVTX1VTRVI9JFBPU1RHUkVTX1VTRVIKUE9TVEdSRVNfUEFTU1dPUkQ9JFBPU1RHUkVTX1BBU1NXT1JEClBPU1RHUkVTX0RCPSRQT1NUR1JFU19EQgpCQUNLRU5EX1BPUlQ9JEJBQ0tFTkRfUE9SVApDT1JTX09SSUdJTj0kQ09SU19PUklHSU4KVklURV9GUk9OVEVORF9QT1JUPSRWSVRFX0ZST05URU5EX1BPUlQKSFRUUF9QT1JUPSRIVFRQX1BPUlQKVklURV9GUk9OVEVORF9BUElfVVJMPSRWSVRFX0ZST05URU5EX0FQSV9VUkwKRUNSX1JFUE9TSVRPUllfVVJJPTYyMjMzMzk5MjM0OC5ka3IuZWNyLmV1LXNvdXRoLTIuYW1hem9uYXdzLmNvbS93MmExLXByb2R1Y3Rpb24KSU1BR0VfRU5WPXN0YWdpbmcKRU9GCgojIFdyaXRlIGNvbXBvc2UgZmlsZSAoYmFzZTY0LWVuY29kZWQgYXQgVGVycmFmb3JtIHJlbmRlciB0aW1lKQplY2hvICJibVYwZDI5eWEzTTZDaUFnWkdJNkNpQWdJQ0JwYm5SbGNtNWhiRG9nZEhKMVpRb2dJR0Z3Y0RvS0lDQWdJR1J5YVhabGNqb2dZbkpwWkdkbENncDJiMngxYldWek9nb2dJSEJ2YzNSbmNtVnpYMlJoZEdFNkNncHpaWEoyYVdObGN6b0tJQ0JrWWpvS0lDQWdJR2x0WVdkbE9pQndiM04wWjNKbGN6cGhiSEJwYm1VS0lDQWdJSEpsYzNSaGNuUTZJR0ZzZDJGNWN3b2dJQ0FnWlc1MmFYSnZibTFsYm5RNkNpQWdJQ0FnSUZCUFUxUkhVa1ZUWDFWVFJWSTZJQ1I3VUU5VFZFZFNSVk5mVlZORlVuMEtJQ0FnSUNBZ1VFOVRWRWRTUlZOZlVFRlRVMWRQVWtRNklDUjdVRTlUVkVkU1JWTmZVRUZUVTFkUFVrUjlDaUFnSUNBZ0lGQlBVMVJIVWtWVFgwUkNPaUFrZTFCUFUxUkhVa1ZUWDBSQ2ZRb2dJQ0FnZG05c2RXMWxjem9LSUNBZ0lDQWdMU0J3YjNOMFozSmxjMTlrWVhSaE9pOTJZWEl2YkdsaUwzQnZjM1JuY21WemNXd0tJQ0FnSUNBZ0xTQXZiM0IwTDJGd2NDOXBibWwwTG5OeGJEb3ZaRzlqYTJWeUxXVnVkSEo1Y0c5cGJuUXRhVzVwZEdSaUxtUXZhVzVwZEM1emNXdzZjbThLSUNBZ0lHNWxkSGR2Y210ek9nb2dJQ0FnSUNBdElHUmlDaUFnSUNCb1pXRnNkR2hqYUdWamF6b0tJQ0FnSUNBZ2RHVnpkRG9nV3lKRFRVUXRVMGhGVEV3aUxDQWljR2RmYVhOeVpXRmtlU0F0VlNBa2UxQlBVMVJIVWtWVFgxVlRSVko5SUMxa0lDUjdVRTlUVkVkU1JWTmZSRUo5SWwwS0lDQWdJQ0FnYVc1MFpYSjJZV3c2SUROekNpQWdJQ0FnSUhScGJXVnZkWFE2SUROekNpQWdJQ0FnSUhKbGRISnBaWE02SURNS0lDQWdJQ0FnYzNSaGNuUmZjR1Z5YVc5a09pQXhNSE1LQ2lBZ1ltRmphMlZ1WkRvS0lDQWdJR2x0WVdkbE9pQWtlMFZEVWw5U1JWQlBVMGxVVDFKWlgxVlNTWDA2WW1GamEyVnVaQzBrZTBsTlFVZEZYMFZPVm4wS0lDQWdJSEpsYzNSaGNuUTZJR0ZzZDJGNWN3b2dJQ0FnWlc1MmFYSnZibTFsYm5RNkNpQWdJQ0FnSUVKQlEwdEZUa1JmVUU5U1ZEb2dKSHRDUVVOTFJVNUVYMUJQVWxSOUNpQWdJQ0FnSUVSQlZFRkNRVk5GWDFWU1REb2djRzl6ZEdkeVpYTnhiRG92THlSN1VFOVRWRWRTUlZOZlZWTkZVbjA2Skh0UVQxTlVSMUpGVTE5UVFWTlRWMDlTUkgxQVpHSTZOVFF6TWk4a2UxQlBVMVJIVWtWVFgwUkNmUW9nSUNBZ0lDQkRUMUpUWDA5U1NVZEpUam9nSkh0RFQxSlRYMDlTU1VkSlRuMEtJQ0FnSUNBZ1RrOUVSVjlGVGxZNklIQnliMlIxWTNScGIyNEtJQ0FnSUc1bGRIZHZjbXR6T2dvZ0lDQWdJQ0F0SUdSaUNpQWdJQ0FnSUMwZ1lYQndDaUFnSUNCa1pYQmxibVJ6WDI5dU9nb2dJQ0FnSUNCa1lqb0tJQ0FnSUNBZ0lDQmpiMjVrYVhScGIyNDZJSE5sY25acFkyVmZhR1ZoYkhSb2VRb2dJQ0FnYUdWaGJIUm9ZMmhsWTJzNkNpQWdJQ0FnSUhSbGMzUTZJRnNpUTAxRUxWTklSVXhNSWl3Z0ltTjFjbXdnTFdZZ2FIUjBjRG92TDJ4dlkyRnNhRzl6ZERva2UwSkJRMHRGVGtSZlVFOVNWSDB2YUdWaGJIUm9JSHg4SUdWNGFYUWdNU0pkQ2lBZ0lDQWdJR2x1ZEdWeWRtRnNPaUF6Y3dvZ0lDQWdJQ0IwYVcxbGIzVjBPaUF6Y3dvZ0lDQWdJQ0J5WlhSeWFXVnpPaUF6Q2lBZ0lDQWdJSE4wWVhKMFgzQmxjbWx2WkRvZ01UQnpDZ29nSUdaeWIyNTBaVzVrT2dvZ0lDQWdhVzFoWjJVNklDUjdSVU5TWDFKRlVFOVRTVlJQVWxsZlZWSkpmVHBtY205dWRHVnVaQzBrZTBsTlFVZEZYMFZPVm4wS0lDQWdJSEpsYzNSaGNuUTZJR0ZzZDJGNWN3b2dJQ0FnWlc1MmFYSnZibTFsYm5RNkNpQWdJQ0FnSUVaU1QwNVVSVTVFWDFCUFVsUTZJQ1I3VmtsVVJWOUdVazlPVkVWT1JGOVFUMUpVZlFvZ0lDQWdJQ0JPUjBsT1dGOUZUbFpUVlVKVFZGOVVSVTFRVEVGVVJWOVdRVkpUT2lCR1VrOU9WRVZPUkY5UVQxSlVDaUFnSUNCdVpYUjNiM0pyY3pvS0lDQWdJQ0FnTFNCaGNIQUtJQ0FnSUdSbGNHVnVaSE5mYjI0NkNpQWdJQ0FnSUdKaFkydGxibVE2Q2lBZ0lDQWdJQ0FnWTI5dVpHbDBhVzl1T2lCelpYSjJhV05sWDJobFlXeDBhSGtLSUNBZ0lHaGxZV3gwYUdOb1pXTnJPZ29nSUNBZ0lDQjBaWE4wT2lCYklrTk5SQzFUU0VWTVRDSXNJQ0pqZFhKc0lDMW1JR2gwZEhBNkx5OHhNamN1TUM0d0xqRTZKSHRXU1ZSRlgwWlNUMDVVUlU1RVgxQlBVbFI5THlCOGZDQmxlR2wwSURFaVhRb2dJQ0FnSUNCcGJuUmxjblpoYkRvZ00zTUtJQ0FnSUNBZ2RHbHRaVzkxZERvZ05YTUtJQ0FnSUNBZ2NtVjBjbWxsY3pvZ013b2dJQ0FnSUNCemRHRnlkRjl3WlhKcGIyUTZJREl3Y3dvS0lDQnVaMmx1ZURvS0lDQWdJR2x0WVdkbE9pQnVaMmx1ZURveExqSTNMV0ZzY0dsdVpRb2dJQ0FnY21WemRHRnlkRG9nWVd4M1lYbHpDaUFnSUNCd2IzSjBjem9LSUNBZ0lDQWdMU0FrZTBoVVZGQmZVRTlTVkgwNk9EQUtJQ0FnSUhadmJIVnRaWE02Q2lBZ0lDQWdJQzBnTDI5d2RDOWhjSEF2Ym1kcGJuZ3VjSEp2WkM1amIyNW1PaTlsZEdNdmJtZHBibmd2ZEdWdGNHeGhkR1Z6TDJSbFptRjFiSFF1WTI5dVppNTBaVzF3YkdGMFpUcHlid29nSUNBZ2JtVjBkMjl5YTNNNkNpQWdJQ0FnSUMwZ1lYQndDaUFnSUNCbGJuWnBjbTl1YldWdWREb0tJQ0FnSUNBZ1FrRkRTMFZPUkY5UVQxSlVPaUFrZTBKQlEwdEZUa1JmVUU5U1ZIMEtJQ0FnSUNBZ1ZrbFVSVjlHVWs5T1ZFVk9SRjlRVDFKVU9pQWtlMVpKVkVWZlJsSlBUbFJGVGtSZlVFOVNWSDBLSUNBZ0lDQWdUa2RKVGxoZlJVNVdVMVZDVTFSZlZFVk5VRXhCVkVWZlZrRlNVem9nUWtGRFMwVk9SRjlRVDFKVUlGWkpWRVZmUmxKUFRsUkZUa1JmVUU5U1ZBb2dJQ0FnWkdWd1pXNWtjMTl2YmpvS0lDQWdJQ0FnWW1GamEyVnVaRG9LSUNBZ0lDQWdJQ0JqYjI1a2FYUnBiMjQ2SUhObGNuWnBZMlZmYUdWaGJIUm9lUW9nSUNBZ0lDQm1jbTl1ZEdWdVpEb0tJQ0FnSUNBZ0lDQmpiMjVrYVhScGIyNDZJSE5sY25acFkyVmZhR1ZoYkhSb2VRb2dJQ0FnYUdWaGJIUm9ZMmhsWTJzNkNpQWdJQ0FnSUhSbGMzUTZJRnNpUTAxRUxWTklSVXhNSWl3Z0luZG5aWFFnTFhFZ0xVOGdMMlJsZGk5dWRXeHNJR2gwZEhBNkx5OXNiMk5oYkdodmMzUWdmSHdnWlhocGRDQXhJbDBLSUNBZ0lDQWdhVzUwWlhKMllXdzZJRE56Q2lBZ0lDQWdJSFJwYldWdmRYUTZJRFZ6Q2lBZ0lDQWdJSEpsZEhKcFpYTTZJRE1LSUNBZ0lDQWdjM1JoY25SZmNHVnlhVzlrT2lBMWN3bz0iIHwgYmFzZTY0IC1kID4gL29wdC9hcHAvZG9ja2VyLWNvbXBvc2UuZWNyLnlhbWwKCiMgQXV0aGVudGljYXRlIHRvIEVDUiBhbmQgc3RhcnQgc2VydmljZXMKL3Vzci9sb2NhbC9iaW4vYXdzIGVjciBnZXQtbG9naW4tcGFzc3dvcmQgLS1yZWdpb24gIiRSRUdJT04iIFwKICB8IGRvY2tlciBsb2dpbiAtLXVzZXJuYW1lIEFXUyAtLXBhc3N3b3JkLXN0ZGluICI2MjIzMzM5OTIzNDguZGtyLmVjci5ldS1zb3V0aC0yLmFtYXpvbmF3cy5jb20iCgpjZCAvb3B0L2FwcApkb2NrZXIgY29tcG9zZSAtZiBkb2NrZXItY29tcG9zZS5lY3IueWFtbCB1cCAtZAo=",
            "vpc_security_group_ids": [
              "sg-01bc43c49de2db239"
            ]
          },
          "sensitive_attributes": [],
          "identity_schema_version": 0,
          "private": "bnVsbA==",
          "dependencies": [
            "module.ec2.aws_security_group.ec2_prod",
            "module.ec2.data.aws_ami.debian",
            "module.iam.aws_iam_instance_profile.ecr_read",
            "module.iam.aws_iam_role.ecr_read",
            "module.iam.data.aws_iam_policy_document.ec2_assume_role",
            "module.vpc.aws_vpc.vpc"
          ],
          "create_before_destroy": true
        }
      ]
    },
    {
      "module": "module.ec2",
      "mode": "managed",
      "type": "aws_security_group",
      "name": "ec2_prod",
      "provider": "provider[\"registry.terraform.io/hashicorp/aws\"]",
      "instances": [
        {
          "schema_version": 1,
          "attributes": {
            "arn": "arn:aws:ec2:eu-south-2:622333992348:security-group/sg-01bc43c49de2db239",
            "description": "STAGING EC2 - HTTP from VPC (ALB), all outbound",
            "egress": [
              {
                "cidr_blocks": [
                  "0.0.0.0/0"
                ],
                "description": "",
                "from_port": 0,
                "ipv6_cidr_blocks": [],
                "prefix_list_ids": [],
                "protocol": "-1",
                "security_groups": [],
                "self": false,
                "to_port": 0
              }
            ],
            "id": "sg-01bc43c49de2db239",
            "ingress": [
              {
                "cidr_blocks": [
                  "10.0.0.0/16"
                ],
                "description": "HTTP from VPC (ALB will restrict this further)",
                "from_port": 80,
                "ipv6_cidr_blocks": [],
                "prefix_list_ids": [],
                "protocol": "tcp",
                "security_groups": [],
                "self": false,
                "to_port": 80
              }
            ],
            "name": "W2A1-tsg-ec2-staging",
            "name_prefix": "",
            "owner_id": "622333992348",
            "region": "eu-south-2",
            "revoke_rules_on_delete": false,
            "tags": {
              "Env": "staging",
              "Name": "W2A1-tsg-ec2-staging"
            },
            "tags_all": {
              "Env": "staging",
              "Name": "W2A1-tsg-ec2-staging"
            },
            "timeouts": null,
            "vpc_id": "vpc-043b53428ee54ff0c"
          },
          "sensitive_attributes": [],
          "identity_schema_version": 0,
          "identity": {
            "account_id": "622333992348",
            "id": "sg-01bc43c49de2db239",
            "region": "eu-south-2"
          },
          "private": "eyJlMmJmYjczMC1lY2FhLTExZTYtOGY4OC0zNDM2M2JjN2M0YzAiOnsiY3JlYXRlIjo2MDAwMDAwMDAwMDAsImRlbGV0ZSI6OTAwMDAwMDAwMDAwfSwic2NoZW1hX3ZlcnNpb24iOiIxIn0=",
          "dependencies": [
            "module.vpc.aws_vpc.vpc"
          ],
          "create_before_destroy": true
        }
      ]
    },
    {
      "module": "module.iam",
      "mode": "data",
      "type": "aws_caller_identity",
      "name": "current",
      "provider": "provider[\"registry.terraform.io/hashicorp/aws\"]",
      "instances": [
        {
          "schema_version": 0,
          "attributes": {
            "account_id": "622333992348",
            "arn": "arn:aws:iam::622333992348:user/Hetic-END-GR1",
            "id": "622333992348",
            "user_id": "AIDAZBZP7DWOETSGLFCY5"
          },
          "sensitive_attributes": [],
          "identity_schema_version": 0
        }
      ]
    },
    {
      "module": "module.iam",
      "mode": "data",
      "type": "aws_iam_policy_document",
      "name": "ec2_assume_role",
      "provider": "provider[\"registry.terraform.io/hashicorp/aws\"]",
      "instances": [
        {
          "schema_version": 0,
          "attributes": {
            "id": "2851119427",
            "json": "{\n  \"Version\": \"2012-10-17\",\n  \"Statement\": [\n    {\n      \"Effect\": \"Allow\",\n      \"Action\": \"sts:AssumeRole\",\n      \"Principal\": {\n        \"Service\": \"ec2.amazonaws.com\"\n      }\n    }\n  ]\n}",
            "minified_json": "{\"Version\":\"2012-10-17\",\"Statement\":[{\"Effect\":\"Allow\",\"Action\":\"sts:AssumeRole\",\"Principal\":{\"Service\":\"ec2.amazonaws.com\"}}]}",
            "override_json": null,
            "override_policy_documents": null,
            "policy_id": null,
            "source_json": null,
            "source_policy_documents": null,
            "statement": [
              {
                "actions": [
                  "sts:AssumeRole"
                ],
                "condition": [],
                "effect": "Allow",
                "not_actions": [],
                "not_principals": [],
                "not_resources": [],
                "principals": [
                  {
                    "identifiers": [
                      "ec2.amazonaws.com"
                    ],
                    "type": "Service"
                  }
                ],
                "resources": [],
                "sid": ""
              }
            ],
            "version": "2012-10-17"
          },
          "sensitive_attributes": [],
          "identity_schema_version": 0
        }
      ]
    },
    {
      "module": "module.iam",
      "mode": "data",
      "type": "aws_iam_policy_document",
      "name": "ecr_read",
      "provider": "provider[\"registry.terraform.io/hashicorp/aws\"]",
      "instances": [
        {
          "schema_version": 0,
          "attributes": {
            "id": "456750381",
            "json": "{\n  \"Version\": \"2012-10-17\",\n  \"Statement\": [\n    {\n      \"Sid\": \"ECRAuth\",\n      \"Effect\": \"Allow\",\n      \"Action\": \"ecr:GetAuthorizationToken\",\n      \"Resource\": \"*\"\n    },\n    {\n      \"Sid\": \"ECRPull\",\n      \"Effect\": \"Allow\",\n      \"Action\": [\n        \"ecr:GetDownloadUrlForLayer\",\n        \"ecr:BatchGetImage\",\n        \"ecr:BatchCheckLayerAvailability\"\n      ],\n      \"Resource\": \"arn:aws:ecr:eu-south-2:622333992348:repository/w2a1-production\"\n    },\n    {\n      \"Sid\": \"SSMGetParams\",\n      \"Effect\": \"Allow\",\n      \"Action\": [\n        \"ssm:GetParametersByPath\",\n        \"ssm:GetParameters\",\n        \"ssm:GetParameter\"\n      ],\n      \"Resource\": \"arn:aws:ssm:eu-south-2:622333992348:parameter/group1/staging/*\"\n    }\n  ]\n}",
            "minified_json": "{\"Version\":\"2012-10-17\",\"Statement\":[{\"Sid\":\"ECRAuth\",\"Effect\":\"Allow\",\"Action\":\"ecr:GetAuthorizationToken\",\"Resource\":\"*\"},{\"Sid\":\"ECRPull\",\"Effect\":\"Allow\",\"Action\":[\"ecr:GetDownloadUrlForLayer\",\"ecr:BatchGetImage\",\"ecr:BatchCheckLayerAvailability\"],\"Resource\":\"arn:aws:ecr:eu-south-2:622333992348:repository/w2a1-production\"},{\"Sid\":\"SSMGetParams\",\"Effect\":\"Allow\",\"Action\":[\"ssm:GetParametersByPath\",\"ssm:GetParameters\",\"ssm:GetParameter\"],\"Resource\":\"arn:aws:ssm:eu-south-2:622333992348:parameter/group1/staging/*\"}]}",
            "override_json": null,
            "override_policy_documents": null,
            "policy_id": null,
            "source_json": null,
            "source_policy_documents": null,
            "statement": [
              {
                "actions": [
                  "ecr:GetAuthorizationToken"
                ],
                "condition": [],
                "effect": "Allow",
                "not_actions": [],
                "not_principals": [],
                "not_resources": [],
                "principals": [],
                "resources": [
                  "*"
                ],
                "sid": "ECRAuth"
              },
              {
                "actions": [
                  "ecr:BatchCheckLayerAvailability",
                  "ecr:BatchGetImage",
                  "ecr:GetDownloadUrlForLayer"
                ],
                "condition": [],
                "effect": "Allow",
                "not_actions": [],
                "not_principals": [],
                "not_resources": [],
                "principals": [],
                "resources": [
                  "arn:aws:ecr:eu-south-2:622333992348:repository/w2a1-production"
                ],
                "sid": "ECRPull"
              },
              {
                "actions": [
                  "ssm:GetParameter",
                  "ssm:GetParameters",
                  "ssm:GetParametersByPath"
                ],
                "condition": [],
                "effect": "Allow",
                "not_actions": [],
                "not_principals": [],
                "not_resources": [],
                "principals": [],
                "resources": [
                  "arn:aws:ssm:eu-south-2:622333992348:parameter/group1/staging/*"
                ],
                "sid": "SSMGetParams"
              }
            ],
            "version": "2012-10-17"
          },
          "sensitive_attributes": [],
          "identity_schema_version": 0
        }
      ]
    },
    {
      "module": "module.iam",
      "mode": "data",
      "type": "aws_iam_policy_document",
      "name": "s3_write",
      "provider": "provider[\"registry.terraform.io/hashicorp/aws\"]",
      "instances": [
        {
          "schema_version": 0,
          "attributes": {
            "id": "717439486",
            "json": "{\n  \"Version\": \"2012-10-17\",\n  \"Statement\": [\n    {\n      \"Sid\": \"S3WriteLogs\",\n      \"Effect\": \"Allow\",\n      \"Action\": \"s3:PutObject\",\n      \"Resource\": \"arn:aws:s3:::devops-project-group1-logs-staging/*\"\n    }\n  ]\n}",
            "minified_json": "{\"Version\":\"2012-10-17\",\"Statement\":[{\"Sid\":\"S3WriteLogs\",\"Effect\":\"Allow\",\"Action\":\"s3:PutObject\",\"Resource\":\"arn:aws:s3:::devops-project-group1-logs-staging/*\"}]}",
            "override_json": null,
            "override_policy_documents": null,
            "policy_id": null,
            "source_json": null,
            "source_policy_documents": null,
            "statement": [
              {
                "actions": [
                  "s3:PutObject"
                ],
                "condition": [],
                "effect": "Allow",
                "not_actions": [],
                "not_principals": [],
                "not_resources": [],
                "principals": [],
                "resources": [
                  "arn:aws:s3:::devops-project-group1-logs-staging/*"
                ],
                "sid": "S3WriteLogs"
              }
            ],
            "version": "2012-10-17"
          },
          "sensitive_attributes": [],
          "identity_schema_version": 0
        }
      ]
    },
    {
      "module": "module.iam",
      "mode": "data",
      "type": "aws_region",
      "name": "current",
      "provider": "provider[\"registry.terraform.io/hashicorp/aws\"]",
      "instances": [
        {
          "schema_version": 0,
          "attributes": {
            "description": "Europe (Spain)",
            "endpoint": "ec2.eu-south-2.amazonaws.com",
            "id": "eu-south-2",
            "name": "eu-south-2",
            "region": "eu-south-2"
          },
          "sensitive_attributes": [],
          "identity_schema_version": 0
        }
      ]
    },
    {
      "module": "module.iam",
      "mode": "managed",
      "type": "aws_iam_instance_profile",
      "name": "ecr_read",
      "provider": "provider[\"registry.terraform.io/hashicorp/aws\"]",
      "instances": [
        {
          "schema_version": 0,
          "attributes": {
            "arn": "arn:aws:iam::622333992348:instance-profile/W2A1-EC2-ECR-ReadRole-staging-profile",
            "create_date": "2026-05-21T14:40:27Z",
            "id": "W2A1-EC2-ECR-ReadRole-staging-profile",
            "name": "W2A1-EC2-ECR-ReadRole-staging-profile",
            "name_prefix": "",
            "path": "/",
            "role": "W2A1-EC2-ECR-ReadRole-staging",
            "tags": {},
            "tags_all": {},
            "unique_id": "AIPAZBZP7DWOFM3L4YIIE"
          },
          "sensitive_attributes": [],
          "identity_schema_version": 0,
          "private": "bnVsbA==",
          "dependencies": [
            "module.iam.aws_iam_role.ecr_read",
            "module.iam.data.aws_iam_policy_document.ec2_assume_role"
          ],
          "create_before_destroy": true
        }
      ]
    },
    {
      "module": "module.iam",
      "mode": "managed",
      "type": "aws_iam_instance_profile",
      "name": "s3_write",
      "provider": "provider[\"registry.terraform.io/hashicorp/aws\"]",
      "instances": [
        {
          "schema_version": 0,
          "attributes": {
            "arn": "arn:aws:iam::622333992348:instance-profile/W2A1-EC2-S3-WriteRole-staging-profile",
            "create_date": "2026-05-21T14:40:27Z",
            "id": "W2A1-EC2-S3-WriteRole-staging-profile",
            "name": "W2A1-EC2-S3-WriteRole-staging-profile",
            "name_prefix": "",
            "path": "/",
            "role": "W2A1-EC2-S3-WriteRole-staging",
            "tags": {},
            "tags_all": {},
            "unique_id": "AIPAZBZP7DWOKWYT3PKE4"
          },
          "sensitive_attributes": [],
          "identity_schema_version": 0,
          "private": "bnVsbA==",
          "dependencies": [
            "module.iam.aws_iam_role.s3_write",
            "module.iam.data.aws_iam_policy_document.ec2_assume_role"
          ]
        }
      ]
    },
    {
      "module": "module.iam",
      "mode": "managed",
      "type": "aws_iam_policy",
      "name": "ecr_read",
      "provider": "provider[\"registry.terraform.io/hashicorp/aws\"]",
      "instances": [
        {
          "schema_version": 0,
          "attributes": {
            "arn": "arn:aws:iam::622333992348:policy/W2A1-EC2-ECR-ReadPolicy-staging",
            "attachment_count": 1,
            "description": "",
            "id": "arn:aws:iam::622333992348:policy/W2A1-EC2-ECR-ReadPolicy-staging",
            "name": "W2A1-EC2-ECR-ReadPolicy-staging",
            "name_prefix": "",
            "path": "/",
            "policy": "{\"Statement\":[{\"Action\":\"ecr:GetAuthorizationToken\",\"Effect\":\"Allow\",\"Resource\":\"*\",\"Sid\":\"ECRAuth\"},{\"Action\":[\"ecr:GetDownloadUrlForLayer\",\"ecr:BatchGetImage\",\"ecr:BatchCheckLayerAvailability\"],\"Effect\":\"Allow\",\"Resource\":\"arn:aws:ecr:eu-north-1:622333992348:repository/group1/devops-project\",\"Sid\":\"ECRPull\"},{\"Action\":[\"ssm:GetParametersByPath\",\"ssm:GetParameters\",\"ssm:GetParameter\"],\"Effect\":\"Allow\",\"Resource\":\"arn:aws:ssm:eu-south-2:622333992348:parameter/group1/staging/*\",\"Sid\":\"SSMGetParams\"}],\"Version\":\"2012-10-17\"}",
            "policy_id": "ANPAZBZP7DWOPPA4EJ6FW",
            "tags": {},
            "tags_all": {}
          },
          "sensitive_attributes": [],
          "identity_schema_version": 0,
          "identity": {
            "arn": "arn:aws:iam::622333992348:policy/W2A1-EC2-ECR-ReadPolicy-staging"
          },
          "private": "bnVsbA==",
          "dependencies": [
            "module.iam.data.aws_caller_identity.current",
            "module.iam.data.aws_iam_policy_document.ecr_read",
            "module.iam.data.aws_region.current"
          ]
        }
      ]
    },
    {
      "module": "module.iam",
      "mode": "managed",
      "type": "aws_iam_policy",
      "name": "s3_write",
      "provider": "provider[\"registry.terraform.io/hashicorp/aws\"]",
      "instances": [
        {
          "schema_version": 0,
          "attributes": {
            "arn": "arn:aws:iam::622333992348:policy/W2A1-EC2-S3-WritePolicy-staging",
            "attachment_count": 1,
            "description": "",
            "id": "arn:aws:iam::622333992348:policy/W2A1-EC2-S3-WritePolicy-staging",
            "name": "W2A1-EC2-S3-WritePolicy-staging",
            "name_prefix": "",
            "path": "/",
            "policy": "{\"Statement\":[{\"Action\":\"s3:PutObject\",\"Effect\":\"Allow\",\"Resource\":\"arn:aws:s3:::devops-project-group1-logs/*\",\"Sid\":\"S3WriteLogs\"}],\"Version\":\"2012-10-17\"}",
            "policy_id": "ANPAZBZP7DWOHS7CIQZIX",
            "tags": {},
            "tags_all": {}
          },
          "sensitive_attributes": [],
          "identity_schema_version": 0,
          "identity": {
            "arn": "arn:aws:iam::622333992348:policy/W2A1-EC2-S3-WritePolicy-staging"
          },
          "private": "bnVsbA==",
          "dependencies": [
            "module.iam.data.aws_iam_policy_document.s3_write"
          ]
        }
      ]
    },
    {
      "module": "module.iam",
      "mode": "managed",
      "type": "aws_iam_role",
      "name": "ecr_read",
      "provider": "provider[\"registry.terraform.io/hashicorp/aws\"]",
      "instances": [
        {
          "schema_version": 0,
          "attributes": {
            "arn": "arn:aws:iam::622333992348:role/W2A1-EC2-ECR-ReadRole-staging",
            "assume_role_policy": "{\"Statement\":[{\"Action\":\"sts:AssumeRole\",\"Effect\":\"Allow\",\"Principal\":{\"Service\":\"ec2.amazonaws.com\"}}],\"Version\":\"2012-10-17\"}",
            "create_date": "2026-05-21T14:40:27Z",
            "description": "",
            "force_detach_policies": false,
            "id": "W2A1-EC2-ECR-ReadRole-staging",
            "inline_policy": [],
            "managed_policy_arns": [
              "arn:aws:iam::622333992348:policy/W2A1-EC2-ECR-ReadPolicy-staging",
              "arn:aws:iam::aws:policy/AmazonSSMManagedInstanceCore"
            ],
            "max_session_duration": 3600,
            "name": "W2A1-EC2-ECR-ReadRole-staging",
            "name_prefix": "",
            "path": "/",
            "permissions_boundary": "",
            "tags": {
              "Env": "staging",
              "Name": "W2A1-EC2-ECR-ReadRole-staging"
            },
            "tags_all": {
              "Env": "staging",
              "Name": "W2A1-EC2-ECR-ReadRole-staging"
            },
            "unique_id": "AROAZBZP7DWOC23C4JUZC"
          },
          "sensitive_attributes": [],
          "identity_schema_version": 0,
          "identity": {
            "account_id": "622333992348",
            "name": "W2A1-EC2-ECR-ReadRole-staging"
          },
          "private": "bnVsbA==",
          "dependencies": [
            "module.iam.data.aws_iam_policy_document.ec2_assume_role"
          ],
          "create_before_destroy": true
        }
      ]
    },
    {
      "module": "module.iam",
      "mode": "managed",
      "type": "aws_iam_role",
      "name": "s3_write",
      "provider": "provider[\"registry.terraform.io/hashicorp/aws\"]",
      "instances": [
        {
          "schema_version": 0,
          "attributes": {
            "arn": "arn:aws:iam::622333992348:role/W2A1-EC2-S3-WriteRole-staging",
            "assume_role_policy": "{\"Statement\":[{\"Action\":\"sts:AssumeRole\",\"Effect\":\"Allow\",\"Principal\":{\"Service\":\"ec2.amazonaws.com\"}}],\"Version\":\"2012-10-17\"}",
            "create_date": "2026-05-21T14:40:26Z",
            "description": "",
            "force_detach_policies": false,
            "id": "W2A1-EC2-S3-WriteRole-staging",
            "inline_policy": [],
            "managed_policy_arns": [
              "arn:aws:iam::622333992348:policy/W2A1-EC2-S3-WritePolicy-staging"
            ],
            "max_session_duration": 3600,
            "name": "W2A1-EC2-S3-WriteRole-staging",
            "name_prefix": "",
            "path": "/",
            "permissions_boundary": "",
            "tags": {
              "Env": "staging",
              "Name": "W2A1-EC2-S3-WriteRole-staging"
            },
            "tags_all": {
              "Env": "staging",
              "Name": "W2A1-EC2-S3-WriteRole-staging"
            },
            "unique_id": "AROAZBZP7DWOBRCNGJMJZ"
          },
          "sensitive_attributes": [],
          "identity_schema_version": 0,
          "identity": {
            "account_id": "622333992348",
            "name": "W2A1-EC2-S3-WriteRole-staging"
          },
          "private": "bnVsbA==",
          "dependencies": [
            "module.iam.data.aws_iam_policy_document.ec2_assume_role"
          ]
        }
      ]
    },
    {
      "module": "module.iam",
      "mode": "managed",
      "type": "aws_iam_role_policy_attachment",
      "name": "ecr_read",
      "provider": "provider[\"registry.terraform.io/hashicorp/aws\"]",
      "instances": [
        {
          "schema_version": 0,
          "attributes": {
            "id": "W2A1-EC2-ECR-ReadRole-staging/arn:aws:iam::622333992348:policy/W2A1-EC2-ECR-ReadPolicy-staging",
            "policy_arn": "arn:aws:iam::622333992348:policy/W2A1-EC2-ECR-ReadPolicy-staging",
            "role": "W2A1-EC2-ECR-ReadRole-staging"
          },
          "sensitive_attributes": [],
          "identity_schema_version": 0,
          "identity": {
            "account_id": "622333992348",
            "policy_arn": "arn:aws:iam::622333992348:policy/W2A1-EC2-ECR-ReadPolicy-staging",
            "role": "W2A1-EC2-ECR-ReadRole-staging"
          },
          "private": "bnVsbA==",
          "dependencies": [
            "module.iam.aws_iam_policy.ecr_read",
            "module.iam.aws_iam_role.ecr_read",
            "module.iam.data.aws_caller_identity.current",
            "module.iam.data.aws_iam_policy_document.ec2_assume_role",
            "module.iam.data.aws_iam_policy_document.ecr_read",
            "module.iam.data.aws_region.current"
          ]
        }
      ]
    },
    {
      "module": "module.iam",
      "mode": "managed",
      "type": "aws_iam_role_policy_attachment",
      "name": "ecr_read_ssm",
      "provider": "provider[\"registry.terraform.io/hashicorp/aws\"]",
      "instances": [
        {
          "schema_version": 0,
          "attributes": {
            "id": "W2A1-EC2-ECR-ReadRole-staging/arn:aws:iam::aws:policy/AmazonSSMManagedInstanceCore",
            "policy_arn": "arn:aws:iam::aws:policy/AmazonSSMManagedInstanceCore",
            "role": "W2A1-EC2-ECR-ReadRole-staging"
          },
          "sensitive_attributes": [],
          "identity_schema_version": 0,
          "identity": {
            "account_id": "622333992348",
            "policy_arn": "arn:aws:iam::aws:policy/AmazonSSMManagedInstanceCore",
            "role": "W2A1-EC2-ECR-ReadRole-staging"
          },
          "private": "bnVsbA==",
          "dependencies": [
            "module.iam.aws_iam_role.ecr_read",
            "module.iam.data.aws_iam_policy_document.ec2_assume_role"
          ]
        }
      ]
    },
    {
      "module": "module.iam",
      "mode": "managed",
      "type": "aws_iam_role_policy_attachment",
      "name": "s3_write",
      "provider": "provider[\"registry.terraform.io/hashicorp/aws\"]",
      "instances": [
        {
          "schema_version": 0,
          "attributes": {
            "id": "W2A1-EC2-S3-WriteRole-staging/arn:aws:iam::622333992348:policy/W2A1-EC2-S3-WritePolicy-staging",
            "policy_arn": "arn:aws:iam::622333992348:policy/W2A1-EC2-S3-WritePolicy-staging",
            "role": "W2A1-EC2-S3-WriteRole-staging"
          },
          "sensitive_attributes": [],
          "identity_schema_version": 0,
          "identity": {
            "account_id": "622333992348",
            "policy_arn": "arn:aws:iam::622333992348:policy/W2A1-EC2-S3-WritePolicy-staging",
            "role": "W2A1-EC2-S3-WriteRole-staging"
          },
          "private": "bnVsbA==",
          "dependencies": [
            "module.iam.aws_iam_policy.s3_write",
            "module.iam.aws_iam_role.s3_write",
            "module.iam.data.aws_iam_policy_document.ec2_assume_role",
            "module.iam.data.aws_iam_policy_document.s3_write"
          ]
        }
      ]
    },
    {
      "module": "module.ssm",
      "mode": "managed",
      "type": "aws_ssm_parameter",
      "name": "backend_port",
      "provider": "provider[\"registry.terraform.io/hashicorp/aws\"]",
      "instances": [
        {
          "schema_version": 0,
          "attributes": {
            "allowed_pattern": "",
            "arn": "arn:aws:ssm:eu-south-2:622333992348:parameter/group1/staging/BACKEND_PORT",
            "data_type": "text",
            "description": "",
            "has_value_wo": false,
            "id": "/group1/staging/BACKEND_PORT",
            "insecure_value": null,
            "key_id": "",
            "name": "/group1/staging/BACKEND_PORT",
            "overwrite": true,
            "region": "eu-south-2",
            "tags": {},
            "tags_all": {},
            "tier": "Standard",
            "type": "String",
            "value": "3000",
            "value_wo": null,
            "value_wo_version": null,
            "version": 1
          },
          "sensitive_attributes": [
            [
              {
                "type": "get_attr",
                "value": "value"
              }
            ],
            [
              {
                "type": "get_attr",
                "value": "value_wo"
              }
            ]
          ],
          "identity_schema_version": 0,
          "identity": {
            "account_id": "622333992348",
            "name": "/group1/staging/BACKEND_PORT",
            "region": "eu-south-2"
          },
          "private": "bnVsbA=="
        }
      ]
    },
    {
      "module": "module.ssm",
      "mode": "managed",
      "type": "aws_ssm_parameter",
      "name": "cors_origin",
      "provider": "provider[\"registry.terraform.io/hashicorp/aws\"]",
      "instances": [
        {
          "schema_version": 0,
          "attributes": {
            "allowed_pattern": "",
            "arn": "arn:aws:ssm:eu-south-2:622333992348:parameter/group1/staging/CORS_ORIGIN",
            "data_type": "text",
            "description": "",
            "has_value_wo": false,
            "id": "/group1/staging/CORS_ORIGIN",
            "insecure_value": null,
            "key_id": "",
            "name": "/group1/staging/CORS_ORIGIN",
            "overwrite": true,
            "region": "eu-south-2",
            "tags": {},
            "tags_all": {},
            "tier": "Standard",
            "type": "String",
            "value": "http://W2A1-alb-staging-1053011985.eu-south-2.elb.amazonaws.com",
            "value_wo": null,
            "value_wo_version": null,
            "version": 1
          },
          "sensitive_attributes": [
            [
              {
                "type": "get_attr",
                "value": "value"
              }
            ],
            [
              {
                "type": "get_attr",
                "value": "value_wo"
              }
            ]
          ],
          "identity_schema_version": 0,
          "identity": {
            "account_id": "622333992348",
            "name": "/group1/staging/CORS_ORIGIN",
            "region": "eu-south-2"
          },
          "private": "bnVsbA==",
          "dependencies": [
            "module.alb.aws_lb.prod",
            "module.alb.aws_security_group.alb",
            "module.vpc.aws_subnet.subnet_public",
            "module.vpc.aws_vpc.vpc"
          ]
        }
      ]
    },
    {
      "module": "module.ssm",
      "mode": "managed",
      "type": "aws_ssm_parameter",
      "name": "http_port",
      "provider": "provider[\"registry.terraform.io/hashicorp/aws\"]",
      "instances": [
        {
          "schema_version": 0,
          "attributes": {
            "allowed_pattern": "",
            "arn": "arn:aws:ssm:eu-south-2:622333992348:parameter/group1/staging/HTTP_PORT",
            "data_type": "text",
            "description": "",
            "has_value_wo": false,
            "id": "/group1/staging/HTTP_PORT",
            "insecure_value": null,
            "key_id": "",
            "name": "/group1/staging/HTTP_PORT",
            "overwrite": true,
            "region": "eu-south-2",
            "tags": {},
            "tags_all": {},
            "tier": "Standard",
            "type": "String",
            "value": "80",
            "value_wo": null,
            "value_wo_version": null,
            "version": 1
          },
          "sensitive_attributes": [
            [
              {
                "type": "get_attr",
                "value": "value"
              }
            ],
            [
              {
                "type": "get_attr",
                "value": "value_wo"
              }
            ]
          ],
          "identity_schema_version": 0,
          "identity": {
            "account_id": "622333992348",
            "name": "/group1/staging/HTTP_PORT",
            "region": "eu-south-2"
          },
          "private": "bnVsbA=="
        }
      ]
    },
    {
      "module": "module.ssm",
      "mode": "managed",
      "type": "aws_ssm_parameter",
      "name": "postgres_db",
      "provider": "provider[\"registry.terraform.io/hashicorp/aws\"]",
      "instances": [
        {
          "schema_version": 0,
          "attributes": {
            "allowed_pattern": "",
            "arn": "arn:aws:ssm:eu-south-2:622333992348:parameter/group1/staging/POSTGRES_DB",
            "data_type": "text",
            "description": "",
            "has_value_wo": false,
            "id": "/group1/staging/POSTGRES_DB",
            "insecure_value": null,
            "key_id": "",
            "name": "/group1/staging/POSTGRES_DB",
            "overwrite": true,
            "region": "eu-south-2",
            "tags": {},
            "tags_all": {},
            "tier": "Standard",
            "type": "String",
            "value": "devops_project_staging",
            "value_wo": null,
            "value_wo_version": null,
            "version": 2
          },
          "sensitive_attributes": [
            [
              {
                "type": "get_attr",
                "value": "value"
              }
            ],
            [
              {
                "type": "get_attr",
                "value": "value_wo"
              }
            ]
          ],
          "identity_schema_version": 0,
          "identity": {
            "account_id": "622333992348",
            "name": "/group1/staging/POSTGRES_DB",
            "region": "eu-south-2"
          },
          "private": "bnVsbA=="
        }
      ]
    },
    {
      "module": "module.ssm",
      "mode": "managed",
      "type": "aws_ssm_parameter",
      "name": "postgres_password",
      "provider": "provider[\"registry.terraform.io/hashicorp/aws\"]",
      "instances": [
        {
          "schema_version": 0,
          "attributes": {
            "allowed_pattern": "",
            "arn": "arn:aws:ssm:eu-south-2:622333992348:parameter/group1/staging/POSTGRES_PASSWORD",
            "data_type": "text",
            "description": "",
            "has_value_wo": false,
            "id": "/group1/staging/POSTGRES_PASSWORD",
            "insecure_value": null,
            "key_id": "alias/aws/ssm",
            "name": "/group1/staging/POSTGRES_PASSWORD",
            "overwrite": true,
            "region": "eu-south-2",
            "tags": {},
            "tags_all": {},
            "tier": "Standard",
            "type": "SecureString",
            "value": "your_db_password",
            "value_wo": null,
            "value_wo_version": null,
            "version": 1
          },
          "sensitive_attributes": [
            [
              {
                "type": "get_attr",
                "value": "value"
              }
            ],
            [
              {
                "type": "get_attr",
                "value": "value_wo"
              }
            ]
          ],
          "identity_schema_version": 0,
          "identity": {
            "account_id": "622333992348",
            "name": "/group1/staging/POSTGRES_PASSWORD",
            "region": "eu-south-2"
          },
          "private": "bnVsbA=="
        }
      ]
    },
    {
      "module": "module.ssm",
      "mode": "managed",
      "type": "aws_ssm_parameter",
      "name": "postgres_user",
      "provider": "provider[\"registry.terraform.io/hashicorp/aws\"]",
      "instances": [
        {
          "schema_version": 0,
          "attributes": {
            "allowed_pattern": "",
            "arn": "arn:aws:ssm:eu-south-2:622333992348:parameter/group1/staging/POSTGRES_USER",
            "data_type": "text",
            "description": "",
            "has_value_wo": false,
            "id": "/group1/staging/POSTGRES_USER",
            "insecure_value": null,
            "key_id": "alias/aws/ssm",
            "name": "/group1/staging/POSTGRES_USER",
            "overwrite": true,
            "region": "eu-south-2",
            "tags": {},
            "tags_all": {},
            "tier": "Standard",
            "type": "SecureString",
            "value": "your_db_user",
            "value_wo": null,
            "value_wo_version": null,
            "version": 1
          },
          "sensitive_attributes": [
            [
              {
                "type": "get_attr",
                "value": "value"
              }
            ],
            [
              {
                "type": "get_attr",
                "value": "value_wo"
              }
            ]
          ],
          "identity_schema_version": 0,
          "identity": {
            "account_id": "622333992348",
            "name": "/group1/staging/POSTGRES_USER",
            "region": "eu-south-2"
          },
          "private": "bnVsbA=="
        }
      ]
    },
    {
      "module": "module.ssm",
      "mode": "managed",
      "type": "aws_ssm_parameter",
      "name": "vite_frontend_api_url",
      "provider": "provider[\"registry.terraform.io/hashicorp/aws\"]",
      "instances": [
        {
          "schema_version": 0,
          "attributes": {
            "allowed_pattern": "",
            "arn": "arn:aws:ssm:eu-south-2:622333992348:parameter/group1/staging/VITE_FRONTEND_API_URL",
            "data_type": "text",
            "description": "",
            "has_value_wo": false,
            "id": "/group1/staging/VITE_FRONTEND_API_URL",
            "insecure_value": null,
            "key_id": "",
            "name": "/group1/staging/VITE_FRONTEND_API_URL",
            "overwrite": true,
            "region": "eu-south-2",
            "tags": {},
            "tags_all": {},
            "tier": "Standard",
            "type": "String",
            "value": "http://W2A1-alb-staging-1053011985.eu-south-2.elb.amazonaws.com/api",
            "value_wo": null,
            "value_wo_version": null,
            "version": 1
          },
          "sensitive_attributes": [
            [
              {
                "type": "get_attr",
                "value": "value"
              }
            ],
            [
              {
                "type": "get_attr",
                "value": "value_wo"
              }
            ]
          ],
          "identity_schema_version": 0,
          "identity": {
            "account_id": "622333992348",
            "name": "/group1/staging/VITE_FRONTEND_API_URL",
            "region": "eu-south-2"
          },
          "private": "bnVsbA==",
          "dependencies": [
            "module.alb.aws_lb.prod",
            "module.alb.aws_security_group.alb",
            "module.vpc.aws_subnet.subnet_public",
            "module.vpc.aws_vpc.vpc"
          ]
        }
      ]
    },
    {
      "module": "module.ssm",
      "mode": "managed",
      "type": "aws_ssm_parameter",
      "name": "vite_frontend_port",
      "provider": "provider[\"registry.terraform.io/hashicorp/aws\"]",
      "instances": [
        {
          "schema_version": 0,
          "attributes": {
            "allowed_pattern": "",
            "arn": "arn:aws:ssm:eu-south-2:622333992348:parameter/group1/staging/VITE_FRONTEND_PORT",
            "data_type": "text",
            "description": "",
            "has_value_wo": false,
            "id": "/group1/staging/VITE_FRONTEND_PORT",
            "insecure_value": null,
            "key_id": "",
            "name": "/group1/staging/VITE_FRONTEND_PORT",
            "overwrite": true,
            "region": "eu-south-2",
            "tags": {},
            "tags_all": {},
            "tier": "Standard",
            "type": "String",
            "value": "5173",
            "value_wo": null,
            "value_wo_version": null,
            "version": 1
          },
          "sensitive_attributes": [
            [
              {
                "type": "get_attr",
                "value": "value"
              }
            ],
            [
              {
                "type": "get_attr",
                "value": "value_wo"
              }
            ]
          ],
          "identity_schema_version": 0,
          "identity": {
            "account_id": "622333992348",
            "name": "/group1/staging/VITE_FRONTEND_PORT",
            "region": "eu-south-2"
          },
          "private": "bnVsbA=="
        }
      ]
    },
    {
      "module": "module.vpc",
      "mode": "managed",
      "type": "aws_eip",
      "name": "nat",
      "provider": "provider[\"registry.terraform.io/hashicorp/aws\"]",
      "instances": [
        {
          "schema_version": 0,
          "attributes": {
            "address": null,
            "allocation_id": "eipalloc-07721cbf9c2e685be",
            "arn": "arn:aws:ec2:eu-south-2:622333992348:elastic-ip/eipalloc-07721cbf9c2e685be",
            "associate_with_private_ip": null,
            "association_id": "eipassoc-0e8e97a0c95d5bdd1",
            "carrier_ip": "",
            "customer_owned_ip": "",
            "customer_owned_ipv4_pool": "",
            "domain": "vpc",
            "id": "eipalloc-07721cbf9c2e685be",
            "instance": "",
            "ipam_pool_id": null,
            "network_border_group": "eu-south-2",
            "network_interface": "eni-000d365c823ebb32d",
            "private_dns": "ip-10-0-1-219.eu-south-2.compute.internal",
            "private_ip": "10.0.1.219",
            "ptr_record": "",
            "public_dns": "ec2-51-94-118-58.eu-south-2.compute.amazonaws.com",
            "public_ip": "51.94.118.58",
            "public_ipv4_pool": "amazon",
            "region": "eu-south-2",
            "tags": {
              "Env": "staging",
              "Name": "W2A1-eip-nat-staging"
            },
            "tags_all": {
              "Env": "staging",
              "Name": "W2A1-eip-nat-staging"
            },
            "timeouts": null
          },
          "sensitive_attributes": [],
          "identity_schema_version": 0,
          "private": "eyJlMmJmYjczMC1lY2FhLTExZTYtOGY4OC0zNDM2M2JjN2M0YzAiOnsiZGVsZXRlIjoxODAwMDAwMDAwMDAsInJlYWQiOjkwMDAwMDAwMDAwMCwidXBkYXRlIjozMDAwMDAwMDAwMDB9fQ==",
          "dependencies": [
            "module.vpc.aws_internet_gateway.igw",
            "module.vpc.aws_vpc.vpc"
          ]
        }
      ]
    },
    {
      "module": "module.vpc",
      "mode": "managed",
      "type": "aws_internet_gateway",
      "name": "igw",
      "provider": "provider[\"registry.terraform.io/hashicorp/aws\"]",
      "instances": [
        {
          "schema_version": 0,
          "attributes": {
            "arn": "arn:aws:ec2:eu-south-2:622333992348:internet-gateway/igw-0118c6293ec4bce89",
            "id": "igw-0118c6293ec4bce89",
            "owner_id": "622333992348",
            "region": "eu-south-2",
            "tags": {
              "Env": "staging",
              "Name": "W2A1-igw-staging"
            },
            "tags_all": {
              "Env": "staging",
              "Name": "W2A1-igw-staging"
            },
            "timeouts": null,
            "vpc_id": "vpc-043b53428ee54ff0c"
          },
          "sensitive_attributes": [],
          "identity_schema_version": 0,
          "private": "eyJlMmJmYjczMC1lY2FhLTExZTYtOGY4OC0zNDM2M2JjN2M0YzAiOnsiY3JlYXRlIjoxMjAwMDAwMDAwMDAwLCJkZWxldGUiOjEyMDAwMDAwMDAwMDAsInVwZGF0ZSI6MTIwMDAwMDAwMDAwMH19",
          "dependencies": [
            "module.vpc.aws_vpc.vpc"
          ]
        }
      ]
    },
    {
      "module": "module.vpc",
      "mode": "managed",
      "type": "aws_nat_gateway",
      "name": "ngw",
      "provider": "provider[\"registry.terraform.io/hashicorp/aws\"]",
      "instances": [
        {
          "schema_version": 0,
          "attributes": {
            "allocation_id": "eipalloc-07721cbf9c2e685be",
            "association_id": "eipassoc-0e8e97a0c95d5bdd1",
            "connectivity_type": "public",
            "id": "nat-0d358d9dc3d6be5de",
            "network_interface_id": "eni-000d365c823ebb32d",
            "private_ip": "10.0.1.219",
            "public_ip": "51.94.118.58",
            "region": "eu-south-2",
            "secondary_allocation_ids": [],
            "secondary_private_ip_address_count": 0,
            "secondary_private_ip_addresses": [],
            "subnet_id": "subnet-07509d2fc4e5a9ec0",
            "tags": {
              "Env": "staging",
              "Name": "W2A1-ngw-staging"
            },
            "tags_all": {
              "Env": "staging",
              "Name": "W2A1-ngw-staging"
            },
            "timeouts": null
          },
          "sensitive_attributes": [],
          "identity_schema_version": 0,
          "private": "eyJlMmJmYjczMC1lY2FhLTExZTYtOGY4OC0zNDM2M2JjN2M0YzAiOnsiY3JlYXRlIjo2MDAwMDAwMDAwMDAsImRlbGV0ZSI6MTgwMDAwMDAwMDAwMCwidXBkYXRlIjo2MDAwMDAwMDAwMDB9fQ==",
          "dependencies": [
            "module.vpc.aws_eip.nat",
            "module.vpc.aws_internet_gateway.igw",
            "module.vpc.aws_subnet.subnet_public",
            "module.vpc.aws_vpc.vpc"
          ]
        }
      ]
    },
    {
      "module": "module.vpc",
      "mode": "managed",
      "type": "aws_route_table",
      "name": "private",
      "provider": "provider[\"registry.terraform.io/hashicorp/aws\"]",
      "instances": [
        {
          "schema_version": 0,
          "attributes": {
            "arn": "arn:aws:ec2:eu-south-2:622333992348:route-table/rtb-02919c8862fd16594",
            "id": "rtb-02919c8862fd16594",
            "owner_id": "622333992348",
            "propagating_vgws": [],
            "region": "eu-south-2",
            "route": [
              {
                "carrier_gateway_id": "",
                "cidr_block": "0.0.0.0/0",
                "core_network_arn": "",
                "destination_prefix_list_id": "",
                "egress_only_gateway_id": "",
                "gateway_id": "",
                "ipv6_cidr_block": "",
                "local_gateway_id": "",
                "nat_gateway_id": "nat-0d358d9dc3d6be5de",
                "network_interface_id": "",
                "transit_gateway_id": "",
                "vpc_endpoint_id": "",
                "vpc_peering_connection_id": ""
              }
            ],
            "tags": {
              "Env": "staging",
              "Name": "W2A1-rtb-private-staging"
            },
            "tags_all": {
              "Env": "staging",
              "Name": "W2A1-rtb-private-staging"
            },
            "timeouts": null,
            "vpc_id": "vpc-043b53428ee54ff0c"
          },
          "sensitive_attributes": [],
          "identity_schema_version": 0,
          "private": "eyJlMmJmYjczMC1lY2FhLTExZTYtOGY4OC0zNDM2M2JjN2M0YzAiOnsiY3JlYXRlIjozMDAwMDAwMDAwMDAsImRlbGV0ZSI6MzAwMDAwMDAwMDAwLCJ1cGRhdGUiOjEyMDAwMDAwMDAwMH19",
          "dependencies": [
            "module.vpc.aws_eip.nat",
            "module.vpc.aws_internet_gateway.igw",
            "module.vpc.aws_nat_gateway.ngw",
            "module.vpc.aws_subnet.subnet_public",
            "module.vpc.aws_vpc.vpc"
          ]
        }
      ]
    },
    {
      "module": "module.vpc",
      "mode": "managed",
      "type": "aws_route_table",
      "name": "public",
      "provider": "provider[\"registry.terraform.io/hashicorp/aws\"]",
      "instances": [
        {
          "schema_version": 0,
          "attributes": {
            "arn": "arn:aws:ec2:eu-south-2:622333992348:route-table/rtb-03ccfec35f824c99c",
            "id": "rtb-03ccfec35f824c99c",
            "owner_id": "622333992348",
            "propagating_vgws": [],
            "region": "eu-south-2",
            "route": [
              {
                "carrier_gateway_id": "",
                "cidr_block": "0.0.0.0/0",
                "core_network_arn": "",
                "destination_prefix_list_id": "",
                "egress_only_gateway_id": "",
                "gateway_id": "igw-0118c6293ec4bce89",
                "ipv6_cidr_block": "",
                "local_gateway_id": "",
                "nat_gateway_id": "",
                "network_interface_id": "",
                "transit_gateway_id": "",
                "vpc_endpoint_id": "",
                "vpc_peering_connection_id": ""
              }
            ],
            "tags": {
              "Env": "staging",
              "Name": "W2A1-rtb-public-staging"
            },
            "tags_all": {
              "Env": "staging",
              "Name": "W2A1-rtb-public-staging"
            },
            "timeouts": null,
            "vpc_id": "vpc-043b53428ee54ff0c"
          },
          "sensitive_attributes": [],
          "identity_schema_version": 0,
          "private": "eyJlMmJmYjczMC1lY2FhLTExZTYtOGY4OC0zNDM2M2JjN2M0YzAiOnsiY3JlYXRlIjozMDAwMDAwMDAwMDAsImRlbGV0ZSI6MzAwMDAwMDAwMDAwLCJ1cGRhdGUiOjEyMDAwMDAwMDAwMH19",
          "dependencies": [
            "module.vpc.aws_internet_gateway.igw",
            "module.vpc.aws_vpc.vpc"
          ]
        }
      ]
    },
    {
      "module": "module.vpc",
      "mode": "managed",
      "type": "aws_route_table_association",
      "name": "private",
      "provider": "provider[\"registry.terraform.io/hashicorp/aws\"]",
      "instances": [
        {
          "index_key": "subnet_private_1",
          "schema_version": 0,
          "attributes": {
            "gateway_id": "",
            "id": "rtbassoc-0fe5307ddb9e2e288",
            "region": "eu-south-2",
            "route_table_id": "rtb-02919c8862fd16594",
            "subnet_id": "subnet-0e9cd1b5e972771f0",
            "timeouts": null
          },
          "sensitive_attributes": [],
          "identity_schema_version": 0,
          "private": "eyJlMmJmYjczMC1lY2FhLTExZTYtOGY4OC0zNDM2M2JjN2M0YzAiOnsiY3JlYXRlIjozMDAwMDAwMDAwMDAsImRlbGV0ZSI6MzAwMDAwMDAwMDAwLCJ1cGRhdGUiOjEyMDAwMDAwMDAwMH19",
          "dependencies": [
            "module.vpc.aws_eip.nat",
            "module.vpc.aws_internet_gateway.igw",
            "module.vpc.aws_nat_gateway.ngw",
            "module.vpc.aws_route_table.private",
            "module.vpc.aws_subnet.subnet_private",
            "module.vpc.aws_subnet.subnet_public",
            "module.vpc.aws_vpc.vpc"
          ]
        },
        {
          "index_key": "subnet_private_2",
          "schema_version": 0,
          "attributes": {
            "gateway_id": "",
            "id": "rtbassoc-03c71fb3ea644f132",
            "region": "eu-south-2",
            "route_table_id": "rtb-02919c8862fd16594",
            "subnet_id": "subnet-03d46c05239fecbe2",
            "timeouts": null
          },
          "sensitive_attributes": [],
          "identity_schema_version": 0,
          "private": "eyJlMmJmYjczMC1lY2FhLTExZTYtOGY4OC0zNDM2M2JjN2M0YzAiOnsiY3JlYXRlIjozMDAwMDAwMDAwMDAsImRlbGV0ZSI6MzAwMDAwMDAwMDAwLCJ1cGRhdGUiOjEyMDAwMDAwMDAwMH19",
          "dependencies": [
            "module.vpc.aws_eip.nat",
            "module.vpc.aws_internet_gateway.igw",
            "module.vpc.aws_nat_gateway.ngw",
            "module.vpc.aws_route_table.private",
            "module.vpc.aws_subnet.subnet_private",
            "module.vpc.aws_subnet.subnet_public",
            "module.vpc.aws_vpc.vpc"
          ]
        }
      ]
    },
    {
      "module": "module.vpc",
      "mode": "managed",
      "type": "aws_route_table_association",
      "name": "public",
      "provider": "provider[\"registry.terraform.io/hashicorp/aws\"]",
      "instances": [
        {
          "index_key": "subnet_public_1",
          "schema_version": 0,
          "attributes": {
            "gateway_id": "",
            "id": "rtbassoc-062d73d4d10b2dacc",
            "region": "eu-south-2",
            "route_table_id": "rtb-03ccfec35f824c99c",
            "subnet_id": "subnet-07509d2fc4e5a9ec0",
            "timeouts": null
          },
          "sensitive_attributes": [],
          "identity_schema_version": 0,
          "private": "eyJlMmJmYjczMC1lY2FhLTExZTYtOGY4OC0zNDM2M2JjN2M0YzAiOnsiY3JlYXRlIjozMDAwMDAwMDAwMDAsImRlbGV0ZSI6MzAwMDAwMDAwMDAwLCJ1cGRhdGUiOjEyMDAwMDAwMDAwMH19",
          "dependencies": [
            "module.vpc.aws_internet_gateway.igw",
            "module.vpc.aws_route_table.public",
            "module.vpc.aws_subnet.subnet_public",
            "module.vpc.aws_vpc.vpc"
          ]
        },
        {
          "index_key": "subnet_public_2",
          "schema_version": 0,
          "attributes": {
            "gateway_id": "",
            "id": "rtbassoc-0bb31044fa222ec8c",
            "region": "eu-south-2",
            "route_table_id": "rtb-03ccfec35f824c99c",
            "subnet_id": "subnet-0002c4cc82a4cfe3e",
            "timeouts": null
          },
          "sensitive_attributes": [],
          "identity_schema_version": 0,
          "private": "eyJlMmJmYjczMC1lY2FhLTExZTYtOGY4OC0zNDM2M2JjN2M0YzAiOnsiY3JlYXRlIjozMDAwMDAwMDAwMDAsImRlbGV0ZSI6MzAwMDAwMDAwMDAwLCJ1cGRhdGUiOjEyMDAwMDAwMDAwMH19",
          "dependencies": [
            "module.vpc.aws_internet_gateway.igw",
            "module.vpc.aws_route_table.public",
            "module.vpc.aws_subnet.subnet_public",
            "module.vpc.aws_vpc.vpc"
          ]
        }
      ]
    },
    {
      "module": "module.vpc",
      "mode": "managed",
      "type": "aws_subnet",
      "name": "subnet_private",
      "provider": "provider[\"registry.terraform.io/hashicorp/aws\"]",
      "instances": [
        {
          "index_key": "subnet_private_1",
          "schema_version": 1,
          "attributes": {
            "arn": "arn:aws:ec2:eu-south-2:622333992348:subnet/subnet-0e9cd1b5e972771f0",
            "assign_ipv6_address_on_creation": false,
            "availability_zone": "eu-south-2a",
            "availability_zone_id": "eus2-az1",
            "cidr_block": "10.0.3.0/24",
            "customer_owned_ipv4_pool": "",
            "enable_dns64": false,
            "enable_lni_at_device_index": 0,
            "enable_resource_name_dns_a_record_on_launch": false,
            "enable_resource_name_dns_aaaa_record_on_launch": false,
            "id": "subnet-0e9cd1b5e972771f0",
            "ipv6_cidr_block": "",
            "ipv6_cidr_block_association_id": "",
            "ipv6_native": false,
            "map_customer_owned_ip_on_launch": false,
            "map_public_ip_on_launch": false,
            "outpost_arn": "",
            "owner_id": "622333992348",
            "private_dns_hostname_type_on_launch": "ip-name",
            "region": "eu-south-2",
            "tags": {
              "Env": "staging",
              "Name": "W2A1-staging-subnet_private_1"
            },
            "tags_all": {
              "Env": "staging",
              "Name": "W2A1-staging-subnet_private_1"
            },
            "timeouts": null,
            "vpc_id": "vpc-043b53428ee54ff0c"
          },
          "sensitive_attributes": [],
          "identity_schema_version": 0,
          "identity": {
            "account_id": "622333992348",
            "id": "subnet-0e9cd1b5e972771f0",
            "region": "eu-south-2"
          },
          "private": "eyJlMmJmYjczMC1lY2FhLTExZTYtOGY4OC0zNDM2M2JjN2M0YzAiOnsiY3JlYXRlIjo2MDAwMDAwMDAwMDAsImRlbGV0ZSI6MTIwMDAwMDAwMDAwMH0sInNjaGVtYV92ZXJzaW9uIjoiMSJ9",
          "dependencies": [
            "module.vpc.aws_vpc.vpc"
          ],
          "create_before_destroy": true
        },
        {
          "index_key": "subnet_private_2",
          "schema_version": 1,
          "attributes": {
            "arn": "arn:aws:ec2:eu-south-2:622333992348:subnet/subnet-03d46c05239fecbe2",
            "assign_ipv6_address_on_creation": false,
            "availability_zone": "eu-south-2b",
            "availability_zone_id": "eus2-az2",
            "cidr_block": "10.0.4.0/24",
            "customer_owned_ipv4_pool": "",
            "enable_dns64": false,
            "enable_lni_at_device_index": 0,
            "enable_resource_name_dns_a_record_on_launch": false,
            "enable_resource_name_dns_aaaa_record_on_launch": false,
            "id": "subnet-03d46c05239fecbe2",
            "ipv6_cidr_block": "",
            "ipv6_cidr_block_association_id": "",
            "ipv6_native": false,
            "map_customer_owned_ip_on_launch": false,
            "map_public_ip_on_launch": false,
            "outpost_arn": "",
            "owner_id": "622333992348",
            "private_dns_hostname_type_on_launch": "ip-name",
            "region": "eu-south-2",
            "tags": {
              "Env": "staging",
              "Name": "W2A1-staging-subnet_private_2"
            },
            "tags_all": {
              "Env": "staging",
              "Name": "W2A1-staging-subnet_private_2"
            },
            "timeouts": null,
            "vpc_id": "vpc-043b53428ee54ff0c"
          },
          "sensitive_attributes": [],
          "identity_schema_version": 0,
          "identity": {
            "account_id": "622333992348",
            "id": "subnet-03d46c05239fecbe2",
            "region": "eu-south-2"
          },
          "private": "eyJlMmJmYjczMC1lY2FhLTExZTYtOGY4OC0zNDM2M2JjN2M0YzAiOnsiY3JlYXRlIjo2MDAwMDAwMDAwMDAsImRlbGV0ZSI6MTIwMDAwMDAwMDAwMH0sInNjaGVtYV92ZXJzaW9uIjoiMSJ9",
          "dependencies": [
            "module.vpc.aws_vpc.vpc"
          ],
          "create_before_destroy": true
        }
      ]
    },
    {
      "module": "module.vpc",
      "mode": "managed",
      "type": "aws_subnet",
      "name": "subnet_public",
      "provider": "provider[\"registry.terraform.io/hashicorp/aws\"]",
      "instances": [
        {
          "index_key": "subnet_public_1",
          "schema_version": 1,
          "attributes": {
            "arn": "arn:aws:ec2:eu-south-2:622333992348:subnet/subnet-07509d2fc4e5a9ec0",
            "assign_ipv6_address_on_creation": false,
            "availability_zone": "eu-south-2a",
            "availability_zone_id": "eus2-az1",
            "cidr_block": "10.0.1.0/24",
            "customer_owned_ipv4_pool": "",
            "enable_dns64": false,
            "enable_lni_at_device_index": 0,
            "enable_resource_name_dns_a_record_on_launch": false,
            "enable_resource_name_dns_aaaa_record_on_launch": false,
            "id": "subnet-07509d2fc4e5a9ec0",
            "ipv6_cidr_block": "",
            "ipv6_cidr_block_association_id": "",
            "ipv6_native": false,
            "map_customer_owned_ip_on_launch": false,
            "map_public_ip_on_launch": true,
            "outpost_arn": "",
            "owner_id": "622333992348",
            "private_dns_hostname_type_on_launch": "ip-name",
            "region": "eu-south-2",
            "tags": {
              "Env": "staging",
              "Name": "W2A1-staging-subnet_public_1"
            },
            "tags_all": {
              "Env": "staging",
              "Name": "W2A1-staging-subnet_public_1"
            },
            "timeouts": null,
            "vpc_id": "vpc-043b53428ee54ff0c"
          },
          "sensitive_attributes": [],
          "identity_schema_version": 0,
          "identity": {
            "account_id": "622333992348",
            "id": "subnet-07509d2fc4e5a9ec0",
            "region": "eu-south-2"
          },
          "private": "eyJlMmJmYjczMC1lY2FhLTExZTYtOGY4OC0zNDM2M2JjN2M0YzAiOnsiY3JlYXRlIjo2MDAwMDAwMDAwMDAsImRlbGV0ZSI6MTIwMDAwMDAwMDAwMH0sInNjaGVtYV92ZXJzaW9uIjoiMSJ9",
          "dependencies": [
            "module.vpc.aws_vpc.vpc"
          ]
        },
        {
          "index_key": "subnet_public_2",
          "schema_version": 1,
          "attributes": {
            "arn": "arn:aws:ec2:eu-south-2:622333992348:subnet/subnet-0002c4cc82a4cfe3e",
            "assign_ipv6_address_on_creation": false,
            "availability_zone": "eu-south-2b",
            "availability_zone_id": "eus2-az2",
            "cidr_block": "10.0.2.0/24",
            "customer_owned_ipv4_pool": "",
            "enable_dns64": false,
            "enable_lni_at_device_index": 0,
            "enable_resource_name_dns_a_record_on_launch": false,
            "enable_resource_name_dns_aaaa_record_on_launch": false,
            "id": "subnet-0002c4cc82a4cfe3e",
            "ipv6_cidr_block": "",
            "ipv6_cidr_block_association_id": "",
            "ipv6_native": false,
            "map_customer_owned_ip_on_launch": false,
            "map_public_ip_on_launch": true,
            "outpost_arn": "",
            "owner_id": "622333992348",
            "private_dns_hostname_type_on_launch": "ip-name",
            "region": "eu-south-2",
            "tags": {
              "Env": "staging",
              "Name": "W2A1-staging-subnet_public_2"
            },
            "tags_all": {
              "Env": "staging",
              "Name": "W2A1-staging-subnet_public_2"
            },
            "timeouts": null,
            "vpc_id": "vpc-043b53428ee54ff0c"
          },
          "sensitive_attributes": [],
          "identity_schema_version": 0,
          "identity": {
            "account_id": "622333992348",
            "id": "subnet-0002c4cc82a4cfe3e",
            "region": "eu-south-2"
          },
          "private": "eyJlMmJmYjczMC1lY2FhLTExZTYtOGY4OC0zNDM2M2JjN2M0YzAiOnsiY3JlYXRlIjo2MDAwMDAwMDAwMDAsImRlbGV0ZSI6MTIwMDAwMDAwMDAwMH0sInNjaGVtYV92ZXJzaW9uIjoiMSJ9",
          "dependencies": [
            "module.vpc.aws_vpc.vpc"
          ]
        }
      ]
    },
    {
      "module": "module.vpc",
      "mode": "managed",
      "type": "aws_vpc",
      "name": "vpc",
      "provider": "provider[\"registry.terraform.io/hashicorp/aws\"]",
      "instances": [
        {
          "schema_version": 1,
          "attributes": {
            "arn": "arn:aws:ec2:eu-south-2:622333992348:vpc/vpc-043b53428ee54ff0c",
            "assign_generated_ipv6_cidr_block": false,
            "cidr_block": "10.0.0.0/16",
            "default_network_acl_id": "acl-05dfc9cbb40515b1a",
            "default_route_table_id": "rtb-0d2fa53e151fdd265",
            "default_security_group_id": "sg-0b21cff2f77bd0879",
            "dhcp_options_id": "dopt-0e037af7136b1d016",
            "enable_dns_hostnames": true,
            "enable_dns_support": true,
            "enable_network_address_usage_metrics": false,
            "id": "vpc-043b53428ee54ff0c",
            "instance_tenancy": "default",
            "ipv4_ipam_pool_id": null,
            "ipv4_netmask_length": null,
            "ipv6_association_id": "",
            "ipv6_cidr_block": "",
            "ipv6_cidr_block_network_border_group": "",
            "ipv6_ipam_pool_id": "",
            "ipv6_netmask_length": 0,
            "main_route_table_id": "rtb-0d2fa53e151fdd265",
            "owner_id": "622333992348",
            "region": "eu-south-2",
            "tags": {
              "Env": "staging",
              "Name": "W2A1-vpc-staging"
            },
            "tags_all": {
              "Env": "staging",
              "Name": "W2A1-vpc-staging"
            }
          },
          "sensitive_attributes": [],
          "identity_schema_version": 0,
          "private": "eyJzY2hlbWFfdmVyc2lvbiI6IjEifQ==",
          "create_before_destroy": true
        }
      ]
    }
  ],
  "check_results": [
    {
      "object_kind": "var",
      "config_addr": "var.environment",
      "status": "pass",
      "objects": [
        {
          "object_addr": "var.environment",
          "status": "pass"
        }
      ]
    }
  ]
}
